{
  "version": 4,
  "terraform_version": "0.12.28",
  "serial": 90,
  "lineage": "e847e254-81fc-d620-e10e-59a9b9f689f5",
  "outputs": {
    "network_interface_ids": {
      "value": [
        "/subscriptions/fa12187f-db35-4094-bbf5-2921bf099f65/resourceGroups/geth3-rg/providers/Microsoft.Network/networkInterfaces/geth30-bstn-nic",
        "/subscriptions/fa12187f-db35-4094-bbf5-2921bf099f65/resourceGroups/geth3-rg/providers/Microsoft.Network/networkInterfaces/geth30-wrkr-nic",
        "/subscriptions/fa12187f-db35-4094-bbf5-2921bf099f65/resourceGroups/geth3-rg/providers/Microsoft.Network/networkInterfaces/geth31-wrkr-nic",
        "/subscriptions/fa12187f-db35-4094-bbf5-2921bf099f65/resourceGroups/geth3-rg/providers/Microsoft.Network/networkInterfaces/geth32-wrkr-nic",
        "/subscriptions/fa12187f-db35-4094-bbf5-2921bf099f65/resourceGroups/geth3-rg/providers/Microsoft.Network/networkInterfaces/geth33-wrkr-nic",
        "/subscriptions/fa12187f-db35-4094-bbf5-2921bf099f65/resourceGroups/geth3-rg/providers/Microsoft.Network/networkInterfaces/geth34-wrkr-nic",
        "/subscriptions/fa12187f-db35-4094-bbf5-2921bf099f65/resourceGroups/geth3-rg/providers/Microsoft.Network/networkInterfaces/geth35-wrkr-nic",
        "/subscriptions/fa12187f-db35-4094-bbf5-2921bf099f65/resourceGroups/geth3-rg/providers/Microsoft.Network/networkInterfaces/geth36-wrkr-nic",
        "/subscriptions/fa12187f-db35-4094-bbf5-2921bf099f65/resourceGroups/geth3-rg/providers/Microsoft.Network/networkInterfaces/geth37-wrkr-nic",
        "/subscriptions/fa12187f-db35-4094-bbf5-2921bf099f65/resourceGroups/geth3-rg/providers/Microsoft.Network/networkInterfaces/geth38-wrkr-nic",
        "/subscriptions/fa12187f-db35-4094-bbf5-2921bf099f65/resourceGroups/geth3-rg/providers/Microsoft.Network/networkInterfaces/geth39-wrkr-nic",
        "/subscriptions/fa12187f-db35-4094-bbf5-2921bf099f65/resourceGroups/geth3-rg/providers/Microsoft.Network/networkInterfaces/geth310-wrkr-nic",
        "/subscriptions/fa12187f-db35-4094-bbf5-2921bf099f65/resourceGroups/geth3-rg/providers/Microsoft.Network/networkInterfaces/geth311-wrkr-nic",
        "/subscriptions/fa12187f-db35-4094-bbf5-2921bf099f65/resourceGroups/geth3-rg/providers/Microsoft.Network/networkInterfaces/geth312-wrkr-nic",
        "/subscriptions/fa12187f-db35-4094-bbf5-2921bf099f65/resourceGroups/geth3-rg/providers/Microsoft.Network/networkInterfaces/geth313-wrkr-nic",
        "/subscriptions/fa12187f-db35-4094-bbf5-2921bf099f65/resourceGroups/geth3-rg/providers/Microsoft.Network/networkInterfaces/geth314-wrkr-nic",
        "/subscriptions/fa12187f-db35-4094-bbf5-2921bf099f65/resourceGroups/geth3-rg/providers/Microsoft.Network/networkInterfaces/geth315-wrkr-nic",
        "/subscriptions/fa12187f-db35-4094-bbf5-2921bf099f65/resourceGroups/geth3-rg/providers/Microsoft.Network/networkInterfaces/geth316-wrkr-nic",
        "/subscriptions/fa12187f-db35-4094-bbf5-2921bf099f65/resourceGroups/geth3-rg/providers/Microsoft.Network/networkInterfaces/geth317-wrkr-nic",
        "/subscriptions/fa12187f-db35-4094-bbf5-2921bf099f65/resourceGroups/geth3-rg/providers/Microsoft.Network/networkInterfaces/geth318-wrkr-nic",
        "/subscriptions/fa12187f-db35-4094-bbf5-2921bf099f65/resourceGroups/geth3-rg/providers/Microsoft.Network/networkInterfaces/geth319-wrkr-nic",
        "/subscriptions/fa12187f-db35-4094-bbf5-2921bf099f65/resourceGroups/geth3-rg/providers/Microsoft.Network/networkInterfaces/geth320-wrkr-nic",
        "/subscriptions/fa12187f-db35-4094-bbf5-2921bf099f65/resourceGroups/geth3-rg/providers/Microsoft.Network/networkInterfaces/geth321-wrkr-nic",
        "/subscriptions/fa12187f-db35-4094-bbf5-2921bf099f65/resourceGroups/geth3-rg/providers/Microsoft.Network/networkInterfaces/geth322-wrkr-nic",
        "/subscriptions/fa12187f-db35-4094-bbf5-2921bf099f65/resourceGroups/geth3-rg/providers/Microsoft.Network/networkInterfaces/geth323-wrkr-nic",
        "/subscriptions/fa12187f-db35-4094-bbf5-2921bf099f65/resourceGroups/geth3-rg/providers/Microsoft.Network/networkInterfaces/geth324-wrkr-nic"
      ],
      "type": [
        "tuple",
        [
          "string",
          "string",
          "string",
          "string",
          "string",
          "string",
          "string",
          "string",
          "string",
          "string",
          "string",
          "string",
          "string",
          "string",
          "string",
          "string",
          "string",
          "string",
          "string",
          "string",
          "string",
          "string",
          "string",
          "string",
          "string",
          "string"
        ]
      ]
    },
    "network_security_group_ids": {
      "value": [
        "/subscriptions/fa12187f-db35-4094-bbf5-2921bf099f65/resourceGroups/geth3-rg/providers/Microsoft.Network/networkSecurityGroups/geth3-pblc-nsg",
        "/subscriptions/fa12187f-db35-4094-bbf5-2921bf099f65/resourceGroups/geth3-rg/providers/Microsoft.Network/networkSecurityGroups/geth3-prvt-nsg"
      ],
      "type": [
        "tuple",
        [
          "string",
          "string"
        ]
      ]
    },
    "network_subnet_ids": {
      "value": [
        "/subscriptions/fa12187f-db35-4094-bbf5-2921bf099f65/resourceGroups/geth3-rg/providers/Microsoft.Network/virtualNetworks/geth3-vnet/subnets/geth3-pblc-sn001",
        "/subscriptions/fa12187f-db35-4094-bbf5-2921bf099f65/resourceGroups/geth3-rg/providers/Microsoft.Network/virtualNetworks/geth3-vnet/subnets/geth3-prvt-sn001"
      ],
      "type": [
        "tuple",
        [
          "string",
          "string"
        ]
      ]
    },
    "network_subnet_prefixes": {
      "value": [
        "10.0.1.0/24",
        "10.0.2.0/24"
      ],
      "type": [
        "tuple",
        [
          "string",
          "string"
        ]
      ]
    },
    "private_ip_addresses": {
      "value": [
        "10.0.1.4",
        "10.0.2.20",
        "10.0.2.24",
        "10.0.2.21",
        "10.0.2.22",
        "10.0.2.27",
        "10.0.2.18",
        "10.0.2.7",
        "10.0.2.9",
        "10.0.2.13",
        "10.0.2.25",
        "10.0.2.26",
        "10.0.2.19",
        "10.0.2.11",
        "10.0.2.28",
        "10.0.2.4",
        "10.0.2.16",
        "10.0.2.8",
        "10.0.2.10",
        "10.0.2.23",
        "10.0.2.17",
        "10.0.2.5",
        "10.0.2.14",
        "10.0.2.12",
        "10.0.2.6",
        "10.0.2.15"
      ],
      "type": [
        "tuple",
        [
          "string",
          "string",
          "string",
          "string",
          "string",
          "string",
          "string",
          "string",
          "string",
          "string",
          "string",
          "string",
          "string",
          "string",
          "string",
          "string",
          "string",
          "string",
          "string",
          "string",
          "string",
          "string",
          "string",
          "string",
          "string",
          "string"
        ]
      ]
    },
    "public_ip_addresses": {
      "value": [
        ""
      ],
      "type": [
        "tuple",
        [
          "string"
        ]
      ]
    },
    "public_ip_dns_names": {
      "value": [
        null
      ],
      "type": [
        "tuple",
        [
          "string"
        ]
      ]
    },
    "public_ip_ids": {
      "value": [
        "/subscriptions/fa12187f-db35-4094-bbf5-2921bf099f65/resourceGroups/geth3-rg/providers/Microsoft.Network/publicIPAddresses/geth30-ip"
      ],
      "type": [
        "tuple",
        [
          "string"
        ]
      ]
    },
    "vm_ids": {
      "value": [
        "/subscriptions/fa12187f-db35-4094-bbf5-2921bf099f65/resourceGroups/geth3-rg/providers/Microsoft.Compute/virtualMachines/geth30-bstn-vm001",
        "/subscriptions/fa12187f-db35-4094-bbf5-2921bf099f65/resourceGroups/geth3-rg/providers/Microsoft.Compute/virtualMachines/geth30-wrkr-vm001",
        "/subscriptions/fa12187f-db35-4094-bbf5-2921bf099f65/resourceGroups/geth3-rg/providers/Microsoft.Compute/virtualMachines/geth31-wrkr-vm001",
        "/subscriptions/fa12187f-db35-4094-bbf5-2921bf099f65/resourceGroups/geth3-rg/providers/Microsoft.Compute/virtualMachines/geth32-wrkr-vm001",
        "/subscriptions/fa12187f-db35-4094-bbf5-2921bf099f65/resourceGroups/geth3-rg/providers/Microsoft.Compute/virtualMachines/geth33-wrkr-vm001",
        "/subscriptions/fa12187f-db35-4094-bbf5-2921bf099f65/resourceGroups/geth3-rg/providers/Microsoft.Compute/virtualMachines/geth34-wrkr-vm001",
        "/subscriptions/fa12187f-db35-4094-bbf5-2921bf099f65/resourceGroups/geth3-rg/providers/Microsoft.Compute/virtualMachines/geth35-wrkr-vm001",
        "/subscriptions/fa12187f-db35-4094-bbf5-2921bf099f65/resourceGroups/geth3-rg/providers/Microsoft.Compute/virtualMachines/geth36-wrkr-vm001",
        "/subscriptions/fa12187f-db35-4094-bbf5-2921bf099f65/resourceGroups/geth3-rg/providers/Microsoft.Compute/virtualMachines/geth37-wrkr-vm001",
        "/subscriptions/fa12187f-db35-4094-bbf5-2921bf099f65/resourceGroups/geth3-rg/providers/Microsoft.Compute/virtualMachines/geth38-wrkr-vm001",
        "/subscriptions/fa12187f-db35-4094-bbf5-2921bf099f65/resourceGroups/geth3-rg/providers/Microsoft.Compute/virtualMachines/geth39-wrkr-vm001",
        "/subscriptions/fa12187f-db35-4094-bbf5-2921bf099f65/resourceGroups/geth3-rg/providers/Microsoft.Compute/virtualMachines/geth310-wrkr-vm001",
        "/subscriptions/fa12187f-db35-4094-bbf5-2921bf099f65/resourceGroups/geth3-rg/providers/Microsoft.Compute/virtualMachines/geth311-wrkr-vm001",
        "/subscriptions/fa12187f-db35-4094-bbf5-2921bf099f65/resourceGroups/geth3-rg/providers/Microsoft.Compute/virtualMachines/geth312-wrkr-vm001",
        "/subscriptions/fa12187f-db35-4094-bbf5-2921bf099f65/resourceGroups/geth3-rg/providers/Microsoft.Compute/virtualMachines/geth313-wrkr-vm001",
        "/subscriptions/fa12187f-db35-4094-bbf5-2921bf099f65/resourceGroups/geth3-rg/providers/Microsoft.Compute/virtualMachines/geth314-wrkr-vm001",
        "/subscriptions/fa12187f-db35-4094-bbf5-2921bf099f65/resourceGroups/geth3-rg/providers/Microsoft.Compute/virtualMachines/geth315-wrkr-vm001",
        "/subscriptions/fa12187f-db35-4094-bbf5-2921bf099f65/resourceGroups/geth3-rg/providers/Microsoft.Compute/virtualMachines/geth316-wrkr-vm001",
        "/subscriptions/fa12187f-db35-4094-bbf5-2921bf099f65/resourceGroups/geth3-rg/providers/Microsoft.Compute/virtualMachines/geth317-wrkr-vm001",
        "/subscriptions/fa12187f-db35-4094-bbf5-2921bf099f65/resourceGroups/geth3-rg/providers/Microsoft.Compute/virtualMachines/geth318-wrkr-vm001",
        "/subscriptions/fa12187f-db35-4094-bbf5-2921bf099f65/resourceGroups/geth3-rg/providers/Microsoft.Compute/virtualMachines/geth319-wrkr-vm001",
        "/subscriptions/fa12187f-db35-4094-bbf5-2921bf099f65/resourceGroups/geth3-rg/providers/Microsoft.Compute/virtualMachines/geth320-wrkr-vm001",
        "/subscriptions/fa12187f-db35-4094-bbf5-2921bf099f65/resourceGroups/geth3-rg/providers/Microsoft.Compute/virtualMachines/geth321-wrkr-vm001",
        "/subscriptions/fa12187f-db35-4094-bbf5-2921bf099f65/resourceGroups/geth3-rg/providers/Microsoft.Compute/virtualMachines/geth322-wrkr-vm001",
        "/subscriptions/fa12187f-db35-4094-bbf5-2921bf099f65/resourceGroups/geth3-rg/providers/Microsoft.Compute/virtualMachines/geth323-wrkr-vm001",
        "/subscriptions/fa12187f-db35-4094-bbf5-2921bf099f65/resourceGroups/geth3-rg/providers/Microsoft.Compute/virtualMachines/geth324-wrkr-vm001"
      ],
      "type": [
        "tuple",
        [
          "string",
          "string",
          "string",
          "string",
          "string",
          "string",
          "string",
          "string",
          "string",
          "string",
          "string",
          "string",
          "string",
          "string",
          "string",
          "string",
          "string",
          "string",
          "string",
          "string",
          "string",
          "string",
          "string",
          "string",
          "string",
          "string"
        ]
      ]
    }
  },
  "resources": [
    {
      "mode": "managed",
      "type": "azurerm_network_interface",
      "name": "bastion_nic",
      "each": "list",
      "provider": "provider.azurerm",
      "instances": [
        {
          "index_key": 0,
          "schema_version": 0,
          "attributes": {
            "applied_dns_servers": [],
            "dns_servers": [],
            "enable_accelerated_networking": false,
            "enable_ip_forwarding": false,
            "id": "/subscriptions/fa12187f-db35-4094-bbf5-2921bf099f65/resourceGroups/geth3-rg/providers/Microsoft.Network/networkInterfaces/geth30-bstn-nic",
            "internal_dns_name_label": "",
            "internal_domain_name_suffix": "2kmdwtmrh2auddsjd22nogkqxb.ax.internal.cloudapp.net",
            "ip_configuration": [
              {
                "name": "geth30-bstn-nic-cfg",
                "primary": true,
                "private_ip_address": "10.0.1.4",
                "private_ip_address_allocation": "Dynamic",
                "private_ip_address_version": "IPv4",
                "public_ip_address_id": "/subscriptions/fa12187f-db35-4094-bbf5-2921bf099f65/resourceGroups/geth3-rg/providers/Microsoft.Network/publicIPAddresses/geth30-ip",
                "subnet_id": "/subscriptions/fa12187f-db35-4094-bbf5-2921bf099f65/resourceGroups/geth3-rg/providers/Microsoft.Network/virtualNetworks/geth3-vnet/subnets/geth3-pblc-sn001"
              }
            ],
            "location": "westeurope",
            "mac_address": "",
            "name": "geth30-bstn-nic",
            "private_ip_address": "10.0.1.4",
            "private_ip_addresses": [
              "10.0.1.4"
            ],
            "resource_group_name": "geth3-rg",
            "tags": {
              "application": "Block chain Performnace study",
              "applicationversion": "1.0.0",
              "environment": "Sandbox",
              "infrastructureversion": "1.0.0",
              "name": "Renaultgeth3",
              "tier": "Blockchain VMs"
            },
            "timeouts": null,
            "virtual_machine_id": ""
          },
          "private": "eyJlMmJmYjczMC1lY2FhLTExZTYtOGY4OC0zNDM2M2JjN2M0YzAiOnsiY3JlYXRlIjoxODAwMDAwMDAwMDAwLCJkZWxldGUiOjE4MDAwMDAwMDAwMDAsInJlYWQiOjMwMDAwMDAwMDAwMCwidXBkYXRlIjoxODAwMDAwMDAwMDAwfX0=",
          "dependencies": [
            "azurerm_public_ip.public_ip",
            "azurerm_resource_group.resource_group",
            "azurerm_subnet.public_subnet",
            "azurerm_virtual_network.vnet"
          ]
        }
      ]
    },
    {
      "mode": "managed",
      "type": "azurerm_network_interface",
      "name": "worker_nic",
      "each": "list",
      "provider": "provider.azurerm",
      "instances": [
        {
          "index_key": 0,
          "schema_version": 0,
          "attributes": {
            "applied_dns_servers": [],
            "dns_servers": [],
            "enable_accelerated_networking": false,
            "enable_ip_forwarding": false,
            "id": "/subscriptions/fa12187f-db35-4094-bbf5-2921bf099f65/resourceGroups/geth3-rg/providers/Microsoft.Network/networkInterfaces/geth30-wrkr-nic",
            "internal_dns_name_label": "",
            "internal_domain_name_suffix": "2kmdwtmrh2auddsjd22nogkqxb.ax.internal.cloudapp.net",
            "ip_configuration": [
              {
                "name": "geth30-wrkr-nic-cfg",
                "primary": true,
                "private_ip_address": "10.0.2.20",
                "private_ip_address_allocation": "Dynamic",
                "private_ip_address_version": "IPv4",
                "public_ip_address_id": "",
                "subnet_id": "/subscriptions/fa12187f-db35-4094-bbf5-2921bf099f65/resourceGroups/geth3-rg/providers/Microsoft.Network/virtualNetworks/geth3-vnet/subnets/geth3-prvt-sn001"
              }
            ],
            "location": "westeurope",
            "mac_address": "",
            "name": "geth30-wrkr-nic",
            "private_ip_address": "10.0.2.20",
            "private_ip_addresses": [
              "10.0.2.20"
            ],
            "resource_group_name": "geth3-rg",
            "tags": {
              "application": "Block chain Performnace study",
              "applicationversion": "1.0.0",
              "environment": "Sandbox",
              "infrastructureversion": "1.0.0",
              "name": "Renaultgeth3",
              "tier": "Blockchain VMs"
            },
            "timeouts": null,
            "virtual_machine_id": ""
          },
          "private": "eyJlMmJmYjczMC1lY2FhLTExZTYtOGY4OC0zNDM2M2JjN2M0YzAiOnsiY3JlYXRlIjoxODAwMDAwMDAwMDAwLCJkZWxldGUiOjE4MDAwMDAwMDAwMDAsInJlYWQiOjMwMDAwMDAwMDAwMCwidXBkYXRlIjoxODAwMDAwMDAwMDAwfX0=",
          "dependencies": [
            "azurerm_resource_group.resource_group",
            "azurerm_subnet.private_subnet",
            "azurerm_virtual_network.vnet"
          ]
        },
        {
          "index_key": 1,
          "schema_version": 0,
          "attributes": {
            "applied_dns_servers": [],
            "dns_servers": [],
            "enable_accelerated_networking": false,
            "enable_ip_forwarding": false,
            "id": "/subscriptions/fa12187f-db35-4094-bbf5-2921bf099f65/resourceGroups/geth3-rg/providers/Microsoft.Network/networkInterfaces/geth31-wrkr-nic",
            "internal_dns_name_label": "",
            "internal_domain_name_suffix": "2kmdwtmrh2auddsjd22nogkqxb.ax.internal.cloudapp.net",
            "ip_configuration": [
              {
                "name": "geth31-wrkr-nic-cfg",
                "primary": true,
                "private_ip_address": "10.0.2.24",
                "private_ip_address_allocation": "Dynamic",
                "private_ip_address_version": "IPv4",
                "public_ip_address_id": "",
                "subnet_id": "/subscriptions/fa12187f-db35-4094-bbf5-2921bf099f65/resourceGroups/geth3-rg/providers/Microsoft.Network/virtualNetworks/geth3-vnet/subnets/geth3-prvt-sn001"
              }
            ],
            "location": "westeurope",
            "mac_address": "",
            "name": "geth31-wrkr-nic",
            "private_ip_address": "10.0.2.24",
            "private_ip_addresses": [
              "10.0.2.24"
            ],
            "resource_group_name": "geth3-rg",
            "tags": {
              "application": "Block chain Performnace study",
              "applicationversion": "1.0.0",
              "environment": "Sandbox",
              "infrastructureversion": "1.0.0",
              "name": "Renaultgeth3",
              "tier": "Blockchain VMs"
            },
            "timeouts": null,
            "virtual_machine_id": ""
          },
          "private": "eyJlMmJmYjczMC1lY2FhLTExZTYtOGY4OC0zNDM2M2JjN2M0YzAiOnsiY3JlYXRlIjoxODAwMDAwMDAwMDAwLCJkZWxldGUiOjE4MDAwMDAwMDAwMDAsInJlYWQiOjMwMDAwMDAwMDAwMCwidXBkYXRlIjoxODAwMDAwMDAwMDAwfX0=",
          "dependencies": [
            "azurerm_resource_group.resource_group",
            "azurerm_subnet.private_subnet",
            "azurerm_virtual_network.vnet"
          ]
        },
        {
          "index_key": 2,
          "schema_version": 0,
          "attributes": {
            "applied_dns_servers": [],
            "dns_servers": [],
            "enable_accelerated_networking": false,
            "enable_ip_forwarding": false,
            "id": "/subscriptions/fa12187f-db35-4094-bbf5-2921bf099f65/resourceGroups/geth3-rg/providers/Microsoft.Network/networkInterfaces/geth32-wrkr-nic",
            "internal_dns_name_label": "",
            "internal_domain_name_suffix": "2kmdwtmrh2auddsjd22nogkqxb.ax.internal.cloudapp.net",
            "ip_configuration": [
              {
                "name": "geth32-wrkr-nic-cfg",
                "primary": true,
                "private_ip_address": "10.0.2.21",
                "private_ip_address_allocation": "Dynamic",
                "private_ip_address_version": "IPv4",
                "public_ip_address_id": "",
                "subnet_id": "/subscriptions/fa12187f-db35-4094-bbf5-2921bf099f65/resourceGroups/geth3-rg/providers/Microsoft.Network/virtualNetworks/geth3-vnet/subnets/geth3-prvt-sn001"
              }
            ],
            "location": "westeurope",
            "mac_address": "",
            "name": "geth32-wrkr-nic",
            "private_ip_address": "10.0.2.21",
            "private_ip_addresses": [
              "10.0.2.21"
            ],
            "resource_group_name": "geth3-rg",
            "tags": {
              "application": "Block chain Performnace study",
              "applicationversion": "1.0.0",
              "environment": "Sandbox",
              "infrastructureversion": "1.0.0",
              "name": "Renaultgeth3",
              "tier": "Blockchain VMs"
            },
            "timeouts": null,
            "virtual_machine_id": ""
          },
          "private": "eyJlMmJmYjczMC1lY2FhLTExZTYtOGY4OC0zNDM2M2JjN2M0YzAiOnsiY3JlYXRlIjoxODAwMDAwMDAwMDAwLCJkZWxldGUiOjE4MDAwMDAwMDAwMDAsInJlYWQiOjMwMDAwMDAwMDAwMCwidXBkYXRlIjoxODAwMDAwMDAwMDAwfX0=",
          "dependencies": [
            "azurerm_resource_group.resource_group",
            "azurerm_subnet.private_subnet",
            "azurerm_virtual_network.vnet"
          ]
        },
        {
          "index_key": 3,
          "schema_version": 0,
          "attributes": {
            "applied_dns_servers": [],
            "dns_servers": [],
            "enable_accelerated_networking": false,
            "enable_ip_forwarding": false,
            "id": "/subscriptions/fa12187f-db35-4094-bbf5-2921bf099f65/resourceGroups/geth3-rg/providers/Microsoft.Network/networkInterfaces/geth33-wrkr-nic",
            "internal_dns_name_label": "",
            "internal_domain_name_suffix": "2kmdwtmrh2auddsjd22nogkqxb.ax.internal.cloudapp.net",
            "ip_configuration": [
              {
                "name": "geth33-wrkr-nic-cfg",
                "primary": true,
                "private_ip_address": "10.0.2.22",
                "private_ip_address_allocation": "Dynamic",
                "private_ip_address_version": "IPv4",
                "public_ip_address_id": "",
                "subnet_id": "/subscriptions/fa12187f-db35-4094-bbf5-2921bf099f65/resourceGroups/geth3-rg/providers/Microsoft.Network/virtualNetworks/geth3-vnet/subnets/geth3-prvt-sn001"
              }
            ],
            "location": "westeurope",
            "mac_address": "",
            "name": "geth33-wrkr-nic",
            "private_ip_address": "10.0.2.22",
            "private_ip_addresses": [
              "10.0.2.22"
            ],
            "resource_group_name": "geth3-rg",
            "tags": {
              "application": "Block chain Performnace study",
              "applicationversion": "1.0.0",
              "environment": "Sandbox",
              "infrastructureversion": "1.0.0",
              "name": "Renaultgeth3",
              "tier": "Blockchain VMs"
            },
            "timeouts": null,
            "virtual_machine_id": ""
          },
          "private": "eyJlMmJmYjczMC1lY2FhLTExZTYtOGY4OC0zNDM2M2JjN2M0YzAiOnsiY3JlYXRlIjoxODAwMDAwMDAwMDAwLCJkZWxldGUiOjE4MDAwMDAwMDAwMDAsInJlYWQiOjMwMDAwMDAwMDAwMCwidXBkYXRlIjoxODAwMDAwMDAwMDAwfX0=",
          "dependencies": [
            "azurerm_resource_group.resource_group",
            "azurerm_subnet.private_subnet",
            "azurerm_virtual_network.vnet"
          ]
        },
        {
          "index_key": 4,
          "schema_version": 0,
          "attributes": {
            "applied_dns_servers": [],
            "dns_servers": [],
            "enable_accelerated_networking": false,
            "enable_ip_forwarding": false,
            "id": "/subscriptions/fa12187f-db35-4094-bbf5-2921bf099f65/resourceGroups/geth3-rg/providers/Microsoft.Network/networkInterfaces/geth34-wrkr-nic",
            "internal_dns_name_label": "",
            "internal_domain_name_suffix": "2kmdwtmrh2auddsjd22nogkqxb.ax.internal.cloudapp.net",
            "ip_configuration": [
              {
                "name": "geth34-wrkr-nic-cfg",
                "primary": true,
                "private_ip_address": "10.0.2.27",
                "private_ip_address_allocation": "Dynamic",
                "private_ip_address_version": "IPv4",
                "public_ip_address_id": "",
                "subnet_id": "/subscriptions/fa12187f-db35-4094-bbf5-2921bf099f65/resourceGroups/geth3-rg/providers/Microsoft.Network/virtualNetworks/geth3-vnet/subnets/geth3-prvt-sn001"
              }
            ],
            "location": "westeurope",
            "mac_address": "",
            "name": "geth34-wrkr-nic",
            "private_ip_address": "10.0.2.27",
            "private_ip_addresses": [
              "10.0.2.27"
            ],
            "resource_group_name": "geth3-rg",
            "tags": {
              "application": "Block chain Performnace study",
              "applicationversion": "1.0.0",
              "environment": "Sandbox",
              "infrastructureversion": "1.0.0",
              "name": "Renaultgeth3",
              "tier": "Blockchain VMs"
            },
            "timeouts": null,
            "virtual_machine_id": ""
          },
          "private": "eyJlMmJmYjczMC1lY2FhLTExZTYtOGY4OC0zNDM2M2JjN2M0YzAiOnsiY3JlYXRlIjoxODAwMDAwMDAwMDAwLCJkZWxldGUiOjE4MDAwMDAwMDAwMDAsInJlYWQiOjMwMDAwMDAwMDAwMCwidXBkYXRlIjoxODAwMDAwMDAwMDAwfX0=",
          "dependencies": [
            "azurerm_resource_group.resource_group",
            "azurerm_subnet.private_subnet",
            "azurerm_virtual_network.vnet"
          ]
        },
        {
          "index_key": 5,
          "schema_version": 0,
          "attributes": {
            "applied_dns_servers": [],
            "dns_servers": [],
            "enable_accelerated_networking": false,
            "enable_ip_forwarding": false,
            "id": "/subscriptions/fa12187f-db35-4094-bbf5-2921bf099f65/resourceGroups/geth3-rg/providers/Microsoft.Network/networkInterfaces/geth35-wrkr-nic",
            "internal_dns_name_label": "",
            "internal_domain_name_suffix": "2kmdwtmrh2auddsjd22nogkqxb.ax.internal.cloudapp.net",
            "ip_configuration": [
              {
                "name": "geth35-wrkr-nic-cfg",
                "primary": true,
                "private_ip_address": "10.0.2.18",
                "private_ip_address_allocation": "Dynamic",
                "private_ip_address_version": "IPv4",
                "public_ip_address_id": "",
                "subnet_id": "/subscriptions/fa12187f-db35-4094-bbf5-2921bf099f65/resourceGroups/geth3-rg/providers/Microsoft.Network/virtualNetworks/geth3-vnet/subnets/geth3-prvt-sn001"
              }
            ],
            "location": "westeurope",
            "mac_address": "",
            "name": "geth35-wrkr-nic",
            "private_ip_address": "10.0.2.18",
            "private_ip_addresses": [
              "10.0.2.18"
            ],
            "resource_group_name": "geth3-rg",
            "tags": {
              "application": "Block chain Performnace study",
              "applicationversion": "1.0.0",
              "environment": "Sandbox",
              "infrastructureversion": "1.0.0",
              "name": "Renaultgeth3",
              "tier": "Blockchain VMs"
            },
            "timeouts": null,
            "virtual_machine_id": ""
          },
          "private": "eyJlMmJmYjczMC1lY2FhLTExZTYtOGY4OC0zNDM2M2JjN2M0YzAiOnsiY3JlYXRlIjoxODAwMDAwMDAwMDAwLCJkZWxldGUiOjE4MDAwMDAwMDAwMDAsInJlYWQiOjMwMDAwMDAwMDAwMCwidXBkYXRlIjoxODAwMDAwMDAwMDAwfX0=",
          "dependencies": [
            "azurerm_resource_group.resource_group",
            "azurerm_subnet.private_subnet",
            "azurerm_virtual_network.vnet"
          ]
        },
        {
          "index_key": 6,
          "schema_version": 0,
          "attributes": {
            "applied_dns_servers": [],
            "dns_servers": [],
            "enable_accelerated_networking": false,
            "enable_ip_forwarding": false,
            "id": "/subscriptions/fa12187f-db35-4094-bbf5-2921bf099f65/resourceGroups/geth3-rg/providers/Microsoft.Network/networkInterfaces/geth36-wrkr-nic",
            "internal_dns_name_label": "",
            "internal_domain_name_suffix": "2kmdwtmrh2auddsjd22nogkqxb.ax.internal.cloudapp.net",
            "ip_configuration": [
              {
                "name": "geth36-wrkr-nic-cfg",
                "primary": true,
                "private_ip_address": "10.0.2.7",
                "private_ip_address_allocation": "Dynamic",
                "private_ip_address_version": "IPv4",
                "public_ip_address_id": "",
                "subnet_id": "/subscriptions/fa12187f-db35-4094-bbf5-2921bf099f65/resourceGroups/geth3-rg/providers/Microsoft.Network/virtualNetworks/geth3-vnet/subnets/geth3-prvt-sn001"
              }
            ],
            "location": "westeurope",
            "mac_address": "",
            "name": "geth36-wrkr-nic",
            "private_ip_address": "10.0.2.7",
            "private_ip_addresses": [
              "10.0.2.7"
            ],
            "resource_group_name": "geth3-rg",
            "tags": {
              "application": "Block chain Performnace study",
              "applicationversion": "1.0.0",
              "environment": "Sandbox",
              "infrastructureversion": "1.0.0",
              "name": "Renaultgeth3",
              "tier": "Blockchain VMs"
            },
            "timeouts": null,
            "virtual_machine_id": ""
          },
          "private": "eyJlMmJmYjczMC1lY2FhLTExZTYtOGY4OC0zNDM2M2JjN2M0YzAiOnsiY3JlYXRlIjoxODAwMDAwMDAwMDAwLCJkZWxldGUiOjE4MDAwMDAwMDAwMDAsInJlYWQiOjMwMDAwMDAwMDAwMCwidXBkYXRlIjoxODAwMDAwMDAwMDAwfX0=",
          "dependencies": [
            "azurerm_resource_group.resource_group",
            "azurerm_subnet.private_subnet",
            "azurerm_virtual_network.vnet"
          ]
        },
        {
          "index_key": 7,
          "schema_version": 0,
          "attributes": {
            "applied_dns_servers": [],
            "dns_servers": [],
            "enable_accelerated_networking": false,
            "enable_ip_forwarding": false,
            "id": "/subscriptions/fa12187f-db35-4094-bbf5-2921bf099f65/resourceGroups/geth3-rg/providers/Microsoft.Network/networkInterfaces/geth37-wrkr-nic",
            "internal_dns_name_label": "",
            "internal_domain_name_suffix": "2kmdwtmrh2auddsjd22nogkqxb.ax.internal.cloudapp.net",
            "ip_configuration": [
              {
                "name": "geth37-wrkr-nic-cfg",
                "primary": true,
                "private_ip_address": "10.0.2.9",
                "private_ip_address_allocation": "Dynamic",
                "private_ip_address_version": "IPv4",
                "public_ip_address_id": "",
                "subnet_id": "/subscriptions/fa12187f-db35-4094-bbf5-2921bf099f65/resourceGroups/geth3-rg/providers/Microsoft.Network/virtualNetworks/geth3-vnet/subnets/geth3-prvt-sn001"
              }
            ],
            "location": "westeurope",
            "mac_address": "",
            "name": "geth37-wrkr-nic",
            "private_ip_address": "10.0.2.9",
            "private_ip_addresses": [
              "10.0.2.9"
            ],
            "resource_group_name": "geth3-rg",
            "tags": {
              "application": "Block chain Performnace study",
              "applicationversion": "1.0.0",
              "environment": "Sandbox",
              "infrastructureversion": "1.0.0",
              "name": "Renaultgeth3",
              "tier": "Blockchain VMs"
            },
            "timeouts": null,
            "virtual_machine_id": ""
          },
          "private": "eyJlMmJmYjczMC1lY2FhLTExZTYtOGY4OC0zNDM2M2JjN2M0YzAiOnsiY3JlYXRlIjoxODAwMDAwMDAwMDAwLCJkZWxldGUiOjE4MDAwMDAwMDAwMDAsInJlYWQiOjMwMDAwMDAwMDAwMCwidXBkYXRlIjoxODAwMDAwMDAwMDAwfX0=",
          "dependencies": [
            "azurerm_resource_group.resource_group",
            "azurerm_subnet.private_subnet",
            "azurerm_virtual_network.vnet"
          ]
        },
        {
          "index_key": 8,
          "schema_version": 0,
          "attributes": {
            "applied_dns_servers": [],
            "dns_servers": [],
            "enable_accelerated_networking": false,
            "enable_ip_forwarding": false,
            "id": "/subscriptions/fa12187f-db35-4094-bbf5-2921bf099f65/resourceGroups/geth3-rg/providers/Microsoft.Network/networkInterfaces/geth38-wrkr-nic",
            "internal_dns_name_label": "",
            "internal_domain_name_suffix": "2kmdwtmrh2auddsjd22nogkqxb.ax.internal.cloudapp.net",
            "ip_configuration": [
              {
                "name": "geth38-wrkr-nic-cfg",
                "primary": true,
                "private_ip_address": "10.0.2.13",
                "private_ip_address_allocation": "Dynamic",
                "private_ip_address_version": "IPv4",
                "public_ip_address_id": "",
                "subnet_id": "/subscriptions/fa12187f-db35-4094-bbf5-2921bf099f65/resourceGroups/geth3-rg/providers/Microsoft.Network/virtualNetworks/geth3-vnet/subnets/geth3-prvt-sn001"
              }
            ],
            "location": "westeurope",
            "mac_address": "",
            "name": "geth38-wrkr-nic",
            "private_ip_address": "10.0.2.13",
            "private_ip_addresses": [
              "10.0.2.13"
            ],
            "resource_group_name": "geth3-rg",
            "tags": {
              "application": "Block chain Performnace study",
              "applicationversion": "1.0.0",
              "environment": "Sandbox",
              "infrastructureversion": "1.0.0",
              "name": "Renaultgeth3",
              "tier": "Blockchain VMs"
            },
            "timeouts": null,
            "virtual_machine_id": ""
          },
          "private": "eyJlMmJmYjczMC1lY2FhLTExZTYtOGY4OC0zNDM2M2JjN2M0YzAiOnsiY3JlYXRlIjoxODAwMDAwMDAwMDAwLCJkZWxldGUiOjE4MDAwMDAwMDAwMDAsInJlYWQiOjMwMDAwMDAwMDAwMCwidXBkYXRlIjoxODAwMDAwMDAwMDAwfX0=",
          "dependencies": [
            "azurerm_resource_group.resource_group",
            "azurerm_subnet.private_subnet",
            "azurerm_virtual_network.vnet"
          ]
        },
        {
          "index_key": 9,
          "schema_version": 0,
          "attributes": {
            "applied_dns_servers": [],
            "dns_servers": [],
            "enable_accelerated_networking": false,
            "enable_ip_forwarding": false,
            "id": "/subscriptions/fa12187f-db35-4094-bbf5-2921bf099f65/resourceGroups/geth3-rg/providers/Microsoft.Network/networkInterfaces/geth39-wrkr-nic",
            "internal_dns_name_label": "",
            "internal_domain_name_suffix": "2kmdwtmrh2auddsjd22nogkqxb.ax.internal.cloudapp.net",
            "ip_configuration": [
              {
                "name": "geth39-wrkr-nic-cfg",
                "primary": true,
                "private_ip_address": "10.0.2.25",
                "private_ip_address_allocation": "Dynamic",
                "private_ip_address_version": "IPv4",
                "public_ip_address_id": "",
                "subnet_id": "/subscriptions/fa12187f-db35-4094-bbf5-2921bf099f65/resourceGroups/geth3-rg/providers/Microsoft.Network/virtualNetworks/geth3-vnet/subnets/geth3-prvt-sn001"
              }
            ],
            "location": "westeurope",
            "mac_address": "",
            "name": "geth39-wrkr-nic",
            "private_ip_address": "10.0.2.25",
            "private_ip_addresses": [
              "10.0.2.25"
            ],
            "resource_group_name": "geth3-rg",
            "tags": {
              "application": "Block chain Performnace study",
              "applicationversion": "1.0.0",
              "environment": "Sandbox",
              "infrastructureversion": "1.0.0",
              "name": "Renaultgeth3",
              "tier": "Blockchain VMs"
            },
            "timeouts": null,
            "virtual_machine_id": ""
          },
          "private": "eyJlMmJmYjczMC1lY2FhLTExZTYtOGY4OC0zNDM2M2JjN2M0YzAiOnsiY3JlYXRlIjoxODAwMDAwMDAwMDAwLCJkZWxldGUiOjE4MDAwMDAwMDAwMDAsInJlYWQiOjMwMDAwMDAwMDAwMCwidXBkYXRlIjoxODAwMDAwMDAwMDAwfX0=",
          "dependencies": [
            "azurerm_resource_group.resource_group",
            "azurerm_subnet.private_subnet",
            "azurerm_virtual_network.vnet"
          ]
        },
        {
          "index_key": 10,
          "schema_version": 0,
          "attributes": {
            "applied_dns_servers": [],
            "dns_servers": [],
            "enable_accelerated_networking": false,
            "enable_ip_forwarding": false,
            "id": "/subscriptions/fa12187f-db35-4094-bbf5-2921bf099f65/resourceGroups/geth3-rg/providers/Microsoft.Network/networkInterfaces/geth310-wrkr-nic",
            "internal_dns_name_label": "",
            "internal_domain_name_suffix": "2kmdwtmrh2auddsjd22nogkqxb.ax.internal.cloudapp.net",
            "ip_configuration": [
              {
                "name": "geth310-wrkr-nic-cfg",
                "primary": true,
                "private_ip_address": "10.0.2.26",
                "private_ip_address_allocation": "Dynamic",
                "private_ip_address_version": "IPv4",
                "public_ip_address_id": "",
                "subnet_id": "/subscriptions/fa12187f-db35-4094-bbf5-2921bf099f65/resourceGroups/geth3-rg/providers/Microsoft.Network/virtualNetworks/geth3-vnet/subnets/geth3-prvt-sn001"
              }
            ],
            "location": "westeurope",
            "mac_address": "",
            "name": "geth310-wrkr-nic",
            "private_ip_address": "10.0.2.26",
            "private_ip_addresses": [
              "10.0.2.26"
            ],
            "resource_group_name": "geth3-rg",
            "tags": {
              "application": "Block chain Performnace study",
              "applicationversion": "1.0.0",
              "environment": "Sandbox",
              "infrastructureversion": "1.0.0",
              "name": "Renaultgeth3",
              "tier": "Blockchain VMs"
            },
            "timeouts": null,
            "virtual_machine_id": ""
          },
          "private": "eyJlMmJmYjczMC1lY2FhLTExZTYtOGY4OC0zNDM2M2JjN2M0YzAiOnsiY3JlYXRlIjoxODAwMDAwMDAwMDAwLCJkZWxldGUiOjE4MDAwMDAwMDAwMDAsInJlYWQiOjMwMDAwMDAwMDAwMCwidXBkYXRlIjoxODAwMDAwMDAwMDAwfX0=",
          "dependencies": [
            "azurerm_resource_group.resource_group",
            "azurerm_subnet.private_subnet",
            "azurerm_virtual_network.vnet"
          ]
        },
        {
          "index_key": 11,
          "schema_version": 0,
          "attributes": {
            "applied_dns_servers": [],
            "dns_servers": [],
            "enable_accelerated_networking": false,
            "enable_ip_forwarding": false,
            "id": "/subscriptions/fa12187f-db35-4094-bbf5-2921bf099f65/resourceGroups/geth3-rg/providers/Microsoft.Network/networkInterfaces/geth311-wrkr-nic",
            "internal_dns_name_label": "",
            "internal_domain_name_suffix": "2kmdwtmrh2auddsjd22nogkqxb.ax.internal.cloudapp.net",
            "ip_configuration": [
              {
                "name": "geth311-wrkr-nic-cfg",
                "primary": true,
                "private_ip_address": "10.0.2.19",
                "private_ip_address_allocation": "Dynamic",
                "private_ip_address_version": "IPv4",
                "public_ip_address_id": "",
                "subnet_id": "/subscriptions/fa12187f-db35-4094-bbf5-2921bf099f65/resourceGroups/geth3-rg/providers/Microsoft.Network/virtualNetworks/geth3-vnet/subnets/geth3-prvt-sn001"
              }
            ],
            "location": "westeurope",
            "mac_address": "",
            "name": "geth311-wrkr-nic",
            "private_ip_address": "10.0.2.19",
            "private_ip_addresses": [
              "10.0.2.19"
            ],
            "resource_group_name": "geth3-rg",
            "tags": {
              "application": "Block chain Performnace study",
              "applicationversion": "1.0.0",
              "environment": "Sandbox",
              "infrastructureversion": "1.0.0",
              "name": "Renaultgeth3",
              "tier": "Blockchain VMs"
            },
            "timeouts": null,
            "virtual_machine_id": ""
          },
          "private": "eyJlMmJmYjczMC1lY2FhLTExZTYtOGY4OC0zNDM2M2JjN2M0YzAiOnsiY3JlYXRlIjoxODAwMDAwMDAwMDAwLCJkZWxldGUiOjE4MDAwMDAwMDAwMDAsInJlYWQiOjMwMDAwMDAwMDAwMCwidXBkYXRlIjoxODAwMDAwMDAwMDAwfX0=",
          "dependencies": [
            "azurerm_resource_group.resource_group",
            "azurerm_subnet.private_subnet",
            "azurerm_virtual_network.vnet"
          ]
        },
        {
          "index_key": 12,
          "schema_version": 0,
          "attributes": {
            "applied_dns_servers": [],
            "dns_servers": [],
            "enable_accelerated_networking": false,
            "enable_ip_forwarding": false,
            "id": "/subscriptions/fa12187f-db35-4094-bbf5-2921bf099f65/resourceGroups/geth3-rg/providers/Microsoft.Network/networkInterfaces/geth312-wrkr-nic",
            "internal_dns_name_label": "",
            "internal_domain_name_suffix": "2kmdwtmrh2auddsjd22nogkqxb.ax.internal.cloudapp.net",
            "ip_configuration": [
              {
                "name": "geth312-wrkr-nic-cfg",
                "primary": true,
                "private_ip_address": "10.0.2.11",
                "private_ip_address_allocation": "Dynamic",
                "private_ip_address_version": "IPv4",
                "public_ip_address_id": "",
                "subnet_id": "/subscriptions/fa12187f-db35-4094-bbf5-2921bf099f65/resourceGroups/geth3-rg/providers/Microsoft.Network/virtualNetworks/geth3-vnet/subnets/geth3-prvt-sn001"
              }
            ],
            "location": "westeurope",
            "mac_address": "",
            "name": "geth312-wrkr-nic",
            "private_ip_address": "10.0.2.11",
            "private_ip_addresses": [
              "10.0.2.11"
            ],
            "resource_group_name": "geth3-rg",
            "tags": {
              "application": "Block chain Performnace study",
              "applicationversion": "1.0.0",
              "environment": "Sandbox",
              "infrastructureversion": "1.0.0",
              "name": "Renaultgeth3",
              "tier": "Blockchain VMs"
            },
            "timeouts": null,
            "virtual_machine_id": ""
          },
          "private": "eyJlMmJmYjczMC1lY2FhLTExZTYtOGY4OC0zNDM2M2JjN2M0YzAiOnsiY3JlYXRlIjoxODAwMDAwMDAwMDAwLCJkZWxldGUiOjE4MDAwMDAwMDAwMDAsInJlYWQiOjMwMDAwMDAwMDAwMCwidXBkYXRlIjoxODAwMDAwMDAwMDAwfX0=",
          "dependencies": [
            "azurerm_resource_group.resource_group",
            "azurerm_subnet.private_subnet",
            "azurerm_virtual_network.vnet"
          ]
        },
        {
          "index_key": 13,
          "schema_version": 0,
          "attributes": {
            "applied_dns_servers": [],
            "dns_servers": [],
            "enable_accelerated_networking": false,
            "enable_ip_forwarding": false,
            "id": "/subscriptions/fa12187f-db35-4094-bbf5-2921bf099f65/resourceGroups/geth3-rg/providers/Microsoft.Network/networkInterfaces/geth313-wrkr-nic",
            "internal_dns_name_label": "",
            "internal_domain_name_suffix": "2kmdwtmrh2auddsjd22nogkqxb.ax.internal.cloudapp.net",
            "ip_configuration": [
              {
                "name": "geth313-wrkr-nic-cfg",
                "primary": true,
                "private_ip_address": "10.0.2.28",
                "private_ip_address_allocation": "Dynamic",
                "private_ip_address_version": "IPv4",
                "public_ip_address_id": "",
                "subnet_id": "/subscriptions/fa12187f-db35-4094-bbf5-2921bf099f65/resourceGroups/geth3-rg/providers/Microsoft.Network/virtualNetworks/geth3-vnet/subnets/geth3-prvt-sn001"
              }
            ],
            "location": "westeurope",
            "mac_address": "",
            "name": "geth313-wrkr-nic",
            "private_ip_address": "10.0.2.28",
            "private_ip_addresses": [
              "10.0.2.28"
            ],
            "resource_group_name": "geth3-rg",
            "tags": {
              "application": "Block chain Performnace study",
              "applicationversion": "1.0.0",
              "environment": "Sandbox",
              "infrastructureversion": "1.0.0",
              "name": "Renaultgeth3",
              "tier": "Blockchain VMs"
            },
            "timeouts": null,
            "virtual_machine_id": ""
          },
          "private": "eyJlMmJmYjczMC1lY2FhLTExZTYtOGY4OC0zNDM2M2JjN2M0YzAiOnsiY3JlYXRlIjoxODAwMDAwMDAwMDAwLCJkZWxldGUiOjE4MDAwMDAwMDAwMDAsInJlYWQiOjMwMDAwMDAwMDAwMCwidXBkYXRlIjoxODAwMDAwMDAwMDAwfX0=",
          "dependencies": [
            "azurerm_resource_group.resource_group",
            "azurerm_subnet.private_subnet",
            "azurerm_virtual_network.vnet"
          ]
        },
        {
          "index_key": 14,
          "schema_version": 0,
          "attributes": {
            "applied_dns_servers": [],
            "dns_servers": [],
            "enable_accelerated_networking": false,
            "enable_ip_forwarding": false,
            "id": "/subscriptions/fa12187f-db35-4094-bbf5-2921bf099f65/resourceGroups/geth3-rg/providers/Microsoft.Network/networkInterfaces/geth314-wrkr-nic",
            "internal_dns_name_label": "",
            "internal_domain_name_suffix": "2kmdwtmrh2auddsjd22nogkqxb.ax.internal.cloudapp.net",
            "ip_configuration": [
              {
                "name": "geth314-wrkr-nic-cfg",
                "primary": true,
                "private_ip_address": "10.0.2.4",
                "private_ip_address_allocation": "Dynamic",
                "private_ip_address_version": "IPv4",
                "public_ip_address_id": "",
                "subnet_id": "/subscriptions/fa12187f-db35-4094-bbf5-2921bf099f65/resourceGroups/geth3-rg/providers/Microsoft.Network/virtualNetworks/geth3-vnet/subnets/geth3-prvt-sn001"
              }
            ],
            "location": "westeurope",
            "mac_address": "",
            "name": "geth314-wrkr-nic",
            "private_ip_address": "10.0.2.4",
            "private_ip_addresses": [
              "10.0.2.4"
            ],
            "resource_group_name": "geth3-rg",
            "tags": {
              "application": "Block chain Performnace study",
              "applicationversion": "1.0.0",
              "environment": "Sandbox",
              "infrastructureversion": "1.0.0",
              "name": "Renaultgeth3",
              "tier": "Blockchain VMs"
            },
            "timeouts": null,
            "virtual_machine_id": ""
          },
          "private": "eyJlMmJmYjczMC1lY2FhLTExZTYtOGY4OC0zNDM2M2JjN2M0YzAiOnsiY3JlYXRlIjoxODAwMDAwMDAwMDAwLCJkZWxldGUiOjE4MDAwMDAwMDAwMDAsInJlYWQiOjMwMDAwMDAwMDAwMCwidXBkYXRlIjoxODAwMDAwMDAwMDAwfX0=",
          "dependencies": [
            "azurerm_resource_group.resource_group",
            "azurerm_subnet.private_subnet",
            "azurerm_virtual_network.vnet"
          ]
        },
        {
          "index_key": 15,
          "schema_version": 0,
          "attributes": {
            "applied_dns_servers": [],
            "dns_servers": [],
            "enable_accelerated_networking": false,
            "enable_ip_forwarding": false,
            "id": "/subscriptions/fa12187f-db35-4094-bbf5-2921bf099f65/resourceGroups/geth3-rg/providers/Microsoft.Network/networkInterfaces/geth315-wrkr-nic",
            "internal_dns_name_label": "",
            "internal_domain_name_suffix": "2kmdwtmrh2auddsjd22nogkqxb.ax.internal.cloudapp.net",
            "ip_configuration": [
              {
                "name": "geth315-wrkr-nic-cfg",
                "primary": true,
                "private_ip_address": "10.0.2.16",
                "private_ip_address_allocation": "Dynamic",
                "private_ip_address_version": "IPv4",
                "public_ip_address_id": "",
                "subnet_id": "/subscriptions/fa12187f-db35-4094-bbf5-2921bf099f65/resourceGroups/geth3-rg/providers/Microsoft.Network/virtualNetworks/geth3-vnet/subnets/geth3-prvt-sn001"
              }
            ],
            "location": "westeurope",
            "mac_address": "",
            "name": "geth315-wrkr-nic",
            "private_ip_address": "10.0.2.16",
            "private_ip_addresses": [
              "10.0.2.16"
            ],
            "resource_group_name": "geth3-rg",
            "tags": {
              "application": "Block chain Performnace study",
              "applicationversion": "1.0.0",
              "environment": "Sandbox",
              "infrastructureversion": "1.0.0",
              "name": "Renaultgeth3",
              "tier": "Blockchain VMs"
            },
            "timeouts": null,
            "virtual_machine_id": ""
          },
          "private": "eyJlMmJmYjczMC1lY2FhLTExZTYtOGY4OC0zNDM2M2JjN2M0YzAiOnsiY3JlYXRlIjoxODAwMDAwMDAwMDAwLCJkZWxldGUiOjE4MDAwMDAwMDAwMDAsInJlYWQiOjMwMDAwMDAwMDAwMCwidXBkYXRlIjoxODAwMDAwMDAwMDAwfX0=",
          "dependencies": [
            "azurerm_resource_group.resource_group",
            "azurerm_subnet.private_subnet",
            "azurerm_virtual_network.vnet"
          ]
        },
        {
          "index_key": 16,
          "schema_version": 0,
          "attributes": {
            "applied_dns_servers": [],
            "dns_servers": [],
            "enable_accelerated_networking": false,
            "enable_ip_forwarding": false,
            "id": "/subscriptions/fa12187f-db35-4094-bbf5-2921bf099f65/resourceGroups/geth3-rg/providers/Microsoft.Network/networkInterfaces/geth316-wrkr-nic",
            "internal_dns_name_label": "",
            "internal_domain_name_suffix": "2kmdwtmrh2auddsjd22nogkqxb.ax.internal.cloudapp.net",
            "ip_configuration": [
              {
                "name": "geth316-wrkr-nic-cfg",
                "primary": true,
                "private_ip_address": "10.0.2.8",
                "private_ip_address_allocation": "Dynamic",
                "private_ip_address_version": "IPv4",
                "public_ip_address_id": "",
                "subnet_id": "/subscriptions/fa12187f-db35-4094-bbf5-2921bf099f65/resourceGroups/geth3-rg/providers/Microsoft.Network/virtualNetworks/geth3-vnet/subnets/geth3-prvt-sn001"
              }
            ],
            "location": "westeurope",
            "mac_address": "",
            "name": "geth316-wrkr-nic",
            "private_ip_address": "10.0.2.8",
            "private_ip_addresses": [
              "10.0.2.8"
            ],
            "resource_group_name": "geth3-rg",
            "tags": {
              "application": "Block chain Performnace study",
              "applicationversion": "1.0.0",
              "environment": "Sandbox",
              "infrastructureversion": "1.0.0",
              "name": "Renaultgeth3",
              "tier": "Blockchain VMs"
            },
            "timeouts": null,
            "virtual_machine_id": ""
          },
          "private": "eyJlMmJmYjczMC1lY2FhLTExZTYtOGY4OC0zNDM2M2JjN2M0YzAiOnsiY3JlYXRlIjoxODAwMDAwMDAwMDAwLCJkZWxldGUiOjE4MDAwMDAwMDAwMDAsInJlYWQiOjMwMDAwMDAwMDAwMCwidXBkYXRlIjoxODAwMDAwMDAwMDAwfX0=",
          "dependencies": [
            "azurerm_resource_group.resource_group",
            "azurerm_subnet.private_subnet",
            "azurerm_virtual_network.vnet"
          ]
        },
        {
          "index_key": 17,
          "schema_version": 0,
          "attributes": {
            "applied_dns_servers": [],
            "dns_servers": [],
            "enable_accelerated_networking": false,
            "enable_ip_forwarding": false,
            "id": "/subscriptions/fa12187f-db35-4094-bbf5-2921bf099f65/resourceGroups/geth3-rg/providers/Microsoft.Network/networkInterfaces/geth317-wrkr-nic",
            "internal_dns_name_label": "",
            "internal_domain_name_suffix": "2kmdwtmrh2auddsjd22nogkqxb.ax.internal.cloudapp.net",
            "ip_configuration": [
              {
                "name": "geth317-wrkr-nic-cfg",
                "primary": true,
                "private_ip_address": "10.0.2.10",
                "private_ip_address_allocation": "Dynamic",
                "private_ip_address_version": "IPv4",
                "public_ip_address_id": "",
                "subnet_id": "/subscriptions/fa12187f-db35-4094-bbf5-2921bf099f65/resourceGroups/geth3-rg/providers/Microsoft.Network/virtualNetworks/geth3-vnet/subnets/geth3-prvt-sn001"
              }
            ],
            "location": "westeurope",
            "mac_address": "",
            "name": "geth317-wrkr-nic",
            "private_ip_address": "10.0.2.10",
            "private_ip_addresses": [
              "10.0.2.10"
            ],
            "resource_group_name": "geth3-rg",
            "tags": {
              "application": "Block chain Performnace study",
              "applicationversion": "1.0.0",
              "environment": "Sandbox",
              "infrastructureversion": "1.0.0",
              "name": "Renaultgeth3",
              "tier": "Blockchain VMs"
            },
            "timeouts": null,
            "virtual_machine_id": ""
          },
          "private": "eyJlMmJmYjczMC1lY2FhLTExZTYtOGY4OC0zNDM2M2JjN2M0YzAiOnsiY3JlYXRlIjoxODAwMDAwMDAwMDAwLCJkZWxldGUiOjE4MDAwMDAwMDAwMDAsInJlYWQiOjMwMDAwMDAwMDAwMCwidXBkYXRlIjoxODAwMDAwMDAwMDAwfX0=",
          "dependencies": [
            "azurerm_resource_group.resource_group",
            "azurerm_subnet.private_subnet",
            "azurerm_virtual_network.vnet"
          ]
        },
        {
          "index_key": 18,
          "schema_version": 0,
          "attributes": {
            "applied_dns_servers": [],
            "dns_servers": [],
            "enable_accelerated_networking": false,
            "enable_ip_forwarding": false,
            "id": "/subscriptions/fa12187f-db35-4094-bbf5-2921bf099f65/resourceGroups/geth3-rg/providers/Microsoft.Network/networkInterfaces/geth318-wrkr-nic",
            "internal_dns_name_label": "",
            "internal_domain_name_suffix": "2kmdwtmrh2auddsjd22nogkqxb.ax.internal.cloudapp.net",
            "ip_configuration": [
              {
                "name": "geth318-wrkr-nic-cfg",
                "primary": true,
                "private_ip_address": "10.0.2.23",
                "private_ip_address_allocation": "Dynamic",
                "private_ip_address_version": "IPv4",
                "public_ip_address_id": "",
                "subnet_id": "/subscriptions/fa12187f-db35-4094-bbf5-2921bf099f65/resourceGroups/geth3-rg/providers/Microsoft.Network/virtualNetworks/geth3-vnet/subnets/geth3-prvt-sn001"
              }
            ],
            "location": "westeurope",
            "mac_address": "",
            "name": "geth318-wrkr-nic",
            "private_ip_address": "10.0.2.23",
            "private_ip_addresses": [
              "10.0.2.23"
            ],
            "resource_group_name": "geth3-rg",
            "tags": {
              "application": "Block chain Performnace study",
              "applicationversion": "1.0.0",
              "environment": "Sandbox",
              "infrastructureversion": "1.0.0",
              "name": "Renaultgeth3",
              "tier": "Blockchain VMs"
            },
            "timeouts": null,
            "virtual_machine_id": ""
          },
          "private": "eyJlMmJmYjczMC1lY2FhLTExZTYtOGY4OC0zNDM2M2JjN2M0YzAiOnsiY3JlYXRlIjoxODAwMDAwMDAwMDAwLCJkZWxldGUiOjE4MDAwMDAwMDAwMDAsInJlYWQiOjMwMDAwMDAwMDAwMCwidXBkYXRlIjoxODAwMDAwMDAwMDAwfX0=",
          "dependencies": [
            "azurerm_resource_group.resource_group",
            "azurerm_subnet.private_subnet",
            "azurerm_virtual_network.vnet"
          ]
        },
        {
          "index_key": 19,
          "schema_version": 0,
          "attributes": {
            "applied_dns_servers": [],
            "dns_servers": [],
            "enable_accelerated_networking": false,
            "enable_ip_forwarding": false,
            "id": "/subscriptions/fa12187f-db35-4094-bbf5-2921bf099f65/resourceGroups/geth3-rg/providers/Microsoft.Network/networkInterfaces/geth319-wrkr-nic",
            "internal_dns_name_label": "",
            "internal_domain_name_suffix": "2kmdwtmrh2auddsjd22nogkqxb.ax.internal.cloudapp.net",
            "ip_configuration": [
              {
                "name": "geth319-wrkr-nic-cfg",
                "primary": true,
                "private_ip_address": "10.0.2.17",
                "private_ip_address_allocation": "Dynamic",
                "private_ip_address_version": "IPv4",
                "public_ip_address_id": "",
                "subnet_id": "/subscriptions/fa12187f-db35-4094-bbf5-2921bf099f65/resourceGroups/geth3-rg/providers/Microsoft.Network/virtualNetworks/geth3-vnet/subnets/geth3-prvt-sn001"
              }
            ],
            "location": "westeurope",
            "mac_address": "",
            "name": "geth319-wrkr-nic",
            "private_ip_address": "10.0.2.17",
            "private_ip_addresses": [
              "10.0.2.17"
            ],
            "resource_group_name": "geth3-rg",
            "tags": {
              "application": "Block chain Performnace study",
              "applicationversion": "1.0.0",
              "environment": "Sandbox",
              "infrastructureversion": "1.0.0",
              "name": "Renaultgeth3",
              "tier": "Blockchain VMs"
            },
            "timeouts": null,
            "virtual_machine_id": ""
          },
          "private": "eyJlMmJmYjczMC1lY2FhLTExZTYtOGY4OC0zNDM2M2JjN2M0YzAiOnsiY3JlYXRlIjoxODAwMDAwMDAwMDAwLCJkZWxldGUiOjE4MDAwMDAwMDAwMDAsInJlYWQiOjMwMDAwMDAwMDAwMCwidXBkYXRlIjoxODAwMDAwMDAwMDAwfX0=",
          "dependencies": [
            "azurerm_resource_group.resource_group",
            "azurerm_subnet.private_subnet",
            "azurerm_virtual_network.vnet"
          ]
        },
        {
          "index_key": 20,
          "schema_version": 0,
          "attributes": {
            "applied_dns_servers": [],
            "dns_servers": [],
            "enable_accelerated_networking": false,
            "enable_ip_forwarding": false,
            "id": "/subscriptions/fa12187f-db35-4094-bbf5-2921bf099f65/resourceGroups/geth3-rg/providers/Microsoft.Network/networkInterfaces/geth320-wrkr-nic",
            "internal_dns_name_label": "",
            "internal_domain_name_suffix": "2kmdwtmrh2auddsjd22nogkqxb.ax.internal.cloudapp.net",
            "ip_configuration": [
              {
                "name": "geth320-wrkr-nic-cfg",
                "primary": true,
                "private_ip_address": "10.0.2.5",
                "private_ip_address_allocation": "Dynamic",
                "private_ip_address_version": "IPv4",
                "public_ip_address_id": "",
                "subnet_id": "/subscriptions/fa12187f-db35-4094-bbf5-2921bf099f65/resourceGroups/geth3-rg/providers/Microsoft.Network/virtualNetworks/geth3-vnet/subnets/geth3-prvt-sn001"
              }
            ],
            "location": "westeurope",
            "mac_address": "",
            "name": "geth320-wrkr-nic",
            "private_ip_address": "10.0.2.5",
            "private_ip_addresses": [
              "10.0.2.5"
            ],
            "resource_group_name": "geth3-rg",
            "tags": {
              "application": "Block chain Performnace study",
              "applicationversion": "1.0.0",
              "environment": "Sandbox",
              "infrastructureversion": "1.0.0",
              "name": "Renaultgeth3",
              "tier": "Blockchain VMs"
            },
            "timeouts": null,
            "virtual_machine_id": ""
          },
          "private": "eyJlMmJmYjczMC1lY2FhLTExZTYtOGY4OC0zNDM2M2JjN2M0YzAiOnsiY3JlYXRlIjoxODAwMDAwMDAwMDAwLCJkZWxldGUiOjE4MDAwMDAwMDAwMDAsInJlYWQiOjMwMDAwMDAwMDAwMCwidXBkYXRlIjoxODAwMDAwMDAwMDAwfX0=",
          "dependencies": [
            "azurerm_resource_group.resource_group",
            "azurerm_subnet.private_subnet",
            "azurerm_virtual_network.vnet"
          ]
        },
        {
          "index_key": 21,
          "schema_version": 0,
          "attributes": {
            "applied_dns_servers": [],
            "dns_servers": [],
            "enable_accelerated_networking": false,
            "enable_ip_forwarding": false,
            "id": "/subscriptions/fa12187f-db35-4094-bbf5-2921bf099f65/resourceGroups/geth3-rg/providers/Microsoft.Network/networkInterfaces/geth321-wrkr-nic",
            "internal_dns_name_label": "",
            "internal_domain_name_suffix": "2kmdwtmrh2auddsjd22nogkqxb.ax.internal.cloudapp.net",
            "ip_configuration": [
              {
                "name": "geth321-wrkr-nic-cfg",
                "primary": true,
                "private_ip_address": "10.0.2.14",
                "private_ip_address_allocation": "Dynamic",
                "private_ip_address_version": "IPv4",
                "public_ip_address_id": "",
                "subnet_id": "/subscriptions/fa12187f-db35-4094-bbf5-2921bf099f65/resourceGroups/geth3-rg/providers/Microsoft.Network/virtualNetworks/geth3-vnet/subnets/geth3-prvt-sn001"
              }
            ],
            "location": "westeurope",
            "mac_address": "",
            "name": "geth321-wrkr-nic",
            "private_ip_address": "10.0.2.14",
            "private_ip_addresses": [
              "10.0.2.14"
            ],
            "resource_group_name": "geth3-rg",
            "tags": {
              "application": "Block chain Performnace study",
              "applicationversion": "1.0.0",
              "environment": "Sandbox",
              "infrastructureversion": "1.0.0",
              "name": "Renaultgeth3",
              "tier": "Blockchain VMs"
            },
            "timeouts": null,
            "virtual_machine_id": ""
          },
          "private": "eyJlMmJmYjczMC1lY2FhLTExZTYtOGY4OC0zNDM2M2JjN2M0YzAiOnsiY3JlYXRlIjoxODAwMDAwMDAwMDAwLCJkZWxldGUiOjE4MDAwMDAwMDAwMDAsInJlYWQiOjMwMDAwMDAwMDAwMCwidXBkYXRlIjoxODAwMDAwMDAwMDAwfX0=",
          "dependencies": [
            "azurerm_resource_group.resource_group",
            "azurerm_subnet.private_subnet",
            "azurerm_virtual_network.vnet"
          ]
        },
        {
          "index_key": 22,
          "schema_version": 0,
          "attributes": {
            "applied_dns_servers": [],
            "dns_servers": [],
            "enable_accelerated_networking": false,
            "enable_ip_forwarding": false,
            "id": "/subscriptions/fa12187f-db35-4094-bbf5-2921bf099f65/resourceGroups/geth3-rg/providers/Microsoft.Network/networkInterfaces/geth322-wrkr-nic",
            "internal_dns_name_label": "",
            "internal_domain_name_suffix": "2kmdwtmrh2auddsjd22nogkqxb.ax.internal.cloudapp.net",
            "ip_configuration": [
              {
                "name": "geth322-wrkr-nic-cfg",
                "primary": true,
                "private_ip_address": "10.0.2.12",
                "private_ip_address_allocation": "Dynamic",
                "private_ip_address_version": "IPv4",
                "public_ip_address_id": "",
                "subnet_id": "/subscriptions/fa12187f-db35-4094-bbf5-2921bf099f65/resourceGroups/geth3-rg/providers/Microsoft.Network/virtualNetworks/geth3-vnet/subnets/geth3-prvt-sn001"
              }
            ],
            "location": "westeurope",
            "mac_address": "",
            "name": "geth322-wrkr-nic",
            "private_ip_address": "10.0.2.12",
            "private_ip_addresses": [
              "10.0.2.12"
            ],
            "resource_group_name": "geth3-rg",
            "tags": {
              "application": "Block chain Performnace study",
              "applicationversion": "1.0.0",
              "environment": "Sandbox",
              "infrastructureversion": "1.0.0",
              "name": "Renaultgeth3",
              "tier": "Blockchain VMs"
            },
            "timeouts": null,
            "virtual_machine_id": ""
          },
          "private": "eyJlMmJmYjczMC1lY2FhLTExZTYtOGY4OC0zNDM2M2JjN2M0YzAiOnsiY3JlYXRlIjoxODAwMDAwMDAwMDAwLCJkZWxldGUiOjE4MDAwMDAwMDAwMDAsInJlYWQiOjMwMDAwMDAwMDAwMCwidXBkYXRlIjoxODAwMDAwMDAwMDAwfX0=",
          "dependencies": [
            "azurerm_resource_group.resource_group",
            "azurerm_subnet.private_subnet",
            "azurerm_virtual_network.vnet"
          ]
        },
        {
          "index_key": 23,
          "schema_version": 0,
          "attributes": {
            "applied_dns_servers": [],
            "dns_servers": [],
            "enable_accelerated_networking": false,
            "enable_ip_forwarding": false,
            "id": "/subscriptions/fa12187f-db35-4094-bbf5-2921bf099f65/resourceGroups/geth3-rg/providers/Microsoft.Network/networkInterfaces/geth323-wrkr-nic",
            "internal_dns_name_label": "",
            "internal_domain_name_suffix": "2kmdwtmrh2auddsjd22nogkqxb.ax.internal.cloudapp.net",
            "ip_configuration": [
              {
                "name": "geth323-wrkr-nic-cfg",
                "primary": true,
                "private_ip_address": "10.0.2.6",
                "private_ip_address_allocation": "Dynamic",
                "private_ip_address_version": "IPv4",
                "public_ip_address_id": "",
                "subnet_id": "/subscriptions/fa12187f-db35-4094-bbf5-2921bf099f65/resourceGroups/geth3-rg/providers/Microsoft.Network/virtualNetworks/geth3-vnet/subnets/geth3-prvt-sn001"
              }
            ],
            "location": "westeurope",
            "mac_address": "",
            "name": "geth323-wrkr-nic",
            "private_ip_address": "10.0.2.6",
            "private_ip_addresses": [
              "10.0.2.6"
            ],
            "resource_group_name": "geth3-rg",
            "tags": {
              "application": "Block chain Performnace study",
              "applicationversion": "1.0.0",
              "environment": "Sandbox",
              "infrastructureversion": "1.0.0",
              "name": "Renaultgeth3",
              "tier": "Blockchain VMs"
            },
            "timeouts": null,
            "virtual_machine_id": ""
          },
          "private": "eyJlMmJmYjczMC1lY2FhLTExZTYtOGY4OC0zNDM2M2JjN2M0YzAiOnsiY3JlYXRlIjoxODAwMDAwMDAwMDAwLCJkZWxldGUiOjE4MDAwMDAwMDAwMDAsInJlYWQiOjMwMDAwMDAwMDAwMCwidXBkYXRlIjoxODAwMDAwMDAwMDAwfX0=",
          "dependencies": [
            "azurerm_resource_group.resource_group",
            "azurerm_subnet.private_subnet",
            "azurerm_virtual_network.vnet"
          ]
        },
        {
          "index_key": 24,
          "schema_version": 0,
          "attributes": {
            "applied_dns_servers": [],
            "dns_servers": [],
            "enable_accelerated_networking": false,
            "enable_ip_forwarding": false,
            "id": "/subscriptions/fa12187f-db35-4094-bbf5-2921bf099f65/resourceGroups/geth3-rg/providers/Microsoft.Network/networkInterfaces/geth324-wrkr-nic",
            "internal_dns_name_label": "",
            "internal_domain_name_suffix": "2kmdwtmrh2auddsjd22nogkqxb.ax.internal.cloudapp.net",
            "ip_configuration": [
              {
                "name": "geth324-wrkr-nic-cfg",
                "primary": true,
                "private_ip_address": "10.0.2.15",
                "private_ip_address_allocation": "Dynamic",
                "private_ip_address_version": "IPv4",
                "public_ip_address_id": "",
                "subnet_id": "/subscriptions/fa12187f-db35-4094-bbf5-2921bf099f65/resourceGroups/geth3-rg/providers/Microsoft.Network/virtualNetworks/geth3-vnet/subnets/geth3-prvt-sn001"
              }
            ],
            "location": "westeurope",
            "mac_address": "",
            "name": "geth324-wrkr-nic",
            "private_ip_address": "10.0.2.15",
            "private_ip_addresses": [
              "10.0.2.15"
            ],
            "resource_group_name": "geth3-rg",
            "tags": {
              "application": "Block chain Performnace study",
              "applicationversion": "1.0.0",
              "environment": "Sandbox",
              "infrastructureversion": "1.0.0",
              "name": "Renaultgeth3",
              "tier": "Blockchain VMs"
            },
            "timeouts": null,
            "virtual_machine_id": ""
          },
          "private": "eyJlMmJmYjczMC1lY2FhLTExZTYtOGY4OC0zNDM2M2JjN2M0YzAiOnsiY3JlYXRlIjoxODAwMDAwMDAwMDAwLCJkZWxldGUiOjE4MDAwMDAwMDAwMDAsInJlYWQiOjMwMDAwMDAwMDAwMCwidXBkYXRlIjoxODAwMDAwMDAwMDAwfX0=",
          "dependencies": [
            "azurerm_resource_group.resource_group",
            "azurerm_subnet.private_subnet",
            "azurerm_virtual_network.vnet"
          ]
        }
      ]
    },
    {
      "mode": "managed",
      "type": "azurerm_network_interface_security_group_association",
      "name": "bastion_nic_assoc",
      "each": "list",
      "provider": "provider.azurerm",
      "instances": [
        {
          "index_key": 0,
          "schema_version": 0,
          "attributes": {
            "id": "/subscriptions/fa12187f-db35-4094-bbf5-2921bf099f65/resourceGroups/geth3-rg/providers/Microsoft.Network/networkInterfaces/geth30-bstn-nic|/subscriptions/fa12187f-db35-4094-bbf5-2921bf099f65/resourceGroups/geth3-rg/providers/Microsoft.Network/networkSecurityGroups/geth3-pblc-nsg",
            "network_interface_id": "/subscriptions/fa12187f-db35-4094-bbf5-2921bf099f65/resourceGroups/geth3-rg/providers/Microsoft.Network/networkInterfaces/geth30-bstn-nic",
            "network_security_group_id": "/subscriptions/fa12187f-db35-4094-bbf5-2921bf099f65/resourceGroups/geth3-rg/providers/Microsoft.Network/networkSecurityGroups/geth3-pblc-nsg",
            "timeouts": null
          },
          "private": "eyJlMmJmYjczMC1lY2FhLTExZTYtOGY4OC0zNDM2M2JjN2M0YzAiOnsiY3JlYXRlIjoxODAwMDAwMDAwMDAwLCJkZWxldGUiOjE4MDAwMDAwMDAwMDAsInJlYWQiOjMwMDAwMDAwMDAwMCwidXBkYXRlIjoxODAwMDAwMDAwMDAwfX0=",
          "dependencies": [
            "azurerm_network_interface.bastion_nic",
            "azurerm_network_security_group.public_nsg",
            "azurerm_public_ip.public_ip",
            "azurerm_resource_group.resource_group",
            "azurerm_subnet.public_subnet",
            "azurerm_virtual_network.vnet"
          ]
        }
      ]
    },
    {
      "mode": "managed",
      "type": "azurerm_network_interface_security_group_association",
      "name": "worker_nic_assoc",
      "each": "list",
      "provider": "provider.azurerm",
      "instances": [
        {
          "index_key": 0,
          "schema_version": 0,
          "attributes": {
            "id": "/subscriptions/fa12187f-db35-4094-bbf5-2921bf099f65/resourceGroups/geth3-rg/providers/Microsoft.Network/networkInterfaces/geth30-wrkr-nic|/subscriptions/fa12187f-db35-4094-bbf5-2921bf099f65/resourceGroups/geth3-rg/providers/Microsoft.Network/networkSecurityGroups/geth3-prvt-nsg",
            "network_interface_id": "/subscriptions/fa12187f-db35-4094-bbf5-2921bf099f65/resourceGroups/geth3-rg/providers/Microsoft.Network/networkInterfaces/geth30-wrkr-nic",
            "network_security_group_id": "/subscriptions/fa12187f-db35-4094-bbf5-2921bf099f65/resourceGroups/geth3-rg/providers/Microsoft.Network/networkSecurityGroups/geth3-prvt-nsg",
            "timeouts": null
          },
          "private": "eyJlMmJmYjczMC1lY2FhLTExZTYtOGY4OC0zNDM2M2JjN2M0YzAiOnsiY3JlYXRlIjoxODAwMDAwMDAwMDAwLCJkZWxldGUiOjE4MDAwMDAwMDAwMDAsInJlYWQiOjMwMDAwMDAwMDAwMCwidXBkYXRlIjoxODAwMDAwMDAwMDAwfX0=",
          "dependencies": [
            "azurerm_network_interface.worker_nic",
            "azurerm_network_security_group.private_nsg",
            "azurerm_resource_group.resource_group",
            "azurerm_subnet.private_subnet",
            "azurerm_virtual_network.vnet"
          ]
        },
        {
          "index_key": 1,
          "schema_version": 0,
          "attributes": {
            "id": "/subscriptions/fa12187f-db35-4094-bbf5-2921bf099f65/resourceGroups/geth3-rg/providers/Microsoft.Network/networkInterfaces/geth31-wrkr-nic|/subscriptions/fa12187f-db35-4094-bbf5-2921bf099f65/resourceGroups/geth3-rg/providers/Microsoft.Network/networkSecurityGroups/geth3-prvt-nsg",
            "network_interface_id": "/subscriptions/fa12187f-db35-4094-bbf5-2921bf099f65/resourceGroups/geth3-rg/providers/Microsoft.Network/networkInterfaces/geth31-wrkr-nic",
            "network_security_group_id": "/subscriptions/fa12187f-db35-4094-bbf5-2921bf099f65/resourceGroups/geth3-rg/providers/Microsoft.Network/networkSecurityGroups/geth3-prvt-nsg",
            "timeouts": null
          },
          "private": "eyJlMmJmYjczMC1lY2FhLTExZTYtOGY4OC0zNDM2M2JjN2M0YzAiOnsiY3JlYXRlIjoxODAwMDAwMDAwMDAwLCJkZWxldGUiOjE4MDAwMDAwMDAwMDAsInJlYWQiOjMwMDAwMDAwMDAwMCwidXBkYXRlIjoxODAwMDAwMDAwMDAwfX0=",
          "dependencies": [
            "azurerm_network_interface.worker_nic",
            "azurerm_network_security_group.private_nsg",
            "azurerm_resource_group.resource_group",
            "azurerm_subnet.private_subnet",
            "azurerm_virtual_network.vnet"
          ]
        },
        {
          "index_key": 2,
          "schema_version": 0,
          "attributes": {
            "id": "/subscriptions/fa12187f-db35-4094-bbf5-2921bf099f65/resourceGroups/geth3-rg/providers/Microsoft.Network/networkInterfaces/geth32-wrkr-nic|/subscriptions/fa12187f-db35-4094-bbf5-2921bf099f65/resourceGroups/geth3-rg/providers/Microsoft.Network/networkSecurityGroups/geth3-prvt-nsg",
            "network_interface_id": "/subscriptions/fa12187f-db35-4094-bbf5-2921bf099f65/resourceGroups/geth3-rg/providers/Microsoft.Network/networkInterfaces/geth32-wrkr-nic",
            "network_security_group_id": "/subscriptions/fa12187f-db35-4094-bbf5-2921bf099f65/resourceGroups/geth3-rg/providers/Microsoft.Network/networkSecurityGroups/geth3-prvt-nsg",
            "timeouts": null
          },
          "private": "eyJlMmJmYjczMC1lY2FhLTExZTYtOGY4OC0zNDM2M2JjN2M0YzAiOnsiY3JlYXRlIjoxODAwMDAwMDAwMDAwLCJkZWxldGUiOjE4MDAwMDAwMDAwMDAsInJlYWQiOjMwMDAwMDAwMDAwMCwidXBkYXRlIjoxODAwMDAwMDAwMDAwfX0=",
          "dependencies": [
            "azurerm_network_interface.worker_nic",
            "azurerm_network_security_group.private_nsg",
            "azurerm_resource_group.resource_group",
            "azurerm_subnet.private_subnet",
            "azurerm_virtual_network.vnet"
          ]
        },
        {
          "index_key": 3,
          "schema_version": 0,
          "attributes": {
            "id": "/subscriptions/fa12187f-db35-4094-bbf5-2921bf099f65/resourceGroups/geth3-rg/providers/Microsoft.Network/networkInterfaces/geth33-wrkr-nic|/subscriptions/fa12187f-db35-4094-bbf5-2921bf099f65/resourceGroups/geth3-rg/providers/Microsoft.Network/networkSecurityGroups/geth3-prvt-nsg",
            "network_interface_id": "/subscriptions/fa12187f-db35-4094-bbf5-2921bf099f65/resourceGroups/geth3-rg/providers/Microsoft.Network/networkInterfaces/geth33-wrkr-nic",
            "network_security_group_id": "/subscriptions/fa12187f-db35-4094-bbf5-2921bf099f65/resourceGroups/geth3-rg/providers/Microsoft.Network/networkSecurityGroups/geth3-prvt-nsg",
            "timeouts": null
          },
          "private": "eyJlMmJmYjczMC1lY2FhLTExZTYtOGY4OC0zNDM2M2JjN2M0YzAiOnsiY3JlYXRlIjoxODAwMDAwMDAwMDAwLCJkZWxldGUiOjE4MDAwMDAwMDAwMDAsInJlYWQiOjMwMDAwMDAwMDAwMCwidXBkYXRlIjoxODAwMDAwMDAwMDAwfX0=",
          "dependencies": [
            "azurerm_network_interface.worker_nic",
            "azurerm_network_security_group.private_nsg",
            "azurerm_resource_group.resource_group",
            "azurerm_subnet.private_subnet",
            "azurerm_virtual_network.vnet"
          ]
        },
        {
          "index_key": 4,
          "schema_version": 0,
          "attributes": {
            "id": "/subscriptions/fa12187f-db35-4094-bbf5-2921bf099f65/resourceGroups/geth3-rg/providers/Microsoft.Network/networkInterfaces/geth34-wrkr-nic|/subscriptions/fa12187f-db35-4094-bbf5-2921bf099f65/resourceGroups/geth3-rg/providers/Microsoft.Network/networkSecurityGroups/geth3-prvt-nsg",
            "network_interface_id": "/subscriptions/fa12187f-db35-4094-bbf5-2921bf099f65/resourceGroups/geth3-rg/providers/Microsoft.Network/networkInterfaces/geth34-wrkr-nic",
            "network_security_group_id": "/subscriptions/fa12187f-db35-4094-bbf5-2921bf099f65/resourceGroups/geth3-rg/providers/Microsoft.Network/networkSecurityGroups/geth3-prvt-nsg",
            "timeouts": null
          },
          "private": "eyJlMmJmYjczMC1lY2FhLTExZTYtOGY4OC0zNDM2M2JjN2M0YzAiOnsiY3JlYXRlIjoxODAwMDAwMDAwMDAwLCJkZWxldGUiOjE4MDAwMDAwMDAwMDAsInJlYWQiOjMwMDAwMDAwMDAwMCwidXBkYXRlIjoxODAwMDAwMDAwMDAwfX0=",
          "dependencies": [
            "azurerm_network_interface.worker_nic",
            "azurerm_network_security_group.private_nsg",
            "azurerm_resource_group.resource_group",
            "azurerm_subnet.private_subnet",
            "azurerm_virtual_network.vnet"
          ]
        },
        {
          "index_key": 5,
          "schema_version": 0,
          "attributes": {
            "id": "/subscriptions/fa12187f-db35-4094-bbf5-2921bf099f65/resourceGroups/geth3-rg/providers/Microsoft.Network/networkInterfaces/geth35-wrkr-nic|/subscriptions/fa12187f-db35-4094-bbf5-2921bf099f65/resourceGroups/geth3-rg/providers/Microsoft.Network/networkSecurityGroups/geth3-prvt-nsg",
            "network_interface_id": "/subscriptions/fa12187f-db35-4094-bbf5-2921bf099f65/resourceGroups/geth3-rg/providers/Microsoft.Network/networkInterfaces/geth35-wrkr-nic",
            "network_security_group_id": "/subscriptions/fa12187f-db35-4094-bbf5-2921bf099f65/resourceGroups/geth3-rg/providers/Microsoft.Network/networkSecurityGroups/geth3-prvt-nsg",
            "timeouts": null
          },
          "private": "eyJlMmJmYjczMC1lY2FhLTExZTYtOGY4OC0zNDM2M2JjN2M0YzAiOnsiY3JlYXRlIjoxODAwMDAwMDAwMDAwLCJkZWxldGUiOjE4MDAwMDAwMDAwMDAsInJlYWQiOjMwMDAwMDAwMDAwMCwidXBkYXRlIjoxODAwMDAwMDAwMDAwfX0=",
          "dependencies": [
            "azurerm_network_interface.worker_nic",
            "azurerm_network_security_group.private_nsg",
            "azurerm_resource_group.resource_group",
            "azurerm_subnet.private_subnet",
            "azurerm_virtual_network.vnet"
          ]
        },
        {
          "index_key": 6,
          "schema_version": 0,
          "attributes": {
            "id": "/subscriptions/fa12187f-db35-4094-bbf5-2921bf099f65/resourceGroups/geth3-rg/providers/Microsoft.Network/networkInterfaces/geth36-wrkr-nic|/subscriptions/fa12187f-db35-4094-bbf5-2921bf099f65/resourceGroups/geth3-rg/providers/Microsoft.Network/networkSecurityGroups/geth3-prvt-nsg",
            "network_interface_id": "/subscriptions/fa12187f-db35-4094-bbf5-2921bf099f65/resourceGroups/geth3-rg/providers/Microsoft.Network/networkInterfaces/geth36-wrkr-nic",
            "network_security_group_id": "/subscriptions/fa12187f-db35-4094-bbf5-2921bf099f65/resourceGroups/geth3-rg/providers/Microsoft.Network/networkSecurityGroups/geth3-prvt-nsg",
            "timeouts": null
          },
          "private": "eyJlMmJmYjczMC1lY2FhLTExZTYtOGY4OC0zNDM2M2JjN2M0YzAiOnsiY3JlYXRlIjoxODAwMDAwMDAwMDAwLCJkZWxldGUiOjE4MDAwMDAwMDAwMDAsInJlYWQiOjMwMDAwMDAwMDAwMCwidXBkYXRlIjoxODAwMDAwMDAwMDAwfX0=",
          "dependencies": [
            "azurerm_network_interface.worker_nic",
            "azurerm_network_security_group.private_nsg",
            "azurerm_resource_group.resource_group",
            "azurerm_subnet.private_subnet",
            "azurerm_virtual_network.vnet"
          ]
        },
        {
          "index_key": 7,
          "schema_version": 0,
          "attributes": {
            "id": "/subscriptions/fa12187f-db35-4094-bbf5-2921bf099f65/resourceGroups/geth3-rg/providers/Microsoft.Network/networkInterfaces/geth37-wrkr-nic|/subscriptions/fa12187f-db35-4094-bbf5-2921bf099f65/resourceGroups/geth3-rg/providers/Microsoft.Network/networkSecurityGroups/geth3-prvt-nsg",
            "network_interface_id": "/subscriptions/fa12187f-db35-4094-bbf5-2921bf099f65/resourceGroups/geth3-rg/providers/Microsoft.Network/networkInterfaces/geth37-wrkr-nic",
            "network_security_group_id": "/subscriptions/fa12187f-db35-4094-bbf5-2921bf099f65/resourceGroups/geth3-rg/providers/Microsoft.Network/networkSecurityGroups/geth3-prvt-nsg",
            "timeouts": null
          },
          "private": "eyJlMmJmYjczMC1lY2FhLTExZTYtOGY4OC0zNDM2M2JjN2M0YzAiOnsiY3JlYXRlIjoxODAwMDAwMDAwMDAwLCJkZWxldGUiOjE4MDAwMDAwMDAwMDAsInJlYWQiOjMwMDAwMDAwMDAwMCwidXBkYXRlIjoxODAwMDAwMDAwMDAwfX0=",
          "dependencies": [
            "azurerm_network_interface.worker_nic",
            "azurerm_network_security_group.private_nsg",
            "azurerm_resource_group.resource_group",
            "azurerm_subnet.private_subnet",
            "azurerm_virtual_network.vnet"
          ]
        },
        {
          "index_key": 8,
          "schema_version": 0,
          "attributes": {
            "id": "/subscriptions/fa12187f-db35-4094-bbf5-2921bf099f65/resourceGroups/geth3-rg/providers/Microsoft.Network/networkInterfaces/geth38-wrkr-nic|/subscriptions/fa12187f-db35-4094-bbf5-2921bf099f65/resourceGroups/geth3-rg/providers/Microsoft.Network/networkSecurityGroups/geth3-prvt-nsg",
            "network_interface_id": "/subscriptions/fa12187f-db35-4094-bbf5-2921bf099f65/resourceGroups/geth3-rg/providers/Microsoft.Network/networkInterfaces/geth38-wrkr-nic",
            "network_security_group_id": "/subscriptions/fa12187f-db35-4094-bbf5-2921bf099f65/resourceGroups/geth3-rg/providers/Microsoft.Network/networkSecurityGroups/geth3-prvt-nsg",
            "timeouts": null
          },
          "private": "eyJlMmJmYjczMC1lY2FhLTExZTYtOGY4OC0zNDM2M2JjN2M0YzAiOnsiY3JlYXRlIjoxODAwMDAwMDAwMDAwLCJkZWxldGUiOjE4MDAwMDAwMDAwMDAsInJlYWQiOjMwMDAwMDAwMDAwMCwidXBkYXRlIjoxODAwMDAwMDAwMDAwfX0=",
          "dependencies": [
            "azurerm_network_interface.worker_nic",
            "azurerm_network_security_group.private_nsg",
            "azurerm_resource_group.resource_group",
            "azurerm_subnet.private_subnet",
            "azurerm_virtual_network.vnet"
          ]
        },
        {
          "index_key": 9,
          "schema_version": 0,
          "attributes": {
            "id": "/subscriptions/fa12187f-db35-4094-bbf5-2921bf099f65/resourceGroups/geth3-rg/providers/Microsoft.Network/networkInterfaces/geth39-wrkr-nic|/subscriptions/fa12187f-db35-4094-bbf5-2921bf099f65/resourceGroups/geth3-rg/providers/Microsoft.Network/networkSecurityGroups/geth3-prvt-nsg",
            "network_interface_id": "/subscriptions/fa12187f-db35-4094-bbf5-2921bf099f65/resourceGroups/geth3-rg/providers/Microsoft.Network/networkInterfaces/geth39-wrkr-nic",
            "network_security_group_id": "/subscriptions/fa12187f-db35-4094-bbf5-2921bf099f65/resourceGroups/geth3-rg/providers/Microsoft.Network/networkSecurityGroups/geth3-prvt-nsg",
            "timeouts": null
          },
          "private": "eyJlMmJmYjczMC1lY2FhLTExZTYtOGY4OC0zNDM2M2JjN2M0YzAiOnsiY3JlYXRlIjoxODAwMDAwMDAwMDAwLCJkZWxldGUiOjE4MDAwMDAwMDAwMDAsInJlYWQiOjMwMDAwMDAwMDAwMCwidXBkYXRlIjoxODAwMDAwMDAwMDAwfX0=",
          "dependencies": [
            "azurerm_network_interface.worker_nic",
            "azurerm_network_security_group.private_nsg",
            "azurerm_resource_group.resource_group",
            "azurerm_subnet.private_subnet",
            "azurerm_virtual_network.vnet"
          ]
        },
        {
          "index_key": 10,
          "schema_version": 0,
          "attributes": {
            "id": "/subscriptions/fa12187f-db35-4094-bbf5-2921bf099f65/resourceGroups/geth3-rg/providers/Microsoft.Network/networkInterfaces/geth310-wrkr-nic|/subscriptions/fa12187f-db35-4094-bbf5-2921bf099f65/resourceGroups/geth3-rg/providers/Microsoft.Network/networkSecurityGroups/geth3-prvt-nsg",
            "network_interface_id": "/subscriptions/fa12187f-db35-4094-bbf5-2921bf099f65/resourceGroups/geth3-rg/providers/Microsoft.Network/networkInterfaces/geth310-wrkr-nic",
            "network_security_group_id": "/subscriptions/fa12187f-db35-4094-bbf5-2921bf099f65/resourceGroups/geth3-rg/providers/Microsoft.Network/networkSecurityGroups/geth3-prvt-nsg",
            "timeouts": null
          },
          "private": "eyJlMmJmYjczMC1lY2FhLTExZTYtOGY4OC0zNDM2M2JjN2M0YzAiOnsiY3JlYXRlIjoxODAwMDAwMDAwMDAwLCJkZWxldGUiOjE4MDAwMDAwMDAwMDAsInJlYWQiOjMwMDAwMDAwMDAwMCwidXBkYXRlIjoxODAwMDAwMDAwMDAwfX0=",
          "dependencies": [
            "azurerm_network_interface.worker_nic",
            "azurerm_network_security_group.private_nsg",
            "azurerm_resource_group.resource_group",
            "azurerm_subnet.private_subnet",
            "azurerm_virtual_network.vnet"
          ]
        },
        {
          "index_key": 11,
          "schema_version": 0,
          "attributes": {
            "id": "/subscriptions/fa12187f-db35-4094-bbf5-2921bf099f65/resourceGroups/geth3-rg/providers/Microsoft.Network/networkInterfaces/geth311-wrkr-nic|/subscriptions/fa12187f-db35-4094-bbf5-2921bf099f65/resourceGroups/geth3-rg/providers/Microsoft.Network/networkSecurityGroups/geth3-prvt-nsg",
            "network_interface_id": "/subscriptions/fa12187f-db35-4094-bbf5-2921bf099f65/resourceGroups/geth3-rg/providers/Microsoft.Network/networkInterfaces/geth311-wrkr-nic",
            "network_security_group_id": "/subscriptions/fa12187f-db35-4094-bbf5-2921bf099f65/resourceGroups/geth3-rg/providers/Microsoft.Network/networkSecurityGroups/geth3-prvt-nsg",
            "timeouts": null
          },
          "private": "eyJlMmJmYjczMC1lY2FhLTExZTYtOGY4OC0zNDM2M2JjN2M0YzAiOnsiY3JlYXRlIjoxODAwMDAwMDAwMDAwLCJkZWxldGUiOjE4MDAwMDAwMDAwMDAsInJlYWQiOjMwMDAwMDAwMDAwMCwidXBkYXRlIjoxODAwMDAwMDAwMDAwfX0=",
          "dependencies": [
            "azurerm_network_interface.worker_nic",
            "azurerm_network_security_group.private_nsg",
            "azurerm_resource_group.resource_group",
            "azurerm_subnet.private_subnet",
            "azurerm_virtual_network.vnet"
          ]
        },
        {
          "index_key": 12,
          "schema_version": 0,
          "attributes": {
            "id": "/subscriptions/fa12187f-db35-4094-bbf5-2921bf099f65/resourceGroups/geth3-rg/providers/Microsoft.Network/networkInterfaces/geth312-wrkr-nic|/subscriptions/fa12187f-db35-4094-bbf5-2921bf099f65/resourceGroups/geth3-rg/providers/Microsoft.Network/networkSecurityGroups/geth3-prvt-nsg",
            "network_interface_id": "/subscriptions/fa12187f-db35-4094-bbf5-2921bf099f65/resourceGroups/geth3-rg/providers/Microsoft.Network/networkInterfaces/geth312-wrkr-nic",
            "network_security_group_id": "/subscriptions/fa12187f-db35-4094-bbf5-2921bf099f65/resourceGroups/geth3-rg/providers/Microsoft.Network/networkSecurityGroups/geth3-prvt-nsg",
            "timeouts": null
          },
          "private": "eyJlMmJmYjczMC1lY2FhLTExZTYtOGY4OC0zNDM2M2JjN2M0YzAiOnsiY3JlYXRlIjoxODAwMDAwMDAwMDAwLCJkZWxldGUiOjE4MDAwMDAwMDAwMDAsInJlYWQiOjMwMDAwMDAwMDAwMCwidXBkYXRlIjoxODAwMDAwMDAwMDAwfX0=",
          "dependencies": [
            "azurerm_network_interface.worker_nic",
            "azurerm_network_security_group.private_nsg",
            "azurerm_resource_group.resource_group",
            "azurerm_subnet.private_subnet",
            "azurerm_virtual_network.vnet"
          ]
        },
        {
          "index_key": 13,
          "schema_version": 0,
          "attributes": {
            "id": "/subscriptions/fa12187f-db35-4094-bbf5-2921bf099f65/resourceGroups/geth3-rg/providers/Microsoft.Network/networkInterfaces/geth313-wrkr-nic|/subscriptions/fa12187f-db35-4094-bbf5-2921bf099f65/resourceGroups/geth3-rg/providers/Microsoft.Network/networkSecurityGroups/geth3-prvt-nsg",
            "network_interface_id": "/subscriptions/fa12187f-db35-4094-bbf5-2921bf099f65/resourceGroups/geth3-rg/providers/Microsoft.Network/networkInterfaces/geth313-wrkr-nic",
            "network_security_group_id": "/subscriptions/fa12187f-db35-4094-bbf5-2921bf099f65/resourceGroups/geth3-rg/providers/Microsoft.Network/networkSecurityGroups/geth3-prvt-nsg",
            "timeouts": null
          },
          "private": "eyJlMmJmYjczMC1lY2FhLTExZTYtOGY4OC0zNDM2M2JjN2M0YzAiOnsiY3JlYXRlIjoxODAwMDAwMDAwMDAwLCJkZWxldGUiOjE4MDAwMDAwMDAwMDAsInJlYWQiOjMwMDAwMDAwMDAwMCwidXBkYXRlIjoxODAwMDAwMDAwMDAwfX0=",
          "dependencies": [
            "azurerm_network_interface.worker_nic",
            "azurerm_network_security_group.private_nsg",
            "azurerm_resource_group.resource_group",
            "azurerm_subnet.private_subnet",
            "azurerm_virtual_network.vnet"
          ]
        },
        {
          "index_key": 14,
          "schema_version": 0,
          "attributes": {
            "id": "/subscriptions/fa12187f-db35-4094-bbf5-2921bf099f65/resourceGroups/geth3-rg/providers/Microsoft.Network/networkInterfaces/geth314-wrkr-nic|/subscriptions/fa12187f-db35-4094-bbf5-2921bf099f65/resourceGroups/geth3-rg/providers/Microsoft.Network/networkSecurityGroups/geth3-prvt-nsg",
            "network_interface_id": "/subscriptions/fa12187f-db35-4094-bbf5-2921bf099f65/resourceGroups/geth3-rg/providers/Microsoft.Network/networkInterfaces/geth314-wrkr-nic",
            "network_security_group_id": "/subscriptions/fa12187f-db35-4094-bbf5-2921bf099f65/resourceGroups/geth3-rg/providers/Microsoft.Network/networkSecurityGroups/geth3-prvt-nsg",
            "timeouts": null
          },
          "private": "eyJlMmJmYjczMC1lY2FhLTExZTYtOGY4OC0zNDM2M2JjN2M0YzAiOnsiY3JlYXRlIjoxODAwMDAwMDAwMDAwLCJkZWxldGUiOjE4MDAwMDAwMDAwMDAsInJlYWQiOjMwMDAwMDAwMDAwMCwidXBkYXRlIjoxODAwMDAwMDAwMDAwfX0=",
          "dependencies": [
            "azurerm_network_interface.worker_nic",
            "azurerm_network_security_group.private_nsg",
            "azurerm_resource_group.resource_group",
            "azurerm_subnet.private_subnet",
            "azurerm_virtual_network.vnet"
          ]
        },
        {
          "index_key": 15,
          "schema_version": 0,
          "attributes": {
            "id": "/subscriptions/fa12187f-db35-4094-bbf5-2921bf099f65/resourceGroups/geth3-rg/providers/Microsoft.Network/networkInterfaces/geth315-wrkr-nic|/subscriptions/fa12187f-db35-4094-bbf5-2921bf099f65/resourceGroups/geth3-rg/providers/Microsoft.Network/networkSecurityGroups/geth3-prvt-nsg",
            "network_interface_id": "/subscriptions/fa12187f-db35-4094-bbf5-2921bf099f65/resourceGroups/geth3-rg/providers/Microsoft.Network/networkInterfaces/geth315-wrkr-nic",
            "network_security_group_id": "/subscriptions/fa12187f-db35-4094-bbf5-2921bf099f65/resourceGroups/geth3-rg/providers/Microsoft.Network/networkSecurityGroups/geth3-prvt-nsg",
            "timeouts": null
          },
          "private": "eyJlMmJmYjczMC1lY2FhLTExZTYtOGY4OC0zNDM2M2JjN2M0YzAiOnsiY3JlYXRlIjoxODAwMDAwMDAwMDAwLCJkZWxldGUiOjE4MDAwMDAwMDAwMDAsInJlYWQiOjMwMDAwMDAwMDAwMCwidXBkYXRlIjoxODAwMDAwMDAwMDAwfX0=",
          "dependencies": [
            "azurerm_network_interface.worker_nic",
            "azurerm_network_security_group.private_nsg",
            "azurerm_resource_group.resource_group",
            "azurerm_subnet.private_subnet",
            "azurerm_virtual_network.vnet"
          ]
        },
        {
          "index_key": 16,
          "schema_version": 0,
          "attributes": {
            "id": "/subscriptions/fa12187f-db35-4094-bbf5-2921bf099f65/resourceGroups/geth3-rg/providers/Microsoft.Network/networkInterfaces/geth316-wrkr-nic|/subscriptions/fa12187f-db35-4094-bbf5-2921bf099f65/resourceGroups/geth3-rg/providers/Microsoft.Network/networkSecurityGroups/geth3-prvt-nsg",
            "network_interface_id": "/subscriptions/fa12187f-db35-4094-bbf5-2921bf099f65/resourceGroups/geth3-rg/providers/Microsoft.Network/networkInterfaces/geth316-wrkr-nic",
            "network_security_group_id": "/subscriptions/fa12187f-db35-4094-bbf5-2921bf099f65/resourceGroups/geth3-rg/providers/Microsoft.Network/networkSecurityGroups/geth3-prvt-nsg",
            "timeouts": null
          },
          "private": "eyJlMmJmYjczMC1lY2FhLTExZTYtOGY4OC0zNDM2M2JjN2M0YzAiOnsiY3JlYXRlIjoxODAwMDAwMDAwMDAwLCJkZWxldGUiOjE4MDAwMDAwMDAwMDAsInJlYWQiOjMwMDAwMDAwMDAwMCwidXBkYXRlIjoxODAwMDAwMDAwMDAwfX0=",
          "dependencies": [
            "azurerm_network_interface.worker_nic",
            "azurerm_network_security_group.private_nsg",
            "azurerm_resource_group.resource_group",
            "azurerm_subnet.private_subnet",
            "azurerm_virtual_network.vnet"
          ]
        },
        {
          "index_key": 17,
          "schema_version": 0,
          "attributes": {
            "id": "/subscriptions/fa12187f-db35-4094-bbf5-2921bf099f65/resourceGroups/geth3-rg/providers/Microsoft.Network/networkInterfaces/geth317-wrkr-nic|/subscriptions/fa12187f-db35-4094-bbf5-2921bf099f65/resourceGroups/geth3-rg/providers/Microsoft.Network/networkSecurityGroups/geth3-prvt-nsg",
            "network_interface_id": "/subscriptions/fa12187f-db35-4094-bbf5-2921bf099f65/resourceGroups/geth3-rg/providers/Microsoft.Network/networkInterfaces/geth317-wrkr-nic",
            "network_security_group_id": "/subscriptions/fa12187f-db35-4094-bbf5-2921bf099f65/resourceGroups/geth3-rg/providers/Microsoft.Network/networkSecurityGroups/geth3-prvt-nsg",
            "timeouts": null
          },
          "private": "eyJlMmJmYjczMC1lY2FhLTExZTYtOGY4OC0zNDM2M2JjN2M0YzAiOnsiY3JlYXRlIjoxODAwMDAwMDAwMDAwLCJkZWxldGUiOjE4MDAwMDAwMDAwMDAsInJlYWQiOjMwMDAwMDAwMDAwMCwidXBkYXRlIjoxODAwMDAwMDAwMDAwfX0=",
          "dependencies": [
            "azurerm_network_interface.worker_nic",
            "azurerm_network_security_group.private_nsg",
            "azurerm_resource_group.resource_group",
            "azurerm_subnet.private_subnet",
            "azurerm_virtual_network.vnet"
          ]
        },
        {
          "index_key": 18,
          "schema_version": 0,
          "attributes": {
            "id": "/subscriptions/fa12187f-db35-4094-bbf5-2921bf099f65/resourceGroups/geth3-rg/providers/Microsoft.Network/networkInterfaces/geth318-wrkr-nic|/subscriptions/fa12187f-db35-4094-bbf5-2921bf099f65/resourceGroups/geth3-rg/providers/Microsoft.Network/networkSecurityGroups/geth3-prvt-nsg",
            "network_interface_id": "/subscriptions/fa12187f-db35-4094-bbf5-2921bf099f65/resourceGroups/geth3-rg/providers/Microsoft.Network/networkInterfaces/geth318-wrkr-nic",
            "network_security_group_id": "/subscriptions/fa12187f-db35-4094-bbf5-2921bf099f65/resourceGroups/geth3-rg/providers/Microsoft.Network/networkSecurityGroups/geth3-prvt-nsg",
            "timeouts": null
          },
          "private": "eyJlMmJmYjczMC1lY2FhLTExZTYtOGY4OC0zNDM2M2JjN2M0YzAiOnsiY3JlYXRlIjoxODAwMDAwMDAwMDAwLCJkZWxldGUiOjE4MDAwMDAwMDAwMDAsInJlYWQiOjMwMDAwMDAwMDAwMCwidXBkYXRlIjoxODAwMDAwMDAwMDAwfX0=",
          "dependencies": [
            "azurerm_network_interface.worker_nic",
            "azurerm_network_security_group.private_nsg",
            "azurerm_resource_group.resource_group",
            "azurerm_subnet.private_subnet",
            "azurerm_virtual_network.vnet"
          ]
        },
        {
          "index_key": 19,
          "schema_version": 0,
          "attributes": {
            "id": "/subscriptions/fa12187f-db35-4094-bbf5-2921bf099f65/resourceGroups/geth3-rg/providers/Microsoft.Network/networkInterfaces/geth319-wrkr-nic|/subscriptions/fa12187f-db35-4094-bbf5-2921bf099f65/resourceGroups/geth3-rg/providers/Microsoft.Network/networkSecurityGroups/geth3-prvt-nsg",
            "network_interface_id": "/subscriptions/fa12187f-db35-4094-bbf5-2921bf099f65/resourceGroups/geth3-rg/providers/Microsoft.Network/networkInterfaces/geth319-wrkr-nic",
            "network_security_group_id": "/subscriptions/fa12187f-db35-4094-bbf5-2921bf099f65/resourceGroups/geth3-rg/providers/Microsoft.Network/networkSecurityGroups/geth3-prvt-nsg",
            "timeouts": null
          },
          "private": "eyJlMmJmYjczMC1lY2FhLTExZTYtOGY4OC0zNDM2M2JjN2M0YzAiOnsiY3JlYXRlIjoxODAwMDAwMDAwMDAwLCJkZWxldGUiOjE4MDAwMDAwMDAwMDAsInJlYWQiOjMwMDAwMDAwMDAwMCwidXBkYXRlIjoxODAwMDAwMDAwMDAwfX0=",
          "dependencies": [
            "azurerm_network_interface.worker_nic",
            "azurerm_network_security_group.private_nsg",
            "azurerm_resource_group.resource_group",
            "azurerm_subnet.private_subnet",
            "azurerm_virtual_network.vnet"
          ]
        },
        {
          "index_key": 20,
          "schema_version": 0,
          "attributes": {
            "id": "/subscriptions/fa12187f-db35-4094-bbf5-2921bf099f65/resourceGroups/geth3-rg/providers/Microsoft.Network/networkInterfaces/geth320-wrkr-nic|/subscriptions/fa12187f-db35-4094-bbf5-2921bf099f65/resourceGroups/geth3-rg/providers/Microsoft.Network/networkSecurityGroups/geth3-prvt-nsg",
            "network_interface_id": "/subscriptions/fa12187f-db35-4094-bbf5-2921bf099f65/resourceGroups/geth3-rg/providers/Microsoft.Network/networkInterfaces/geth320-wrkr-nic",
            "network_security_group_id": "/subscriptions/fa12187f-db35-4094-bbf5-2921bf099f65/resourceGroups/geth3-rg/providers/Microsoft.Network/networkSecurityGroups/geth3-prvt-nsg",
            "timeouts": null
          },
          "private": "eyJlMmJmYjczMC1lY2FhLTExZTYtOGY4OC0zNDM2M2JjN2M0YzAiOnsiY3JlYXRlIjoxODAwMDAwMDAwMDAwLCJkZWxldGUiOjE4MDAwMDAwMDAwMDAsInJlYWQiOjMwMDAwMDAwMDAwMCwidXBkYXRlIjoxODAwMDAwMDAwMDAwfX0=",
          "dependencies": [
            "azurerm_network_interface.worker_nic",
            "azurerm_network_security_group.private_nsg",
            "azurerm_resource_group.resource_group",
            "azurerm_subnet.private_subnet",
            "azurerm_virtual_network.vnet"
          ]
        },
        {
          "index_key": 21,
          "schema_version": 0,
          "attributes": {
            "id": "/subscriptions/fa12187f-db35-4094-bbf5-2921bf099f65/resourceGroups/geth3-rg/providers/Microsoft.Network/networkInterfaces/geth321-wrkr-nic|/subscriptions/fa12187f-db35-4094-bbf5-2921bf099f65/resourceGroups/geth3-rg/providers/Microsoft.Network/networkSecurityGroups/geth3-prvt-nsg",
            "network_interface_id": "/subscriptions/fa12187f-db35-4094-bbf5-2921bf099f65/resourceGroups/geth3-rg/providers/Microsoft.Network/networkInterfaces/geth321-wrkr-nic",
            "network_security_group_id": "/subscriptions/fa12187f-db35-4094-bbf5-2921bf099f65/resourceGroups/geth3-rg/providers/Microsoft.Network/networkSecurityGroups/geth3-prvt-nsg",
            "timeouts": null
          },
          "private": "eyJlMmJmYjczMC1lY2FhLTExZTYtOGY4OC0zNDM2M2JjN2M0YzAiOnsiY3JlYXRlIjoxODAwMDAwMDAwMDAwLCJkZWxldGUiOjE4MDAwMDAwMDAwMDAsInJlYWQiOjMwMDAwMDAwMDAwMCwidXBkYXRlIjoxODAwMDAwMDAwMDAwfX0=",
          "dependencies": [
            "azurerm_network_interface.worker_nic",
            "azurerm_network_security_group.private_nsg",
            "azurerm_resource_group.resource_group",
            "azurerm_subnet.private_subnet",
            "azurerm_virtual_network.vnet"
          ]
        },
        {
          "index_key": 22,
          "schema_version": 0,
          "attributes": {
            "id": "/subscriptions/fa12187f-db35-4094-bbf5-2921bf099f65/resourceGroups/geth3-rg/providers/Microsoft.Network/networkInterfaces/geth322-wrkr-nic|/subscriptions/fa12187f-db35-4094-bbf5-2921bf099f65/resourceGroups/geth3-rg/providers/Microsoft.Network/networkSecurityGroups/geth3-prvt-nsg",
            "network_interface_id": "/subscriptions/fa12187f-db35-4094-bbf5-2921bf099f65/resourceGroups/geth3-rg/providers/Microsoft.Network/networkInterfaces/geth322-wrkr-nic",
            "network_security_group_id": "/subscriptions/fa12187f-db35-4094-bbf5-2921bf099f65/resourceGroups/geth3-rg/providers/Microsoft.Network/networkSecurityGroups/geth3-prvt-nsg",
            "timeouts": null
          },
          "private": "eyJlMmJmYjczMC1lY2FhLTExZTYtOGY4OC0zNDM2M2JjN2M0YzAiOnsiY3JlYXRlIjoxODAwMDAwMDAwMDAwLCJkZWxldGUiOjE4MDAwMDAwMDAwMDAsInJlYWQiOjMwMDAwMDAwMDAwMCwidXBkYXRlIjoxODAwMDAwMDAwMDAwfX0=",
          "dependencies": [
            "azurerm_network_interface.worker_nic",
            "azurerm_network_security_group.private_nsg",
            "azurerm_resource_group.resource_group",
            "azurerm_subnet.private_subnet",
            "azurerm_virtual_network.vnet"
          ]
        },
        {
          "index_key": 23,
          "schema_version": 0,
          "attributes": {
            "id": "/subscriptions/fa12187f-db35-4094-bbf5-2921bf099f65/resourceGroups/geth3-rg/providers/Microsoft.Network/networkInterfaces/geth323-wrkr-nic|/subscriptions/fa12187f-db35-4094-bbf5-2921bf099f65/resourceGroups/geth3-rg/providers/Microsoft.Network/networkSecurityGroups/geth3-prvt-nsg",
            "network_interface_id": "/subscriptions/fa12187f-db35-4094-bbf5-2921bf099f65/resourceGroups/geth3-rg/providers/Microsoft.Network/networkInterfaces/geth323-wrkr-nic",
            "network_security_group_id": "/subscriptions/fa12187f-db35-4094-bbf5-2921bf099f65/resourceGroups/geth3-rg/providers/Microsoft.Network/networkSecurityGroups/geth3-prvt-nsg",
            "timeouts": null
          },
          "private": "eyJlMmJmYjczMC1lY2FhLTExZTYtOGY4OC0zNDM2M2JjN2M0YzAiOnsiY3JlYXRlIjoxODAwMDAwMDAwMDAwLCJkZWxldGUiOjE4MDAwMDAwMDAwMDAsInJlYWQiOjMwMDAwMDAwMDAwMCwidXBkYXRlIjoxODAwMDAwMDAwMDAwfX0=",
          "dependencies": [
            "azurerm_network_interface.worker_nic",
            "azurerm_network_security_group.private_nsg",
            "azurerm_resource_group.resource_group",
            "azurerm_subnet.private_subnet",
            "azurerm_virtual_network.vnet"
          ]
        },
        {
          "index_key": 24,
          "schema_version": 0,
          "attributes": {
            "id": "/subscriptions/fa12187f-db35-4094-bbf5-2921bf099f65/resourceGroups/geth3-rg/providers/Microsoft.Network/networkInterfaces/geth324-wrkr-nic|/subscriptions/fa12187f-db35-4094-bbf5-2921bf099f65/resourceGroups/geth3-rg/providers/Microsoft.Network/networkSecurityGroups/geth3-prvt-nsg",
            "network_interface_id": "/subscriptions/fa12187f-db35-4094-bbf5-2921bf099f65/resourceGroups/geth3-rg/providers/Microsoft.Network/networkInterfaces/geth324-wrkr-nic",
            "network_security_group_id": "/subscriptions/fa12187f-db35-4094-bbf5-2921bf099f65/resourceGroups/geth3-rg/providers/Microsoft.Network/networkSecurityGroups/geth3-prvt-nsg",
            "timeouts": null
          },
          "private": "eyJlMmJmYjczMC1lY2FhLTExZTYtOGY4OC0zNDM2M2JjN2M0YzAiOnsiY3JlYXRlIjoxODAwMDAwMDAwMDAwLCJkZWxldGUiOjE4MDAwMDAwMDAwMDAsInJlYWQiOjMwMDAwMDAwMDAwMCwidXBkYXRlIjoxODAwMDAwMDAwMDAwfX0=",
          "dependencies": [
            "azurerm_network_interface.worker_nic",
            "azurerm_network_security_group.private_nsg",
            "azurerm_resource_group.resource_group",
            "azurerm_subnet.private_subnet",
            "azurerm_virtual_network.vnet"
          ]
        }
      ]
    },
    {
      "mode": "managed",
      "type": "azurerm_network_security_group",
      "name": "private_nsg",
      "provider": "provider.azurerm",
      "instances": [
        {
          "schema_version": 0,
          "attributes": {
            "id": "/subscriptions/fa12187f-db35-4094-bbf5-2921bf099f65/resourceGroups/geth3-rg/providers/Microsoft.Network/networkSecurityGroups/geth3-prvt-nsg",
            "location": "westeurope",
            "name": "geth3-prvt-nsg",
            "resource_group_name": "geth3-rg",
            "security_rule": [
              {
                "access": "Allow",
                "description": "",
                "destination_address_prefix": "*",
                "destination_address_prefixes": [],
                "destination_application_security_group_ids": [],
                "destination_port_range": "*",
                "destination_port_ranges": [],
                "direction": "Inbound",
                "name": "allow-ssh-public-subnet",
                "priority": 100,
                "protocol": "*",
                "source_address_prefix": "*",
                "source_address_prefixes": [],
                "source_application_security_group_ids": [],
                "source_port_range": "*",
                "source_port_ranges": []
              }
            ],
            "tags": {
              "application": "Block chain Performnace study",
              "applicationversion": "1.0.0",
              "environment": "Sandbox",
              "infrastructureversion": "1.0.0",
              "name": "Renaultgeth3",
              "tier": "Blockchain VMs"
            },
            "timeouts": null
          },
          "private": "eyJlMmJmYjczMC1lY2FhLTExZTYtOGY4OC0zNDM2M2JjN2M0YzAiOnsiY3JlYXRlIjoxODAwMDAwMDAwMDAwLCJkZWxldGUiOjE4MDAwMDAwMDAwMDAsInJlYWQiOjMwMDAwMDAwMDAwMCwidXBkYXRlIjoxODAwMDAwMDAwMDAwfX0=",
          "dependencies": [
            "azurerm_resource_group.resource_group"
          ]
        }
      ]
    },
    {
      "mode": "managed",
      "type": "azurerm_network_security_group",
      "name": "public_nsg",
      "provider": "provider.azurerm",
      "instances": [
        {
          "schema_version": 0,
          "attributes": {
            "id": "/subscriptions/fa12187f-db35-4094-bbf5-2921bf099f65/resourceGroups/geth3-rg/providers/Microsoft.Network/networkSecurityGroups/geth3-pblc-nsg",
            "location": "westeurope",
            "name": "geth3-pblc-nsg",
            "resource_group_name": "geth3-rg",
            "security_rule": [
              {
                "access": "Allow",
                "description": "",
                "destination_address_prefix": "*",
                "destination_address_prefixes": [],
                "destination_application_security_group_ids": [],
                "destination_port_range": "*",
                "destination_port_ranges": [],
                "direction": "Inbound",
                "name": "allow-ssh-all",
                "priority": 100,
                "protocol": "*",
                "source_address_prefix": "*",
                "source_address_prefixes": [],
                "source_application_security_group_ids": [],
                "source_port_range": "*",
                "source_port_ranges": []
              }
            ],
            "tags": {
              "application": "Block chain Performnace study",
              "applicationversion": "1.0.0",
              "environment": "Sandbox",
              "infrastructureversion": "1.0.0",
              "name": "Renaultgeth3",
              "tier": "Blockchain VMs"
            },
            "timeouts": null
          },
          "private": "eyJlMmJmYjczMC1lY2FhLTExZTYtOGY4OC0zNDM2M2JjN2M0YzAiOnsiY3JlYXRlIjoxODAwMDAwMDAwMDAwLCJkZWxldGUiOjE4MDAwMDAwMDAwMDAsInJlYWQiOjMwMDAwMDAwMDAwMCwidXBkYXRlIjoxODAwMDAwMDAwMDAwfX0=",
          "dependencies": [
            "azurerm_resource_group.resource_group"
          ]
        }
      ]
    },
    {
      "mode": "managed",
      "type": "azurerm_public_ip",
      "name": "public_ip",
      "each": "list",
      "provider": "provider.azurerm",
      "instances": [
        {
          "index_key": 0,
          "schema_version": 0,
          "attributes": {
            "allocation_method": "Dynamic",
            "domain_name_label": null,
            "fqdn": null,
            "id": "/subscriptions/fa12187f-db35-4094-bbf5-2921bf099f65/resourceGroups/geth3-rg/providers/Microsoft.Network/publicIPAddresses/geth30-ip",
            "idle_timeout_in_minutes": 4,
            "ip_address": "",
            "ip_version": "IPv4",
            "location": "westeurope",
            "name": "geth30-ip",
            "public_ip_prefix_id": null,
            "resource_group_name": "geth3-rg",
            "reverse_fqdn": null,
            "sku": "Basic",
            "tags": {
              "application": "Block chain Performnace study",
              "applicationversion": "1.0.0",
              "environment": "Sandbox",
              "infrastructureversion": "1.0.0",
              "name": "Renaultgeth3",
              "tier": "Blockchain VMs"
            },
            "timeouts": null,
            "zones": null
          },
          "private": "eyJlMmJmYjczMC1lY2FhLTExZTYtOGY4OC0zNDM2M2JjN2M0YzAiOnsiY3JlYXRlIjoxODAwMDAwMDAwMDAwLCJkZWxldGUiOjE4MDAwMDAwMDAwMDAsInJlYWQiOjMwMDAwMDAwMDAwMCwidXBkYXRlIjoxODAwMDAwMDAwMDAwfX0=",
          "dependencies": [
            "azurerm_resource_group.resource_group"
          ]
        }
      ]
    },
    {
      "mode": "managed",
      "type": "azurerm_resource_group",
      "name": "resource_group",
      "provider": "provider.azurerm",
      "instances": [
        {
          "schema_version": 0,
          "attributes": {
            "id": "/subscriptions/fa12187f-db35-4094-bbf5-2921bf099f65/resourceGroups/geth3-rg",
            "location": "westeurope",
            "name": "geth3-rg",
            "tags": {
              "application": "Block chain Performnace study",
              "applicationversion": "1.0.0",
              "environment": "Sandbox",
              "infrastructureversion": "1.0.0",
              "name": "Renaultgeth3",
              "tier": "Blockchain VMs"
            },
            "timeouts": null
          },
          "private": "eyJlMmJmYjczMC1lY2FhLTExZTYtOGY4OC0zNDM2M2JjN2M0YzAiOnsiY3JlYXRlIjo1NDAwMDAwMDAwMDAwLCJkZWxldGUiOjU0MDAwMDAwMDAwMDAsInJlYWQiOjMwMDAwMDAwMDAwMCwidXBkYXRlIjo1NDAwMDAwMDAwMDAwfX0="
        }
      ]
    },
    {
      "mode": "managed",
      "type": "azurerm_storage_account",
      "name": "storage_account",
      "provider": "provider.azurerm",
      "instances": [
        {
          "schema_version": 2,
          "attributes": {
            "access_tier": "Hot",
            "account_kind": "StorageV2",
            "account_replication_type": "LRS",
            "account_tier": "Standard",
            "allow_blob_public_access": false,
            "blob_properties": [],
            "custom_domain": [],
            "enable_https_traffic_only": true,
            "id": "/subscriptions/fa12187f-db35-4094-bbf5-2921bf099f65/resourceGroups/geth3-rg/providers/Microsoft.Storage/storageAccounts/diagc6cf3109d590b80a",
            "identity": [],
            "is_hns_enabled": false,
            "location": "westeurope",
            "name": "diagc6cf3109d590b80a",
            "network_rules": [
              {
                "bypass": [
                  "AzureServices"
                ],
                "default_action": "Allow",
                "ip_rules": [],
                "virtual_network_subnet_ids": []
              }
            ],
            "primary_access_key": "MqVysMuIPsW6d8W+0M+drXmEer1VV75PXw/+d7G5rSHa4xOiFrruQ9uzLHf3i628spaKeaDsIfoYxBUgUiSTUw==",
            "primary_blob_connection_string": "DefaultEndpointsProtocol=https;BlobEndpoint=https://diagc6cf3109d590b80a.blob.core.windows.net/;AccountName=diagc6cf3109d590b80a;AccountKey=MqVysMuIPsW6d8W+0M+drXmEer1VV75PXw/+d7G5rSHa4xOiFrruQ9uzLHf3i628spaKeaDsIfoYxBUgUiSTUw==",
            "primary_blob_endpoint": "https://diagc6cf3109d590b80a.blob.core.windows.net/",
            "primary_blob_host": "diagc6cf3109d590b80a.blob.core.windows.net",
            "primary_connection_string": "DefaultEndpointsProtocol=https;AccountName=diagc6cf3109d590b80a;AccountKey=MqVysMuIPsW6d8W+0M+drXmEer1VV75PXw/+d7G5rSHa4xOiFrruQ9uzLHf3i628spaKeaDsIfoYxBUgUiSTUw==;EndpointSuffix=core.windows.net",
            "primary_dfs_endpoint": "https://diagc6cf3109d590b80a.dfs.core.windows.net/",
            "primary_dfs_host": "diagc6cf3109d590b80a.dfs.core.windows.net",
            "primary_file_endpoint": "https://diagc6cf3109d590b80a.file.core.windows.net/",
            "primary_file_host": "diagc6cf3109d590b80a.file.core.windows.net",
            "primary_location": "westeurope",
            "primary_queue_endpoint": "https://diagc6cf3109d590b80a.queue.core.windows.net/",
            "primary_queue_host": "diagc6cf3109d590b80a.queue.core.windows.net",
            "primary_table_endpoint": "https://diagc6cf3109d590b80a.table.core.windows.net/",
            "primary_table_host": "diagc6cf3109d590b80a.table.core.windows.net",
            "primary_web_endpoint": "https://diagc6cf3109d590b80a.z6.web.core.windows.net/",
            "primary_web_host": "diagc6cf3109d590b80a.z6.web.core.windows.net",
            "queue_properties": [
              {
                "cors_rule": [],
                "hour_metrics": [
                  {
                    "enabled": true,
                    "include_apis": true,
                    "retention_policy_days": 7,
                    "version": "1.0"
                  }
                ],
                "logging": [
                  {
                    "delete": false,
                    "read": false,
                    "retention_policy_days": 0,
                    "version": "1.0",
                    "write": false
                  }
                ],
                "minute_metrics": [
                  {
                    "enabled": false,
                    "include_apis": false,
                    "retention_policy_days": 0,
                    "version": "1.0"
                  }
                ]
              }
            ],
            "resource_group_name": "geth3-rg",
            "secondary_access_key": "Kt5ttx/QADvJPRvkKtdDIRNxwyCBn87GInYJhj4Zv4Cm2kzPOVHvPYdJDwqVf/ML8vOqj0SHbZu3hSsCj3VSRA==",
            "secondary_blob_connection_string": "",
            "secondary_blob_endpoint": null,
            "secondary_blob_host": null,
            "secondary_connection_string": "DefaultEndpointsProtocol=https;AccountName=diagc6cf3109d590b80a;AccountKey=Kt5ttx/QADvJPRvkKtdDIRNxwyCBn87GInYJhj4Zv4Cm2kzPOVHvPYdJDwqVf/ML8vOqj0SHbZu3hSsCj3VSRA==;EndpointSuffix=core.windows.net",
            "secondary_dfs_endpoint": null,
            "secondary_dfs_host": null,
            "secondary_file_endpoint": null,
            "secondary_file_host": null,
            "secondary_location": "",
            "secondary_queue_endpoint": null,
            "secondary_queue_host": null,
            "secondary_table_endpoint": null,
            "secondary_table_host": null,
            "secondary_web_endpoint": null,
            "secondary_web_host": null,
            "static_website": [],
            "tags": {
              "application": "Block chain Performnace study",
              "applicationversion": "1.0.0",
              "environment": "Sandbox",
              "infrastructureversion": "1.0.0",
              "name": "Renaultgeth3",
              "tier": "Blockchain VMs"
            },
            "timeouts": null
          },
          "private": "eyJlMmJmYjczMC1lY2FhLTExZTYtOGY4OC0zNDM2M2JjN2M0YzAiOnsiY3JlYXRlIjozNjAwMDAwMDAwMDAwLCJkZWxldGUiOjM2MDAwMDAwMDAwMDAsInJlYWQiOjMwMDAwMDAwMDAwMCwidXBkYXRlIjozNjAwMDAwMDAwMDAwfSwic2NoZW1hX3ZlcnNpb24iOiIyIn0=",
          "dependencies": [
            "azurerm_resource_group.resource_group",
            "random_id.random_id"
          ]
        }
      ]
    },
    {
      "mode": "managed",
      "type": "azurerm_subnet",
      "name": "private_subnet",
      "provider": "provider.azurerm",
      "instances": [
        {
          "schema_version": 0,
          "attributes": {
            "address_prefix": "10.0.2.0/24",
            "address_prefixes": [
              "10.0.2.0/24"
            ],
            "delegation": [],
            "enforce_private_link_endpoint_network_policies": false,
            "enforce_private_link_service_network_policies": false,
            "id": "/subscriptions/fa12187f-db35-4094-bbf5-2921bf099f65/resourceGroups/geth3-rg/providers/Microsoft.Network/virtualNetworks/geth3-vnet/subnets/geth3-prvt-sn001",
            "name": "geth3-prvt-sn001",
            "resource_group_name": "geth3-rg",
            "service_endpoints": [
              "Microsoft.Sql",
              "Microsoft.ServiceBus"
            ],
            "timeouts": null,
            "virtual_network_name": "geth3-vnet"
          },
          "private": "eyJlMmJmYjczMC1lY2FhLTExZTYtOGY4OC0zNDM2M2JjN2M0YzAiOnsiY3JlYXRlIjoxODAwMDAwMDAwMDAwLCJkZWxldGUiOjE4MDAwMDAwMDAwMDAsInJlYWQiOjMwMDAwMDAwMDAwMCwidXBkYXRlIjoxODAwMDAwMDAwMDAwfX0=",
          "dependencies": [
            "azurerm_resource_group.resource_group",
            "azurerm_virtual_network.vnet"
          ]
        }
      ]
    },
    {
      "mode": "managed",
      "type": "azurerm_subnet",
      "name": "public_subnet",
      "provider": "provider.azurerm",
      "instances": [
        {
          "schema_version": 0,
          "attributes": {
            "address_prefix": "10.0.1.0/24",
            "address_prefixes": [
              "10.0.1.0/24"
            ],
            "delegation": [],
            "enforce_private_link_endpoint_network_policies": false,
            "enforce_private_link_service_network_policies": false,
            "id": "/subscriptions/fa12187f-db35-4094-bbf5-2921bf099f65/resourceGroups/geth3-rg/providers/Microsoft.Network/virtualNetworks/geth3-vnet/subnets/geth3-pblc-sn001",
            "name": "geth3-pblc-sn001",
            "resource_group_name": "geth3-rg",
            "service_endpoints": [
              "Microsoft.ServiceBus",
              "Microsoft.ContainerRegistry"
            ],
            "timeouts": null,
            "virtual_network_name": "geth3-vnet"
          },
          "private": "eyJlMmJmYjczMC1lY2FhLTExZTYtOGY4OC0zNDM2M2JjN2M0YzAiOnsiY3JlYXRlIjoxODAwMDAwMDAwMDAwLCJkZWxldGUiOjE4MDAwMDAwMDAwMDAsInJlYWQiOjMwMDAwMDAwMDAwMCwidXBkYXRlIjoxODAwMDAwMDAwMDAwfX0=",
          "dependencies": [
            "azurerm_resource_group.resource_group",
            "azurerm_virtual_network.vnet"
          ]
        }
      ]
    },
    {
      "mode": "managed",
      "type": "azurerm_subnet_network_security_group_association",
      "name": "private_subnet_assoc",
      "provider": "provider.azurerm",
      "instances": [
        {
          "schema_version": 0,
          "attributes": {
            "id": "/subscriptions/fa12187f-db35-4094-bbf5-2921bf099f65/resourceGroups/geth3-rg/providers/Microsoft.Network/virtualNetworks/geth3-vnet/subnets/geth3-prvt-sn001",
            "network_security_group_id": "/subscriptions/fa12187f-db35-4094-bbf5-2921bf099f65/resourceGroups/geth3-rg/providers/Microsoft.Network/networkSecurityGroups/geth3-prvt-nsg",
            "subnet_id": "/subscriptions/fa12187f-db35-4094-bbf5-2921bf099f65/resourceGroups/geth3-rg/providers/Microsoft.Network/virtualNetworks/geth3-vnet/subnets/geth3-prvt-sn001",
            "timeouts": null
          },
          "private": "eyJlMmJmYjczMC1lY2FhLTExZTYtOGY4OC0zNDM2M2JjN2M0YzAiOnsiY3JlYXRlIjoxODAwMDAwMDAwMDAwLCJkZWxldGUiOjE4MDAwMDAwMDAwMDAsInJlYWQiOjMwMDAwMDAwMDAwMCwidXBkYXRlIjoxODAwMDAwMDAwMDAwfX0=",
          "dependencies": [
            "azurerm_network_security_group.private_nsg",
            "azurerm_resource_group.resource_group",
            "azurerm_subnet.private_subnet",
            "azurerm_virtual_network.vnet"
          ]
        }
      ]
    },
    {
      "mode": "managed",
      "type": "azurerm_subnet_network_security_group_association",
      "name": "public_subnet_assoc",
      "provider": "provider.azurerm",
      "instances": [
        {
          "schema_version": 0,
          "attributes": {
            "id": "/subscriptions/fa12187f-db35-4094-bbf5-2921bf099f65/resourceGroups/geth3-rg/providers/Microsoft.Network/virtualNetworks/geth3-vnet/subnets/geth3-pblc-sn001",
            "network_security_group_id": "/subscriptions/fa12187f-db35-4094-bbf5-2921bf099f65/resourceGroups/geth3-rg/providers/Microsoft.Network/networkSecurityGroups/geth3-pblc-nsg",
            "subnet_id": "/subscriptions/fa12187f-db35-4094-bbf5-2921bf099f65/resourceGroups/geth3-rg/providers/Microsoft.Network/virtualNetworks/geth3-vnet/subnets/geth3-pblc-sn001",
            "timeouts": null
          },
          "private": "eyJlMmJmYjczMC1lY2FhLTExZTYtOGY4OC0zNDM2M2JjN2M0YzAiOnsiY3JlYXRlIjoxODAwMDAwMDAwMDAwLCJkZWxldGUiOjE4MDAwMDAwMDAwMDAsInJlYWQiOjMwMDAwMDAwMDAwMCwidXBkYXRlIjoxODAwMDAwMDAwMDAwfX0=",
          "dependencies": [
            "azurerm_network_security_group.public_nsg",
            "azurerm_resource_group.resource_group",
            "azurerm_subnet.public_subnet",
            "azurerm_virtual_network.vnet"
          ]
        }
      ]
    },
    {
      "mode": "managed",
      "type": "azurerm_virtual_machine",
      "name": "bastion_vm",
      "each": "list",
      "provider": "provider.azurerm",
      "instances": [
        {
          "index_key": 0,
          "schema_version": 0,
          "attributes": {
            "additional_capabilities": [],
            "availability_set_id": null,
            "boot_diagnostics": [
              {
                "enabled": true,
                "storage_uri": "https://diagc6cf3109d590b80a.blob.core.windows.net/"
              }
            ],
            "delete_data_disks_on_termination": false,
            "delete_os_disk_on_termination": false,
            "id": "/subscriptions/fa12187f-db35-4094-bbf5-2921bf099f65/resourceGroups/geth3-rg/providers/Microsoft.Compute/virtualMachines/geth30-bstn-vm001",
            "identity": [],
            "license_type": null,
            "location": "westeurope",
            "name": "geth30-bstn-vm001",
            "network_interface_ids": [
              "/subscriptions/fa12187f-db35-4094-bbf5-2921bf099f65/resourceGroups/geth3-rg/providers/Microsoft.Network/networkInterfaces/geth30-bstn-nic"
            ],
            "os_profile": [
              {
                "admin_password": "",
                "admin_username": "renault",
                "computer_name": "geth30-bstn-vm001",
                "custom_data": ""
              }
            ],
            "os_profile_linux_config": [
              {
                "disable_password_authentication": false,
                "ssh_keys": []
              }
            ],
            "os_profile_secrets": [],
            "os_profile_windows_config": [],
            "plan": [],
            "primary_network_interface_id": null,
            "proximity_placement_group_id": null,
            "resource_group_name": "geth3-rg",
            "storage_data_disk": [],
            "storage_image_reference": [
              {
                "id": "",
                "offer": "UbuntuServer",
                "publisher": "Canonical",
                "sku": "18.04-LTS",
                "version": "latest"
              }
            ],
            "storage_os_disk": [
              {
                "caching": "ReadWrite",
                "create_option": "FromImage",
                "disk_size_gb": 30,
                "image_uri": "",
                "managed_disk_id": "/subscriptions/fa12187f-db35-4094-bbf5-2921bf099f65/resourceGroups/GETH3-RG/providers/Microsoft.Compute/disks/geth30-bstn-dsk001",
                "managed_disk_type": "Standard_LRS",
                "name": "geth30-bstn-dsk001",
                "os_type": "Linux",
                "vhd_uri": "",
                "write_accelerator_enabled": false
              }
            ],
            "tags": {
              "application": "Block chain Performnace study",
              "applicationversion": "1.0.0",
              "environment": "Sandbox",
              "infrastructureversion": "1.0.0",
              "name": "Renaultgeth3",
              "tier": "Blockchain VMs"
            },
            "timeouts": null,
            "vm_size": "Standard_B2ms",
            "zones": null
          },
          "private": "eyJlMmJmYjczMC1lY2FhLTExZTYtOGY4OC0zNDM2M2JjN2M0YzAiOnsiY3JlYXRlIjozNjAwMDAwMDAwMDAwLCJkZWxldGUiOjM2MDAwMDAwMDAwMDAsInJlYWQiOjMwMDAwMDAwMDAwMCwidXBkYXRlIjozNjAwMDAwMDAwMDAwfX0=",
          "dependencies": [
            "azurerm_network_interface.bastion_nic",
            "azurerm_network_interface_security_group_association.bastion_nic_assoc",
            "azurerm_network_security_group.public_nsg",
            "azurerm_public_ip.public_ip",
            "azurerm_resource_group.resource_group",
            "azurerm_storage_account.storage_account",
            "azurerm_subnet.public_subnet",
            "azurerm_virtual_network.vnet",
            "random_id.random_id"
          ]
        }
      ]
    },
    {
      "mode": "managed",
      "type": "azurerm_virtual_machine",
      "name": "worker_vm",
      "each": "list",
      "provider": "provider.azurerm",
      "instances": [
        {
          "index_key": 0,
          "schema_version": 0,
          "attributes": {
            "additional_capabilities": [],
            "availability_set_id": null,
            "boot_diagnostics": [
              {
                "enabled": true,
                "storage_uri": "https://diagc6cf3109d590b80a.blob.core.windows.net/"
              }
            ],
            "delete_data_disks_on_termination": false,
            "delete_os_disk_on_termination": false,
            "id": "/subscriptions/fa12187f-db35-4094-bbf5-2921bf099f65/resourceGroups/geth3-rg/providers/Microsoft.Compute/virtualMachines/geth30-wrkr-vm001",
            "identity": [],
            "license_type": null,
            "location": "westeurope",
            "name": "geth30-wrkr-vm001",
            "network_interface_ids": [
              "/subscriptions/fa12187f-db35-4094-bbf5-2921bf099f65/resourceGroups/geth3-rg/providers/Microsoft.Network/networkInterfaces/geth30-wrkr-nic"
            ],
            "os_profile": [
              {
                "admin_password": "",
                "admin_username": "renault",
                "computer_name": "geth30-wrkr-vm001",
                "custom_data": ""
              }
            ],
            "os_profile_linux_config": [
              {
                "disable_password_authentication": false,
                "ssh_keys": []
              }
            ],
            "os_profile_secrets": [],
            "os_profile_windows_config": [],
            "plan": [],
            "primary_network_interface_id": null,
            "proximity_placement_group_id": null,
            "resource_group_name": "geth3-rg",
            "storage_data_disk": [],
            "storage_image_reference": [
              {
                "id": "",
                "offer": "UbuntuServer",
                "publisher": "Canonical",
                "sku": "18.04-LTS",
                "version": "latest"
              }
            ],
            "storage_os_disk": [
              {
                "caching": "ReadWrite",
                "create_option": "FromImage",
                "disk_size_gb": 30,
                "image_uri": "",
                "managed_disk_id": "/subscriptions/fa12187f-db35-4094-bbf5-2921bf099f65/resourceGroups/GETH3-RG/providers/Microsoft.Compute/disks/geth30-wrkr-dsk001",
                "managed_disk_type": "Standard_LRS",
                "name": "geth30-wrkr-dsk001",
                "os_type": "Linux",
                "vhd_uri": "",
                "write_accelerator_enabled": false
              }
            ],
            "tags": {
              "application": "Block chain Performnace study",
              "applicationversion": "1.0.0",
              "environment": "Sandbox",
              "infrastructureversion": "1.0.0",
              "name": "Renaultgeth3",
              "tier": "Blockchain VMs"
            },
            "timeouts": null,
            "vm_size": "Standard_B2ms",
            "zones": null
          },
          "private": "eyJlMmJmYjczMC1lY2FhLTExZTYtOGY4OC0zNDM2M2JjN2M0YzAiOnsiY3JlYXRlIjozNjAwMDAwMDAwMDAwLCJkZWxldGUiOjM2MDAwMDAwMDAwMDAsInJlYWQiOjMwMDAwMDAwMDAwMCwidXBkYXRlIjozNjAwMDAwMDAwMDAwfX0=",
          "dependencies": [
            "azurerm_network_interface.worker_nic",
            "azurerm_network_interface_security_group_association.worker_nic_assoc",
            "azurerm_network_security_group.private_nsg",
            "azurerm_resource_group.resource_group",
            "azurerm_storage_account.storage_account",
            "azurerm_subnet.private_subnet",
            "azurerm_virtual_network.vnet",
            "random_id.random_id"
          ]
        },
        {
          "index_key": 1,
          "schema_version": 0,
          "attributes": {
            "additional_capabilities": [],
            "availability_set_id": null,
            "boot_diagnostics": [
              {
                "enabled": true,
                "storage_uri": "https://diagc6cf3109d590b80a.blob.core.windows.net/"
              }
            ],
            "delete_data_disks_on_termination": false,
            "delete_os_disk_on_termination": false,
            "id": "/subscriptions/fa12187f-db35-4094-bbf5-2921bf099f65/resourceGroups/geth3-rg/providers/Microsoft.Compute/virtualMachines/geth31-wrkr-vm001",
            "identity": [],
            "license_type": null,
            "location": "westeurope",
            "name": "geth31-wrkr-vm001",
            "network_interface_ids": [
              "/subscriptions/fa12187f-db35-4094-bbf5-2921bf099f65/resourceGroups/geth3-rg/providers/Microsoft.Network/networkInterfaces/geth31-wrkr-nic"
            ],
            "os_profile": [
              {
                "admin_password": "",
                "admin_username": "renault",
                "computer_name": "geth31-wrkr-vm001",
                "custom_data": ""
              }
            ],
            "os_profile_linux_config": [
              {
                "disable_password_authentication": false,
                "ssh_keys": []
              }
            ],
            "os_profile_secrets": [],
            "os_profile_windows_config": [],
            "plan": [],
            "primary_network_interface_id": null,
            "proximity_placement_group_id": null,
            "resource_group_name": "geth3-rg",
            "storage_data_disk": [],
            "storage_image_reference": [
              {
                "id": "",
                "offer": "UbuntuServer",
                "publisher": "Canonical",
                "sku": "18.04-LTS",
                "version": "latest"
              }
            ],
            "storage_os_disk": [
              {
                "caching": "ReadWrite",
                "create_option": "FromImage",
                "disk_size_gb": 30,
                "image_uri": "",
                "managed_disk_id": "/subscriptions/fa12187f-db35-4094-bbf5-2921bf099f65/resourceGroups/GETH3-RG/providers/Microsoft.Compute/disks/geth31-wrkr-dsk001",
                "managed_disk_type": "Standard_LRS",
                "name": "geth31-wrkr-dsk001",
                "os_type": "Linux",
                "vhd_uri": "",
                "write_accelerator_enabled": false
              }
            ],
            "tags": {
              "application": "Block chain Performnace study",
              "applicationversion": "1.0.0",
              "environment": "Sandbox",
              "infrastructureversion": "1.0.0",
              "name": "Renaultgeth3",
              "tier": "Blockchain VMs"
            },
            "timeouts": null,
            "vm_size": "Standard_B2ms",
            "zones": null
          },
          "private": "eyJlMmJmYjczMC1lY2FhLTExZTYtOGY4OC0zNDM2M2JjN2M0YzAiOnsiY3JlYXRlIjozNjAwMDAwMDAwMDAwLCJkZWxldGUiOjM2MDAwMDAwMDAwMDAsInJlYWQiOjMwMDAwMDAwMDAwMCwidXBkYXRlIjozNjAwMDAwMDAwMDAwfX0=",
          "dependencies": [
            "azurerm_network_interface.worker_nic",
            "azurerm_network_interface_security_group_association.worker_nic_assoc",
            "azurerm_network_security_group.private_nsg",
            "azurerm_resource_group.resource_group",
            "azurerm_storage_account.storage_account",
            "azurerm_subnet.private_subnet",
            "azurerm_virtual_network.vnet",
            "random_id.random_id"
          ]
        },
        {
          "index_key": 2,
          "schema_version": 0,
          "attributes": {
            "additional_capabilities": [],
            "availability_set_id": null,
            "boot_diagnostics": [
              {
                "enabled": true,
                "storage_uri": "https://diagc6cf3109d590b80a.blob.core.windows.net/"
              }
            ],
            "delete_data_disks_on_termination": false,
            "delete_os_disk_on_termination": false,
            "id": "/subscriptions/fa12187f-db35-4094-bbf5-2921bf099f65/resourceGroups/geth3-rg/providers/Microsoft.Compute/virtualMachines/geth32-wrkr-vm001",
            "identity": [],
            "license_type": null,
            "location": "westeurope",
            "name": "geth32-wrkr-vm001",
            "network_interface_ids": [
              "/subscriptions/fa12187f-db35-4094-bbf5-2921bf099f65/resourceGroups/geth3-rg/providers/Microsoft.Network/networkInterfaces/geth32-wrkr-nic"
            ],
            "os_profile": [
              {
                "admin_password": "",
                "admin_username": "renault",
                "computer_name": "geth32-wrkr-vm001",
                "custom_data": ""
              }
            ],
            "os_profile_linux_config": [
              {
                "disable_password_authentication": false,
                "ssh_keys": []
              }
            ],
            "os_profile_secrets": [],
            "os_profile_windows_config": [],
            "plan": [],
            "primary_network_interface_id": null,
            "proximity_placement_group_id": null,
            "resource_group_name": "geth3-rg",
            "storage_data_disk": [],
            "storage_image_reference": [
              {
                "id": "",
                "offer": "UbuntuServer",
                "publisher": "Canonical",
                "sku": "18.04-LTS",
                "version": "latest"
              }
            ],
            "storage_os_disk": [
              {
                "caching": "ReadWrite",
                "create_option": "FromImage",
                "disk_size_gb": 30,
                "image_uri": "",
                "managed_disk_id": "/subscriptions/fa12187f-db35-4094-bbf5-2921bf099f65/resourceGroups/GETH3-RG/providers/Microsoft.Compute/disks/geth32-wrkr-dsk001",
                "managed_disk_type": "Standard_LRS",
                "name": "geth32-wrkr-dsk001",
                "os_type": "Linux",
                "vhd_uri": "",
                "write_accelerator_enabled": false
              }
            ],
            "tags": {
              "application": "Block chain Performnace study",
              "applicationversion": "1.0.0",
              "environment": "Sandbox",
              "infrastructureversion": "1.0.0",
              "name": "Renaultgeth3",
              "tier": "Blockchain VMs"
            },
            "timeouts": null,
            "vm_size": "Standard_B2ms",
            "zones": null
          },
          "private": "eyJlMmJmYjczMC1lY2FhLTExZTYtOGY4OC0zNDM2M2JjN2M0YzAiOnsiY3JlYXRlIjozNjAwMDAwMDAwMDAwLCJkZWxldGUiOjM2MDAwMDAwMDAwMDAsInJlYWQiOjMwMDAwMDAwMDAwMCwidXBkYXRlIjozNjAwMDAwMDAwMDAwfX0=",
          "dependencies": [
            "azurerm_network_interface.worker_nic",
            "azurerm_network_interface_security_group_association.worker_nic_assoc",
            "azurerm_network_security_group.private_nsg",
            "azurerm_resource_group.resource_group",
            "azurerm_storage_account.storage_account",
            "azurerm_subnet.private_subnet",
            "azurerm_virtual_network.vnet",
            "random_id.random_id"
          ]
        },
        {
          "index_key": 3,
          "schema_version": 0,
          "attributes": {
            "additional_capabilities": [],
            "availability_set_id": null,
            "boot_diagnostics": [
              {
                "enabled": true,
                "storage_uri": "https://diagc6cf3109d590b80a.blob.core.windows.net/"
              }
            ],
            "delete_data_disks_on_termination": false,
            "delete_os_disk_on_termination": false,
            "id": "/subscriptions/fa12187f-db35-4094-bbf5-2921bf099f65/resourceGroups/geth3-rg/providers/Microsoft.Compute/virtualMachines/geth33-wrkr-vm001",
            "identity": [],
            "license_type": null,
            "location": "westeurope",
            "name": "geth33-wrkr-vm001",
            "network_interface_ids": [
              "/subscriptions/fa12187f-db35-4094-bbf5-2921bf099f65/resourceGroups/geth3-rg/providers/Microsoft.Network/networkInterfaces/geth33-wrkr-nic"
            ],
            "os_profile": [
              {
                "admin_password": "",
                "admin_username": "renault",
                "computer_name": "geth33-wrkr-vm001",
                "custom_data": ""
              }
            ],
            "os_profile_linux_config": [
              {
                "disable_password_authentication": false,
                "ssh_keys": []
              }
            ],
            "os_profile_secrets": [],
            "os_profile_windows_config": [],
            "plan": [],
            "primary_network_interface_id": null,
            "proximity_placement_group_id": null,
            "resource_group_name": "geth3-rg",
            "storage_data_disk": [],
            "storage_image_reference": [
              {
                "id": "",
                "offer": "UbuntuServer",
                "publisher": "Canonical",
                "sku": "18.04-LTS",
                "version": "latest"
              }
            ],
            "storage_os_disk": [
              {
                "caching": "ReadWrite",
                "create_option": "FromImage",
                "disk_size_gb": 30,
                "image_uri": "",
                "managed_disk_id": "/subscriptions/fa12187f-db35-4094-bbf5-2921bf099f65/resourceGroups/GETH3-RG/providers/Microsoft.Compute/disks/geth33-wrkr-dsk001",
                "managed_disk_type": "Standard_LRS",
                "name": "geth33-wrkr-dsk001",
                "os_type": "Linux",
                "vhd_uri": "",
                "write_accelerator_enabled": false
              }
            ],
            "tags": {
              "application": "Block chain Performnace study",
              "applicationversion": "1.0.0",
              "environment": "Sandbox",
              "infrastructureversion": "1.0.0",
              "name": "Renaultgeth3",
              "tier": "Blockchain VMs"
            },
            "timeouts": null,
            "vm_size": "Standard_B2ms",
            "zones": null
          },
          "private": "eyJlMmJmYjczMC1lY2FhLTExZTYtOGY4OC0zNDM2M2JjN2M0YzAiOnsiY3JlYXRlIjozNjAwMDAwMDAwMDAwLCJkZWxldGUiOjM2MDAwMDAwMDAwMDAsInJlYWQiOjMwMDAwMDAwMDAwMCwidXBkYXRlIjozNjAwMDAwMDAwMDAwfX0=",
          "dependencies": [
            "azurerm_network_interface.worker_nic",
            "azurerm_network_interface_security_group_association.worker_nic_assoc",
            "azurerm_network_security_group.private_nsg",
            "azurerm_resource_group.resource_group",
            "azurerm_storage_account.storage_account",
            "azurerm_subnet.private_subnet",
            "azurerm_virtual_network.vnet",
            "random_id.random_id"
          ]
        },
        {
          "index_key": 4,
          "schema_version": 0,
          "attributes": {
            "additional_capabilities": [],
            "availability_set_id": null,
            "boot_diagnostics": [
              {
                "enabled": true,
                "storage_uri": "https://diagc6cf3109d590b80a.blob.core.windows.net/"
              }
            ],
            "delete_data_disks_on_termination": false,
            "delete_os_disk_on_termination": false,
            "id": "/subscriptions/fa12187f-db35-4094-bbf5-2921bf099f65/resourceGroups/geth3-rg/providers/Microsoft.Compute/virtualMachines/geth34-wrkr-vm001",
            "identity": [],
            "license_type": null,
            "location": "westeurope",
            "name": "geth34-wrkr-vm001",
            "network_interface_ids": [
              "/subscriptions/fa12187f-db35-4094-bbf5-2921bf099f65/resourceGroups/geth3-rg/providers/Microsoft.Network/networkInterfaces/geth34-wrkr-nic"
            ],
            "os_profile": [
              {
                "admin_password": "",
                "admin_username": "renault",
                "computer_name": "geth34-wrkr-vm001",
                "custom_data": ""
              }
            ],
            "os_profile_linux_config": [
              {
                "disable_password_authentication": false,
                "ssh_keys": []
              }
            ],
            "os_profile_secrets": [],
            "os_profile_windows_config": [],
            "plan": [],
            "primary_network_interface_id": null,
            "proximity_placement_group_id": null,
            "resource_group_name": "geth3-rg",
            "storage_data_disk": [],
            "storage_image_reference": [
              {
                "id": "",
                "offer": "UbuntuServer",
                "publisher": "Canonical",
                "sku": "18.04-LTS",
                "version": "latest"
              }
            ],
            "storage_os_disk": [
              {
                "caching": "ReadWrite",
                "create_option": "FromImage",
                "disk_size_gb": 30,
                "image_uri": "",
                "managed_disk_id": "/subscriptions/fa12187f-db35-4094-bbf5-2921bf099f65/resourceGroups/GETH3-RG/providers/Microsoft.Compute/disks/geth34-wrkr-dsk001",
                "managed_disk_type": "Standard_LRS",
                "name": "geth34-wrkr-dsk001",
                "os_type": "Linux",
                "vhd_uri": "",
                "write_accelerator_enabled": false
              }
            ],
            "tags": {
              "application": "Block chain Performnace study",
              "applicationversion": "1.0.0",
              "environment": "Sandbox",
              "infrastructureversion": "1.0.0",
              "name": "Renaultgeth3",
              "tier": "Blockchain VMs"
            },
            "timeouts": null,
            "vm_size": "Standard_B2ms",
            "zones": null
          },
          "private": "eyJlMmJmYjczMC1lY2FhLTExZTYtOGY4OC0zNDM2M2JjN2M0YzAiOnsiY3JlYXRlIjozNjAwMDAwMDAwMDAwLCJkZWxldGUiOjM2MDAwMDAwMDAwMDAsInJlYWQiOjMwMDAwMDAwMDAwMCwidXBkYXRlIjozNjAwMDAwMDAwMDAwfX0=",
          "dependencies": [
            "azurerm_network_interface.worker_nic",
            "azurerm_network_interface_security_group_association.worker_nic_assoc",
            "azurerm_network_security_group.private_nsg",
            "azurerm_resource_group.resource_group",
            "azurerm_storage_account.storage_account",
            "azurerm_subnet.private_subnet",
            "azurerm_virtual_network.vnet",
            "random_id.random_id"
          ]
        },
        {
          "index_key": 5,
          "schema_version": 0,
          "attributes": {
            "additional_capabilities": [],
            "availability_set_id": null,
            "boot_diagnostics": [
              {
                "enabled": true,
                "storage_uri": "https://diagc6cf3109d590b80a.blob.core.windows.net/"
              }
            ],
            "delete_data_disks_on_termination": false,
            "delete_os_disk_on_termination": false,
            "id": "/subscriptions/fa12187f-db35-4094-bbf5-2921bf099f65/resourceGroups/geth3-rg/providers/Microsoft.Compute/virtualMachines/geth35-wrkr-vm001",
            "identity": [],
            "license_type": null,
            "location": "westeurope",
            "name": "geth35-wrkr-vm001",
            "network_interface_ids": [
              "/subscriptions/fa12187f-db35-4094-bbf5-2921bf099f65/resourceGroups/geth3-rg/providers/Microsoft.Network/networkInterfaces/geth35-wrkr-nic"
            ],
            "os_profile": [
              {
                "admin_password": "",
                "admin_username": "renault",
                "computer_name": "geth35-wrkr-vm001",
                "custom_data": ""
              }
            ],
            "os_profile_linux_config": [
              {
                "disable_password_authentication": false,
                "ssh_keys": []
              }
            ],
            "os_profile_secrets": [],
            "os_profile_windows_config": [],
            "plan": [],
            "primary_network_interface_id": null,
            "proximity_placement_group_id": null,
            "resource_group_name": "geth3-rg",
            "storage_data_disk": [],
            "storage_image_reference": [
              {
                "id": "",
                "offer": "UbuntuServer",
                "publisher": "Canonical",
                "sku": "18.04-LTS",
                "version": "latest"
              }
            ],
            "storage_os_disk": [
              {
                "caching": "ReadWrite",
                "create_option": "FromImage",
                "disk_size_gb": 30,
                "image_uri": "",
                "managed_disk_id": "/subscriptions/fa12187f-db35-4094-bbf5-2921bf099f65/resourceGroups/GETH3-RG/providers/Microsoft.Compute/disks/geth35-wrkr-dsk001",
                "managed_disk_type": "Standard_LRS",
                "name": "geth35-wrkr-dsk001",
                "os_type": "Linux",
                "vhd_uri": "",
                "write_accelerator_enabled": false
              }
            ],
            "tags": {
              "application": "Block chain Performnace study",
              "applicationversion": "1.0.0",
              "environment": "Sandbox",
              "infrastructureversion": "1.0.0",
              "name": "Renaultgeth3",
              "tier": "Blockchain VMs"
            },
            "timeouts": null,
            "vm_size": "Standard_B2ms",
            "zones": null
          },
          "private": "eyJlMmJmYjczMC1lY2FhLTExZTYtOGY4OC0zNDM2M2JjN2M0YzAiOnsiY3JlYXRlIjozNjAwMDAwMDAwMDAwLCJkZWxldGUiOjM2MDAwMDAwMDAwMDAsInJlYWQiOjMwMDAwMDAwMDAwMCwidXBkYXRlIjozNjAwMDAwMDAwMDAwfX0=",
          "dependencies": [
            "azurerm_network_interface.worker_nic",
            "azurerm_network_interface_security_group_association.worker_nic_assoc",
            "azurerm_network_security_group.private_nsg",
            "azurerm_resource_group.resource_group",
            "azurerm_storage_account.storage_account",
            "azurerm_subnet.private_subnet",
            "azurerm_virtual_network.vnet",
            "random_id.random_id"
          ]
        },
        {
          "index_key": 6,
          "schema_version": 0,
          "attributes": {
            "additional_capabilities": [],
            "availability_set_id": null,
            "boot_diagnostics": [
              {
                "enabled": true,
                "storage_uri": "https://diagc6cf3109d590b80a.blob.core.windows.net/"
              }
            ],
            "delete_data_disks_on_termination": false,
            "delete_os_disk_on_termination": false,
            "id": "/subscriptions/fa12187f-db35-4094-bbf5-2921bf099f65/resourceGroups/geth3-rg/providers/Microsoft.Compute/virtualMachines/geth36-wrkr-vm001",
            "identity": [],
            "license_type": null,
            "location": "westeurope",
            "name": "geth36-wrkr-vm001",
            "network_interface_ids": [
              "/subscriptions/fa12187f-db35-4094-bbf5-2921bf099f65/resourceGroups/geth3-rg/providers/Microsoft.Network/networkInterfaces/geth36-wrkr-nic"
            ],
            "os_profile": [
              {
                "admin_password": "",
                "admin_username": "renault",
                "computer_name": "geth36-wrkr-vm001",
                "custom_data": ""
              }
            ],
            "os_profile_linux_config": [
              {
                "disable_password_authentication": false,
                "ssh_keys": []
              }
            ],
            "os_profile_secrets": [],
            "os_profile_windows_config": [],
            "plan": [],
            "primary_network_interface_id": null,
            "proximity_placement_group_id": null,
            "resource_group_name": "geth3-rg",
            "storage_data_disk": [],
            "storage_image_reference": [
              {
                "id": "",
                "offer": "UbuntuServer",
                "publisher": "Canonical",
                "sku": "18.04-LTS",
                "version": "latest"
              }
            ],
            "storage_os_disk": [
              {
                "caching": "ReadWrite",
                "create_option": "FromImage",
                "disk_size_gb": 30,
                "image_uri": "",
                "managed_disk_id": "/subscriptions/fa12187f-db35-4094-bbf5-2921bf099f65/resourceGroups/GETH3-RG/providers/Microsoft.Compute/disks/geth36-wrkr-dsk001",
                "managed_disk_type": "Standard_LRS",
                "name": "geth36-wrkr-dsk001",
                "os_type": "Linux",
                "vhd_uri": "",
                "write_accelerator_enabled": false
              }
            ],
            "tags": {
              "application": "Block chain Performnace study",
              "applicationversion": "1.0.0",
              "environment": "Sandbox",
              "infrastructureversion": "1.0.0",
              "name": "Renaultgeth3",
              "tier": "Blockchain VMs"
            },
            "timeouts": null,
            "vm_size": "Standard_B2ms",
            "zones": null
          },
          "private": "eyJlMmJmYjczMC1lY2FhLTExZTYtOGY4OC0zNDM2M2JjN2M0YzAiOnsiY3JlYXRlIjozNjAwMDAwMDAwMDAwLCJkZWxldGUiOjM2MDAwMDAwMDAwMDAsInJlYWQiOjMwMDAwMDAwMDAwMCwidXBkYXRlIjozNjAwMDAwMDAwMDAwfX0=",
          "dependencies": [
            "azurerm_network_interface.worker_nic",
            "azurerm_network_interface_security_group_association.worker_nic_assoc",
            "azurerm_network_security_group.private_nsg",
            "azurerm_resource_group.resource_group",
            "azurerm_storage_account.storage_account",
            "azurerm_subnet.private_subnet",
            "azurerm_virtual_network.vnet",
            "random_id.random_id"
          ]
        },
        {
          "index_key": 7,
          "schema_version": 0,
          "attributes": {
            "additional_capabilities": [],
            "availability_set_id": null,
            "boot_diagnostics": [
              {
                "enabled": true,
                "storage_uri": "https://diagc6cf3109d590b80a.blob.core.windows.net/"
              }
            ],
            "delete_data_disks_on_termination": false,
            "delete_os_disk_on_termination": false,
            "id": "/subscriptions/fa12187f-db35-4094-bbf5-2921bf099f65/resourceGroups/geth3-rg/providers/Microsoft.Compute/virtualMachines/geth37-wrkr-vm001",
            "identity": [],
            "license_type": null,
            "location": "westeurope",
            "name": "geth37-wrkr-vm001",
            "network_interface_ids": [
              "/subscriptions/fa12187f-db35-4094-bbf5-2921bf099f65/resourceGroups/geth3-rg/providers/Microsoft.Network/networkInterfaces/geth37-wrkr-nic"
            ],
            "os_profile": [
              {
                "admin_password": "",
                "admin_username": "renault",
                "computer_name": "geth37-wrkr-vm001",
                "custom_data": ""
              }
            ],
            "os_profile_linux_config": [
              {
                "disable_password_authentication": false,
                "ssh_keys": []
              }
            ],
            "os_profile_secrets": [],
            "os_profile_windows_config": [],
            "plan": [],
            "primary_network_interface_id": null,
            "proximity_placement_group_id": null,
            "resource_group_name": "geth3-rg",
            "storage_data_disk": [],
            "storage_image_reference": [
              {
                "id": "",
                "offer": "UbuntuServer",
                "publisher": "Canonical",
                "sku": "18.04-LTS",
                "version": "latest"
              }
            ],
            "storage_os_disk": [
              {
                "caching": "ReadWrite",
                "create_option": "FromImage",
                "disk_size_gb": 30,
                "image_uri": "",
                "managed_disk_id": "/subscriptions/fa12187f-db35-4094-bbf5-2921bf099f65/resourceGroups/GETH3-RG/providers/Microsoft.Compute/disks/geth37-wrkr-dsk001",
                "managed_disk_type": "Standard_LRS",
                "name": "geth37-wrkr-dsk001",
                "os_type": "Linux",
                "vhd_uri": "",
                "write_accelerator_enabled": false
              }
            ],
            "tags": {
              "application": "Block chain Performnace study",
              "applicationversion": "1.0.0",
              "environment": "Sandbox",
              "infrastructureversion": "1.0.0",
              "name": "Renaultgeth3",
              "tier": "Blockchain VMs"
            },
            "timeouts": null,
            "vm_size": "Standard_B2ms",
            "zones": null
          },
          "private": "eyJlMmJmYjczMC1lY2FhLTExZTYtOGY4OC0zNDM2M2JjN2M0YzAiOnsiY3JlYXRlIjozNjAwMDAwMDAwMDAwLCJkZWxldGUiOjM2MDAwMDAwMDAwMDAsInJlYWQiOjMwMDAwMDAwMDAwMCwidXBkYXRlIjozNjAwMDAwMDAwMDAwfX0=",
          "dependencies": [
            "azurerm_network_interface.worker_nic",
            "azurerm_network_interface_security_group_association.worker_nic_assoc",
            "azurerm_network_security_group.private_nsg",
            "azurerm_resource_group.resource_group",
            "azurerm_storage_account.storage_account",
            "azurerm_subnet.private_subnet",
            "azurerm_virtual_network.vnet",
            "random_id.random_id"
          ]
        },
        {
          "index_key": 8,
          "schema_version": 0,
          "attributes": {
            "additional_capabilities": [],
            "availability_set_id": null,
            "boot_diagnostics": [
              {
                "enabled": true,
                "storage_uri": "https://diagc6cf3109d590b80a.blob.core.windows.net/"
              }
            ],
            "delete_data_disks_on_termination": false,
            "delete_os_disk_on_termination": false,
            "id": "/subscriptions/fa12187f-db35-4094-bbf5-2921bf099f65/resourceGroups/geth3-rg/providers/Microsoft.Compute/virtualMachines/geth38-wrkr-vm001",
            "identity": [],
            "license_type": null,
            "location": "westeurope",
            "name": "geth38-wrkr-vm001",
            "network_interface_ids": [
              "/subscriptions/fa12187f-db35-4094-bbf5-2921bf099f65/resourceGroups/geth3-rg/providers/Microsoft.Network/networkInterfaces/geth38-wrkr-nic"
            ],
            "os_profile": [
              {
                "admin_password": "",
                "admin_username": "renault",
                "computer_name": "geth38-wrkr-vm001",
                "custom_data": ""
              }
            ],
            "os_profile_linux_config": [
              {
                "disable_password_authentication": false,
                "ssh_keys": []
              }
            ],
            "os_profile_secrets": [],
            "os_profile_windows_config": [],
            "plan": [],
            "primary_network_interface_id": null,
            "proximity_placement_group_id": null,
            "resource_group_name": "geth3-rg",
            "storage_data_disk": [],
            "storage_image_reference": [
              {
                "id": "",
                "offer": "UbuntuServer",
                "publisher": "Canonical",
                "sku": "18.04-LTS",
                "version": "latest"
              }
            ],
            "storage_os_disk": [
              {
                "caching": "ReadWrite",
                "create_option": "FromImage",
                "disk_size_gb": 30,
                "image_uri": "",
                "managed_disk_id": "/subscriptions/fa12187f-db35-4094-bbf5-2921bf099f65/resourceGroups/GETH3-RG/providers/Microsoft.Compute/disks/geth38-wrkr-dsk001",
                "managed_disk_type": "Standard_LRS",
                "name": "geth38-wrkr-dsk001",
                "os_type": "Linux",
                "vhd_uri": "",
                "write_accelerator_enabled": false
              }
            ],
            "tags": {
              "application": "Block chain Performnace study",
              "applicationversion": "1.0.0",
              "environment": "Sandbox",
              "infrastructureversion": "1.0.0",
              "name": "Renaultgeth3",
              "tier": "Blockchain VMs"
            },
            "timeouts": null,
            "vm_size": "Standard_B2ms",
            "zones": null
          },
          "private": "eyJlMmJmYjczMC1lY2FhLTExZTYtOGY4OC0zNDM2M2JjN2M0YzAiOnsiY3JlYXRlIjozNjAwMDAwMDAwMDAwLCJkZWxldGUiOjM2MDAwMDAwMDAwMDAsInJlYWQiOjMwMDAwMDAwMDAwMCwidXBkYXRlIjozNjAwMDAwMDAwMDAwfX0=",
          "dependencies": [
            "azurerm_network_interface.worker_nic",
            "azurerm_network_interface_security_group_association.worker_nic_assoc",
            "azurerm_network_security_group.private_nsg",
            "azurerm_resource_group.resource_group",
            "azurerm_storage_account.storage_account",
            "azurerm_subnet.private_subnet",
            "azurerm_virtual_network.vnet",
            "random_id.random_id"
          ]
        },
        {
          "index_key": 9,
          "schema_version": 0,
          "attributes": {
            "additional_capabilities": [],
            "availability_set_id": null,
            "boot_diagnostics": [
              {
                "enabled": true,
                "storage_uri": "https://diagc6cf3109d590b80a.blob.core.windows.net/"
              }
            ],
            "delete_data_disks_on_termination": false,
            "delete_os_disk_on_termination": false,
            "id": "/subscriptions/fa12187f-db35-4094-bbf5-2921bf099f65/resourceGroups/geth3-rg/providers/Microsoft.Compute/virtualMachines/geth39-wrkr-vm001",
            "identity": [],
            "license_type": null,
            "location": "westeurope",
            "name": "geth39-wrkr-vm001",
            "network_interface_ids": [
              "/subscriptions/fa12187f-db35-4094-bbf5-2921bf099f65/resourceGroups/geth3-rg/providers/Microsoft.Network/networkInterfaces/geth39-wrkr-nic"
            ],
            "os_profile": [
              {
                "admin_password": "",
                "admin_username": "renault",
                "computer_name": "geth39-wrkr-vm001",
                "custom_data": ""
              }
            ],
            "os_profile_linux_config": [
              {
                "disable_password_authentication": false,
                "ssh_keys": []
              }
            ],
            "os_profile_secrets": [],
            "os_profile_windows_config": [],
            "plan": [],
            "primary_network_interface_id": null,
            "proximity_placement_group_id": null,
            "resource_group_name": "geth3-rg",
            "storage_data_disk": [],
            "storage_image_reference": [
              {
                "id": "",
                "offer": "UbuntuServer",
                "publisher": "Canonical",
                "sku": "18.04-LTS",
                "version": "latest"
              }
            ],
            "storage_os_disk": [
              {
                "caching": "ReadWrite",
                "create_option": "FromImage",
                "disk_size_gb": 30,
                "image_uri": "",
                "managed_disk_id": "/subscriptions/fa12187f-db35-4094-bbf5-2921bf099f65/resourceGroups/GETH3-RG/providers/Microsoft.Compute/disks/geth39-wrkr-dsk001",
                "managed_disk_type": "Standard_LRS",
                "name": "geth39-wrkr-dsk001",
                "os_type": "Linux",
                "vhd_uri": "",
                "write_accelerator_enabled": false
              }
            ],
            "tags": {
              "application": "Block chain Performnace study",
              "applicationversion": "1.0.0",
              "environment": "Sandbox",
              "infrastructureversion": "1.0.0",
              "name": "Renaultgeth3",
              "tier": "Blockchain VMs"
            },
            "timeouts": null,
            "vm_size": "Standard_B2ms",
            "zones": null
          },
          "private": "eyJlMmJmYjczMC1lY2FhLTExZTYtOGY4OC0zNDM2M2JjN2M0YzAiOnsiY3JlYXRlIjozNjAwMDAwMDAwMDAwLCJkZWxldGUiOjM2MDAwMDAwMDAwMDAsInJlYWQiOjMwMDAwMDAwMDAwMCwidXBkYXRlIjozNjAwMDAwMDAwMDAwfX0=",
          "dependencies": [
            "azurerm_network_interface.worker_nic",
            "azurerm_network_interface_security_group_association.worker_nic_assoc",
            "azurerm_network_security_group.private_nsg",
            "azurerm_resource_group.resource_group",
            "azurerm_storage_account.storage_account",
            "azurerm_subnet.private_subnet",
            "azurerm_virtual_network.vnet",
            "random_id.random_id"
          ]
        },
        {
          "index_key": 10,
          "schema_version": 0,
          "attributes": {
            "additional_capabilities": [],
            "availability_set_id": null,
            "boot_diagnostics": [
              {
                "enabled": true,
                "storage_uri": "https://diagc6cf3109d590b80a.blob.core.windows.net/"
              }
            ],
            "delete_data_disks_on_termination": false,
            "delete_os_disk_on_termination": false,
            "id": "/subscriptions/fa12187f-db35-4094-bbf5-2921bf099f65/resourceGroups/geth3-rg/providers/Microsoft.Compute/virtualMachines/geth310-wrkr-vm001",
            "identity": [],
            "license_type": null,
            "location": "westeurope",
            "name": "geth310-wrkr-vm001",
            "network_interface_ids": [
              "/subscriptions/fa12187f-db35-4094-bbf5-2921bf099f65/resourceGroups/geth3-rg/providers/Microsoft.Network/networkInterfaces/geth310-wrkr-nic"
            ],
            "os_profile": [
              {
                "admin_password": "",
                "admin_username": "renault",
                "computer_name": "geth310-wrkr-vm001",
                "custom_data": ""
              }
            ],
            "os_profile_linux_config": [
              {
                "disable_password_authentication": false,
                "ssh_keys": []
              }
            ],
            "os_profile_secrets": [],
            "os_profile_windows_config": [],
            "plan": [],
            "primary_network_interface_id": null,
            "proximity_placement_group_id": null,
            "resource_group_name": "geth3-rg",
            "storage_data_disk": [],
            "storage_image_reference": [
              {
                "id": "",
                "offer": "UbuntuServer",
                "publisher": "Canonical",
                "sku": "18.04-LTS",
                "version": "latest"
              }
            ],
            "storage_os_disk": [
              {
                "caching": "ReadWrite",
                "create_option": "FromImage",
                "disk_size_gb": 30,
                "image_uri": "",
                "managed_disk_id": "/subscriptions/fa12187f-db35-4094-bbf5-2921bf099f65/resourceGroups/GETH3-RG/providers/Microsoft.Compute/disks/geth310-wrkr-dsk001",
                "managed_disk_type": "Standard_LRS",
                "name": "geth310-wrkr-dsk001",
                "os_type": "Linux",
                "vhd_uri": "",
                "write_accelerator_enabled": false
              }
            ],
            "tags": {
              "application": "Block chain Performnace study",
              "applicationversion": "1.0.0",
              "environment": "Sandbox",
              "infrastructureversion": "1.0.0",
              "name": "Renaultgeth3",
              "tier": "Blockchain VMs"
            },
            "timeouts": null,
            "vm_size": "Standard_B2ms",
            "zones": null
          },
          "private": "eyJlMmJmYjczMC1lY2FhLTExZTYtOGY4OC0zNDM2M2JjN2M0YzAiOnsiY3JlYXRlIjozNjAwMDAwMDAwMDAwLCJkZWxldGUiOjM2MDAwMDAwMDAwMDAsInJlYWQiOjMwMDAwMDAwMDAwMCwidXBkYXRlIjozNjAwMDAwMDAwMDAwfX0=",
          "dependencies": [
            "azurerm_network_interface.worker_nic",
            "azurerm_network_interface_security_group_association.worker_nic_assoc",
            "azurerm_network_security_group.private_nsg",
            "azurerm_resource_group.resource_group",
            "azurerm_storage_account.storage_account",
            "azurerm_subnet.private_subnet",
            "azurerm_virtual_network.vnet",
            "random_id.random_id"
          ]
        },
        {
          "index_key": 11,
          "schema_version": 0,
          "attributes": {
            "additional_capabilities": [],
            "availability_set_id": null,
            "boot_diagnostics": [
              {
                "enabled": true,
                "storage_uri": "https://diagc6cf3109d590b80a.blob.core.windows.net/"
              }
            ],
            "delete_data_disks_on_termination": false,
            "delete_os_disk_on_termination": false,
            "id": "/subscriptions/fa12187f-db35-4094-bbf5-2921bf099f65/resourceGroups/geth3-rg/providers/Microsoft.Compute/virtualMachines/geth311-wrkr-vm001",
            "identity": [],
            "license_type": null,
            "location": "westeurope",
            "name": "geth311-wrkr-vm001",
            "network_interface_ids": [
              "/subscriptions/fa12187f-db35-4094-bbf5-2921bf099f65/resourceGroups/geth3-rg/providers/Microsoft.Network/networkInterfaces/geth311-wrkr-nic"
            ],
            "os_profile": [
              {
                "admin_password": "",
                "admin_username": "renault",
                "computer_name": "geth311-wrkr-vm001",
                "custom_data": ""
              }
            ],
            "os_profile_linux_config": [
              {
                "disable_password_authentication": false,
                "ssh_keys": []
              }
            ],
            "os_profile_secrets": [],
            "os_profile_windows_config": [],
            "plan": [],
            "primary_network_interface_id": null,
            "proximity_placement_group_id": null,
            "resource_group_name": "geth3-rg",
            "storage_data_disk": [],
            "storage_image_reference": [
              {
                "id": "",
                "offer": "UbuntuServer",
                "publisher": "Canonical",
                "sku": "18.04-LTS",
                "version": "latest"
              }
            ],
            "storage_os_disk": [
              {
                "caching": "ReadWrite",
                "create_option": "FromImage",
                "disk_size_gb": 30,
                "image_uri": "",
                "managed_disk_id": "/subscriptions/fa12187f-db35-4094-bbf5-2921bf099f65/resourceGroups/GETH3-RG/providers/Microsoft.Compute/disks/geth311-wrkr-dsk001",
                "managed_disk_type": "Standard_LRS",
                "name": "geth311-wrkr-dsk001",
                "os_type": "Linux",
                "vhd_uri": "",
                "write_accelerator_enabled": false
              }
            ],
            "tags": {
              "application": "Block chain Performnace study",
              "applicationversion": "1.0.0",
              "environment": "Sandbox",
              "infrastructureversion": "1.0.0",
              "name": "Renaultgeth3",
              "tier": "Blockchain VMs"
            },
            "timeouts": null,
            "vm_size": "Standard_B2ms",
            "zones": null
          },
          "private": "eyJlMmJmYjczMC1lY2FhLTExZTYtOGY4OC0zNDM2M2JjN2M0YzAiOnsiY3JlYXRlIjozNjAwMDAwMDAwMDAwLCJkZWxldGUiOjM2MDAwMDAwMDAwMDAsInJlYWQiOjMwMDAwMDAwMDAwMCwidXBkYXRlIjozNjAwMDAwMDAwMDAwfX0=",
          "dependencies": [
            "azurerm_network_interface.worker_nic",
            "azurerm_network_interface_security_group_association.worker_nic_assoc",
            "azurerm_network_security_group.private_nsg",
            "azurerm_resource_group.resource_group",
            "azurerm_storage_account.storage_account",
            "azurerm_subnet.private_subnet",
            "azurerm_virtual_network.vnet",
            "random_id.random_id"
          ]
        },
        {
          "index_key": 12,
          "schema_version": 0,
          "attributes": {
            "additional_capabilities": [],
            "availability_set_id": null,
            "boot_diagnostics": [
              {
                "enabled": true,
                "storage_uri": "https://diagc6cf3109d590b80a.blob.core.windows.net/"
              }
            ],
            "delete_data_disks_on_termination": false,
            "delete_os_disk_on_termination": false,
            "id": "/subscriptions/fa12187f-db35-4094-bbf5-2921bf099f65/resourceGroups/geth3-rg/providers/Microsoft.Compute/virtualMachines/geth312-wrkr-vm001",
            "identity": [],
            "license_type": null,
            "location": "westeurope",
            "name": "geth312-wrkr-vm001",
            "network_interface_ids": [
              "/subscriptions/fa12187f-db35-4094-bbf5-2921bf099f65/resourceGroups/geth3-rg/providers/Microsoft.Network/networkInterfaces/geth312-wrkr-nic"
            ],
            "os_profile": [
              {
                "admin_password": "",
                "admin_username": "renault",
                "computer_name": "geth312-wrkr-vm001",
                "custom_data": ""
              }
            ],
            "os_profile_linux_config": [
              {
                "disable_password_authentication": false,
                "ssh_keys": []
              }
            ],
            "os_profile_secrets": [],
            "os_profile_windows_config": [],
            "plan": [],
            "primary_network_interface_id": null,
            "proximity_placement_group_id": null,
            "resource_group_name": "geth3-rg",
            "storage_data_disk": [],
            "storage_image_reference": [
              {
                "id": "",
                "offer": "UbuntuServer",
                "publisher": "Canonical",
                "sku": "18.04-LTS",
                "version": "latest"
              }
            ],
            "storage_os_disk": [
              {
                "caching": "ReadWrite",
                "create_option": "FromImage",
                "disk_size_gb": 30,
                "image_uri": "",
                "managed_disk_id": "/subscriptions/fa12187f-db35-4094-bbf5-2921bf099f65/resourceGroups/GETH3-RG/providers/Microsoft.Compute/disks/geth312-wrkr-dsk001",
                "managed_disk_type": "Standard_LRS",
                "name": "geth312-wrkr-dsk001",
                "os_type": "Linux",
                "vhd_uri": "",
                "write_accelerator_enabled": false
              }
            ],
            "tags": {
              "application": "Block chain Performnace study",
              "applicationversion": "1.0.0",
              "environment": "Sandbox",
              "infrastructureversion": "1.0.0",
              "name": "Renaultgeth3",
              "tier": "Blockchain VMs"
            },
            "timeouts": null,
            "vm_size": "Standard_B2ms",
            "zones": null
          },
          "private": "eyJlMmJmYjczMC1lY2FhLTExZTYtOGY4OC0zNDM2M2JjN2M0YzAiOnsiY3JlYXRlIjozNjAwMDAwMDAwMDAwLCJkZWxldGUiOjM2MDAwMDAwMDAwMDAsInJlYWQiOjMwMDAwMDAwMDAwMCwidXBkYXRlIjozNjAwMDAwMDAwMDAwfX0=",
          "dependencies": [
            "azurerm_network_interface.worker_nic",
            "azurerm_network_interface_security_group_association.worker_nic_assoc",
            "azurerm_network_security_group.private_nsg",
            "azurerm_resource_group.resource_group",
            "azurerm_storage_account.storage_account",
            "azurerm_subnet.private_subnet",
            "azurerm_virtual_network.vnet",
            "random_id.random_id"
          ]
        },
        {
          "index_key": 13,
          "schema_version": 0,
          "attributes": {
            "additional_capabilities": [],
            "availability_set_id": null,
            "boot_diagnostics": [
              {
                "enabled": true,
                "storage_uri": "https://diagc6cf3109d590b80a.blob.core.windows.net/"
              }
            ],
            "delete_data_disks_on_termination": false,
            "delete_os_disk_on_termination": false,
            "id": "/subscriptions/fa12187f-db35-4094-bbf5-2921bf099f65/resourceGroups/geth3-rg/providers/Microsoft.Compute/virtualMachines/geth313-wrkr-vm001",
            "identity": [],
            "license_type": null,
            "location": "westeurope",
            "name": "geth313-wrkr-vm001",
            "network_interface_ids": [
              "/subscriptions/fa12187f-db35-4094-bbf5-2921bf099f65/resourceGroups/geth3-rg/providers/Microsoft.Network/networkInterfaces/geth313-wrkr-nic"
            ],
            "os_profile": [
              {
                "admin_password": "",
                "admin_username": "renault",
                "computer_name": "geth313-wrkr-vm001",
                "custom_data": ""
              }
            ],
            "os_profile_linux_config": [
              {
                "disable_password_authentication": false,
                "ssh_keys": []
              }
            ],
            "os_profile_secrets": [],
            "os_profile_windows_config": [],
            "plan": [],
            "primary_network_interface_id": null,
            "proximity_placement_group_id": null,
            "resource_group_name": "geth3-rg",
            "storage_data_disk": [],
            "storage_image_reference": [
              {
                "id": "",
                "offer": "UbuntuServer",
                "publisher": "Canonical",
                "sku": "18.04-LTS",
                "version": "latest"
              }
            ],
            "storage_os_disk": [
              {
                "caching": "ReadWrite",
                "create_option": "FromImage",
                "disk_size_gb": 30,
                "image_uri": "",
                "managed_disk_id": "/subscriptions/fa12187f-db35-4094-bbf5-2921bf099f65/resourceGroups/GETH3-RG/providers/Microsoft.Compute/disks/geth313-wrkr-dsk001",
                "managed_disk_type": "Standard_LRS",
                "name": "geth313-wrkr-dsk001",
                "os_type": "Linux",
                "vhd_uri": "",
                "write_accelerator_enabled": false
              }
            ],
            "tags": {
              "application": "Block chain Performnace study",
              "applicationversion": "1.0.0",
              "environment": "Sandbox",
              "infrastructureversion": "1.0.0",
              "name": "Renaultgeth3",
              "tier": "Blockchain VMs"
            },
            "timeouts": null,
            "vm_size": "Standard_B2ms",
            "zones": null
          },
          "private": "eyJlMmJmYjczMC1lY2FhLTExZTYtOGY4OC0zNDM2M2JjN2M0YzAiOnsiY3JlYXRlIjozNjAwMDAwMDAwMDAwLCJkZWxldGUiOjM2MDAwMDAwMDAwMDAsInJlYWQiOjMwMDAwMDAwMDAwMCwidXBkYXRlIjozNjAwMDAwMDAwMDAwfX0=",
          "dependencies": [
            "azurerm_network_interface.worker_nic",
            "azurerm_network_interface_security_group_association.worker_nic_assoc",
            "azurerm_network_security_group.private_nsg",
            "azurerm_resource_group.resource_group",
            "azurerm_storage_account.storage_account",
            "azurerm_subnet.private_subnet",
            "azurerm_virtual_network.vnet",
            "random_id.random_id"
          ]
        },
        {
          "index_key": 14,
          "schema_version": 0,
          "attributes": {
            "additional_capabilities": [],
            "availability_set_id": null,
            "boot_diagnostics": [
              {
                "enabled": true,
                "storage_uri": "https://diagc6cf3109d590b80a.blob.core.windows.net/"
              }
            ],
            "delete_data_disks_on_termination": false,
            "delete_os_disk_on_termination": false,
            "id": "/subscriptions/fa12187f-db35-4094-bbf5-2921bf099f65/resourceGroups/geth3-rg/providers/Microsoft.Compute/virtualMachines/geth314-wrkr-vm001",
            "identity": [],
            "license_type": null,
            "location": "westeurope",
            "name": "geth314-wrkr-vm001",
            "network_interface_ids": [
              "/subscriptions/fa12187f-db35-4094-bbf5-2921bf099f65/resourceGroups/geth3-rg/providers/Microsoft.Network/networkInterfaces/geth314-wrkr-nic"
            ],
            "os_profile": [
              {
                "admin_password": "",
                "admin_username": "renault",
                "computer_name": "geth314-wrkr-vm001",
                "custom_data": ""
              }
            ],
            "os_profile_linux_config": [
              {
                "disable_password_authentication": false,
                "ssh_keys": []
              }
            ],
            "os_profile_secrets": [],
            "os_profile_windows_config": [],
            "plan": [],
            "primary_network_interface_id": null,
            "proximity_placement_group_id": null,
            "resource_group_name": "geth3-rg",
            "storage_data_disk": [],
            "storage_image_reference": [
              {
                "id": "",
                "offer": "UbuntuServer",
                "publisher": "Canonical",
                "sku": "18.04-LTS",
                "version": "latest"
              }
            ],
            "storage_os_disk": [
              {
                "caching": "ReadWrite",
                "create_option": "FromImage",
                "disk_size_gb": 30,
                "image_uri": "",
                "managed_disk_id": "/subscriptions/fa12187f-db35-4094-bbf5-2921bf099f65/resourceGroups/GETH3-RG/providers/Microsoft.Compute/disks/geth314-wrkr-dsk001",
                "managed_disk_type": "Standard_LRS",
                "name": "geth314-wrkr-dsk001",
                "os_type": "Linux",
                "vhd_uri": "",
                "write_accelerator_enabled": false
              }
            ],
            "tags": {
              "application": "Block chain Performnace study",
              "applicationversion": "1.0.0",
              "environment": "Sandbox",
              "infrastructureversion": "1.0.0",
              "name": "Renaultgeth3",
              "tier": "Blockchain VMs"
            },
            "timeouts": null,
            "vm_size": "Standard_B2ms",
            "zones": null
          },
          "private": "eyJlMmJmYjczMC1lY2FhLTExZTYtOGY4OC0zNDM2M2JjN2M0YzAiOnsiY3JlYXRlIjozNjAwMDAwMDAwMDAwLCJkZWxldGUiOjM2MDAwMDAwMDAwMDAsInJlYWQiOjMwMDAwMDAwMDAwMCwidXBkYXRlIjozNjAwMDAwMDAwMDAwfX0=",
          "dependencies": [
            "azurerm_network_interface.worker_nic",
            "azurerm_network_interface_security_group_association.worker_nic_assoc",
            "azurerm_network_security_group.private_nsg",
            "azurerm_resource_group.resource_group",
            "azurerm_storage_account.storage_account",
            "azurerm_subnet.private_subnet",
            "azurerm_virtual_network.vnet",
            "random_id.random_id"
          ]
        },
        {
          "index_key": 15,
          "schema_version": 0,
          "attributes": {
            "additional_capabilities": [],
            "availability_set_id": null,
            "boot_diagnostics": [
              {
                "enabled": true,
                "storage_uri": "https://diagc6cf3109d590b80a.blob.core.windows.net/"
              }
            ],
            "delete_data_disks_on_termination": false,
            "delete_os_disk_on_termination": false,
            "id": "/subscriptions/fa12187f-db35-4094-bbf5-2921bf099f65/resourceGroups/geth3-rg/providers/Microsoft.Compute/virtualMachines/geth315-wrkr-vm001",
            "identity": [],
            "license_type": null,
            "location": "westeurope",
            "name": "geth315-wrkr-vm001",
            "network_interface_ids": [
              "/subscriptions/fa12187f-db35-4094-bbf5-2921bf099f65/resourceGroups/geth3-rg/providers/Microsoft.Network/networkInterfaces/geth315-wrkr-nic"
            ],
            "os_profile": [
              {
                "admin_password": "",
                "admin_username": "renault",
                "computer_name": "geth315-wrkr-vm001",
                "custom_data": ""
              }
            ],
            "os_profile_linux_config": [
              {
                "disable_password_authentication": false,
                "ssh_keys": []
              }
            ],
            "os_profile_secrets": [],
            "os_profile_windows_config": [],
            "plan": [],
            "primary_network_interface_id": null,
            "proximity_placement_group_id": null,
            "resource_group_name": "geth3-rg",
            "storage_data_disk": [],
            "storage_image_reference": [
              {
                "id": "",
                "offer": "UbuntuServer",
                "publisher": "Canonical",
                "sku": "18.04-LTS",
                "version": "latest"
              }
            ],
            "storage_os_disk": [
              {
                "caching": "ReadWrite",
                "create_option": "FromImage",
                "disk_size_gb": 30,
                "image_uri": "",
                "managed_disk_id": "/subscriptions/fa12187f-db35-4094-bbf5-2921bf099f65/resourceGroups/GETH3-RG/providers/Microsoft.Compute/disks/geth315-wrkr-dsk001",
                "managed_disk_type": "Standard_LRS",
                "name": "geth315-wrkr-dsk001",
                "os_type": "Linux",
                "vhd_uri": "",
                "write_accelerator_enabled": false
              }
            ],
            "tags": {
              "application": "Block chain Performnace study",
              "applicationversion": "1.0.0",
              "environment": "Sandbox",
              "infrastructureversion": "1.0.0",
              "name": "Renaultgeth3",
              "tier": "Blockchain VMs"
            },
            "timeouts": null,
            "vm_size": "Standard_B2ms",
            "zones": null
          },
          "private": "eyJlMmJmYjczMC1lY2FhLTExZTYtOGY4OC0zNDM2M2JjN2M0YzAiOnsiY3JlYXRlIjozNjAwMDAwMDAwMDAwLCJkZWxldGUiOjM2MDAwMDAwMDAwMDAsInJlYWQiOjMwMDAwMDAwMDAwMCwidXBkYXRlIjozNjAwMDAwMDAwMDAwfX0=",
          "dependencies": [
            "azurerm_network_interface.worker_nic",
            "azurerm_network_interface_security_group_association.worker_nic_assoc",
            "azurerm_network_security_group.private_nsg",
            "azurerm_resource_group.resource_group",
            "azurerm_storage_account.storage_account",
            "azurerm_subnet.private_subnet",
            "azurerm_virtual_network.vnet",
            "random_id.random_id"
          ]
        },
        {
          "index_key": 16,
          "schema_version": 0,
          "attributes": {
            "additional_capabilities": [],
            "availability_set_id": null,
            "boot_diagnostics": [
              {
                "enabled": true,
                "storage_uri": "https://diagc6cf3109d590b80a.blob.core.windows.net/"
              }
            ],
            "delete_data_disks_on_termination": false,
            "delete_os_disk_on_termination": false,
            "id": "/subscriptions/fa12187f-db35-4094-bbf5-2921bf099f65/resourceGroups/geth3-rg/providers/Microsoft.Compute/virtualMachines/geth316-wrkr-vm001",
            "identity": [],
            "license_type": null,
            "location": "westeurope",
            "name": "geth316-wrkr-vm001",
            "network_interface_ids": [
              "/subscriptions/fa12187f-db35-4094-bbf5-2921bf099f65/resourceGroups/geth3-rg/providers/Microsoft.Network/networkInterfaces/geth316-wrkr-nic"
            ],
            "os_profile": [
              {
                "admin_password": "",
                "admin_username": "renault",
                "computer_name": "geth316-wrkr-vm001",
                "custom_data": ""
              }
            ],
            "os_profile_linux_config": [
              {
                "disable_password_authentication": false,
                "ssh_keys": []
              }
            ],
            "os_profile_secrets": [],
            "os_profile_windows_config": [],
            "plan": [],
            "primary_network_interface_id": null,
            "proximity_placement_group_id": null,
            "resource_group_name": "geth3-rg",
            "storage_data_disk": [],
            "storage_image_reference": [
              {
                "id": "",
                "offer": "UbuntuServer",
                "publisher": "Canonical",
                "sku": "18.04-LTS",
                "version": "latest"
              }
            ],
            "storage_os_disk": [
              {
                "caching": "ReadWrite",
                "create_option": "FromImage",
                "disk_size_gb": 30,
                "image_uri": "",
                "managed_disk_id": "/subscriptions/fa12187f-db35-4094-bbf5-2921bf099f65/resourceGroups/GETH3-RG/providers/Microsoft.Compute/disks/geth316-wrkr-dsk001",
                "managed_disk_type": "Standard_LRS",
                "name": "geth316-wrkr-dsk001",
                "os_type": "Linux",
                "vhd_uri": "",
                "write_accelerator_enabled": false
              }
            ],
            "tags": {
              "application": "Block chain Performnace study",
              "applicationversion": "1.0.0",
              "environment": "Sandbox",
              "infrastructureversion": "1.0.0",
              "name": "Renaultgeth3",
              "tier": "Blockchain VMs"
            },
            "timeouts": null,
            "vm_size": "Standard_B2ms",
            "zones": null
          },
          "private": "eyJlMmJmYjczMC1lY2FhLTExZTYtOGY4OC0zNDM2M2JjN2M0YzAiOnsiY3JlYXRlIjozNjAwMDAwMDAwMDAwLCJkZWxldGUiOjM2MDAwMDAwMDAwMDAsInJlYWQiOjMwMDAwMDAwMDAwMCwidXBkYXRlIjozNjAwMDAwMDAwMDAwfX0=",
          "dependencies": [
            "azurerm_network_interface.worker_nic",
            "azurerm_network_interface_security_group_association.worker_nic_assoc",
            "azurerm_network_security_group.private_nsg",
            "azurerm_resource_group.resource_group",
            "azurerm_storage_account.storage_account",
            "azurerm_subnet.private_subnet",
            "azurerm_virtual_network.vnet",
            "random_id.random_id"
          ]
        },
        {
          "index_key": 17,
          "schema_version": 0,
          "attributes": {
            "additional_capabilities": [],
            "availability_set_id": null,
            "boot_diagnostics": [
              {
                "enabled": true,
                "storage_uri": "https://diagc6cf3109d590b80a.blob.core.windows.net/"
              }
            ],
            "delete_data_disks_on_termination": false,
            "delete_os_disk_on_termination": false,
            "id": "/subscriptions/fa12187f-db35-4094-bbf5-2921bf099f65/resourceGroups/geth3-rg/providers/Microsoft.Compute/virtualMachines/geth317-wrkr-vm001",
            "identity": [],
            "license_type": null,
            "location": "westeurope",
            "name": "geth317-wrkr-vm001",
            "network_interface_ids": [
              "/subscriptions/fa12187f-db35-4094-bbf5-2921bf099f65/resourceGroups/geth3-rg/providers/Microsoft.Network/networkInterfaces/geth317-wrkr-nic"
            ],
            "os_profile": [
              {
                "admin_password": "",
                "admin_username": "renault",
                "computer_name": "geth317-wrkr-vm001",
                "custom_data": ""
              }
            ],
            "os_profile_linux_config": [
              {
                "disable_password_authentication": false,
                "ssh_keys": []
              }
            ],
            "os_profile_secrets": [],
            "os_profile_windows_config": [],
            "plan": [],
            "primary_network_interface_id": null,
            "proximity_placement_group_id": null,
            "resource_group_name": "geth3-rg",
            "storage_data_disk": [],
            "storage_image_reference": [
              {
                "id": "",
                "offer": "UbuntuServer",
                "publisher": "Canonical",
                "sku": "18.04-LTS",
                "version": "latest"
              }
            ],
            "storage_os_disk": [
              {
                "caching": "ReadWrite",
                "create_option": "FromImage",
                "disk_size_gb": 30,
                "image_uri": "",
                "managed_disk_id": "/subscriptions/fa12187f-db35-4094-bbf5-2921bf099f65/resourceGroups/GETH3-RG/providers/Microsoft.Compute/disks/geth317-wrkr-dsk001",
                "managed_disk_type": "Standard_LRS",
                "name": "geth317-wrkr-dsk001",
                "os_type": "Linux",
                "vhd_uri": "",
                "write_accelerator_enabled": false
              }
            ],
            "tags": {
              "application": "Block chain Performnace study",
              "applicationversion": "1.0.0",
              "environment": "Sandbox",
              "infrastructureversion": "1.0.0",
              "name": "Renaultgeth3",
              "tier": "Blockchain VMs"
            },
            "timeouts": null,
            "vm_size": "Standard_B2ms",
            "zones": null
          },
          "private": "eyJlMmJmYjczMC1lY2FhLTExZTYtOGY4OC0zNDM2M2JjN2M0YzAiOnsiY3JlYXRlIjozNjAwMDAwMDAwMDAwLCJkZWxldGUiOjM2MDAwMDAwMDAwMDAsInJlYWQiOjMwMDAwMDAwMDAwMCwidXBkYXRlIjozNjAwMDAwMDAwMDAwfX0=",
          "dependencies": [
            "azurerm_network_interface.worker_nic",
            "azurerm_network_interface_security_group_association.worker_nic_assoc",
            "azurerm_network_security_group.private_nsg",
            "azurerm_resource_group.resource_group",
            "azurerm_storage_account.storage_account",
            "azurerm_subnet.private_subnet",
            "azurerm_virtual_network.vnet",
            "random_id.random_id"
          ]
        },
        {
          "index_key": 18,
          "schema_version": 0,
          "attributes": {
            "additional_capabilities": [],
            "availability_set_id": null,
            "boot_diagnostics": [
              {
                "enabled": true,
                "storage_uri": "https://diagc6cf3109d590b80a.blob.core.windows.net/"
              }
            ],
            "delete_data_disks_on_termination": false,
            "delete_os_disk_on_termination": false,
            "id": "/subscriptions/fa12187f-db35-4094-bbf5-2921bf099f65/resourceGroups/geth3-rg/providers/Microsoft.Compute/virtualMachines/geth318-wrkr-vm001",
            "identity": [],
            "license_type": null,
            "location": "westeurope",
            "name": "geth318-wrkr-vm001",
            "network_interface_ids": [
              "/subscriptions/fa12187f-db35-4094-bbf5-2921bf099f65/resourceGroups/geth3-rg/providers/Microsoft.Network/networkInterfaces/geth318-wrkr-nic"
            ],
            "os_profile": [
              {
                "admin_password": "",
                "admin_username": "renault",
                "computer_name": "geth318-wrkr-vm001",
                "custom_data": ""
              }
            ],
            "os_profile_linux_config": [
              {
                "disable_password_authentication": false,
                "ssh_keys": []
              }
            ],
            "os_profile_secrets": [],
            "os_profile_windows_config": [],
            "plan": [],
            "primary_network_interface_id": null,
            "proximity_placement_group_id": null,
            "resource_group_name": "geth3-rg",
            "storage_data_disk": [],
            "storage_image_reference": [
              {
                "id": "",
                "offer": "UbuntuServer",
                "publisher": "Canonical",
                "sku": "18.04-LTS",
                "version": "latest"
              }
            ],
            "storage_os_disk": [
              {
                "caching": "ReadWrite",
                "create_option": "FromImage",
                "disk_size_gb": 30,
                "image_uri": "",
                "managed_disk_id": "/subscriptions/fa12187f-db35-4094-bbf5-2921bf099f65/resourceGroups/GETH3-RG/providers/Microsoft.Compute/disks/geth318-wrkr-dsk001",
                "managed_disk_type": "Standard_LRS",
                "name": "geth318-wrkr-dsk001",
                "os_type": "Linux",
                "vhd_uri": "",
                "write_accelerator_enabled": false
              }
            ],
            "tags": {
              "application": "Block chain Performnace study",
              "applicationversion": "1.0.0",
              "environment": "Sandbox",
              "infrastructureversion": "1.0.0",
              "name": "Renaultgeth3",
              "tier": "Blockchain VMs"
            },
            "timeouts": null,
            "vm_size": "Standard_B2ms",
            "zones": null
          },
          "private": "eyJlMmJmYjczMC1lY2FhLTExZTYtOGY4OC0zNDM2M2JjN2M0YzAiOnsiY3JlYXRlIjozNjAwMDAwMDAwMDAwLCJkZWxldGUiOjM2MDAwMDAwMDAwMDAsInJlYWQiOjMwMDAwMDAwMDAwMCwidXBkYXRlIjozNjAwMDAwMDAwMDAwfX0=",
          "dependencies": [
            "azurerm_network_interface.worker_nic",
            "azurerm_network_interface_security_group_association.worker_nic_assoc",
            "azurerm_network_security_group.private_nsg",
            "azurerm_resource_group.resource_group",
            "azurerm_storage_account.storage_account",
            "azurerm_subnet.private_subnet",
            "azurerm_virtual_network.vnet",
            "random_id.random_id"
          ]
        },
        {
          "index_key": 19,
          "schema_version": 0,
          "attributes": {
            "additional_capabilities": [],
            "availability_set_id": null,
            "boot_diagnostics": [
              {
                "enabled": true,
                "storage_uri": "https://diagc6cf3109d590b80a.blob.core.windows.net/"
              }
            ],
            "delete_data_disks_on_termination": false,
            "delete_os_disk_on_termination": false,
            "id": "/subscriptions/fa12187f-db35-4094-bbf5-2921bf099f65/resourceGroups/geth3-rg/providers/Microsoft.Compute/virtualMachines/geth319-wrkr-vm001",
            "identity": [],
            "license_type": null,
            "location": "westeurope",
            "name": "geth319-wrkr-vm001",
            "network_interface_ids": [
              "/subscriptions/fa12187f-db35-4094-bbf5-2921bf099f65/resourceGroups/geth3-rg/providers/Microsoft.Network/networkInterfaces/geth319-wrkr-nic"
            ],
            "os_profile": [
              {
                "admin_password": "",
                "admin_username": "renault",
                "computer_name": "geth319-wrkr-vm001",
                "custom_data": ""
              }
            ],
            "os_profile_linux_config": [
              {
                "disable_password_authentication": false,
                "ssh_keys": []
              }
            ],
            "os_profile_secrets": [],
            "os_profile_windows_config": [],
            "plan": [],
            "primary_network_interface_id": null,
            "proximity_placement_group_id": null,
            "resource_group_name": "geth3-rg",
            "storage_data_disk": [],
            "storage_image_reference": [
              {
                "id": "",
                "offer": "UbuntuServer",
                "publisher": "Canonical",
                "sku": "18.04-LTS",
                "version": "latest"
              }
            ],
            "storage_os_disk": [
              {
                "caching": "ReadWrite",
                "create_option": "FromImage",
                "disk_size_gb": 30,
                "image_uri": "",
                "managed_disk_id": "/subscriptions/fa12187f-db35-4094-bbf5-2921bf099f65/resourceGroups/GETH3-RG/providers/Microsoft.Compute/disks/geth319-wrkr-dsk001",
                "managed_disk_type": "Standard_LRS",
                "name": "geth319-wrkr-dsk001",
                "os_type": "Linux",
                "vhd_uri": "",
                "write_accelerator_enabled": false
              }
            ],
            "tags": {
              "application": "Block chain Performnace study",
              "applicationversion": "1.0.0",
              "environment": "Sandbox",
              "infrastructureversion": "1.0.0",
              "name": "Renaultgeth3",
              "tier": "Blockchain VMs"
            },
            "timeouts": null,
            "vm_size": "Standard_B2ms",
            "zones": null
          },
          "private": "eyJlMmJmYjczMC1lY2FhLTExZTYtOGY4OC0zNDM2M2JjN2M0YzAiOnsiY3JlYXRlIjozNjAwMDAwMDAwMDAwLCJkZWxldGUiOjM2MDAwMDAwMDAwMDAsInJlYWQiOjMwMDAwMDAwMDAwMCwidXBkYXRlIjozNjAwMDAwMDAwMDAwfX0=",
          "dependencies": [
            "azurerm_network_interface.worker_nic",
            "azurerm_network_interface_security_group_association.worker_nic_assoc",
            "azurerm_network_security_group.private_nsg",
            "azurerm_resource_group.resource_group",
            "azurerm_storage_account.storage_account",
            "azurerm_subnet.private_subnet",
            "azurerm_virtual_network.vnet",
            "random_id.random_id"
          ]
        },
        {
          "index_key": 20,
          "schema_version": 0,
          "attributes": {
            "additional_capabilities": [],
            "availability_set_id": null,
            "boot_diagnostics": [
              {
                "enabled": true,
                "storage_uri": "https://diagc6cf3109d590b80a.blob.core.windows.net/"
              }
            ],
            "delete_data_disks_on_termination": false,
            "delete_os_disk_on_termination": false,
            "id": "/subscriptions/fa12187f-db35-4094-bbf5-2921bf099f65/resourceGroups/geth3-rg/providers/Microsoft.Compute/virtualMachines/geth320-wrkr-vm001",
            "identity": [],
            "license_type": null,
            "location": "westeurope",
            "name": "geth320-wrkr-vm001",
            "network_interface_ids": [
              "/subscriptions/fa12187f-db35-4094-bbf5-2921bf099f65/resourceGroups/geth3-rg/providers/Microsoft.Network/networkInterfaces/geth320-wrkr-nic"
            ],
            "os_profile": [
              {
                "admin_password": "",
                "admin_username": "renault",
                "computer_name": "geth320-wrkr-vm001",
                "custom_data": ""
              }
            ],
            "os_profile_linux_config": [
              {
                "disable_password_authentication": false,
                "ssh_keys": []
              }
            ],
            "os_profile_secrets": [],
            "os_profile_windows_config": [],
            "plan": [],
            "primary_network_interface_id": null,
            "proximity_placement_group_id": null,
            "resource_group_name": "geth3-rg",
            "storage_data_disk": [],
            "storage_image_reference": [
              {
                "id": "",
                "offer": "UbuntuServer",
                "publisher": "Canonical",
                "sku": "18.04-LTS",
                "version": "latest"
              }
            ],
            "storage_os_disk": [
              {
                "caching": "ReadWrite",
                "create_option": "FromImage",
                "disk_size_gb": 30,
                "image_uri": "",
                "managed_disk_id": "/subscriptions/fa12187f-db35-4094-bbf5-2921bf099f65/resourceGroups/GETH3-RG/providers/Microsoft.Compute/disks/geth320-wrkr-dsk001",
                "managed_disk_type": "Standard_LRS",
                "name": "geth320-wrkr-dsk001",
                "os_type": "Linux",
                "vhd_uri": "",
                "write_accelerator_enabled": false
              }
            ],
            "tags": {
              "application": "Block chain Performnace study",
              "applicationversion": "1.0.0",
              "environment": "Sandbox",
              "infrastructureversion": "1.0.0",
              "name": "Renaultgeth3",
              "tier": "Blockchain VMs"
            },
            "timeouts": null,
            "vm_size": "Standard_B2ms",
            "zones": null
          },
          "private": "eyJlMmJmYjczMC1lY2FhLTExZTYtOGY4OC0zNDM2M2JjN2M0YzAiOnsiY3JlYXRlIjozNjAwMDAwMDAwMDAwLCJkZWxldGUiOjM2MDAwMDAwMDAwMDAsInJlYWQiOjMwMDAwMDAwMDAwMCwidXBkYXRlIjozNjAwMDAwMDAwMDAwfX0=",
          "dependencies": [
            "azurerm_network_interface.worker_nic",
            "azurerm_network_interface_security_group_association.worker_nic_assoc",
            "azurerm_network_security_group.private_nsg",
            "azurerm_resource_group.resource_group",
            "azurerm_storage_account.storage_account",
            "azurerm_subnet.private_subnet",
            "azurerm_virtual_network.vnet",
            "random_id.random_id"
          ]
        },
        {
          "index_key": 21,
          "schema_version": 0,
          "attributes": {
            "additional_capabilities": [],
            "availability_set_id": null,
            "boot_diagnostics": [
              {
                "enabled": true,
                "storage_uri": "https://diagc6cf3109d590b80a.blob.core.windows.net/"
              }
            ],
            "delete_data_disks_on_termination": false,
            "delete_os_disk_on_termination": false,
            "id": "/subscriptions/fa12187f-db35-4094-bbf5-2921bf099f65/resourceGroups/geth3-rg/providers/Microsoft.Compute/virtualMachines/geth321-wrkr-vm001",
            "identity": [],
            "license_type": null,
            "location": "westeurope",
            "name": "geth321-wrkr-vm001",
            "network_interface_ids": [
              "/subscriptions/fa12187f-db35-4094-bbf5-2921bf099f65/resourceGroups/geth3-rg/providers/Microsoft.Network/networkInterfaces/geth321-wrkr-nic"
            ],
            "os_profile": [
              {
                "admin_password": "",
                "admin_username": "renault",
                "computer_name": "geth321-wrkr-vm001",
                "custom_data": ""
              }
            ],
            "os_profile_linux_config": [
              {
                "disable_password_authentication": false,
                "ssh_keys": []
              }
            ],
            "os_profile_secrets": [],
            "os_profile_windows_config": [],
            "plan": [],
            "primary_network_interface_id": null,
            "proximity_placement_group_id": null,
            "resource_group_name": "geth3-rg",
            "storage_data_disk": [],
            "storage_image_reference": [
              {
                "id": "",
                "offer": "UbuntuServer",
                "publisher": "Canonical",
                "sku": "18.04-LTS",
                "version": "latest"
              }
            ],
            "storage_os_disk": [
              {
                "caching": "ReadWrite",
                "create_option": "FromImage",
                "disk_size_gb": 30,
                "image_uri": "",
                "managed_disk_id": "/subscriptions/fa12187f-db35-4094-bbf5-2921bf099f65/resourceGroups/GETH3-RG/providers/Microsoft.Compute/disks/geth321-wrkr-dsk001",
                "managed_disk_type": "Standard_LRS",
                "name": "geth321-wrkr-dsk001",
                "os_type": "Linux",
                "vhd_uri": "",
                "write_accelerator_enabled": false
              }
            ],
            "tags": {
              "application": "Block chain Performnace study",
              "applicationversion": "1.0.0",
              "environment": "Sandbox",
              "infrastructureversion": "1.0.0",
              "name": "Renaultgeth3",
              "tier": "Blockchain VMs"
            },
            "timeouts": null,
            "vm_size": "Standard_B2ms",
            "zones": null
          },
          "private": "eyJlMmJmYjczMC1lY2FhLTExZTYtOGY4OC0zNDM2M2JjN2M0YzAiOnsiY3JlYXRlIjozNjAwMDAwMDAwMDAwLCJkZWxldGUiOjM2MDAwMDAwMDAwMDAsInJlYWQiOjMwMDAwMDAwMDAwMCwidXBkYXRlIjozNjAwMDAwMDAwMDAwfX0=",
          "dependencies": [
            "azurerm_network_interface.worker_nic",
            "azurerm_network_interface_security_group_association.worker_nic_assoc",
            "azurerm_network_security_group.private_nsg",
            "azurerm_resource_group.resource_group",
            "azurerm_storage_account.storage_account",
            "azurerm_subnet.private_subnet",
            "azurerm_virtual_network.vnet",
            "random_id.random_id"
          ]
        },
        {
          "index_key": 22,
          "schema_version": 0,
          "attributes": {
            "additional_capabilities": [],
            "availability_set_id": null,
            "boot_diagnostics": [
              {
                "enabled": true,
                "storage_uri": "https://diagc6cf3109d590b80a.blob.core.windows.net/"
              }
            ],
            "delete_data_disks_on_termination": false,
            "delete_os_disk_on_termination": false,
            "id": "/subscriptions/fa12187f-db35-4094-bbf5-2921bf099f65/resourceGroups/geth3-rg/providers/Microsoft.Compute/virtualMachines/geth322-wrkr-vm001",
            "identity": [],
            "license_type": null,
            "location": "westeurope",
            "name": "geth322-wrkr-vm001",
            "network_interface_ids": [
              "/subscriptions/fa12187f-db35-4094-bbf5-2921bf099f65/resourceGroups/geth3-rg/providers/Microsoft.Network/networkInterfaces/geth322-wrkr-nic"
            ],
            "os_profile": [
              {
                "admin_password": "",
                "admin_username": "renault",
                "computer_name": "geth322-wrkr-vm001",
                "custom_data": ""
              }
            ],
            "os_profile_linux_config": [
              {
                "disable_password_authentication": false,
                "ssh_keys": []
              }
            ],
            "os_profile_secrets": [],
            "os_profile_windows_config": [],
            "plan": [],
            "primary_network_interface_id": null,
            "proximity_placement_group_id": null,
            "resource_group_name": "geth3-rg",
            "storage_data_disk": [],
            "storage_image_reference": [
              {
                "id": "",
                "offer": "UbuntuServer",
                "publisher": "Canonical",
                "sku": "18.04-LTS",
                "version": "latest"
              }
            ],
            "storage_os_disk": [
              {
                "caching": "ReadWrite",
                "create_option": "FromImage",
                "disk_size_gb": 30,
                "image_uri": "",
                "managed_disk_id": "/subscriptions/fa12187f-db35-4094-bbf5-2921bf099f65/resourceGroups/GETH3-RG/providers/Microsoft.Compute/disks/geth322-wrkr-dsk001",
                "managed_disk_type": "Standard_LRS",
                "name": "geth322-wrkr-dsk001",
                "os_type": "Linux",
                "vhd_uri": "",
                "write_accelerator_enabled": false
              }
            ],
            "tags": {
              "application": "Block chain Performnace study",
              "applicationversion": "1.0.0",
              "environment": "Sandbox",
              "infrastructureversion": "1.0.0",
              "name": "Renaultgeth3",
              "tier": "Blockchain VMs"
            },
            "timeouts": null,
            "vm_size": "Standard_B2ms",
            "zones": null
          },
          "private": "eyJlMmJmYjczMC1lY2FhLTExZTYtOGY4OC0zNDM2M2JjN2M0YzAiOnsiY3JlYXRlIjozNjAwMDAwMDAwMDAwLCJkZWxldGUiOjM2MDAwMDAwMDAwMDAsInJlYWQiOjMwMDAwMDAwMDAwMCwidXBkYXRlIjozNjAwMDAwMDAwMDAwfX0=",
          "dependencies": [
            "azurerm_network_interface.worker_nic",
            "azurerm_network_interface_security_group_association.worker_nic_assoc",
            "azurerm_network_security_group.private_nsg",
            "azurerm_resource_group.resource_group",
            "azurerm_storage_account.storage_account",
            "azurerm_subnet.private_subnet",
            "azurerm_virtual_network.vnet",
            "random_id.random_id"
          ]
        },
        {
          "index_key": 23,
          "schema_version": 0,
          "attributes": {
            "additional_capabilities": [],
            "availability_set_id": null,
            "boot_diagnostics": [
              {
                "enabled": true,
                "storage_uri": "https://diagc6cf3109d590b80a.blob.core.windows.net/"
              }
            ],
            "delete_data_disks_on_termination": false,
            "delete_os_disk_on_termination": false,
            "id": "/subscriptions/fa12187f-db35-4094-bbf5-2921bf099f65/resourceGroups/geth3-rg/providers/Microsoft.Compute/virtualMachines/geth323-wrkr-vm001",
            "identity": [],
            "license_type": null,
            "location": "westeurope",
            "name": "geth323-wrkr-vm001",
            "network_interface_ids": [
              "/subscriptions/fa12187f-db35-4094-bbf5-2921bf099f65/resourceGroups/geth3-rg/providers/Microsoft.Network/networkInterfaces/geth323-wrkr-nic"
            ],
            "os_profile": [
              {
                "admin_password": "",
                "admin_username": "renault",
                "computer_name": "geth323-wrkr-vm001",
                "custom_data": ""
              }
            ],
            "os_profile_linux_config": [
              {
                "disable_password_authentication": false,
                "ssh_keys": []
              }
            ],
            "os_profile_secrets": [],
            "os_profile_windows_config": [],
            "plan": [],
            "primary_network_interface_id": null,
            "proximity_placement_group_id": null,
            "resource_group_name": "geth3-rg",
            "storage_data_disk": [],
            "storage_image_reference": [
              {
                "id": "",
                "offer": "UbuntuServer",
                "publisher": "Canonical",
                "sku": "18.04-LTS",
                "version": "latest"
              }
            ],
            "storage_os_disk": [
              {
                "caching": "ReadWrite",
                "create_option": "FromImage",
                "disk_size_gb": 30,
                "image_uri": "",
                "managed_disk_id": "/subscriptions/fa12187f-db35-4094-bbf5-2921bf099f65/resourceGroups/GETH3-RG/providers/Microsoft.Compute/disks/geth323-wrkr-dsk001",
                "managed_disk_type": "Standard_LRS",
                "name": "geth323-wrkr-dsk001",
                "os_type": "Linux",
                "vhd_uri": "",
                "write_accelerator_enabled": false
              }
            ],
            "tags": {
              "application": "Block chain Performnace study",
              "applicationversion": "1.0.0",
              "environment": "Sandbox",
              "infrastructureversion": "1.0.0",
              "name": "Renaultgeth3",
              "tier": "Blockchain VMs"
            },
            "timeouts": null,
            "vm_size": "Standard_B2ms",
            "zones": null
          },
          "private": "eyJlMmJmYjczMC1lY2FhLTExZTYtOGY4OC0zNDM2M2JjN2M0YzAiOnsiY3JlYXRlIjozNjAwMDAwMDAwMDAwLCJkZWxldGUiOjM2MDAwMDAwMDAwMDAsInJlYWQiOjMwMDAwMDAwMDAwMCwidXBkYXRlIjozNjAwMDAwMDAwMDAwfX0=",
          "dependencies": [
            "azurerm_network_interface.worker_nic",
            "azurerm_network_interface_security_group_association.worker_nic_assoc",
            "azurerm_network_security_group.private_nsg",
            "azurerm_resource_group.resource_group",
            "azurerm_storage_account.storage_account",
            "azurerm_subnet.private_subnet",
            "azurerm_virtual_network.vnet",
            "random_id.random_id"
          ]
        },
        {
          "index_key": 24,
          "schema_version": 0,
          "attributes": {
            "additional_capabilities": [],
            "availability_set_id": null,
            "boot_diagnostics": [
              {
                "enabled": true,
                "storage_uri": "https://diagc6cf3109d590b80a.blob.core.windows.net/"
              }
            ],
            "delete_data_disks_on_termination": false,
            "delete_os_disk_on_termination": false,
            "id": "/subscriptions/fa12187f-db35-4094-bbf5-2921bf099f65/resourceGroups/geth3-rg/providers/Microsoft.Compute/virtualMachines/geth324-wrkr-vm001",
            "identity": [],
            "license_type": null,
            "location": "westeurope",
            "name": "geth324-wrkr-vm001",
            "network_interface_ids": [
              "/subscriptions/fa12187f-db35-4094-bbf5-2921bf099f65/resourceGroups/geth3-rg/providers/Microsoft.Network/networkInterfaces/geth324-wrkr-nic"
            ],
            "os_profile": [
              {
                "admin_password": "",
                "admin_username": "renault",
                "computer_name": "geth324-wrkr-vm001",
                "custom_data": ""
              }
            ],
            "os_profile_linux_config": [
              {
                "disable_password_authentication": false,
                "ssh_keys": []
              }
            ],
            "os_profile_secrets": [],
            "os_profile_windows_config": [],
            "plan": [],
            "primary_network_interface_id": null,
            "proximity_placement_group_id": null,
            "resource_group_name": "geth3-rg",
            "storage_data_disk": [],
            "storage_image_reference": [
              {
                "id": "",
                "offer": "UbuntuServer",
                "publisher": "Canonical",
                "sku": "18.04-LTS",
                "version": "latest"
              }
            ],
            "storage_os_disk": [
              {
                "caching": "ReadWrite",
                "create_option": "FromImage",
                "disk_size_gb": 30,
                "image_uri": "",
                "managed_disk_id": "/subscriptions/fa12187f-db35-4094-bbf5-2921bf099f65/resourceGroups/GETH3-RG/providers/Microsoft.Compute/disks/geth324-wrkr-dsk001",
                "managed_disk_type": "Standard_LRS",
                "name": "geth324-wrkr-dsk001",
                "os_type": "Linux",
                "vhd_uri": "",
                "write_accelerator_enabled": false
              }
            ],
            "tags": {
              "application": "Block chain Performnace study",
              "applicationversion": "1.0.0",
              "environment": "Sandbox",
              "infrastructureversion": "1.0.0",
              "name": "Renaultgeth3",
              "tier": "Blockchain VMs"
            },
            "timeouts": null,
            "vm_size": "Standard_B2ms",
            "zones": null
          },
          "private": "eyJlMmJmYjczMC1lY2FhLTExZTYtOGY4OC0zNDM2M2JjN2M0YzAiOnsiY3JlYXRlIjozNjAwMDAwMDAwMDAwLCJkZWxldGUiOjM2MDAwMDAwMDAwMDAsInJlYWQiOjMwMDAwMDAwMDAwMCwidXBkYXRlIjozNjAwMDAwMDAwMDAwfX0=",
          "dependencies": [
            "azurerm_network_interface.worker_nic",
            "azurerm_network_interface_security_group_association.worker_nic_assoc",
            "azurerm_network_security_group.private_nsg",
            "azurerm_resource_group.resource_group",
            "azurerm_storage_account.storage_account",
            "azurerm_subnet.private_subnet",
            "azurerm_virtual_network.vnet",
            "random_id.random_id"
          ]
        }
      ]
    },
    {
      "mode": "managed",
      "type": "azurerm_virtual_network",
      "name": "vnet",
      "provider": "provider.azurerm",
      "instances": [
        {
          "schema_version": 0,
          "attributes": {
            "address_space": [
              "10.0.0.0/16"
            ],
            "ddos_protection_plan": [],
            "dns_servers": null,
            "guid": "4d3b98e2-3f91-4101-8e49-1f38d71950b9",
            "id": "/subscriptions/fa12187f-db35-4094-bbf5-2921bf099f65/resourceGroups/geth3-rg/providers/Microsoft.Network/virtualNetworks/geth3-vnet",
            "location": "westeurope",
            "name": "geth3-vnet",
            "resource_group_name": "geth3-rg",
            "subnet": [],
            "tags": {
              "application": "Block chain Performnace study",
              "applicationversion": "1.0.0",
              "environment": "Sandbox",
              "infrastructureversion": "1.0.0",
              "name": "Renaultgeth3",
              "tier": "Blockchain VMs"
            },
            "timeouts": null
          },
          "private": "eyJlMmJmYjczMC1lY2FhLTExZTYtOGY4OC0zNDM2M2JjN2M0YzAiOnsiY3JlYXRlIjoxODAwMDAwMDAwMDAwLCJkZWxldGUiOjE4MDAwMDAwMDAwMDAsInJlYWQiOjMwMDAwMDAwMDAwMCwidXBkYXRlIjoxODAwMDAwMDAwMDAwfX0=",
          "dependencies": [
            "azurerm_resource_group.resource_group"
          ]
        }
      ]
    },
    {
      "mode": "managed",
      "type": "random_id",
      "name": "random_id",
      "provider": "provider.random",
      "instances": [
        {
          "schema_version": 0,
          "attributes": {
            "b64": "xs8xCdWQuAo",
            "b64_std": "xs8xCdWQuAo=",
            "b64_url": "xs8xCdWQuAo",
            "byte_length": 8,
            "dec": "14325722857996335114",
            "hex": "c6cf3109d590b80a",
            "id": "xs8xCdWQuAo",
            "keepers": {
              "resource_group": "geth3-rg"
            },
            "prefix": null
          },
          "private": "bnVsbA==",
          "dependencies": [
            "azurerm_resource_group.resource_group"
          ]
        }
      ]
    }
  ]
}
