{
  "version": 4,
  "terraform_version": "0.12.28",
  "serial": 138,
  "lineage": "da21e254-ec6a-55fc-71b3-0f69b27abf8d",
  "outputs": {
    "network_interface_ids": {
      "value": [
        "/subscriptions/fa12187f-db35-4094-bbf5-2921bf099f65/resourceGroups/geth11-rg/providers/Microsoft.Network/networkInterfaces/geth110-bstn-nic",
        "/subscriptions/fa12187f-db35-4094-bbf5-2921bf099f65/resourceGroups/geth11-rg/providers/Microsoft.Network/networkInterfaces/geth110-wrkr-nic",
        "/subscriptions/fa12187f-db35-4094-bbf5-2921bf099f65/resourceGroups/geth11-rg/providers/Microsoft.Network/networkInterfaces/geth111-wrkr-nic",
        "/subscriptions/fa12187f-db35-4094-bbf5-2921bf099f65/resourceGroups/geth11-rg/providers/Microsoft.Network/networkInterfaces/geth112-wrkr-nic",
        "/subscriptions/fa12187f-db35-4094-bbf5-2921bf099f65/resourceGroups/geth11-rg/providers/Microsoft.Network/networkInterfaces/geth113-wrkr-nic",
        "/subscriptions/fa12187f-db35-4094-bbf5-2921bf099f65/resourceGroups/geth11-rg/providers/Microsoft.Network/networkInterfaces/geth114-wrkr-nic",
        "/subscriptions/fa12187f-db35-4094-bbf5-2921bf099f65/resourceGroups/geth11-rg/providers/Microsoft.Network/networkInterfaces/geth115-wrkr-nic",
        "/subscriptions/fa12187f-db35-4094-bbf5-2921bf099f65/resourceGroups/geth11-rg/providers/Microsoft.Network/networkInterfaces/geth116-wrkr-nic",
        "/subscriptions/fa12187f-db35-4094-bbf5-2921bf099f65/resourceGroups/geth11-rg/providers/Microsoft.Network/networkInterfaces/geth117-wrkr-nic",
        "/subscriptions/fa12187f-db35-4094-bbf5-2921bf099f65/resourceGroups/geth11-rg/providers/Microsoft.Network/networkInterfaces/geth118-wrkr-nic",
        "/subscriptions/fa12187f-db35-4094-bbf5-2921bf099f65/resourceGroups/geth11-rg/providers/Microsoft.Network/networkInterfaces/geth119-wrkr-nic",
        "/subscriptions/fa12187f-db35-4094-bbf5-2921bf099f65/resourceGroups/geth11-rg/providers/Microsoft.Network/networkInterfaces/geth1110-wrkr-nic",
        "/subscriptions/fa12187f-db35-4094-bbf5-2921bf099f65/resourceGroups/geth11-rg/providers/Microsoft.Network/networkInterfaces/geth1111-wrkr-nic",
        "/subscriptions/fa12187f-db35-4094-bbf5-2921bf099f65/resourceGroups/geth11-rg/providers/Microsoft.Network/networkInterfaces/geth1112-wrkr-nic",
        "/subscriptions/fa12187f-db35-4094-bbf5-2921bf099f65/resourceGroups/geth11-rg/providers/Microsoft.Network/networkInterfaces/geth1113-wrkr-nic",
        "/subscriptions/fa12187f-db35-4094-bbf5-2921bf099f65/resourceGroups/geth11-rg/providers/Microsoft.Network/networkInterfaces/geth1114-wrkr-nic",
        "/subscriptions/fa12187f-db35-4094-bbf5-2921bf099f65/resourceGroups/geth11-rg/providers/Microsoft.Network/networkInterfaces/geth1115-wrkr-nic",
        "/subscriptions/fa12187f-db35-4094-bbf5-2921bf099f65/resourceGroups/geth11-rg/providers/Microsoft.Network/networkInterfaces/geth1116-wrkr-nic",
        "/subscriptions/fa12187f-db35-4094-bbf5-2921bf099f65/resourceGroups/geth11-rg/providers/Microsoft.Network/networkInterfaces/geth1117-wrkr-nic",
        "/subscriptions/fa12187f-db35-4094-bbf5-2921bf099f65/resourceGroups/geth11-rg/providers/Microsoft.Network/networkInterfaces/geth1118-wrkr-nic",
        "/subscriptions/fa12187f-db35-4094-bbf5-2921bf099f65/resourceGroups/geth11-rg/providers/Microsoft.Network/networkInterfaces/geth1119-wrkr-nic",
        "/subscriptions/fa12187f-db35-4094-bbf5-2921bf099f65/resourceGroups/geth11-rg/providers/Microsoft.Network/networkInterfaces/geth1120-wrkr-nic",
        "/subscriptions/fa12187f-db35-4094-bbf5-2921bf099f65/resourceGroups/geth11-rg/providers/Microsoft.Network/networkInterfaces/geth1121-wrkr-nic",
        "/subscriptions/fa12187f-db35-4094-bbf5-2921bf099f65/resourceGroups/geth11-rg/providers/Microsoft.Network/networkInterfaces/geth1122-wrkr-nic",
        "/subscriptions/fa12187f-db35-4094-bbf5-2921bf099f65/resourceGroups/geth11-rg/providers/Microsoft.Network/networkInterfaces/geth1123-wrkr-nic",
        "/subscriptions/fa12187f-db35-4094-bbf5-2921bf099f65/resourceGroups/geth11-rg/providers/Microsoft.Network/networkInterfaces/geth1124-wrkr-nic",
        "/subscriptions/fa12187f-db35-4094-bbf5-2921bf099f65/resourceGroups/geth11-rg/providers/Microsoft.Network/networkInterfaces/geth1125-wrkr-nic",
        "/subscriptions/fa12187f-db35-4094-bbf5-2921bf099f65/resourceGroups/geth11-rg/providers/Microsoft.Network/networkInterfaces/geth1126-wrkr-nic",
        "/subscriptions/fa12187f-db35-4094-bbf5-2921bf099f65/resourceGroups/geth11-rg/providers/Microsoft.Network/networkInterfaces/geth1127-wrkr-nic",
        "/subscriptions/fa12187f-db35-4094-bbf5-2921bf099f65/resourceGroups/geth11-rg/providers/Microsoft.Network/networkInterfaces/geth1128-wrkr-nic",
        "/subscriptions/fa12187f-db35-4094-bbf5-2921bf099f65/resourceGroups/geth11-rg/providers/Microsoft.Network/networkInterfaces/geth1129-wrkr-nic",
        "/subscriptions/fa12187f-db35-4094-bbf5-2921bf099f65/resourceGroups/geth11-rg/providers/Microsoft.Network/networkInterfaces/geth1130-wrkr-nic",
        "/subscriptions/fa12187f-db35-4094-bbf5-2921bf099f65/resourceGroups/geth11-rg/providers/Microsoft.Network/networkInterfaces/geth1131-wrkr-nic",
        "/subscriptions/fa12187f-db35-4094-bbf5-2921bf099f65/resourceGroups/geth11-rg/providers/Microsoft.Network/networkInterfaces/geth1132-wrkr-nic",
        "/subscriptions/fa12187f-db35-4094-bbf5-2921bf099f65/resourceGroups/geth11-rg/providers/Microsoft.Network/networkInterfaces/geth1133-wrkr-nic",
        "/subscriptions/fa12187f-db35-4094-bbf5-2921bf099f65/resourceGroups/geth11-rg/providers/Microsoft.Network/networkInterfaces/geth1134-wrkr-nic",
        "/subscriptions/fa12187f-db35-4094-bbf5-2921bf099f65/resourceGroups/geth11-rg/providers/Microsoft.Network/networkInterfaces/geth1135-wrkr-nic",
        "/subscriptions/fa12187f-db35-4094-bbf5-2921bf099f65/resourceGroups/geth11-rg/providers/Microsoft.Network/networkInterfaces/geth1136-wrkr-nic",
        "/subscriptions/fa12187f-db35-4094-bbf5-2921bf099f65/resourceGroups/geth11-rg/providers/Microsoft.Network/networkInterfaces/geth1137-wrkr-nic",
        "/subscriptions/fa12187f-db35-4094-bbf5-2921bf099f65/resourceGroups/geth11-rg/providers/Microsoft.Network/networkInterfaces/geth1138-wrkr-nic",
        "/subscriptions/fa12187f-db35-4094-bbf5-2921bf099f65/resourceGroups/geth11-rg/providers/Microsoft.Network/networkInterfaces/geth1139-wrkr-nic",
        "/subscriptions/fa12187f-db35-4094-bbf5-2921bf099f65/resourceGroups/geth11-rg/providers/Microsoft.Network/networkInterfaces/geth1140-wrkr-nic"
      ],
      "type": [
        "tuple",
        [
          "string",
          "string",
          "string",
          "string",
          "string",
          "string",
          "string",
          "string",
          "string",
          "string",
          "string",
          "string",
          "string",
          "string",
          "string",
          "string",
          "string",
          "string",
          "string",
          "string",
          "string",
          "string",
          "string",
          "string",
          "string",
          "string",
          "string",
          "string",
          "string",
          "string",
          "string",
          "string",
          "string",
          "string",
          "string",
          "string",
          "string",
          "string",
          "string",
          "string",
          "string",
          "string"
        ]
      ]
    },
    "network_security_group_ids": {
      "value": [
        "/subscriptions/fa12187f-db35-4094-bbf5-2921bf099f65/resourceGroups/geth11-rg/providers/Microsoft.Network/networkSecurityGroups/geth11-pblc-nsg",
        "/subscriptions/fa12187f-db35-4094-bbf5-2921bf099f65/resourceGroups/geth11-rg/providers/Microsoft.Network/networkSecurityGroups/geth11-prvt-nsg"
      ],
      "type": [
        "tuple",
        [
          "string",
          "string"
        ]
      ]
    },
    "network_subnet_ids": {
      "value": [
        "/subscriptions/fa12187f-db35-4094-bbf5-2921bf099f65/resourceGroups/geth11-rg/providers/Microsoft.Network/virtualNetworks/geth11-vnet/subnets/geth11-pblc-sn001",
        "/subscriptions/fa12187f-db35-4094-bbf5-2921bf099f65/resourceGroups/geth11-rg/providers/Microsoft.Network/virtualNetworks/geth11-vnet/subnets/geth11-prvt-sn001"
      ],
      "type": [
        "tuple",
        [
          "string",
          "string"
        ]
      ]
    },
    "network_subnet_prefixes": {
      "value": [
        "10.0.1.0/24",
        "10.0.2.0/24"
      ],
      "type": [
        "tuple",
        [
          "string",
          "string"
        ]
      ]
    },
    "private_ip_addresses": {
      "value": [
        "10.0.1.4",
        "10.0.2.30",
        "10.0.2.19",
        "10.0.2.10",
        "10.0.2.34",
        "10.0.2.17",
        "10.0.2.37",
        "10.0.2.29",
        "10.0.2.6",
        "10.0.2.13",
        "10.0.2.5",
        "10.0.2.7",
        "10.0.2.41",
        "10.0.2.8",
        "10.0.2.20",
        "10.0.2.25",
        "10.0.2.35",
        "10.0.2.14",
        "10.0.2.31",
        "10.0.2.16",
        "10.0.2.28",
        "10.0.2.27",
        "10.0.2.33",
        "10.0.2.32",
        "10.0.2.43",
        "10.0.2.11",
        "10.0.2.15",
        "10.0.2.9",
        "10.0.2.18",
        "10.0.2.24",
        "10.0.2.42",
        "10.0.2.23",
        "10.0.2.21",
        "10.0.2.40",
        "10.0.2.4",
        "10.0.2.22",
        "10.0.2.38",
        "10.0.2.12",
        "10.0.2.44",
        "10.0.2.39",
        "10.0.2.26",
        "10.0.2.36"
      ],
      "type": [
        "tuple",
        [
          "string",
          "string",
          "string",
          "string",
          "string",
          "string",
          "string",
          "string",
          "string",
          "string",
          "string",
          "string",
          "string",
          "string",
          "string",
          "string",
          "string",
          "string",
          "string",
          "string",
          "string",
          "string",
          "string",
          "string",
          "string",
          "string",
          "string",
          "string",
          "string",
          "string",
          "string",
          "string",
          "string",
          "string",
          "string",
          "string",
          "string",
          "string",
          "string",
          "string",
          "string",
          "string"
        ]
      ]
    },
    "public_ip_addresses": {
      "value": [
        ""
      ],
      "type": [
        "tuple",
        [
          "string"
        ]
      ]
    },
    "public_ip_dns_names": {
      "value": [
        null
      ],
      "type": [
        "tuple",
        [
          "string"
        ]
      ]
    },
    "public_ip_ids": {
      "value": [
        "/subscriptions/fa12187f-db35-4094-bbf5-2921bf099f65/resourceGroups/geth11-rg/providers/Microsoft.Network/publicIPAddresses/geth110-ip"
      ],
      "type": [
        "tuple",
        [
          "string"
        ]
      ]
    },
    "vm_ids": {
      "value": [
        "/subscriptions/fa12187f-db35-4094-bbf5-2921bf099f65/resourceGroups/geth11-rg/providers/Microsoft.Compute/virtualMachines/geth110-bstn-vm001",
        "/subscriptions/fa12187f-db35-4094-bbf5-2921bf099f65/resourceGroups/geth11-rg/providers/Microsoft.Compute/virtualMachines/geth110-wrkr-vm001",
        "/subscriptions/fa12187f-db35-4094-bbf5-2921bf099f65/resourceGroups/geth11-rg/providers/Microsoft.Compute/virtualMachines/geth111-wrkr-vm001",
        "/subscriptions/fa12187f-db35-4094-bbf5-2921bf099f65/resourceGroups/geth11-rg/providers/Microsoft.Compute/virtualMachines/geth112-wrkr-vm001",
        "/subscriptions/fa12187f-db35-4094-bbf5-2921bf099f65/resourceGroups/geth11-rg/providers/Microsoft.Compute/virtualMachines/geth113-wrkr-vm001",
        "/subscriptions/fa12187f-db35-4094-bbf5-2921bf099f65/resourceGroups/geth11-rg/providers/Microsoft.Compute/virtualMachines/geth114-wrkr-vm001",
        "/subscriptions/fa12187f-db35-4094-bbf5-2921bf099f65/resourceGroups/geth11-rg/providers/Microsoft.Compute/virtualMachines/geth115-wrkr-vm001",
        "/subscriptions/fa12187f-db35-4094-bbf5-2921bf099f65/resourceGroups/geth11-rg/providers/Microsoft.Compute/virtualMachines/geth116-wrkr-vm001",
        "/subscriptions/fa12187f-db35-4094-bbf5-2921bf099f65/resourceGroups/geth11-rg/providers/Microsoft.Compute/virtualMachines/geth117-wrkr-vm001",
        "/subscriptions/fa12187f-db35-4094-bbf5-2921bf099f65/resourceGroups/geth11-rg/providers/Microsoft.Compute/virtualMachines/geth118-wrkr-vm001",
        "/subscriptions/fa12187f-db35-4094-bbf5-2921bf099f65/resourceGroups/geth11-rg/providers/Microsoft.Compute/virtualMachines/geth119-wrkr-vm001",
        "/subscriptions/fa12187f-db35-4094-bbf5-2921bf099f65/resourceGroups/geth11-rg/providers/Microsoft.Compute/virtualMachines/geth1110-wrkr-vm001",
        "/subscriptions/fa12187f-db35-4094-bbf5-2921bf099f65/resourceGroups/geth11-rg/providers/Microsoft.Compute/virtualMachines/geth1111-wrkr-vm001",
        "/subscriptions/fa12187f-db35-4094-bbf5-2921bf099f65/resourceGroups/geth11-rg/providers/Microsoft.Compute/virtualMachines/geth1112-wrkr-vm001",
        "/subscriptions/fa12187f-db35-4094-bbf5-2921bf099f65/resourceGroups/geth11-rg/providers/Microsoft.Compute/virtualMachines/geth1113-wrkr-vm001",
        "/subscriptions/fa12187f-db35-4094-bbf5-2921bf099f65/resourceGroups/geth11-rg/providers/Microsoft.Compute/virtualMachines/geth1114-wrkr-vm001",
        "/subscriptions/fa12187f-db35-4094-bbf5-2921bf099f65/resourceGroups/geth11-rg/providers/Microsoft.Compute/virtualMachines/geth1115-wrkr-vm001",
        "/subscriptions/fa12187f-db35-4094-bbf5-2921bf099f65/resourceGroups/geth11-rg/providers/Microsoft.Compute/virtualMachines/geth1116-wrkr-vm001",
        "/subscriptions/fa12187f-db35-4094-bbf5-2921bf099f65/resourceGroups/geth11-rg/providers/Microsoft.Compute/virtualMachines/geth1117-wrkr-vm001",
        "/subscriptions/fa12187f-db35-4094-bbf5-2921bf099f65/resourceGroups/geth11-rg/providers/Microsoft.Compute/virtualMachines/geth1118-wrkr-vm001",
        "/subscriptions/fa12187f-db35-4094-bbf5-2921bf099f65/resourceGroups/geth11-rg/providers/Microsoft.Compute/virtualMachines/geth1119-wrkr-vm001",
        "/subscriptions/fa12187f-db35-4094-bbf5-2921bf099f65/resourceGroups/geth11-rg/providers/Microsoft.Compute/virtualMachines/geth1120-wrkr-vm001",
        "/subscriptions/fa12187f-db35-4094-bbf5-2921bf099f65/resourceGroups/geth11-rg/providers/Microsoft.Compute/virtualMachines/geth1121-wrkr-vm001",
        "/subscriptions/fa12187f-db35-4094-bbf5-2921bf099f65/resourceGroups/geth11-rg/providers/Microsoft.Compute/virtualMachines/geth1122-wrkr-vm001",
        "/subscriptions/fa12187f-db35-4094-bbf5-2921bf099f65/resourceGroups/geth11-rg/providers/Microsoft.Compute/virtualMachines/geth1123-wrkr-vm001",
        "/subscriptions/fa12187f-db35-4094-bbf5-2921bf099f65/resourceGroups/geth11-rg/providers/Microsoft.Compute/virtualMachines/geth1124-wrkr-vm001",
        "/subscriptions/fa12187f-db35-4094-bbf5-2921bf099f65/resourceGroups/geth11-rg/providers/Microsoft.Compute/virtualMachines/geth1125-wrkr-vm001",
        "/subscriptions/fa12187f-db35-4094-bbf5-2921bf099f65/resourceGroups/geth11-rg/providers/Microsoft.Compute/virtualMachines/geth1126-wrkr-vm001",
        "/subscriptions/fa12187f-db35-4094-bbf5-2921bf099f65/resourceGroups/geth11-rg/providers/Microsoft.Compute/virtualMachines/geth1127-wrkr-vm001",
        "/subscriptions/fa12187f-db35-4094-bbf5-2921bf099f65/resourceGroups/geth11-rg/providers/Microsoft.Compute/virtualMachines/geth1128-wrkr-vm001",
        "/subscriptions/fa12187f-db35-4094-bbf5-2921bf099f65/resourceGroups/geth11-rg/providers/Microsoft.Compute/virtualMachines/geth1129-wrkr-vm001",
        "/subscriptions/fa12187f-db35-4094-bbf5-2921bf099f65/resourceGroups/geth11-rg/providers/Microsoft.Compute/virtualMachines/geth1130-wrkr-vm001",
        "/subscriptions/fa12187f-db35-4094-bbf5-2921bf099f65/resourceGroups/geth11-rg/providers/Microsoft.Compute/virtualMachines/geth1131-wrkr-vm001",
        "/subscriptions/fa12187f-db35-4094-bbf5-2921bf099f65/resourceGroups/geth11-rg/providers/Microsoft.Compute/virtualMachines/geth1132-wrkr-vm001",
        "/subscriptions/fa12187f-db35-4094-bbf5-2921bf099f65/resourceGroups/geth11-rg/providers/Microsoft.Compute/virtualMachines/geth1133-wrkr-vm001",
        "/subscriptions/fa12187f-db35-4094-bbf5-2921bf099f65/resourceGroups/geth11-rg/providers/Microsoft.Compute/virtualMachines/geth1134-wrkr-vm001",
        "/subscriptions/fa12187f-db35-4094-bbf5-2921bf099f65/resourceGroups/geth11-rg/providers/Microsoft.Compute/virtualMachines/geth1135-wrkr-vm001",
        "/subscriptions/fa12187f-db35-4094-bbf5-2921bf099f65/resourceGroups/geth11-rg/providers/Microsoft.Compute/virtualMachines/geth1136-wrkr-vm001",
        "/subscriptions/fa12187f-db35-4094-bbf5-2921bf099f65/resourceGroups/geth11-rg/providers/Microsoft.Compute/virtualMachines/geth1137-wrkr-vm001",
        "/subscriptions/fa12187f-db35-4094-bbf5-2921bf099f65/resourceGroups/geth11-rg/providers/Microsoft.Compute/virtualMachines/geth1138-wrkr-vm001",
        "/subscriptions/fa12187f-db35-4094-bbf5-2921bf099f65/resourceGroups/geth11-rg/providers/Microsoft.Compute/virtualMachines/geth1139-wrkr-vm001",
        "/subscriptions/fa12187f-db35-4094-bbf5-2921bf099f65/resourceGroups/geth11-rg/providers/Microsoft.Compute/virtualMachines/geth1140-wrkr-vm001"
      ],
      "type": [
        "tuple",
        [
          "string",
          "string",
          "string",
          "string",
          "string",
          "string",
          "string",
          "string",
          "string",
          "string",
          "string",
          "string",
          "string",
          "string",
          "string",
          "string",
          "string",
          "string",
          "string",
          "string",
          "string",
          "string",
          "string",
          "string",
          "string",
          "string",
          "string",
          "string",
          "string",
          "string",
          "string",
          "string",
          "string",
          "string",
          "string",
          "string",
          "string",
          "string",
          "string",
          "string",
          "string",
          "string"
        ]
      ]
    }
  },
  "resources": [
    {
      "mode": "managed",
      "type": "azurerm_network_interface",
      "name": "bastion_nic",
      "each": "list",
      "provider": "provider.azurerm",
      "instances": [
        {
          "index_key": 0,
          "schema_version": 0,
          "attributes": {
            "applied_dns_servers": [],
            "dns_servers": [],
            "enable_accelerated_networking": false,
            "enable_ip_forwarding": false,
            "id": "/subscriptions/fa12187f-db35-4094-bbf5-2921bf099f65/resourceGroups/geth11-rg/providers/Microsoft.Network/networkInterfaces/geth110-bstn-nic",
            "internal_dns_name_label": "",
            "internal_domain_name_suffix": "55nruyrnii1e3cfybxa52mz5jh.ax.internal.cloudapp.net",
            "ip_configuration": [
              {
                "name": "geth110-bstn-nic-cfg",
                "primary": true,
                "private_ip_address": "10.0.1.4",
                "private_ip_address_allocation": "Dynamic",
                "private_ip_address_version": "IPv4",
                "public_ip_address_id": "/subscriptions/fa12187f-db35-4094-bbf5-2921bf099f65/resourceGroups/geth11-rg/providers/Microsoft.Network/publicIPAddresses/geth110-ip",
                "subnet_id": "/subscriptions/fa12187f-db35-4094-bbf5-2921bf099f65/resourceGroups/geth11-rg/providers/Microsoft.Network/virtualNetworks/geth11-vnet/subnets/geth11-pblc-sn001"
              }
            ],
            "location": "westeurope",
            "mac_address": "",
            "name": "geth110-bstn-nic",
            "private_ip_address": "10.0.1.4",
            "private_ip_addresses": [
              "10.0.1.4"
            ],
            "resource_group_name": "geth11-rg",
            "tags": {
              "application": "Block chain Performnace study",
              "applicationversion": "1.0.0",
              "environment": "Sandbox",
              "infrastructureversion": "1.0.0",
              "name": "Renaultgeth11",
              "tier": "Blockchain VMs"
            },
            "timeouts": null,
            "virtual_machine_id": ""
          },
          "private": "eyJlMmJmYjczMC1lY2FhLTExZTYtOGY4OC0zNDM2M2JjN2M0YzAiOnsiY3JlYXRlIjoxODAwMDAwMDAwMDAwLCJkZWxldGUiOjE4MDAwMDAwMDAwMDAsInJlYWQiOjMwMDAwMDAwMDAwMCwidXBkYXRlIjoxODAwMDAwMDAwMDAwfX0=",
          "dependencies": [
            "azurerm_public_ip.public_ip",
            "azurerm_resource_group.resource_group",
            "azurerm_subnet.public_subnet",
            "azurerm_virtual_network.vnet"
          ]
        }
      ]
    },
    {
      "mode": "managed",
      "type": "azurerm_network_interface",
      "name": "worker_nic",
      "each": "list",
      "provider": "provider.azurerm",
      "instances": [
        {
          "index_key": 0,
          "schema_version": 0,
          "attributes": {
            "applied_dns_servers": [],
            "dns_servers": [],
            "enable_accelerated_networking": false,
            "enable_ip_forwarding": false,
            "id": "/subscriptions/fa12187f-db35-4094-bbf5-2921bf099f65/resourceGroups/geth11-rg/providers/Microsoft.Network/networkInterfaces/geth110-wrkr-nic",
            "internal_dns_name_label": "",
            "internal_domain_name_suffix": "55nruyrnii1e3cfybxa52mz5jh.ax.internal.cloudapp.net",
            "ip_configuration": [
              {
                "name": "geth110-wrkr-nic-cfg",
                "primary": true,
                "private_ip_address": "10.0.2.30",
                "private_ip_address_allocation": "Dynamic",
                "private_ip_address_version": "IPv4",
                "public_ip_address_id": "",
                "subnet_id": "/subscriptions/fa12187f-db35-4094-bbf5-2921bf099f65/resourceGroups/geth11-rg/providers/Microsoft.Network/virtualNetworks/geth11-vnet/subnets/geth11-prvt-sn001"
              }
            ],
            "location": "westeurope",
            "mac_address": "",
            "name": "geth110-wrkr-nic",
            "private_ip_address": "10.0.2.30",
            "private_ip_addresses": [
              "10.0.2.30"
            ],
            "resource_group_name": "geth11-rg",
            "tags": {
              "application": "Block chain Performnace study",
              "applicationversion": "1.0.0",
              "environment": "Sandbox",
              "infrastructureversion": "1.0.0",
              "name": "Renaultgeth11",
              "tier": "Blockchain VMs"
            },
            "timeouts": null,
            "virtual_machine_id": ""
          },
          "private": "eyJlMmJmYjczMC1lY2FhLTExZTYtOGY4OC0zNDM2M2JjN2M0YzAiOnsiY3JlYXRlIjoxODAwMDAwMDAwMDAwLCJkZWxldGUiOjE4MDAwMDAwMDAwMDAsInJlYWQiOjMwMDAwMDAwMDAwMCwidXBkYXRlIjoxODAwMDAwMDAwMDAwfX0=",
          "dependencies": [
            "azurerm_resource_group.resource_group",
            "azurerm_subnet.private_subnet",
            "azurerm_virtual_network.vnet"
          ]
        },
        {
          "index_key": 1,
          "schema_version": 0,
          "attributes": {
            "applied_dns_servers": [],
            "dns_servers": [],
            "enable_accelerated_networking": false,
            "enable_ip_forwarding": false,
            "id": "/subscriptions/fa12187f-db35-4094-bbf5-2921bf099f65/resourceGroups/geth11-rg/providers/Microsoft.Network/networkInterfaces/geth111-wrkr-nic",
            "internal_dns_name_label": "",
            "internal_domain_name_suffix": "55nruyrnii1e3cfybxa52mz5jh.ax.internal.cloudapp.net",
            "ip_configuration": [
              {
                "name": "geth111-wrkr-nic-cfg",
                "primary": true,
                "private_ip_address": "10.0.2.19",
                "private_ip_address_allocation": "Dynamic",
                "private_ip_address_version": "IPv4",
                "public_ip_address_id": "",
                "subnet_id": "/subscriptions/fa12187f-db35-4094-bbf5-2921bf099f65/resourceGroups/geth11-rg/providers/Microsoft.Network/virtualNetworks/geth11-vnet/subnets/geth11-prvt-sn001"
              }
            ],
            "location": "westeurope",
            "mac_address": "",
            "name": "geth111-wrkr-nic",
            "private_ip_address": "10.0.2.19",
            "private_ip_addresses": [
              "10.0.2.19"
            ],
            "resource_group_name": "geth11-rg",
            "tags": {
              "application": "Block chain Performnace study",
              "applicationversion": "1.0.0",
              "environment": "Sandbox",
              "infrastructureversion": "1.0.0",
              "name": "Renaultgeth11",
              "tier": "Blockchain VMs"
            },
            "timeouts": null,
            "virtual_machine_id": ""
          },
          "private": "eyJlMmJmYjczMC1lY2FhLTExZTYtOGY4OC0zNDM2M2JjN2M0YzAiOnsiY3JlYXRlIjoxODAwMDAwMDAwMDAwLCJkZWxldGUiOjE4MDAwMDAwMDAwMDAsInJlYWQiOjMwMDAwMDAwMDAwMCwidXBkYXRlIjoxODAwMDAwMDAwMDAwfX0=",
          "dependencies": [
            "azurerm_resource_group.resource_group",
            "azurerm_subnet.private_subnet",
            "azurerm_virtual_network.vnet"
          ]
        },
        {
          "index_key": 2,
          "schema_version": 0,
          "attributes": {
            "applied_dns_servers": [],
            "dns_servers": [],
            "enable_accelerated_networking": false,
            "enable_ip_forwarding": false,
            "id": "/subscriptions/fa12187f-db35-4094-bbf5-2921bf099f65/resourceGroups/geth11-rg/providers/Microsoft.Network/networkInterfaces/geth112-wrkr-nic",
            "internal_dns_name_label": "",
            "internal_domain_name_suffix": "55nruyrnii1e3cfybxa52mz5jh.ax.internal.cloudapp.net",
            "ip_configuration": [
              {
                "name": "geth112-wrkr-nic-cfg",
                "primary": true,
                "private_ip_address": "10.0.2.10",
                "private_ip_address_allocation": "Dynamic",
                "private_ip_address_version": "IPv4",
                "public_ip_address_id": "",
                "subnet_id": "/subscriptions/fa12187f-db35-4094-bbf5-2921bf099f65/resourceGroups/geth11-rg/providers/Microsoft.Network/virtualNetworks/geth11-vnet/subnets/geth11-prvt-sn001"
              }
            ],
            "location": "westeurope",
            "mac_address": "",
            "name": "geth112-wrkr-nic",
            "private_ip_address": "10.0.2.10",
            "private_ip_addresses": [
              "10.0.2.10"
            ],
            "resource_group_name": "geth11-rg",
            "tags": {
              "application": "Block chain Performnace study",
              "applicationversion": "1.0.0",
              "environment": "Sandbox",
              "infrastructureversion": "1.0.0",
              "name": "Renaultgeth11",
              "tier": "Blockchain VMs"
            },
            "timeouts": null,
            "virtual_machine_id": ""
          },
          "private": "eyJlMmJmYjczMC1lY2FhLTExZTYtOGY4OC0zNDM2M2JjN2M0YzAiOnsiY3JlYXRlIjoxODAwMDAwMDAwMDAwLCJkZWxldGUiOjE4MDAwMDAwMDAwMDAsInJlYWQiOjMwMDAwMDAwMDAwMCwidXBkYXRlIjoxODAwMDAwMDAwMDAwfX0=",
          "dependencies": [
            "azurerm_resource_group.resource_group",
            "azurerm_subnet.private_subnet",
            "azurerm_virtual_network.vnet"
          ]
        },
        {
          "index_key": 3,
          "schema_version": 0,
          "attributes": {
            "applied_dns_servers": [],
            "dns_servers": [],
            "enable_accelerated_networking": false,
            "enable_ip_forwarding": false,
            "id": "/subscriptions/fa12187f-db35-4094-bbf5-2921bf099f65/resourceGroups/geth11-rg/providers/Microsoft.Network/networkInterfaces/geth113-wrkr-nic",
            "internal_dns_name_label": "",
            "internal_domain_name_suffix": "55nruyrnii1e3cfybxa52mz5jh.ax.internal.cloudapp.net",
            "ip_configuration": [
              {
                "name": "geth113-wrkr-nic-cfg",
                "primary": true,
                "private_ip_address": "10.0.2.34",
                "private_ip_address_allocation": "Dynamic",
                "private_ip_address_version": "IPv4",
                "public_ip_address_id": "",
                "subnet_id": "/subscriptions/fa12187f-db35-4094-bbf5-2921bf099f65/resourceGroups/geth11-rg/providers/Microsoft.Network/virtualNetworks/geth11-vnet/subnets/geth11-prvt-sn001"
              }
            ],
            "location": "westeurope",
            "mac_address": "",
            "name": "geth113-wrkr-nic",
            "private_ip_address": "10.0.2.34",
            "private_ip_addresses": [
              "10.0.2.34"
            ],
            "resource_group_name": "geth11-rg",
            "tags": {
              "application": "Block chain Performnace study",
              "applicationversion": "1.0.0",
              "environment": "Sandbox",
              "infrastructureversion": "1.0.0",
              "name": "Renaultgeth11",
              "tier": "Blockchain VMs"
            },
            "timeouts": null,
            "virtual_machine_id": ""
          },
          "private": "eyJlMmJmYjczMC1lY2FhLTExZTYtOGY4OC0zNDM2M2JjN2M0YzAiOnsiY3JlYXRlIjoxODAwMDAwMDAwMDAwLCJkZWxldGUiOjE4MDAwMDAwMDAwMDAsInJlYWQiOjMwMDAwMDAwMDAwMCwidXBkYXRlIjoxODAwMDAwMDAwMDAwfX0=",
          "dependencies": [
            "azurerm_resource_group.resource_group",
            "azurerm_subnet.private_subnet",
            "azurerm_virtual_network.vnet"
          ]
        },
        {
          "index_key": 4,
          "schema_version": 0,
          "attributes": {
            "applied_dns_servers": [],
            "dns_servers": [],
            "enable_accelerated_networking": false,
            "enable_ip_forwarding": false,
            "id": "/subscriptions/fa12187f-db35-4094-bbf5-2921bf099f65/resourceGroups/geth11-rg/providers/Microsoft.Network/networkInterfaces/geth114-wrkr-nic",
            "internal_dns_name_label": "",
            "internal_domain_name_suffix": "55nruyrnii1e3cfybxa52mz5jh.ax.internal.cloudapp.net",
            "ip_configuration": [
              {
                "name": "geth114-wrkr-nic-cfg",
                "primary": true,
                "private_ip_address": "10.0.2.17",
                "private_ip_address_allocation": "Dynamic",
                "private_ip_address_version": "IPv4",
                "public_ip_address_id": "",
                "subnet_id": "/subscriptions/fa12187f-db35-4094-bbf5-2921bf099f65/resourceGroups/geth11-rg/providers/Microsoft.Network/virtualNetworks/geth11-vnet/subnets/geth11-prvt-sn001"
              }
            ],
            "location": "westeurope",
            "mac_address": "",
            "name": "geth114-wrkr-nic",
            "private_ip_address": "10.0.2.17",
            "private_ip_addresses": [
              "10.0.2.17"
            ],
            "resource_group_name": "geth11-rg",
            "tags": {
              "application": "Block chain Performnace study",
              "applicationversion": "1.0.0",
              "environment": "Sandbox",
              "infrastructureversion": "1.0.0",
              "name": "Renaultgeth11",
              "tier": "Blockchain VMs"
            },
            "timeouts": null,
            "virtual_machine_id": ""
          },
          "private": "eyJlMmJmYjczMC1lY2FhLTExZTYtOGY4OC0zNDM2M2JjN2M0YzAiOnsiY3JlYXRlIjoxODAwMDAwMDAwMDAwLCJkZWxldGUiOjE4MDAwMDAwMDAwMDAsInJlYWQiOjMwMDAwMDAwMDAwMCwidXBkYXRlIjoxODAwMDAwMDAwMDAwfX0=",
          "dependencies": [
            "azurerm_resource_group.resource_group",
            "azurerm_subnet.private_subnet",
            "azurerm_virtual_network.vnet"
          ]
        },
        {
          "index_key": 5,
          "schema_version": 0,
          "attributes": {
            "applied_dns_servers": [],
            "dns_servers": [],
            "enable_accelerated_networking": false,
            "enable_ip_forwarding": false,
            "id": "/subscriptions/fa12187f-db35-4094-bbf5-2921bf099f65/resourceGroups/geth11-rg/providers/Microsoft.Network/networkInterfaces/geth115-wrkr-nic",
            "internal_dns_name_label": "",
            "internal_domain_name_suffix": "55nruyrnii1e3cfybxa52mz5jh.ax.internal.cloudapp.net",
            "ip_configuration": [
              {
                "name": "geth115-wrkr-nic-cfg",
                "primary": true,
                "private_ip_address": "10.0.2.37",
                "private_ip_address_allocation": "Dynamic",
                "private_ip_address_version": "IPv4",
                "public_ip_address_id": "",
                "subnet_id": "/subscriptions/fa12187f-db35-4094-bbf5-2921bf099f65/resourceGroups/geth11-rg/providers/Microsoft.Network/virtualNetworks/geth11-vnet/subnets/geth11-prvt-sn001"
              }
            ],
            "location": "westeurope",
            "mac_address": "",
            "name": "geth115-wrkr-nic",
            "private_ip_address": "10.0.2.37",
            "private_ip_addresses": [
              "10.0.2.37"
            ],
            "resource_group_name": "geth11-rg",
            "tags": {
              "application": "Block chain Performnace study",
              "applicationversion": "1.0.0",
              "environment": "Sandbox",
              "infrastructureversion": "1.0.0",
              "name": "Renaultgeth11",
              "tier": "Blockchain VMs"
            },
            "timeouts": null,
            "virtual_machine_id": ""
          },
          "private": "eyJlMmJmYjczMC1lY2FhLTExZTYtOGY4OC0zNDM2M2JjN2M0YzAiOnsiY3JlYXRlIjoxODAwMDAwMDAwMDAwLCJkZWxldGUiOjE4MDAwMDAwMDAwMDAsInJlYWQiOjMwMDAwMDAwMDAwMCwidXBkYXRlIjoxODAwMDAwMDAwMDAwfX0=",
          "dependencies": [
            "azurerm_resource_group.resource_group",
            "azurerm_subnet.private_subnet",
            "azurerm_virtual_network.vnet"
          ]
        },
        {
          "index_key": 6,
          "schema_version": 0,
          "attributes": {
            "applied_dns_servers": [],
            "dns_servers": [],
            "enable_accelerated_networking": false,
            "enable_ip_forwarding": false,
            "id": "/subscriptions/fa12187f-db35-4094-bbf5-2921bf099f65/resourceGroups/geth11-rg/providers/Microsoft.Network/networkInterfaces/geth116-wrkr-nic",
            "internal_dns_name_label": "",
            "internal_domain_name_suffix": "55nruyrnii1e3cfybxa52mz5jh.ax.internal.cloudapp.net",
            "ip_configuration": [
              {
                "name": "geth116-wrkr-nic-cfg",
                "primary": true,
                "private_ip_address": "10.0.2.29",
                "private_ip_address_allocation": "Dynamic",
                "private_ip_address_version": "IPv4",
                "public_ip_address_id": "",
                "subnet_id": "/subscriptions/fa12187f-db35-4094-bbf5-2921bf099f65/resourceGroups/geth11-rg/providers/Microsoft.Network/virtualNetworks/geth11-vnet/subnets/geth11-prvt-sn001"
              }
            ],
            "location": "westeurope",
            "mac_address": "",
            "name": "geth116-wrkr-nic",
            "private_ip_address": "10.0.2.29",
            "private_ip_addresses": [
              "10.0.2.29"
            ],
            "resource_group_name": "geth11-rg",
            "tags": {
              "application": "Block chain Performnace study",
              "applicationversion": "1.0.0",
              "environment": "Sandbox",
              "infrastructureversion": "1.0.0",
              "name": "Renaultgeth11",
              "tier": "Blockchain VMs"
            },
            "timeouts": null,
            "virtual_machine_id": ""
          },
          "private": "eyJlMmJmYjczMC1lY2FhLTExZTYtOGY4OC0zNDM2M2JjN2M0YzAiOnsiY3JlYXRlIjoxODAwMDAwMDAwMDAwLCJkZWxldGUiOjE4MDAwMDAwMDAwMDAsInJlYWQiOjMwMDAwMDAwMDAwMCwidXBkYXRlIjoxODAwMDAwMDAwMDAwfX0=",
          "dependencies": [
            "azurerm_resource_group.resource_group",
            "azurerm_subnet.private_subnet",
            "azurerm_virtual_network.vnet"
          ]
        },
        {
          "index_key": 7,
          "schema_version": 0,
          "attributes": {
            "applied_dns_servers": [],
            "dns_servers": [],
            "enable_accelerated_networking": false,
            "enable_ip_forwarding": false,
            "id": "/subscriptions/fa12187f-db35-4094-bbf5-2921bf099f65/resourceGroups/geth11-rg/providers/Microsoft.Network/networkInterfaces/geth117-wrkr-nic",
            "internal_dns_name_label": "",
            "internal_domain_name_suffix": "55nruyrnii1e3cfybxa52mz5jh.ax.internal.cloudapp.net",
            "ip_configuration": [
              {
                "name": "geth117-wrkr-nic-cfg",
                "primary": true,
                "private_ip_address": "10.0.2.6",
                "private_ip_address_allocation": "Dynamic",
                "private_ip_address_version": "IPv4",
                "public_ip_address_id": "",
                "subnet_id": "/subscriptions/fa12187f-db35-4094-bbf5-2921bf099f65/resourceGroups/geth11-rg/providers/Microsoft.Network/virtualNetworks/geth11-vnet/subnets/geth11-prvt-sn001"
              }
            ],
            "location": "westeurope",
            "mac_address": "",
            "name": "geth117-wrkr-nic",
            "private_ip_address": "10.0.2.6",
            "private_ip_addresses": [
              "10.0.2.6"
            ],
            "resource_group_name": "geth11-rg",
            "tags": {
              "application": "Block chain Performnace study",
              "applicationversion": "1.0.0",
              "environment": "Sandbox",
              "infrastructureversion": "1.0.0",
              "name": "Renaultgeth11",
              "tier": "Blockchain VMs"
            },
            "timeouts": null,
            "virtual_machine_id": ""
          },
          "private": "eyJlMmJmYjczMC1lY2FhLTExZTYtOGY4OC0zNDM2M2JjN2M0YzAiOnsiY3JlYXRlIjoxODAwMDAwMDAwMDAwLCJkZWxldGUiOjE4MDAwMDAwMDAwMDAsInJlYWQiOjMwMDAwMDAwMDAwMCwidXBkYXRlIjoxODAwMDAwMDAwMDAwfX0=",
          "dependencies": [
            "azurerm_resource_group.resource_group",
            "azurerm_subnet.private_subnet",
            "azurerm_virtual_network.vnet"
          ]
        },
        {
          "index_key": 8,
          "schema_version": 0,
          "attributes": {
            "applied_dns_servers": [],
            "dns_servers": [],
            "enable_accelerated_networking": false,
            "enable_ip_forwarding": false,
            "id": "/subscriptions/fa12187f-db35-4094-bbf5-2921bf099f65/resourceGroups/geth11-rg/providers/Microsoft.Network/networkInterfaces/geth118-wrkr-nic",
            "internal_dns_name_label": "",
            "internal_domain_name_suffix": "55nruyrnii1e3cfybxa52mz5jh.ax.internal.cloudapp.net",
            "ip_configuration": [
              {
                "name": "geth118-wrkr-nic-cfg",
                "primary": true,
                "private_ip_address": "10.0.2.13",
                "private_ip_address_allocation": "Dynamic",
                "private_ip_address_version": "IPv4",
                "public_ip_address_id": "",
                "subnet_id": "/subscriptions/fa12187f-db35-4094-bbf5-2921bf099f65/resourceGroups/geth11-rg/providers/Microsoft.Network/virtualNetworks/geth11-vnet/subnets/geth11-prvt-sn001"
              }
            ],
            "location": "westeurope",
            "mac_address": "",
            "name": "geth118-wrkr-nic",
            "private_ip_address": "10.0.2.13",
            "private_ip_addresses": [
              "10.0.2.13"
            ],
            "resource_group_name": "geth11-rg",
            "tags": {
              "application": "Block chain Performnace study",
              "applicationversion": "1.0.0",
              "environment": "Sandbox",
              "infrastructureversion": "1.0.0",
              "name": "Renaultgeth11",
              "tier": "Blockchain VMs"
            },
            "timeouts": null,
            "virtual_machine_id": ""
          },
          "private": "eyJlMmJmYjczMC1lY2FhLTExZTYtOGY4OC0zNDM2M2JjN2M0YzAiOnsiY3JlYXRlIjoxODAwMDAwMDAwMDAwLCJkZWxldGUiOjE4MDAwMDAwMDAwMDAsInJlYWQiOjMwMDAwMDAwMDAwMCwidXBkYXRlIjoxODAwMDAwMDAwMDAwfX0=",
          "dependencies": [
            "azurerm_resource_group.resource_group",
            "azurerm_subnet.private_subnet",
            "azurerm_virtual_network.vnet"
          ]
        },
        {
          "index_key": 9,
          "schema_version": 0,
          "attributes": {
            "applied_dns_servers": [],
            "dns_servers": [],
            "enable_accelerated_networking": false,
            "enable_ip_forwarding": false,
            "id": "/subscriptions/fa12187f-db35-4094-bbf5-2921bf099f65/resourceGroups/geth11-rg/providers/Microsoft.Network/networkInterfaces/geth119-wrkr-nic",
            "internal_dns_name_label": "",
            "internal_domain_name_suffix": "55nruyrnii1e3cfybxa52mz5jh.ax.internal.cloudapp.net",
            "ip_configuration": [
              {
                "name": "geth119-wrkr-nic-cfg",
                "primary": true,
                "private_ip_address": "10.0.2.5",
                "private_ip_address_allocation": "Dynamic",
                "private_ip_address_version": "IPv4",
                "public_ip_address_id": "",
                "subnet_id": "/subscriptions/fa12187f-db35-4094-bbf5-2921bf099f65/resourceGroups/geth11-rg/providers/Microsoft.Network/virtualNetworks/geth11-vnet/subnets/geth11-prvt-sn001"
              }
            ],
            "location": "westeurope",
            "mac_address": "",
            "name": "geth119-wrkr-nic",
            "private_ip_address": "10.0.2.5",
            "private_ip_addresses": [
              "10.0.2.5"
            ],
            "resource_group_name": "geth11-rg",
            "tags": {
              "application": "Block chain Performnace study",
              "applicationversion": "1.0.0",
              "environment": "Sandbox",
              "infrastructureversion": "1.0.0",
              "name": "Renaultgeth11",
              "tier": "Blockchain VMs"
            },
            "timeouts": null,
            "virtual_machine_id": ""
          },
          "private": "eyJlMmJmYjczMC1lY2FhLTExZTYtOGY4OC0zNDM2M2JjN2M0YzAiOnsiY3JlYXRlIjoxODAwMDAwMDAwMDAwLCJkZWxldGUiOjE4MDAwMDAwMDAwMDAsInJlYWQiOjMwMDAwMDAwMDAwMCwidXBkYXRlIjoxODAwMDAwMDAwMDAwfX0=",
          "dependencies": [
            "azurerm_resource_group.resource_group",
            "azurerm_subnet.private_subnet",
            "azurerm_virtual_network.vnet"
          ]
        },
        {
          "index_key": 10,
          "schema_version": 0,
          "attributes": {
            "applied_dns_servers": [],
            "dns_servers": [],
            "enable_accelerated_networking": false,
            "enable_ip_forwarding": false,
            "id": "/subscriptions/fa12187f-db35-4094-bbf5-2921bf099f65/resourceGroups/geth11-rg/providers/Microsoft.Network/networkInterfaces/geth1110-wrkr-nic",
            "internal_dns_name_label": "",
            "internal_domain_name_suffix": "55nruyrnii1e3cfybxa52mz5jh.ax.internal.cloudapp.net",
            "ip_configuration": [
              {
                "name": "geth1110-wrkr-nic-cfg",
                "primary": true,
                "private_ip_address": "10.0.2.7",
                "private_ip_address_allocation": "Dynamic",
                "private_ip_address_version": "IPv4",
                "public_ip_address_id": "",
                "subnet_id": "/subscriptions/fa12187f-db35-4094-bbf5-2921bf099f65/resourceGroups/geth11-rg/providers/Microsoft.Network/virtualNetworks/geth11-vnet/subnets/geth11-prvt-sn001"
              }
            ],
            "location": "westeurope",
            "mac_address": "",
            "name": "geth1110-wrkr-nic",
            "private_ip_address": "10.0.2.7",
            "private_ip_addresses": [
              "10.0.2.7"
            ],
            "resource_group_name": "geth11-rg",
            "tags": {
              "application": "Block chain Performnace study",
              "applicationversion": "1.0.0",
              "environment": "Sandbox",
              "infrastructureversion": "1.0.0",
              "name": "Renaultgeth11",
              "tier": "Blockchain VMs"
            },
            "timeouts": null,
            "virtual_machine_id": ""
          },
          "private": "eyJlMmJmYjczMC1lY2FhLTExZTYtOGY4OC0zNDM2M2JjN2M0YzAiOnsiY3JlYXRlIjoxODAwMDAwMDAwMDAwLCJkZWxldGUiOjE4MDAwMDAwMDAwMDAsInJlYWQiOjMwMDAwMDAwMDAwMCwidXBkYXRlIjoxODAwMDAwMDAwMDAwfX0=",
          "dependencies": [
            "azurerm_resource_group.resource_group",
            "azurerm_subnet.private_subnet",
            "azurerm_virtual_network.vnet"
          ]
        },
        {
          "index_key": 11,
          "schema_version": 0,
          "attributes": {
            "applied_dns_servers": [],
            "dns_servers": [],
            "enable_accelerated_networking": false,
            "enable_ip_forwarding": false,
            "id": "/subscriptions/fa12187f-db35-4094-bbf5-2921bf099f65/resourceGroups/geth11-rg/providers/Microsoft.Network/networkInterfaces/geth1111-wrkr-nic",
            "internal_dns_name_label": "",
            "internal_domain_name_suffix": "55nruyrnii1e3cfybxa52mz5jh.ax.internal.cloudapp.net",
            "ip_configuration": [
              {
                "name": "geth1111-wrkr-nic-cfg",
                "primary": true,
                "private_ip_address": "10.0.2.41",
                "private_ip_address_allocation": "Dynamic",
                "private_ip_address_version": "IPv4",
                "public_ip_address_id": "",
                "subnet_id": "/subscriptions/fa12187f-db35-4094-bbf5-2921bf099f65/resourceGroups/geth11-rg/providers/Microsoft.Network/virtualNetworks/geth11-vnet/subnets/geth11-prvt-sn001"
              }
            ],
            "location": "westeurope",
            "mac_address": "",
            "name": "geth1111-wrkr-nic",
            "private_ip_address": "10.0.2.41",
            "private_ip_addresses": [
              "10.0.2.41"
            ],
            "resource_group_name": "geth11-rg",
            "tags": {
              "application": "Block chain Performnace study",
              "applicationversion": "1.0.0",
              "environment": "Sandbox",
              "infrastructureversion": "1.0.0",
              "name": "Renaultgeth11",
              "tier": "Blockchain VMs"
            },
            "timeouts": null,
            "virtual_machine_id": ""
          },
          "private": "eyJlMmJmYjczMC1lY2FhLTExZTYtOGY4OC0zNDM2M2JjN2M0YzAiOnsiY3JlYXRlIjoxODAwMDAwMDAwMDAwLCJkZWxldGUiOjE4MDAwMDAwMDAwMDAsInJlYWQiOjMwMDAwMDAwMDAwMCwidXBkYXRlIjoxODAwMDAwMDAwMDAwfX0=",
          "dependencies": [
            "azurerm_resource_group.resource_group",
            "azurerm_subnet.private_subnet",
            "azurerm_virtual_network.vnet"
          ]
        },
        {
          "index_key": 12,
          "schema_version": 0,
          "attributes": {
            "applied_dns_servers": [],
            "dns_servers": [],
            "enable_accelerated_networking": false,
            "enable_ip_forwarding": false,
            "id": "/subscriptions/fa12187f-db35-4094-bbf5-2921bf099f65/resourceGroups/geth11-rg/providers/Microsoft.Network/networkInterfaces/geth1112-wrkr-nic",
            "internal_dns_name_label": "",
            "internal_domain_name_suffix": "55nruyrnii1e3cfybxa52mz5jh.ax.internal.cloudapp.net",
            "ip_configuration": [
              {
                "name": "geth1112-wrkr-nic-cfg",
                "primary": true,
                "private_ip_address": "10.0.2.8",
                "private_ip_address_allocation": "Dynamic",
                "private_ip_address_version": "IPv4",
                "public_ip_address_id": "",
                "subnet_id": "/subscriptions/fa12187f-db35-4094-bbf5-2921bf099f65/resourceGroups/geth11-rg/providers/Microsoft.Network/virtualNetworks/geth11-vnet/subnets/geth11-prvt-sn001"
              }
            ],
            "location": "westeurope",
            "mac_address": "",
            "name": "geth1112-wrkr-nic",
            "private_ip_address": "10.0.2.8",
            "private_ip_addresses": [
              "10.0.2.8"
            ],
            "resource_group_name": "geth11-rg",
            "tags": {
              "application": "Block chain Performnace study",
              "applicationversion": "1.0.0",
              "environment": "Sandbox",
              "infrastructureversion": "1.0.0",
              "name": "Renaultgeth11",
              "tier": "Blockchain VMs"
            },
            "timeouts": null,
            "virtual_machine_id": ""
          },
          "private": "eyJlMmJmYjczMC1lY2FhLTExZTYtOGY4OC0zNDM2M2JjN2M0YzAiOnsiY3JlYXRlIjoxODAwMDAwMDAwMDAwLCJkZWxldGUiOjE4MDAwMDAwMDAwMDAsInJlYWQiOjMwMDAwMDAwMDAwMCwidXBkYXRlIjoxODAwMDAwMDAwMDAwfX0=",
          "dependencies": [
            "azurerm_resource_group.resource_group",
            "azurerm_subnet.private_subnet",
            "azurerm_virtual_network.vnet"
          ]
        },
        {
          "index_key": 13,
          "schema_version": 0,
          "attributes": {
            "applied_dns_servers": [],
            "dns_servers": [],
            "enable_accelerated_networking": false,
            "enable_ip_forwarding": false,
            "id": "/subscriptions/fa12187f-db35-4094-bbf5-2921bf099f65/resourceGroups/geth11-rg/providers/Microsoft.Network/networkInterfaces/geth1113-wrkr-nic",
            "internal_dns_name_label": "",
            "internal_domain_name_suffix": "55nruyrnii1e3cfybxa52mz5jh.ax.internal.cloudapp.net",
            "ip_configuration": [
              {
                "name": "geth1113-wrkr-nic-cfg",
                "primary": true,
                "private_ip_address": "10.0.2.20",
                "private_ip_address_allocation": "Dynamic",
                "private_ip_address_version": "IPv4",
                "public_ip_address_id": "",
                "subnet_id": "/subscriptions/fa12187f-db35-4094-bbf5-2921bf099f65/resourceGroups/geth11-rg/providers/Microsoft.Network/virtualNetworks/geth11-vnet/subnets/geth11-prvt-sn001"
              }
            ],
            "location": "westeurope",
            "mac_address": "",
            "name": "geth1113-wrkr-nic",
            "private_ip_address": "10.0.2.20",
            "private_ip_addresses": [
              "10.0.2.20"
            ],
            "resource_group_name": "geth11-rg",
            "tags": {
              "application": "Block chain Performnace study",
              "applicationversion": "1.0.0",
              "environment": "Sandbox",
              "infrastructureversion": "1.0.0",
              "name": "Renaultgeth11",
              "tier": "Blockchain VMs"
            },
            "timeouts": null,
            "virtual_machine_id": ""
          },
          "private": "eyJlMmJmYjczMC1lY2FhLTExZTYtOGY4OC0zNDM2M2JjN2M0YzAiOnsiY3JlYXRlIjoxODAwMDAwMDAwMDAwLCJkZWxldGUiOjE4MDAwMDAwMDAwMDAsInJlYWQiOjMwMDAwMDAwMDAwMCwidXBkYXRlIjoxODAwMDAwMDAwMDAwfX0=",
          "dependencies": [
            "azurerm_resource_group.resource_group",
            "azurerm_subnet.private_subnet",
            "azurerm_virtual_network.vnet"
          ]
        },
        {
          "index_key": 14,
          "schema_version": 0,
          "attributes": {
            "applied_dns_servers": [],
            "dns_servers": [],
            "enable_accelerated_networking": false,
            "enable_ip_forwarding": false,
            "id": "/subscriptions/fa12187f-db35-4094-bbf5-2921bf099f65/resourceGroups/geth11-rg/providers/Microsoft.Network/networkInterfaces/geth1114-wrkr-nic",
            "internal_dns_name_label": "",
            "internal_domain_name_suffix": "55nruyrnii1e3cfybxa52mz5jh.ax.internal.cloudapp.net",
            "ip_configuration": [
              {
                "name": "geth1114-wrkr-nic-cfg",
                "primary": true,
                "private_ip_address": "10.0.2.25",
                "private_ip_address_allocation": "Dynamic",
                "private_ip_address_version": "IPv4",
                "public_ip_address_id": "",
                "subnet_id": "/subscriptions/fa12187f-db35-4094-bbf5-2921bf099f65/resourceGroups/geth11-rg/providers/Microsoft.Network/virtualNetworks/geth11-vnet/subnets/geth11-prvt-sn001"
              }
            ],
            "location": "westeurope",
            "mac_address": "",
            "name": "geth1114-wrkr-nic",
            "private_ip_address": "10.0.2.25",
            "private_ip_addresses": [
              "10.0.2.25"
            ],
            "resource_group_name": "geth11-rg",
            "tags": {
              "application": "Block chain Performnace study",
              "applicationversion": "1.0.0",
              "environment": "Sandbox",
              "infrastructureversion": "1.0.0",
              "name": "Renaultgeth11",
              "tier": "Blockchain VMs"
            },
            "timeouts": null,
            "virtual_machine_id": ""
          },
          "private": "eyJlMmJmYjczMC1lY2FhLTExZTYtOGY4OC0zNDM2M2JjN2M0YzAiOnsiY3JlYXRlIjoxODAwMDAwMDAwMDAwLCJkZWxldGUiOjE4MDAwMDAwMDAwMDAsInJlYWQiOjMwMDAwMDAwMDAwMCwidXBkYXRlIjoxODAwMDAwMDAwMDAwfX0=",
          "dependencies": [
            "azurerm_resource_group.resource_group",
            "azurerm_subnet.private_subnet",
            "azurerm_virtual_network.vnet"
          ]
        },
        {
          "index_key": 15,
          "schema_version": 0,
          "attributes": {
            "applied_dns_servers": [],
            "dns_servers": [],
            "enable_accelerated_networking": false,
            "enable_ip_forwarding": false,
            "id": "/subscriptions/fa12187f-db35-4094-bbf5-2921bf099f65/resourceGroups/geth11-rg/providers/Microsoft.Network/networkInterfaces/geth1115-wrkr-nic",
            "internal_dns_name_label": "",
            "internal_domain_name_suffix": "55nruyrnii1e3cfybxa52mz5jh.ax.internal.cloudapp.net",
            "ip_configuration": [
              {
                "name": "geth1115-wrkr-nic-cfg",
                "primary": true,
                "private_ip_address": "10.0.2.35",
                "private_ip_address_allocation": "Dynamic",
                "private_ip_address_version": "IPv4",
                "public_ip_address_id": "",
                "subnet_id": "/subscriptions/fa12187f-db35-4094-bbf5-2921bf099f65/resourceGroups/geth11-rg/providers/Microsoft.Network/virtualNetworks/geth11-vnet/subnets/geth11-prvt-sn001"
              }
            ],
            "location": "westeurope",
            "mac_address": "",
            "name": "geth1115-wrkr-nic",
            "private_ip_address": "10.0.2.35",
            "private_ip_addresses": [
              "10.0.2.35"
            ],
            "resource_group_name": "geth11-rg",
            "tags": {
              "application": "Block chain Performnace study",
              "applicationversion": "1.0.0",
              "environment": "Sandbox",
              "infrastructureversion": "1.0.0",
              "name": "Renaultgeth11",
              "tier": "Blockchain VMs"
            },
            "timeouts": null,
            "virtual_machine_id": ""
          },
          "private": "eyJlMmJmYjczMC1lY2FhLTExZTYtOGY4OC0zNDM2M2JjN2M0YzAiOnsiY3JlYXRlIjoxODAwMDAwMDAwMDAwLCJkZWxldGUiOjE4MDAwMDAwMDAwMDAsInJlYWQiOjMwMDAwMDAwMDAwMCwidXBkYXRlIjoxODAwMDAwMDAwMDAwfX0=",
          "dependencies": [
            "azurerm_resource_group.resource_group",
            "azurerm_subnet.private_subnet",
            "azurerm_virtual_network.vnet"
          ]
        },
        {
          "index_key": 16,
          "schema_version": 0,
          "attributes": {
            "applied_dns_servers": [],
            "dns_servers": [],
            "enable_accelerated_networking": false,
            "enable_ip_forwarding": false,
            "id": "/subscriptions/fa12187f-db35-4094-bbf5-2921bf099f65/resourceGroups/geth11-rg/providers/Microsoft.Network/networkInterfaces/geth1116-wrkr-nic",
            "internal_dns_name_label": "",
            "internal_domain_name_suffix": "55nruyrnii1e3cfybxa52mz5jh.ax.internal.cloudapp.net",
            "ip_configuration": [
              {
                "name": "geth1116-wrkr-nic-cfg",
                "primary": true,
                "private_ip_address": "10.0.2.14",
                "private_ip_address_allocation": "Dynamic",
                "private_ip_address_version": "IPv4",
                "public_ip_address_id": "",
                "subnet_id": "/subscriptions/fa12187f-db35-4094-bbf5-2921bf099f65/resourceGroups/geth11-rg/providers/Microsoft.Network/virtualNetworks/geth11-vnet/subnets/geth11-prvt-sn001"
              }
            ],
            "location": "westeurope",
            "mac_address": "",
            "name": "geth1116-wrkr-nic",
            "private_ip_address": "10.0.2.14",
            "private_ip_addresses": [
              "10.0.2.14"
            ],
            "resource_group_name": "geth11-rg",
            "tags": {
              "application": "Block chain Performnace study",
              "applicationversion": "1.0.0",
              "environment": "Sandbox",
              "infrastructureversion": "1.0.0",
              "name": "Renaultgeth11",
              "tier": "Blockchain VMs"
            },
            "timeouts": null,
            "virtual_machine_id": ""
          },
          "private": "eyJlMmJmYjczMC1lY2FhLTExZTYtOGY4OC0zNDM2M2JjN2M0YzAiOnsiY3JlYXRlIjoxODAwMDAwMDAwMDAwLCJkZWxldGUiOjE4MDAwMDAwMDAwMDAsInJlYWQiOjMwMDAwMDAwMDAwMCwidXBkYXRlIjoxODAwMDAwMDAwMDAwfX0=",
          "dependencies": [
            "azurerm_resource_group.resource_group",
            "azurerm_subnet.private_subnet",
            "azurerm_virtual_network.vnet"
          ]
        },
        {
          "index_key": 17,
          "schema_version": 0,
          "attributes": {
            "applied_dns_servers": [],
            "dns_servers": [],
            "enable_accelerated_networking": false,
            "enable_ip_forwarding": false,
            "id": "/subscriptions/fa12187f-db35-4094-bbf5-2921bf099f65/resourceGroups/geth11-rg/providers/Microsoft.Network/networkInterfaces/geth1117-wrkr-nic",
            "internal_dns_name_label": "",
            "internal_domain_name_suffix": "55nruyrnii1e3cfybxa52mz5jh.ax.internal.cloudapp.net",
            "ip_configuration": [
              {
                "name": "geth1117-wrkr-nic-cfg",
                "primary": true,
                "private_ip_address": "10.0.2.31",
                "private_ip_address_allocation": "Dynamic",
                "private_ip_address_version": "IPv4",
                "public_ip_address_id": "",
                "subnet_id": "/subscriptions/fa12187f-db35-4094-bbf5-2921bf099f65/resourceGroups/geth11-rg/providers/Microsoft.Network/virtualNetworks/geth11-vnet/subnets/geth11-prvt-sn001"
              }
            ],
            "location": "westeurope",
            "mac_address": "",
            "name": "geth1117-wrkr-nic",
            "private_ip_address": "10.0.2.31",
            "private_ip_addresses": [
              "10.0.2.31"
            ],
            "resource_group_name": "geth11-rg",
            "tags": {
              "application": "Block chain Performnace study",
              "applicationversion": "1.0.0",
              "environment": "Sandbox",
              "infrastructureversion": "1.0.0",
              "name": "Renaultgeth11",
              "tier": "Blockchain VMs"
            },
            "timeouts": null,
            "virtual_machine_id": ""
          },
          "private": "eyJlMmJmYjczMC1lY2FhLTExZTYtOGY4OC0zNDM2M2JjN2M0YzAiOnsiY3JlYXRlIjoxODAwMDAwMDAwMDAwLCJkZWxldGUiOjE4MDAwMDAwMDAwMDAsInJlYWQiOjMwMDAwMDAwMDAwMCwidXBkYXRlIjoxODAwMDAwMDAwMDAwfX0=",
          "dependencies": [
            "azurerm_resource_group.resource_group",
            "azurerm_subnet.private_subnet",
            "azurerm_virtual_network.vnet"
          ]
        },
        {
          "index_key": 18,
          "schema_version": 0,
          "attributes": {
            "applied_dns_servers": [],
            "dns_servers": [],
            "enable_accelerated_networking": false,
            "enable_ip_forwarding": false,
            "id": "/subscriptions/fa12187f-db35-4094-bbf5-2921bf099f65/resourceGroups/geth11-rg/providers/Microsoft.Network/networkInterfaces/geth1118-wrkr-nic",
            "internal_dns_name_label": "",
            "internal_domain_name_suffix": "55nruyrnii1e3cfybxa52mz5jh.ax.internal.cloudapp.net",
            "ip_configuration": [
              {
                "name": "geth1118-wrkr-nic-cfg",
                "primary": true,
                "private_ip_address": "10.0.2.16",
                "private_ip_address_allocation": "Dynamic",
                "private_ip_address_version": "IPv4",
                "public_ip_address_id": "",
                "subnet_id": "/subscriptions/fa12187f-db35-4094-bbf5-2921bf099f65/resourceGroups/geth11-rg/providers/Microsoft.Network/virtualNetworks/geth11-vnet/subnets/geth11-prvt-sn001"
              }
            ],
            "location": "westeurope",
            "mac_address": "",
            "name": "geth1118-wrkr-nic",
            "private_ip_address": "10.0.2.16",
            "private_ip_addresses": [
              "10.0.2.16"
            ],
            "resource_group_name": "geth11-rg",
            "tags": {
              "application": "Block chain Performnace study",
              "applicationversion": "1.0.0",
              "environment": "Sandbox",
              "infrastructureversion": "1.0.0",
              "name": "Renaultgeth11",
              "tier": "Blockchain VMs"
            },
            "timeouts": null,
            "virtual_machine_id": ""
          },
          "private": "eyJlMmJmYjczMC1lY2FhLTExZTYtOGY4OC0zNDM2M2JjN2M0YzAiOnsiY3JlYXRlIjoxODAwMDAwMDAwMDAwLCJkZWxldGUiOjE4MDAwMDAwMDAwMDAsInJlYWQiOjMwMDAwMDAwMDAwMCwidXBkYXRlIjoxODAwMDAwMDAwMDAwfX0=",
          "dependencies": [
            "azurerm_resource_group.resource_group",
            "azurerm_subnet.private_subnet",
            "azurerm_virtual_network.vnet"
          ]
        },
        {
          "index_key": 19,
          "schema_version": 0,
          "attributes": {
            "applied_dns_servers": [],
            "dns_servers": [],
            "enable_accelerated_networking": false,
            "enable_ip_forwarding": false,
            "id": "/subscriptions/fa12187f-db35-4094-bbf5-2921bf099f65/resourceGroups/geth11-rg/providers/Microsoft.Network/networkInterfaces/geth1119-wrkr-nic",
            "internal_dns_name_label": "",
            "internal_domain_name_suffix": "55nruyrnii1e3cfybxa52mz5jh.ax.internal.cloudapp.net",
            "ip_configuration": [
              {
                "name": "geth1119-wrkr-nic-cfg",
                "primary": true,
                "private_ip_address": "10.0.2.28",
                "private_ip_address_allocation": "Dynamic",
                "private_ip_address_version": "IPv4",
                "public_ip_address_id": "",
                "subnet_id": "/subscriptions/fa12187f-db35-4094-bbf5-2921bf099f65/resourceGroups/geth11-rg/providers/Microsoft.Network/virtualNetworks/geth11-vnet/subnets/geth11-prvt-sn001"
              }
            ],
            "location": "westeurope",
            "mac_address": "",
            "name": "geth1119-wrkr-nic",
            "private_ip_address": "10.0.2.28",
            "private_ip_addresses": [
              "10.0.2.28"
            ],
            "resource_group_name": "geth11-rg",
            "tags": {
              "application": "Block chain Performnace study",
              "applicationversion": "1.0.0",
              "environment": "Sandbox",
              "infrastructureversion": "1.0.0",
              "name": "Renaultgeth11",
              "tier": "Blockchain VMs"
            },
            "timeouts": null,
            "virtual_machine_id": ""
          },
          "private": "eyJlMmJmYjczMC1lY2FhLTExZTYtOGY4OC0zNDM2M2JjN2M0YzAiOnsiY3JlYXRlIjoxODAwMDAwMDAwMDAwLCJkZWxldGUiOjE4MDAwMDAwMDAwMDAsInJlYWQiOjMwMDAwMDAwMDAwMCwidXBkYXRlIjoxODAwMDAwMDAwMDAwfX0=",
          "dependencies": [
            "azurerm_resource_group.resource_group",
            "azurerm_subnet.private_subnet",
            "azurerm_virtual_network.vnet"
          ]
        },
        {
          "index_key": 20,
          "schema_version": 0,
          "attributes": {
            "applied_dns_servers": [],
            "dns_servers": [],
            "enable_accelerated_networking": false,
            "enable_ip_forwarding": false,
            "id": "/subscriptions/fa12187f-db35-4094-bbf5-2921bf099f65/resourceGroups/geth11-rg/providers/Microsoft.Network/networkInterfaces/geth1120-wrkr-nic",
            "internal_dns_name_label": "",
            "internal_domain_name_suffix": "55nruyrnii1e3cfybxa52mz5jh.ax.internal.cloudapp.net",
            "ip_configuration": [
              {
                "name": "geth1120-wrkr-nic-cfg",
                "primary": true,
                "private_ip_address": "10.0.2.27",
                "private_ip_address_allocation": "Dynamic",
                "private_ip_address_version": "IPv4",
                "public_ip_address_id": "",
                "subnet_id": "/subscriptions/fa12187f-db35-4094-bbf5-2921bf099f65/resourceGroups/geth11-rg/providers/Microsoft.Network/virtualNetworks/geth11-vnet/subnets/geth11-prvt-sn001"
              }
            ],
            "location": "westeurope",
            "mac_address": "",
            "name": "geth1120-wrkr-nic",
            "private_ip_address": "10.0.2.27",
            "private_ip_addresses": [
              "10.0.2.27"
            ],
            "resource_group_name": "geth11-rg",
            "tags": {
              "application": "Block chain Performnace study",
              "applicationversion": "1.0.0",
              "environment": "Sandbox",
              "infrastructureversion": "1.0.0",
              "name": "Renaultgeth11",
              "tier": "Blockchain VMs"
            },
            "timeouts": null,
            "virtual_machine_id": ""
          },
          "private": "eyJlMmJmYjczMC1lY2FhLTExZTYtOGY4OC0zNDM2M2JjN2M0YzAiOnsiY3JlYXRlIjoxODAwMDAwMDAwMDAwLCJkZWxldGUiOjE4MDAwMDAwMDAwMDAsInJlYWQiOjMwMDAwMDAwMDAwMCwidXBkYXRlIjoxODAwMDAwMDAwMDAwfX0=",
          "dependencies": [
            "azurerm_resource_group.resource_group",
            "azurerm_subnet.private_subnet",
            "azurerm_virtual_network.vnet"
          ]
        },
        {
          "index_key": 21,
          "schema_version": 0,
          "attributes": {
            "applied_dns_servers": [],
            "dns_servers": [],
            "enable_accelerated_networking": false,
            "enable_ip_forwarding": false,
            "id": "/subscriptions/fa12187f-db35-4094-bbf5-2921bf099f65/resourceGroups/geth11-rg/providers/Microsoft.Network/networkInterfaces/geth1121-wrkr-nic",
            "internal_dns_name_label": "",
            "internal_domain_name_suffix": "55nruyrnii1e3cfybxa52mz5jh.ax.internal.cloudapp.net",
            "ip_configuration": [
              {
                "name": "geth1121-wrkr-nic-cfg",
                "primary": true,
                "private_ip_address": "10.0.2.33",
                "private_ip_address_allocation": "Dynamic",
                "private_ip_address_version": "IPv4",
                "public_ip_address_id": "",
                "subnet_id": "/subscriptions/fa12187f-db35-4094-bbf5-2921bf099f65/resourceGroups/geth11-rg/providers/Microsoft.Network/virtualNetworks/geth11-vnet/subnets/geth11-prvt-sn001"
              }
            ],
            "location": "westeurope",
            "mac_address": "",
            "name": "geth1121-wrkr-nic",
            "private_ip_address": "10.0.2.33",
            "private_ip_addresses": [
              "10.0.2.33"
            ],
            "resource_group_name": "geth11-rg",
            "tags": {
              "application": "Block chain Performnace study",
              "applicationversion": "1.0.0",
              "environment": "Sandbox",
              "infrastructureversion": "1.0.0",
              "name": "Renaultgeth11",
              "tier": "Blockchain VMs"
            },
            "timeouts": null,
            "virtual_machine_id": ""
          },
          "private": "eyJlMmJmYjczMC1lY2FhLTExZTYtOGY4OC0zNDM2M2JjN2M0YzAiOnsiY3JlYXRlIjoxODAwMDAwMDAwMDAwLCJkZWxldGUiOjE4MDAwMDAwMDAwMDAsInJlYWQiOjMwMDAwMDAwMDAwMCwidXBkYXRlIjoxODAwMDAwMDAwMDAwfX0=",
          "dependencies": [
            "azurerm_resource_group.resource_group",
            "azurerm_subnet.private_subnet",
            "azurerm_virtual_network.vnet"
          ]
        },
        {
          "index_key": 22,
          "schema_version": 0,
          "attributes": {
            "applied_dns_servers": [],
            "dns_servers": [],
            "enable_accelerated_networking": false,
            "enable_ip_forwarding": false,
            "id": "/subscriptions/fa12187f-db35-4094-bbf5-2921bf099f65/resourceGroups/geth11-rg/providers/Microsoft.Network/networkInterfaces/geth1122-wrkr-nic",
            "internal_dns_name_label": "",
            "internal_domain_name_suffix": "55nruyrnii1e3cfybxa52mz5jh.ax.internal.cloudapp.net",
            "ip_configuration": [
              {
                "name": "geth1122-wrkr-nic-cfg",
                "primary": true,
                "private_ip_address": "10.0.2.32",
                "private_ip_address_allocation": "Dynamic",
                "private_ip_address_version": "IPv4",
                "public_ip_address_id": "",
                "subnet_id": "/subscriptions/fa12187f-db35-4094-bbf5-2921bf099f65/resourceGroups/geth11-rg/providers/Microsoft.Network/virtualNetworks/geth11-vnet/subnets/geth11-prvt-sn001"
              }
            ],
            "location": "westeurope",
            "mac_address": "",
            "name": "geth1122-wrkr-nic",
            "private_ip_address": "10.0.2.32",
            "private_ip_addresses": [
              "10.0.2.32"
            ],
            "resource_group_name": "geth11-rg",
            "tags": {
              "application": "Block chain Performnace study",
              "applicationversion": "1.0.0",
              "environment": "Sandbox",
              "infrastructureversion": "1.0.0",
              "name": "Renaultgeth11",
              "tier": "Blockchain VMs"
            },
            "timeouts": null,
            "virtual_machine_id": ""
          },
          "private": "eyJlMmJmYjczMC1lY2FhLTExZTYtOGY4OC0zNDM2M2JjN2M0YzAiOnsiY3JlYXRlIjoxODAwMDAwMDAwMDAwLCJkZWxldGUiOjE4MDAwMDAwMDAwMDAsInJlYWQiOjMwMDAwMDAwMDAwMCwidXBkYXRlIjoxODAwMDAwMDAwMDAwfX0=",
          "dependencies": [
            "azurerm_resource_group.resource_group",
            "azurerm_subnet.private_subnet",
            "azurerm_virtual_network.vnet"
          ]
        },
        {
          "index_key": 23,
          "schema_version": 0,
          "attributes": {
            "applied_dns_servers": [],
            "dns_servers": [],
            "enable_accelerated_networking": false,
            "enable_ip_forwarding": false,
            "id": "/subscriptions/fa12187f-db35-4094-bbf5-2921bf099f65/resourceGroups/geth11-rg/providers/Microsoft.Network/networkInterfaces/geth1123-wrkr-nic",
            "internal_dns_name_label": "",
            "internal_domain_name_suffix": "55nruyrnii1e3cfybxa52mz5jh.ax.internal.cloudapp.net",
            "ip_configuration": [
              {
                "name": "geth1123-wrkr-nic-cfg",
                "primary": true,
                "private_ip_address": "10.0.2.43",
                "private_ip_address_allocation": "Dynamic",
                "private_ip_address_version": "IPv4",
                "public_ip_address_id": "",
                "subnet_id": "/subscriptions/fa12187f-db35-4094-bbf5-2921bf099f65/resourceGroups/geth11-rg/providers/Microsoft.Network/virtualNetworks/geth11-vnet/subnets/geth11-prvt-sn001"
              }
            ],
            "location": "westeurope",
            "mac_address": "",
            "name": "geth1123-wrkr-nic",
            "private_ip_address": "10.0.2.43",
            "private_ip_addresses": [
              "10.0.2.43"
            ],
            "resource_group_name": "geth11-rg",
            "tags": {
              "application": "Block chain Performnace study",
              "applicationversion": "1.0.0",
              "environment": "Sandbox",
              "infrastructureversion": "1.0.0",
              "name": "Renaultgeth11",
              "tier": "Blockchain VMs"
            },
            "timeouts": null,
            "virtual_machine_id": ""
          },
          "private": "eyJlMmJmYjczMC1lY2FhLTExZTYtOGY4OC0zNDM2M2JjN2M0YzAiOnsiY3JlYXRlIjoxODAwMDAwMDAwMDAwLCJkZWxldGUiOjE4MDAwMDAwMDAwMDAsInJlYWQiOjMwMDAwMDAwMDAwMCwidXBkYXRlIjoxODAwMDAwMDAwMDAwfX0=",
          "dependencies": [
            "azurerm_resource_group.resource_group",
            "azurerm_subnet.private_subnet",
            "azurerm_virtual_network.vnet"
          ]
        },
        {
          "index_key": 24,
          "schema_version": 0,
          "attributes": {
            "applied_dns_servers": [],
            "dns_servers": [],
            "enable_accelerated_networking": false,
            "enable_ip_forwarding": false,
            "id": "/subscriptions/fa12187f-db35-4094-bbf5-2921bf099f65/resourceGroups/geth11-rg/providers/Microsoft.Network/networkInterfaces/geth1124-wrkr-nic",
            "internal_dns_name_label": "",
            "internal_domain_name_suffix": "55nruyrnii1e3cfybxa52mz5jh.ax.internal.cloudapp.net",
            "ip_configuration": [
              {
                "name": "geth1124-wrkr-nic-cfg",
                "primary": true,
                "private_ip_address": "10.0.2.11",
                "private_ip_address_allocation": "Dynamic",
                "private_ip_address_version": "IPv4",
                "public_ip_address_id": "",
                "subnet_id": "/subscriptions/fa12187f-db35-4094-bbf5-2921bf099f65/resourceGroups/geth11-rg/providers/Microsoft.Network/virtualNetworks/geth11-vnet/subnets/geth11-prvt-sn001"
              }
            ],
            "location": "westeurope",
            "mac_address": "",
            "name": "geth1124-wrkr-nic",
            "private_ip_address": "10.0.2.11",
            "private_ip_addresses": [
              "10.0.2.11"
            ],
            "resource_group_name": "geth11-rg",
            "tags": {
              "application": "Block chain Performnace study",
              "applicationversion": "1.0.0",
              "environment": "Sandbox",
              "infrastructureversion": "1.0.0",
              "name": "Renaultgeth11",
              "tier": "Blockchain VMs"
            },
            "timeouts": null,
            "virtual_machine_id": ""
          },
          "private": "eyJlMmJmYjczMC1lY2FhLTExZTYtOGY4OC0zNDM2M2JjN2M0YzAiOnsiY3JlYXRlIjoxODAwMDAwMDAwMDAwLCJkZWxldGUiOjE4MDAwMDAwMDAwMDAsInJlYWQiOjMwMDAwMDAwMDAwMCwidXBkYXRlIjoxODAwMDAwMDAwMDAwfX0=",
          "dependencies": [
            "azurerm_resource_group.resource_group",
            "azurerm_subnet.private_subnet",
            "azurerm_virtual_network.vnet"
          ]
        },
        {
          "index_key": 25,
          "schema_version": 0,
          "attributes": {
            "applied_dns_servers": [],
            "dns_servers": [],
            "enable_accelerated_networking": false,
            "enable_ip_forwarding": false,
            "id": "/subscriptions/fa12187f-db35-4094-bbf5-2921bf099f65/resourceGroups/geth11-rg/providers/Microsoft.Network/networkInterfaces/geth1125-wrkr-nic",
            "internal_dns_name_label": "",
            "internal_domain_name_suffix": "55nruyrnii1e3cfybxa52mz5jh.ax.internal.cloudapp.net",
            "ip_configuration": [
              {
                "name": "geth1125-wrkr-nic-cfg",
                "primary": true,
                "private_ip_address": "10.0.2.15",
                "private_ip_address_allocation": "Dynamic",
                "private_ip_address_version": "IPv4",
                "public_ip_address_id": "",
                "subnet_id": "/subscriptions/fa12187f-db35-4094-bbf5-2921bf099f65/resourceGroups/geth11-rg/providers/Microsoft.Network/virtualNetworks/geth11-vnet/subnets/geth11-prvt-sn001"
              }
            ],
            "location": "westeurope",
            "mac_address": "",
            "name": "geth1125-wrkr-nic",
            "private_ip_address": "10.0.2.15",
            "private_ip_addresses": [
              "10.0.2.15"
            ],
            "resource_group_name": "geth11-rg",
            "tags": {
              "application": "Block chain Performnace study",
              "applicationversion": "1.0.0",
              "environment": "Sandbox",
              "infrastructureversion": "1.0.0",
              "name": "Renaultgeth11",
              "tier": "Blockchain VMs"
            },
            "timeouts": null,
            "virtual_machine_id": ""
          },
          "private": "eyJlMmJmYjczMC1lY2FhLTExZTYtOGY4OC0zNDM2M2JjN2M0YzAiOnsiY3JlYXRlIjoxODAwMDAwMDAwMDAwLCJkZWxldGUiOjE4MDAwMDAwMDAwMDAsInJlYWQiOjMwMDAwMDAwMDAwMCwidXBkYXRlIjoxODAwMDAwMDAwMDAwfX0=",
          "dependencies": [
            "azurerm_resource_group.resource_group",
            "azurerm_subnet.private_subnet",
            "azurerm_virtual_network.vnet"
          ]
        },
        {
          "index_key": 26,
          "schema_version": 0,
          "attributes": {
            "applied_dns_servers": [],
            "dns_servers": [],
            "enable_accelerated_networking": false,
            "enable_ip_forwarding": false,
            "id": "/subscriptions/fa12187f-db35-4094-bbf5-2921bf099f65/resourceGroups/geth11-rg/providers/Microsoft.Network/networkInterfaces/geth1126-wrkr-nic",
            "internal_dns_name_label": "",
            "internal_domain_name_suffix": "55nruyrnii1e3cfybxa52mz5jh.ax.internal.cloudapp.net",
            "ip_configuration": [
              {
                "name": "geth1126-wrkr-nic-cfg",
                "primary": true,
                "private_ip_address": "10.0.2.9",
                "private_ip_address_allocation": "Dynamic",
                "private_ip_address_version": "IPv4",
                "public_ip_address_id": "",
                "subnet_id": "/subscriptions/fa12187f-db35-4094-bbf5-2921bf099f65/resourceGroups/geth11-rg/providers/Microsoft.Network/virtualNetworks/geth11-vnet/subnets/geth11-prvt-sn001"
              }
            ],
            "location": "westeurope",
            "mac_address": "",
            "name": "geth1126-wrkr-nic",
            "private_ip_address": "10.0.2.9",
            "private_ip_addresses": [
              "10.0.2.9"
            ],
            "resource_group_name": "geth11-rg",
            "tags": {
              "application": "Block chain Performnace study",
              "applicationversion": "1.0.0",
              "environment": "Sandbox",
              "infrastructureversion": "1.0.0",
              "name": "Renaultgeth11",
              "tier": "Blockchain VMs"
            },
            "timeouts": null,
            "virtual_machine_id": ""
          },
          "private": "eyJlMmJmYjczMC1lY2FhLTExZTYtOGY4OC0zNDM2M2JjN2M0YzAiOnsiY3JlYXRlIjoxODAwMDAwMDAwMDAwLCJkZWxldGUiOjE4MDAwMDAwMDAwMDAsInJlYWQiOjMwMDAwMDAwMDAwMCwidXBkYXRlIjoxODAwMDAwMDAwMDAwfX0=",
          "dependencies": [
            "azurerm_resource_group.resource_group",
            "azurerm_subnet.private_subnet",
            "azurerm_virtual_network.vnet"
          ]
        },
        {
          "index_key": 27,
          "schema_version": 0,
          "attributes": {
            "applied_dns_servers": [],
            "dns_servers": [],
            "enable_accelerated_networking": false,
            "enable_ip_forwarding": false,
            "id": "/subscriptions/fa12187f-db35-4094-bbf5-2921bf099f65/resourceGroups/geth11-rg/providers/Microsoft.Network/networkInterfaces/geth1127-wrkr-nic",
            "internal_dns_name_label": "",
            "internal_domain_name_suffix": "55nruyrnii1e3cfybxa52mz5jh.ax.internal.cloudapp.net",
            "ip_configuration": [
              {
                "name": "geth1127-wrkr-nic-cfg",
                "primary": true,
                "private_ip_address": "10.0.2.18",
                "private_ip_address_allocation": "Dynamic",
                "private_ip_address_version": "IPv4",
                "public_ip_address_id": "",
                "subnet_id": "/subscriptions/fa12187f-db35-4094-bbf5-2921bf099f65/resourceGroups/geth11-rg/providers/Microsoft.Network/virtualNetworks/geth11-vnet/subnets/geth11-prvt-sn001"
              }
            ],
            "location": "westeurope",
            "mac_address": "",
            "name": "geth1127-wrkr-nic",
            "private_ip_address": "10.0.2.18",
            "private_ip_addresses": [
              "10.0.2.18"
            ],
            "resource_group_name": "geth11-rg",
            "tags": {
              "application": "Block chain Performnace study",
              "applicationversion": "1.0.0",
              "environment": "Sandbox",
              "infrastructureversion": "1.0.0",
              "name": "Renaultgeth11",
              "tier": "Blockchain VMs"
            },
            "timeouts": null,
            "virtual_machine_id": ""
          },
          "private": "eyJlMmJmYjczMC1lY2FhLTExZTYtOGY4OC0zNDM2M2JjN2M0YzAiOnsiY3JlYXRlIjoxODAwMDAwMDAwMDAwLCJkZWxldGUiOjE4MDAwMDAwMDAwMDAsInJlYWQiOjMwMDAwMDAwMDAwMCwidXBkYXRlIjoxODAwMDAwMDAwMDAwfX0=",
          "dependencies": [
            "azurerm_resource_group.resource_group",
            "azurerm_subnet.private_subnet",
            "azurerm_virtual_network.vnet"
          ]
        },
        {
          "index_key": 28,
          "schema_version": 0,
          "attributes": {
            "applied_dns_servers": [],
            "dns_servers": [],
            "enable_accelerated_networking": false,
            "enable_ip_forwarding": false,
            "id": "/subscriptions/fa12187f-db35-4094-bbf5-2921bf099f65/resourceGroups/geth11-rg/providers/Microsoft.Network/networkInterfaces/geth1128-wrkr-nic",
            "internal_dns_name_label": "",
            "internal_domain_name_suffix": "55nruyrnii1e3cfybxa52mz5jh.ax.internal.cloudapp.net",
            "ip_configuration": [
              {
                "name": "geth1128-wrkr-nic-cfg",
                "primary": true,
                "private_ip_address": "10.0.2.24",
                "private_ip_address_allocation": "Dynamic",
                "private_ip_address_version": "IPv4",
                "public_ip_address_id": "",
                "subnet_id": "/subscriptions/fa12187f-db35-4094-bbf5-2921bf099f65/resourceGroups/geth11-rg/providers/Microsoft.Network/virtualNetworks/geth11-vnet/subnets/geth11-prvt-sn001"
              }
            ],
            "location": "westeurope",
            "mac_address": "",
            "name": "geth1128-wrkr-nic",
            "private_ip_address": "10.0.2.24",
            "private_ip_addresses": [
              "10.0.2.24"
            ],
            "resource_group_name": "geth11-rg",
            "tags": {
              "application": "Block chain Performnace study",
              "applicationversion": "1.0.0",
              "environment": "Sandbox",
              "infrastructureversion": "1.0.0",
              "name": "Renaultgeth11",
              "tier": "Blockchain VMs"
            },
            "timeouts": null,
            "virtual_machine_id": ""
          },
          "private": "eyJlMmJmYjczMC1lY2FhLTExZTYtOGY4OC0zNDM2M2JjN2M0YzAiOnsiY3JlYXRlIjoxODAwMDAwMDAwMDAwLCJkZWxldGUiOjE4MDAwMDAwMDAwMDAsInJlYWQiOjMwMDAwMDAwMDAwMCwidXBkYXRlIjoxODAwMDAwMDAwMDAwfX0=",
          "dependencies": [
            "azurerm_resource_group.resource_group",
            "azurerm_subnet.private_subnet",
            "azurerm_virtual_network.vnet"
          ]
        },
        {
          "index_key": 29,
          "schema_version": 0,
          "attributes": {
            "applied_dns_servers": [],
            "dns_servers": [],
            "enable_accelerated_networking": false,
            "enable_ip_forwarding": false,
            "id": "/subscriptions/fa12187f-db35-4094-bbf5-2921bf099f65/resourceGroups/geth11-rg/providers/Microsoft.Network/networkInterfaces/geth1129-wrkr-nic",
            "internal_dns_name_label": "",
            "internal_domain_name_suffix": "55nruyrnii1e3cfybxa52mz5jh.ax.internal.cloudapp.net",
            "ip_configuration": [
              {
                "name": "geth1129-wrkr-nic-cfg",
                "primary": true,
                "private_ip_address": "10.0.2.42",
                "private_ip_address_allocation": "Dynamic",
                "private_ip_address_version": "IPv4",
                "public_ip_address_id": "",
                "subnet_id": "/subscriptions/fa12187f-db35-4094-bbf5-2921bf099f65/resourceGroups/geth11-rg/providers/Microsoft.Network/virtualNetworks/geth11-vnet/subnets/geth11-prvt-sn001"
              }
            ],
            "location": "westeurope",
            "mac_address": "",
            "name": "geth1129-wrkr-nic",
            "private_ip_address": "10.0.2.42",
            "private_ip_addresses": [
              "10.0.2.42"
            ],
            "resource_group_name": "geth11-rg",
            "tags": {
              "application": "Block chain Performnace study",
              "applicationversion": "1.0.0",
              "environment": "Sandbox",
              "infrastructureversion": "1.0.0",
              "name": "Renaultgeth11",
              "tier": "Blockchain VMs"
            },
            "timeouts": null,
            "virtual_machine_id": ""
          },
          "private": "eyJlMmJmYjczMC1lY2FhLTExZTYtOGY4OC0zNDM2M2JjN2M0YzAiOnsiY3JlYXRlIjoxODAwMDAwMDAwMDAwLCJkZWxldGUiOjE4MDAwMDAwMDAwMDAsInJlYWQiOjMwMDAwMDAwMDAwMCwidXBkYXRlIjoxODAwMDAwMDAwMDAwfX0=",
          "dependencies": [
            "azurerm_resource_group.resource_group",
            "azurerm_subnet.private_subnet",
            "azurerm_virtual_network.vnet"
          ]
        },
        {
          "index_key": 30,
          "schema_version": 0,
          "attributes": {
            "applied_dns_servers": [],
            "dns_servers": [],
            "enable_accelerated_networking": false,
            "enable_ip_forwarding": false,
            "id": "/subscriptions/fa12187f-db35-4094-bbf5-2921bf099f65/resourceGroups/geth11-rg/providers/Microsoft.Network/networkInterfaces/geth1130-wrkr-nic",
            "internal_dns_name_label": "",
            "internal_domain_name_suffix": "55nruyrnii1e3cfybxa52mz5jh.ax.internal.cloudapp.net",
            "ip_configuration": [
              {
                "name": "geth1130-wrkr-nic-cfg",
                "primary": true,
                "private_ip_address": "10.0.2.23",
                "private_ip_address_allocation": "Dynamic",
                "private_ip_address_version": "IPv4",
                "public_ip_address_id": "",
                "subnet_id": "/subscriptions/fa12187f-db35-4094-bbf5-2921bf099f65/resourceGroups/geth11-rg/providers/Microsoft.Network/virtualNetworks/geth11-vnet/subnets/geth11-prvt-sn001"
              }
            ],
            "location": "westeurope",
            "mac_address": "",
            "name": "geth1130-wrkr-nic",
            "private_ip_address": "10.0.2.23",
            "private_ip_addresses": [
              "10.0.2.23"
            ],
            "resource_group_name": "geth11-rg",
            "tags": {
              "application": "Block chain Performnace study",
              "applicationversion": "1.0.0",
              "environment": "Sandbox",
              "infrastructureversion": "1.0.0",
              "name": "Renaultgeth11",
              "tier": "Blockchain VMs"
            },
            "timeouts": null,
            "virtual_machine_id": ""
          },
          "private": "eyJlMmJmYjczMC1lY2FhLTExZTYtOGY4OC0zNDM2M2JjN2M0YzAiOnsiY3JlYXRlIjoxODAwMDAwMDAwMDAwLCJkZWxldGUiOjE4MDAwMDAwMDAwMDAsInJlYWQiOjMwMDAwMDAwMDAwMCwidXBkYXRlIjoxODAwMDAwMDAwMDAwfX0=",
          "dependencies": [
            "azurerm_resource_group.resource_group",
            "azurerm_subnet.private_subnet",
            "azurerm_virtual_network.vnet"
          ]
        },
        {
          "index_key": 31,
          "schema_version": 0,
          "attributes": {
            "applied_dns_servers": [],
            "dns_servers": [],
            "enable_accelerated_networking": false,
            "enable_ip_forwarding": false,
            "id": "/subscriptions/fa12187f-db35-4094-bbf5-2921bf099f65/resourceGroups/geth11-rg/providers/Microsoft.Network/networkInterfaces/geth1131-wrkr-nic",
            "internal_dns_name_label": "",
            "internal_domain_name_suffix": "55nruyrnii1e3cfybxa52mz5jh.ax.internal.cloudapp.net",
            "ip_configuration": [
              {
                "name": "geth1131-wrkr-nic-cfg",
                "primary": true,
                "private_ip_address": "10.0.2.21",
                "private_ip_address_allocation": "Dynamic",
                "private_ip_address_version": "IPv4",
                "public_ip_address_id": "",
                "subnet_id": "/subscriptions/fa12187f-db35-4094-bbf5-2921bf099f65/resourceGroups/geth11-rg/providers/Microsoft.Network/virtualNetworks/geth11-vnet/subnets/geth11-prvt-sn001"
              }
            ],
            "location": "westeurope",
            "mac_address": "",
            "name": "geth1131-wrkr-nic",
            "private_ip_address": "10.0.2.21",
            "private_ip_addresses": [
              "10.0.2.21"
            ],
            "resource_group_name": "geth11-rg",
            "tags": {
              "application": "Block chain Performnace study",
              "applicationversion": "1.0.0",
              "environment": "Sandbox",
              "infrastructureversion": "1.0.0",
              "name": "Renaultgeth11",
              "tier": "Blockchain VMs"
            },
            "timeouts": null,
            "virtual_machine_id": ""
          },
          "private": "eyJlMmJmYjczMC1lY2FhLTExZTYtOGY4OC0zNDM2M2JjN2M0YzAiOnsiY3JlYXRlIjoxODAwMDAwMDAwMDAwLCJkZWxldGUiOjE4MDAwMDAwMDAwMDAsInJlYWQiOjMwMDAwMDAwMDAwMCwidXBkYXRlIjoxODAwMDAwMDAwMDAwfX0=",
          "dependencies": [
            "azurerm_resource_group.resource_group",
            "azurerm_subnet.private_subnet",
            "azurerm_virtual_network.vnet"
          ]
        },
        {
          "index_key": 32,
          "schema_version": 0,
          "attributes": {
            "applied_dns_servers": [],
            "dns_servers": [],
            "enable_accelerated_networking": false,
            "enable_ip_forwarding": false,
            "id": "/subscriptions/fa12187f-db35-4094-bbf5-2921bf099f65/resourceGroups/geth11-rg/providers/Microsoft.Network/networkInterfaces/geth1132-wrkr-nic",
            "internal_dns_name_label": "",
            "internal_domain_name_suffix": "55nruyrnii1e3cfybxa52mz5jh.ax.internal.cloudapp.net",
            "ip_configuration": [
              {
                "name": "geth1132-wrkr-nic-cfg",
                "primary": true,
                "private_ip_address": "10.0.2.40",
                "private_ip_address_allocation": "Dynamic",
                "private_ip_address_version": "IPv4",
                "public_ip_address_id": "",
                "subnet_id": "/subscriptions/fa12187f-db35-4094-bbf5-2921bf099f65/resourceGroups/geth11-rg/providers/Microsoft.Network/virtualNetworks/geth11-vnet/subnets/geth11-prvt-sn001"
              }
            ],
            "location": "westeurope",
            "mac_address": "",
            "name": "geth1132-wrkr-nic",
            "private_ip_address": "10.0.2.40",
            "private_ip_addresses": [
              "10.0.2.40"
            ],
            "resource_group_name": "geth11-rg",
            "tags": {
              "application": "Block chain Performnace study",
              "applicationversion": "1.0.0",
              "environment": "Sandbox",
              "infrastructureversion": "1.0.0",
              "name": "Renaultgeth11",
              "tier": "Blockchain VMs"
            },
            "timeouts": null,
            "virtual_machine_id": ""
          },
          "private": "eyJlMmJmYjczMC1lY2FhLTExZTYtOGY4OC0zNDM2M2JjN2M0YzAiOnsiY3JlYXRlIjoxODAwMDAwMDAwMDAwLCJkZWxldGUiOjE4MDAwMDAwMDAwMDAsInJlYWQiOjMwMDAwMDAwMDAwMCwidXBkYXRlIjoxODAwMDAwMDAwMDAwfX0=",
          "dependencies": [
            "azurerm_resource_group.resource_group",
            "azurerm_subnet.private_subnet",
            "azurerm_virtual_network.vnet"
          ]
        },
        {
          "index_key": 33,
          "schema_version": 0,
          "attributes": {
            "applied_dns_servers": [],
            "dns_servers": [],
            "enable_accelerated_networking": false,
            "enable_ip_forwarding": false,
            "id": "/subscriptions/fa12187f-db35-4094-bbf5-2921bf099f65/resourceGroups/geth11-rg/providers/Microsoft.Network/networkInterfaces/geth1133-wrkr-nic",
            "internal_dns_name_label": "",
            "internal_domain_name_suffix": "55nruyrnii1e3cfybxa52mz5jh.ax.internal.cloudapp.net",
            "ip_configuration": [
              {
                "name": "geth1133-wrkr-nic-cfg",
                "primary": true,
                "private_ip_address": "10.0.2.4",
                "private_ip_address_allocation": "Dynamic",
                "private_ip_address_version": "IPv4",
                "public_ip_address_id": "",
                "subnet_id": "/subscriptions/fa12187f-db35-4094-bbf5-2921bf099f65/resourceGroups/geth11-rg/providers/Microsoft.Network/virtualNetworks/geth11-vnet/subnets/geth11-prvt-sn001"
              }
            ],
            "location": "westeurope",
            "mac_address": "",
            "name": "geth1133-wrkr-nic",
            "private_ip_address": "10.0.2.4",
            "private_ip_addresses": [
              "10.0.2.4"
            ],
            "resource_group_name": "geth11-rg",
            "tags": {
              "application": "Block chain Performnace study",
              "applicationversion": "1.0.0",
              "environment": "Sandbox",
              "infrastructureversion": "1.0.0",
              "name": "Renaultgeth11",
              "tier": "Blockchain VMs"
            },
            "timeouts": null,
            "virtual_machine_id": ""
          },
          "private": "eyJlMmJmYjczMC1lY2FhLTExZTYtOGY4OC0zNDM2M2JjN2M0YzAiOnsiY3JlYXRlIjoxODAwMDAwMDAwMDAwLCJkZWxldGUiOjE4MDAwMDAwMDAwMDAsInJlYWQiOjMwMDAwMDAwMDAwMCwidXBkYXRlIjoxODAwMDAwMDAwMDAwfX0=",
          "dependencies": [
            "azurerm_resource_group.resource_group",
            "azurerm_subnet.private_subnet",
            "azurerm_virtual_network.vnet"
          ]
        },
        {
          "index_key": 34,
          "schema_version": 0,
          "attributes": {
            "applied_dns_servers": [],
            "dns_servers": [],
            "enable_accelerated_networking": false,
            "enable_ip_forwarding": false,
            "id": "/subscriptions/fa12187f-db35-4094-bbf5-2921bf099f65/resourceGroups/geth11-rg/providers/Microsoft.Network/networkInterfaces/geth1134-wrkr-nic",
            "internal_dns_name_label": "",
            "internal_domain_name_suffix": "55nruyrnii1e3cfybxa52mz5jh.ax.internal.cloudapp.net",
            "ip_configuration": [
              {
                "name": "geth1134-wrkr-nic-cfg",
                "primary": true,
                "private_ip_address": "10.0.2.22",
                "private_ip_address_allocation": "Dynamic",
                "private_ip_address_version": "IPv4",
                "public_ip_address_id": "",
                "subnet_id": "/subscriptions/fa12187f-db35-4094-bbf5-2921bf099f65/resourceGroups/geth11-rg/providers/Microsoft.Network/virtualNetworks/geth11-vnet/subnets/geth11-prvt-sn001"
              }
            ],
            "location": "westeurope",
            "mac_address": "",
            "name": "geth1134-wrkr-nic",
            "private_ip_address": "10.0.2.22",
            "private_ip_addresses": [
              "10.0.2.22"
            ],
            "resource_group_name": "geth11-rg",
            "tags": {
              "application": "Block chain Performnace study",
              "applicationversion": "1.0.0",
              "environment": "Sandbox",
              "infrastructureversion": "1.0.0",
              "name": "Renaultgeth11",
              "tier": "Blockchain VMs"
            },
            "timeouts": null,
            "virtual_machine_id": ""
          },
          "private": "eyJlMmJmYjczMC1lY2FhLTExZTYtOGY4OC0zNDM2M2JjN2M0YzAiOnsiY3JlYXRlIjoxODAwMDAwMDAwMDAwLCJkZWxldGUiOjE4MDAwMDAwMDAwMDAsInJlYWQiOjMwMDAwMDAwMDAwMCwidXBkYXRlIjoxODAwMDAwMDAwMDAwfX0=",
          "dependencies": [
            "azurerm_resource_group.resource_group",
            "azurerm_subnet.private_subnet",
            "azurerm_virtual_network.vnet"
          ]
        },
        {
          "index_key": 35,
          "schema_version": 0,
          "attributes": {
            "applied_dns_servers": [],
            "dns_servers": [],
            "enable_accelerated_networking": false,
            "enable_ip_forwarding": false,
            "id": "/subscriptions/fa12187f-db35-4094-bbf5-2921bf099f65/resourceGroups/geth11-rg/providers/Microsoft.Network/networkInterfaces/geth1135-wrkr-nic",
            "internal_dns_name_label": "",
            "internal_domain_name_suffix": "55nruyrnii1e3cfybxa52mz5jh.ax.internal.cloudapp.net",
            "ip_configuration": [
              {
                "name": "geth1135-wrkr-nic-cfg",
                "primary": true,
                "private_ip_address": "10.0.2.38",
                "private_ip_address_allocation": "Dynamic",
                "private_ip_address_version": "IPv4",
                "public_ip_address_id": "",
                "subnet_id": "/subscriptions/fa12187f-db35-4094-bbf5-2921bf099f65/resourceGroups/geth11-rg/providers/Microsoft.Network/virtualNetworks/geth11-vnet/subnets/geth11-prvt-sn001"
              }
            ],
            "location": "westeurope",
            "mac_address": "",
            "name": "geth1135-wrkr-nic",
            "private_ip_address": "10.0.2.38",
            "private_ip_addresses": [
              "10.0.2.38"
            ],
            "resource_group_name": "geth11-rg",
            "tags": {
              "application": "Block chain Performnace study",
              "applicationversion": "1.0.0",
              "environment": "Sandbox",
              "infrastructureversion": "1.0.0",
              "name": "Renaultgeth11",
              "tier": "Blockchain VMs"
            },
            "timeouts": null,
            "virtual_machine_id": ""
          },
          "private": "eyJlMmJmYjczMC1lY2FhLTExZTYtOGY4OC0zNDM2M2JjN2M0YzAiOnsiY3JlYXRlIjoxODAwMDAwMDAwMDAwLCJkZWxldGUiOjE4MDAwMDAwMDAwMDAsInJlYWQiOjMwMDAwMDAwMDAwMCwidXBkYXRlIjoxODAwMDAwMDAwMDAwfX0=",
          "dependencies": [
            "azurerm_resource_group.resource_group",
            "azurerm_subnet.private_subnet",
            "azurerm_virtual_network.vnet"
          ]
        },
        {
          "index_key": 36,
          "schema_version": 0,
          "attributes": {
            "applied_dns_servers": [],
            "dns_servers": [],
            "enable_accelerated_networking": false,
            "enable_ip_forwarding": false,
            "id": "/subscriptions/fa12187f-db35-4094-bbf5-2921bf099f65/resourceGroups/geth11-rg/providers/Microsoft.Network/networkInterfaces/geth1136-wrkr-nic",
            "internal_dns_name_label": "",
            "internal_domain_name_suffix": "55nruyrnii1e3cfybxa52mz5jh.ax.internal.cloudapp.net",
            "ip_configuration": [
              {
                "name": "geth1136-wrkr-nic-cfg",
                "primary": true,
                "private_ip_address": "10.0.2.12",
                "private_ip_address_allocation": "Dynamic",
                "private_ip_address_version": "IPv4",
                "public_ip_address_id": "",
                "subnet_id": "/subscriptions/fa12187f-db35-4094-bbf5-2921bf099f65/resourceGroups/geth11-rg/providers/Microsoft.Network/virtualNetworks/geth11-vnet/subnets/geth11-prvt-sn001"
              }
            ],
            "location": "westeurope",
            "mac_address": "",
            "name": "geth1136-wrkr-nic",
            "private_ip_address": "10.0.2.12",
            "private_ip_addresses": [
              "10.0.2.12"
            ],
            "resource_group_name": "geth11-rg",
            "tags": {
              "application": "Block chain Performnace study",
              "applicationversion": "1.0.0",
              "environment": "Sandbox",
              "infrastructureversion": "1.0.0",
              "name": "Renaultgeth11",
              "tier": "Blockchain VMs"
            },
            "timeouts": null,
            "virtual_machine_id": ""
          },
          "private": "eyJlMmJmYjczMC1lY2FhLTExZTYtOGY4OC0zNDM2M2JjN2M0YzAiOnsiY3JlYXRlIjoxODAwMDAwMDAwMDAwLCJkZWxldGUiOjE4MDAwMDAwMDAwMDAsInJlYWQiOjMwMDAwMDAwMDAwMCwidXBkYXRlIjoxODAwMDAwMDAwMDAwfX0=",
          "dependencies": [
            "azurerm_resource_group.resource_group",
            "azurerm_subnet.private_subnet",
            "azurerm_virtual_network.vnet"
          ]
        },
        {
          "index_key": 37,
          "schema_version": 0,
          "attributes": {
            "applied_dns_servers": [],
            "dns_servers": [],
            "enable_accelerated_networking": false,
            "enable_ip_forwarding": false,
            "id": "/subscriptions/fa12187f-db35-4094-bbf5-2921bf099f65/resourceGroups/geth11-rg/providers/Microsoft.Network/networkInterfaces/geth1137-wrkr-nic",
            "internal_dns_name_label": "",
            "internal_domain_name_suffix": "55nruyrnii1e3cfybxa52mz5jh.ax.internal.cloudapp.net",
            "ip_configuration": [
              {
                "name": "geth1137-wrkr-nic-cfg",
                "primary": true,
                "private_ip_address": "10.0.2.44",
                "private_ip_address_allocation": "Dynamic",
                "private_ip_address_version": "IPv4",
                "public_ip_address_id": "",
                "subnet_id": "/subscriptions/fa12187f-db35-4094-bbf5-2921bf099f65/resourceGroups/geth11-rg/providers/Microsoft.Network/virtualNetworks/geth11-vnet/subnets/geth11-prvt-sn001"
              }
            ],
            "location": "westeurope",
            "mac_address": "",
            "name": "geth1137-wrkr-nic",
            "private_ip_address": "10.0.2.44",
            "private_ip_addresses": [
              "10.0.2.44"
            ],
            "resource_group_name": "geth11-rg",
            "tags": {
              "application": "Block chain Performnace study",
              "applicationversion": "1.0.0",
              "environment": "Sandbox",
              "infrastructureversion": "1.0.0",
              "name": "Renaultgeth11",
              "tier": "Blockchain VMs"
            },
            "timeouts": null,
            "virtual_machine_id": ""
          },
          "private": "eyJlMmJmYjczMC1lY2FhLTExZTYtOGY4OC0zNDM2M2JjN2M0YzAiOnsiY3JlYXRlIjoxODAwMDAwMDAwMDAwLCJkZWxldGUiOjE4MDAwMDAwMDAwMDAsInJlYWQiOjMwMDAwMDAwMDAwMCwidXBkYXRlIjoxODAwMDAwMDAwMDAwfX0=",
          "dependencies": [
            "azurerm_resource_group.resource_group",
            "azurerm_subnet.private_subnet",
            "azurerm_virtual_network.vnet"
          ]
        },
        {
          "index_key": 38,
          "schema_version": 0,
          "attributes": {
            "applied_dns_servers": [],
            "dns_servers": [],
            "enable_accelerated_networking": false,
            "enable_ip_forwarding": false,
            "id": "/subscriptions/fa12187f-db35-4094-bbf5-2921bf099f65/resourceGroups/geth11-rg/providers/Microsoft.Network/networkInterfaces/geth1138-wrkr-nic",
            "internal_dns_name_label": "",
            "internal_domain_name_suffix": "55nruyrnii1e3cfybxa52mz5jh.ax.internal.cloudapp.net",
            "ip_configuration": [
              {
                "name": "geth1138-wrkr-nic-cfg",
                "primary": true,
                "private_ip_address": "10.0.2.39",
                "private_ip_address_allocation": "Dynamic",
                "private_ip_address_version": "IPv4",
                "public_ip_address_id": "",
                "subnet_id": "/subscriptions/fa12187f-db35-4094-bbf5-2921bf099f65/resourceGroups/geth11-rg/providers/Microsoft.Network/virtualNetworks/geth11-vnet/subnets/geth11-prvt-sn001"
              }
            ],
            "location": "westeurope",
            "mac_address": "",
            "name": "geth1138-wrkr-nic",
            "private_ip_address": "10.0.2.39",
            "private_ip_addresses": [
              "10.0.2.39"
            ],
            "resource_group_name": "geth11-rg",
            "tags": {
              "application": "Block chain Performnace study",
              "applicationversion": "1.0.0",
              "environment": "Sandbox",
              "infrastructureversion": "1.0.0",
              "name": "Renaultgeth11",
              "tier": "Blockchain VMs"
            },
            "timeouts": null,
            "virtual_machine_id": ""
          },
          "private": "eyJlMmJmYjczMC1lY2FhLTExZTYtOGY4OC0zNDM2M2JjN2M0YzAiOnsiY3JlYXRlIjoxODAwMDAwMDAwMDAwLCJkZWxldGUiOjE4MDAwMDAwMDAwMDAsInJlYWQiOjMwMDAwMDAwMDAwMCwidXBkYXRlIjoxODAwMDAwMDAwMDAwfX0=",
          "dependencies": [
            "azurerm_resource_group.resource_group",
            "azurerm_subnet.private_subnet",
            "azurerm_virtual_network.vnet"
          ]
        },
        {
          "index_key": 39,
          "schema_version": 0,
          "attributes": {
            "applied_dns_servers": [],
            "dns_servers": [],
            "enable_accelerated_networking": false,
            "enable_ip_forwarding": false,
            "id": "/subscriptions/fa12187f-db35-4094-bbf5-2921bf099f65/resourceGroups/geth11-rg/providers/Microsoft.Network/networkInterfaces/geth1139-wrkr-nic",
            "internal_dns_name_label": "",
            "internal_domain_name_suffix": "55nruyrnii1e3cfybxa52mz5jh.ax.internal.cloudapp.net",
            "ip_configuration": [
              {
                "name": "geth1139-wrkr-nic-cfg",
                "primary": true,
                "private_ip_address": "10.0.2.26",
                "private_ip_address_allocation": "Dynamic",
                "private_ip_address_version": "IPv4",
                "public_ip_address_id": "",
                "subnet_id": "/subscriptions/fa12187f-db35-4094-bbf5-2921bf099f65/resourceGroups/geth11-rg/providers/Microsoft.Network/virtualNetworks/geth11-vnet/subnets/geth11-prvt-sn001"
              }
            ],
            "location": "westeurope",
            "mac_address": "",
            "name": "geth1139-wrkr-nic",
            "private_ip_address": "10.0.2.26",
            "private_ip_addresses": [
              "10.0.2.26"
            ],
            "resource_group_name": "geth11-rg",
            "tags": {
              "application": "Block chain Performnace study",
              "applicationversion": "1.0.0",
              "environment": "Sandbox",
              "infrastructureversion": "1.0.0",
              "name": "Renaultgeth11",
              "tier": "Blockchain VMs"
            },
            "timeouts": null,
            "virtual_machine_id": ""
          },
          "private": "eyJlMmJmYjczMC1lY2FhLTExZTYtOGY4OC0zNDM2M2JjN2M0YzAiOnsiY3JlYXRlIjoxODAwMDAwMDAwMDAwLCJkZWxldGUiOjE4MDAwMDAwMDAwMDAsInJlYWQiOjMwMDAwMDAwMDAwMCwidXBkYXRlIjoxODAwMDAwMDAwMDAwfX0=",
          "dependencies": [
            "azurerm_resource_group.resource_group",
            "azurerm_subnet.private_subnet",
            "azurerm_virtual_network.vnet"
          ]
        },
        {
          "index_key": 40,
          "schema_version": 0,
          "attributes": {
            "applied_dns_servers": [],
            "dns_servers": [],
            "enable_accelerated_networking": false,
            "enable_ip_forwarding": false,
            "id": "/subscriptions/fa12187f-db35-4094-bbf5-2921bf099f65/resourceGroups/geth11-rg/providers/Microsoft.Network/networkInterfaces/geth1140-wrkr-nic",
            "internal_dns_name_label": "",
            "internal_domain_name_suffix": "55nruyrnii1e3cfybxa52mz5jh.ax.internal.cloudapp.net",
            "ip_configuration": [
              {
                "name": "geth1140-wrkr-nic-cfg",
                "primary": true,
                "private_ip_address": "10.0.2.36",
                "private_ip_address_allocation": "Dynamic",
                "private_ip_address_version": "IPv4",
                "public_ip_address_id": "",
                "subnet_id": "/subscriptions/fa12187f-db35-4094-bbf5-2921bf099f65/resourceGroups/geth11-rg/providers/Microsoft.Network/virtualNetworks/geth11-vnet/subnets/geth11-prvt-sn001"
              }
            ],
            "location": "westeurope",
            "mac_address": "",
            "name": "geth1140-wrkr-nic",
            "private_ip_address": "10.0.2.36",
            "private_ip_addresses": [
              "10.0.2.36"
            ],
            "resource_group_name": "geth11-rg",
            "tags": {
              "application": "Block chain Performnace study",
              "applicationversion": "1.0.0",
              "environment": "Sandbox",
              "infrastructureversion": "1.0.0",
              "name": "Renaultgeth11",
              "tier": "Blockchain VMs"
            },
            "timeouts": null,
            "virtual_machine_id": ""
          },
          "private": "eyJlMmJmYjczMC1lY2FhLTExZTYtOGY4OC0zNDM2M2JjN2M0YzAiOnsiY3JlYXRlIjoxODAwMDAwMDAwMDAwLCJkZWxldGUiOjE4MDAwMDAwMDAwMDAsInJlYWQiOjMwMDAwMDAwMDAwMCwidXBkYXRlIjoxODAwMDAwMDAwMDAwfX0=",
          "dependencies": [
            "azurerm_resource_group.resource_group",
            "azurerm_subnet.private_subnet",
            "azurerm_virtual_network.vnet"
          ]
        }
      ]
    },
    {
      "mode": "managed",
      "type": "azurerm_network_interface_security_group_association",
      "name": "bastion_nic_assoc",
      "each": "list",
      "provider": "provider.azurerm",
      "instances": [
        {
          "index_key": 0,
          "schema_version": 0,
          "attributes": {
            "id": "/subscriptions/fa12187f-db35-4094-bbf5-2921bf099f65/resourceGroups/geth11-rg/providers/Microsoft.Network/networkInterfaces/geth110-bstn-nic|/subscriptions/fa12187f-db35-4094-bbf5-2921bf099f65/resourceGroups/geth11-rg/providers/Microsoft.Network/networkSecurityGroups/geth11-pblc-nsg",
            "network_interface_id": "/subscriptions/fa12187f-db35-4094-bbf5-2921bf099f65/resourceGroups/geth11-rg/providers/Microsoft.Network/networkInterfaces/geth110-bstn-nic",
            "network_security_group_id": "/subscriptions/fa12187f-db35-4094-bbf5-2921bf099f65/resourceGroups/geth11-rg/providers/Microsoft.Network/networkSecurityGroups/geth11-pblc-nsg",
            "timeouts": null
          },
          "private": "eyJlMmJmYjczMC1lY2FhLTExZTYtOGY4OC0zNDM2M2JjN2M0YzAiOnsiY3JlYXRlIjoxODAwMDAwMDAwMDAwLCJkZWxldGUiOjE4MDAwMDAwMDAwMDAsInJlYWQiOjMwMDAwMDAwMDAwMCwidXBkYXRlIjoxODAwMDAwMDAwMDAwfX0=",
          "dependencies": [
            "azurerm_network_interface.bastion_nic",
            "azurerm_network_security_group.public_nsg",
            "azurerm_public_ip.public_ip",
            "azurerm_resource_group.resource_group",
            "azurerm_subnet.public_subnet",
            "azurerm_virtual_network.vnet"
          ]
        }
      ]
    },
    {
      "mode": "managed",
      "type": "azurerm_network_interface_security_group_association",
      "name": "worker_nic_assoc",
      "each": "list",
      "provider": "provider.azurerm",
      "instances": [
        {
          "index_key": 0,
          "schema_version": 0,
          "attributes": {
            "id": "/subscriptions/fa12187f-db35-4094-bbf5-2921bf099f65/resourceGroups/geth11-rg/providers/Microsoft.Network/networkInterfaces/geth110-wrkr-nic|/subscriptions/fa12187f-db35-4094-bbf5-2921bf099f65/resourceGroups/geth11-rg/providers/Microsoft.Network/networkSecurityGroups/geth11-prvt-nsg",
            "network_interface_id": "/subscriptions/fa12187f-db35-4094-bbf5-2921bf099f65/resourceGroups/geth11-rg/providers/Microsoft.Network/networkInterfaces/geth110-wrkr-nic",
            "network_security_group_id": "/subscriptions/fa12187f-db35-4094-bbf5-2921bf099f65/resourceGroups/geth11-rg/providers/Microsoft.Network/networkSecurityGroups/geth11-prvt-nsg",
            "timeouts": null
          },
          "private": "eyJlMmJmYjczMC1lY2FhLTExZTYtOGY4OC0zNDM2M2JjN2M0YzAiOnsiY3JlYXRlIjoxODAwMDAwMDAwMDAwLCJkZWxldGUiOjE4MDAwMDAwMDAwMDAsInJlYWQiOjMwMDAwMDAwMDAwMCwidXBkYXRlIjoxODAwMDAwMDAwMDAwfX0=",
          "dependencies": [
            "azurerm_network_interface.worker_nic",
            "azurerm_network_security_group.private_nsg",
            "azurerm_resource_group.resource_group",
            "azurerm_subnet.private_subnet",
            "azurerm_virtual_network.vnet"
          ]
        },
        {
          "index_key": 1,
          "schema_version": 0,
          "attributes": {
            "id": "/subscriptions/fa12187f-db35-4094-bbf5-2921bf099f65/resourceGroups/geth11-rg/providers/Microsoft.Network/networkInterfaces/geth111-wrkr-nic|/subscriptions/fa12187f-db35-4094-bbf5-2921bf099f65/resourceGroups/geth11-rg/providers/Microsoft.Network/networkSecurityGroups/geth11-prvt-nsg",
            "network_interface_id": "/subscriptions/fa12187f-db35-4094-bbf5-2921bf099f65/resourceGroups/geth11-rg/providers/Microsoft.Network/networkInterfaces/geth111-wrkr-nic",
            "network_security_group_id": "/subscriptions/fa12187f-db35-4094-bbf5-2921bf099f65/resourceGroups/geth11-rg/providers/Microsoft.Network/networkSecurityGroups/geth11-prvt-nsg",
            "timeouts": null
          },
          "private": "eyJlMmJmYjczMC1lY2FhLTExZTYtOGY4OC0zNDM2M2JjN2M0YzAiOnsiY3JlYXRlIjoxODAwMDAwMDAwMDAwLCJkZWxldGUiOjE4MDAwMDAwMDAwMDAsInJlYWQiOjMwMDAwMDAwMDAwMCwidXBkYXRlIjoxODAwMDAwMDAwMDAwfX0=",
          "dependencies": [
            "azurerm_network_interface.worker_nic",
            "azurerm_network_security_group.private_nsg",
            "azurerm_resource_group.resource_group",
            "azurerm_subnet.private_subnet",
            "azurerm_virtual_network.vnet"
          ]
        },
        {
          "index_key": 2,
          "schema_version": 0,
          "attributes": {
            "id": "/subscriptions/fa12187f-db35-4094-bbf5-2921bf099f65/resourceGroups/geth11-rg/providers/Microsoft.Network/networkInterfaces/geth112-wrkr-nic|/subscriptions/fa12187f-db35-4094-bbf5-2921bf099f65/resourceGroups/geth11-rg/providers/Microsoft.Network/networkSecurityGroups/geth11-prvt-nsg",
            "network_interface_id": "/subscriptions/fa12187f-db35-4094-bbf5-2921bf099f65/resourceGroups/geth11-rg/providers/Microsoft.Network/networkInterfaces/geth112-wrkr-nic",
            "network_security_group_id": "/subscriptions/fa12187f-db35-4094-bbf5-2921bf099f65/resourceGroups/geth11-rg/providers/Microsoft.Network/networkSecurityGroups/geth11-prvt-nsg",
            "timeouts": null
          },
          "private": "eyJlMmJmYjczMC1lY2FhLTExZTYtOGY4OC0zNDM2M2JjN2M0YzAiOnsiY3JlYXRlIjoxODAwMDAwMDAwMDAwLCJkZWxldGUiOjE4MDAwMDAwMDAwMDAsInJlYWQiOjMwMDAwMDAwMDAwMCwidXBkYXRlIjoxODAwMDAwMDAwMDAwfX0=",
          "dependencies": [
            "azurerm_network_interface.worker_nic",
            "azurerm_network_security_group.private_nsg",
            "azurerm_resource_group.resource_group",
            "azurerm_subnet.private_subnet",
            "azurerm_virtual_network.vnet"
          ]
        },
        {
          "index_key": 3,
          "schema_version": 0,
          "attributes": {
            "id": "/subscriptions/fa12187f-db35-4094-bbf5-2921bf099f65/resourceGroups/geth11-rg/providers/Microsoft.Network/networkInterfaces/geth113-wrkr-nic|/subscriptions/fa12187f-db35-4094-bbf5-2921bf099f65/resourceGroups/geth11-rg/providers/Microsoft.Network/networkSecurityGroups/geth11-prvt-nsg",
            "network_interface_id": "/subscriptions/fa12187f-db35-4094-bbf5-2921bf099f65/resourceGroups/geth11-rg/providers/Microsoft.Network/networkInterfaces/geth113-wrkr-nic",
            "network_security_group_id": "/subscriptions/fa12187f-db35-4094-bbf5-2921bf099f65/resourceGroups/geth11-rg/providers/Microsoft.Network/networkSecurityGroups/geth11-prvt-nsg",
            "timeouts": null
          },
          "private": "eyJlMmJmYjczMC1lY2FhLTExZTYtOGY4OC0zNDM2M2JjN2M0YzAiOnsiY3JlYXRlIjoxODAwMDAwMDAwMDAwLCJkZWxldGUiOjE4MDAwMDAwMDAwMDAsInJlYWQiOjMwMDAwMDAwMDAwMCwidXBkYXRlIjoxODAwMDAwMDAwMDAwfX0=",
          "dependencies": [
            "azurerm_network_interface.worker_nic",
            "azurerm_network_security_group.private_nsg",
            "azurerm_resource_group.resource_group",
            "azurerm_subnet.private_subnet",
            "azurerm_virtual_network.vnet"
          ]
        },
        {
          "index_key": 4,
          "schema_version": 0,
          "attributes": {
            "id": "/subscriptions/fa12187f-db35-4094-bbf5-2921bf099f65/resourceGroups/geth11-rg/providers/Microsoft.Network/networkInterfaces/geth114-wrkr-nic|/subscriptions/fa12187f-db35-4094-bbf5-2921bf099f65/resourceGroups/geth11-rg/providers/Microsoft.Network/networkSecurityGroups/geth11-prvt-nsg",
            "network_interface_id": "/subscriptions/fa12187f-db35-4094-bbf5-2921bf099f65/resourceGroups/geth11-rg/providers/Microsoft.Network/networkInterfaces/geth114-wrkr-nic",
            "network_security_group_id": "/subscriptions/fa12187f-db35-4094-bbf5-2921bf099f65/resourceGroups/geth11-rg/providers/Microsoft.Network/networkSecurityGroups/geth11-prvt-nsg",
            "timeouts": null
          },
          "private": "eyJlMmJmYjczMC1lY2FhLTExZTYtOGY4OC0zNDM2M2JjN2M0YzAiOnsiY3JlYXRlIjoxODAwMDAwMDAwMDAwLCJkZWxldGUiOjE4MDAwMDAwMDAwMDAsInJlYWQiOjMwMDAwMDAwMDAwMCwidXBkYXRlIjoxODAwMDAwMDAwMDAwfX0=",
          "dependencies": [
            "azurerm_network_interface.worker_nic",
            "azurerm_network_security_group.private_nsg",
            "azurerm_resource_group.resource_group",
            "azurerm_subnet.private_subnet",
            "azurerm_virtual_network.vnet"
          ]
        },
        {
          "index_key": 5,
          "schema_version": 0,
          "attributes": {
            "id": "/subscriptions/fa12187f-db35-4094-bbf5-2921bf099f65/resourceGroups/geth11-rg/providers/Microsoft.Network/networkInterfaces/geth115-wrkr-nic|/subscriptions/fa12187f-db35-4094-bbf5-2921bf099f65/resourceGroups/geth11-rg/providers/Microsoft.Network/networkSecurityGroups/geth11-prvt-nsg",
            "network_interface_id": "/subscriptions/fa12187f-db35-4094-bbf5-2921bf099f65/resourceGroups/geth11-rg/providers/Microsoft.Network/networkInterfaces/geth115-wrkr-nic",
            "network_security_group_id": "/subscriptions/fa12187f-db35-4094-bbf5-2921bf099f65/resourceGroups/geth11-rg/providers/Microsoft.Network/networkSecurityGroups/geth11-prvt-nsg",
            "timeouts": null
          },
          "private": "eyJlMmJmYjczMC1lY2FhLTExZTYtOGY4OC0zNDM2M2JjN2M0YzAiOnsiY3JlYXRlIjoxODAwMDAwMDAwMDAwLCJkZWxldGUiOjE4MDAwMDAwMDAwMDAsInJlYWQiOjMwMDAwMDAwMDAwMCwidXBkYXRlIjoxODAwMDAwMDAwMDAwfX0=",
          "dependencies": [
            "azurerm_network_interface.worker_nic",
            "azurerm_network_security_group.private_nsg",
            "azurerm_resource_group.resource_group",
            "azurerm_subnet.private_subnet",
            "azurerm_virtual_network.vnet"
          ]
        },
        {
          "index_key": 6,
          "schema_version": 0,
          "attributes": {
            "id": "/subscriptions/fa12187f-db35-4094-bbf5-2921bf099f65/resourceGroups/geth11-rg/providers/Microsoft.Network/networkInterfaces/geth116-wrkr-nic|/subscriptions/fa12187f-db35-4094-bbf5-2921bf099f65/resourceGroups/geth11-rg/providers/Microsoft.Network/networkSecurityGroups/geth11-prvt-nsg",
            "network_interface_id": "/subscriptions/fa12187f-db35-4094-bbf5-2921bf099f65/resourceGroups/geth11-rg/providers/Microsoft.Network/networkInterfaces/geth116-wrkr-nic",
            "network_security_group_id": "/subscriptions/fa12187f-db35-4094-bbf5-2921bf099f65/resourceGroups/geth11-rg/providers/Microsoft.Network/networkSecurityGroups/geth11-prvt-nsg",
            "timeouts": null
          },
          "private": "eyJlMmJmYjczMC1lY2FhLTExZTYtOGY4OC0zNDM2M2JjN2M0YzAiOnsiY3JlYXRlIjoxODAwMDAwMDAwMDAwLCJkZWxldGUiOjE4MDAwMDAwMDAwMDAsInJlYWQiOjMwMDAwMDAwMDAwMCwidXBkYXRlIjoxODAwMDAwMDAwMDAwfX0=",
          "dependencies": [
            "azurerm_network_interface.worker_nic",
            "azurerm_network_security_group.private_nsg",
            "azurerm_resource_group.resource_group",
            "azurerm_subnet.private_subnet",
            "azurerm_virtual_network.vnet"
          ]
        },
        {
          "index_key": 7,
          "schema_version": 0,
          "attributes": {
            "id": "/subscriptions/fa12187f-db35-4094-bbf5-2921bf099f65/resourceGroups/geth11-rg/providers/Microsoft.Network/networkInterfaces/geth117-wrkr-nic|/subscriptions/fa12187f-db35-4094-bbf5-2921bf099f65/resourceGroups/geth11-rg/providers/Microsoft.Network/networkSecurityGroups/geth11-prvt-nsg",
            "network_interface_id": "/subscriptions/fa12187f-db35-4094-bbf5-2921bf099f65/resourceGroups/geth11-rg/providers/Microsoft.Network/networkInterfaces/geth117-wrkr-nic",
            "network_security_group_id": "/subscriptions/fa12187f-db35-4094-bbf5-2921bf099f65/resourceGroups/geth11-rg/providers/Microsoft.Network/networkSecurityGroups/geth11-prvt-nsg",
            "timeouts": null
          },
          "private": "eyJlMmJmYjczMC1lY2FhLTExZTYtOGY4OC0zNDM2M2JjN2M0YzAiOnsiY3JlYXRlIjoxODAwMDAwMDAwMDAwLCJkZWxldGUiOjE4MDAwMDAwMDAwMDAsInJlYWQiOjMwMDAwMDAwMDAwMCwidXBkYXRlIjoxODAwMDAwMDAwMDAwfX0=",
          "dependencies": [
            "azurerm_network_interface.worker_nic",
            "azurerm_network_security_group.private_nsg",
            "azurerm_resource_group.resource_group",
            "azurerm_subnet.private_subnet",
            "azurerm_virtual_network.vnet"
          ]
        },
        {
          "index_key": 8,
          "schema_version": 0,
          "attributes": {
            "id": "/subscriptions/fa12187f-db35-4094-bbf5-2921bf099f65/resourceGroups/geth11-rg/providers/Microsoft.Network/networkInterfaces/geth118-wrkr-nic|/subscriptions/fa12187f-db35-4094-bbf5-2921bf099f65/resourceGroups/geth11-rg/providers/Microsoft.Network/networkSecurityGroups/geth11-prvt-nsg",
            "network_interface_id": "/subscriptions/fa12187f-db35-4094-bbf5-2921bf099f65/resourceGroups/geth11-rg/providers/Microsoft.Network/networkInterfaces/geth118-wrkr-nic",
            "network_security_group_id": "/subscriptions/fa12187f-db35-4094-bbf5-2921bf099f65/resourceGroups/geth11-rg/providers/Microsoft.Network/networkSecurityGroups/geth11-prvt-nsg",
            "timeouts": null
          },
          "private": "eyJlMmJmYjczMC1lY2FhLTExZTYtOGY4OC0zNDM2M2JjN2M0YzAiOnsiY3JlYXRlIjoxODAwMDAwMDAwMDAwLCJkZWxldGUiOjE4MDAwMDAwMDAwMDAsInJlYWQiOjMwMDAwMDAwMDAwMCwidXBkYXRlIjoxODAwMDAwMDAwMDAwfX0=",
          "dependencies": [
            "azurerm_network_interface.worker_nic",
            "azurerm_network_security_group.private_nsg",
            "azurerm_resource_group.resource_group",
            "azurerm_subnet.private_subnet",
            "azurerm_virtual_network.vnet"
          ]
        },
        {
          "index_key": 9,
          "schema_version": 0,
          "attributes": {
            "id": "/subscriptions/fa12187f-db35-4094-bbf5-2921bf099f65/resourceGroups/geth11-rg/providers/Microsoft.Network/networkInterfaces/geth119-wrkr-nic|/subscriptions/fa12187f-db35-4094-bbf5-2921bf099f65/resourceGroups/geth11-rg/providers/Microsoft.Network/networkSecurityGroups/geth11-prvt-nsg",
            "network_interface_id": "/subscriptions/fa12187f-db35-4094-bbf5-2921bf099f65/resourceGroups/geth11-rg/providers/Microsoft.Network/networkInterfaces/geth119-wrkr-nic",
            "network_security_group_id": "/subscriptions/fa12187f-db35-4094-bbf5-2921bf099f65/resourceGroups/geth11-rg/providers/Microsoft.Network/networkSecurityGroups/geth11-prvt-nsg",
            "timeouts": null
          },
          "private": "eyJlMmJmYjczMC1lY2FhLTExZTYtOGY4OC0zNDM2M2JjN2M0YzAiOnsiY3JlYXRlIjoxODAwMDAwMDAwMDAwLCJkZWxldGUiOjE4MDAwMDAwMDAwMDAsInJlYWQiOjMwMDAwMDAwMDAwMCwidXBkYXRlIjoxODAwMDAwMDAwMDAwfX0=",
          "dependencies": [
            "azurerm_network_interface.worker_nic",
            "azurerm_network_security_group.private_nsg",
            "azurerm_resource_group.resource_group",
            "azurerm_subnet.private_subnet",
            "azurerm_virtual_network.vnet"
          ]
        },
        {
          "index_key": 10,
          "schema_version": 0,
          "attributes": {
            "id": "/subscriptions/fa12187f-db35-4094-bbf5-2921bf099f65/resourceGroups/geth11-rg/providers/Microsoft.Network/networkInterfaces/geth1110-wrkr-nic|/subscriptions/fa12187f-db35-4094-bbf5-2921bf099f65/resourceGroups/geth11-rg/providers/Microsoft.Network/networkSecurityGroups/geth11-prvt-nsg",
            "network_interface_id": "/subscriptions/fa12187f-db35-4094-bbf5-2921bf099f65/resourceGroups/geth11-rg/providers/Microsoft.Network/networkInterfaces/geth1110-wrkr-nic",
            "network_security_group_id": "/subscriptions/fa12187f-db35-4094-bbf5-2921bf099f65/resourceGroups/geth11-rg/providers/Microsoft.Network/networkSecurityGroups/geth11-prvt-nsg",
            "timeouts": null
          },
          "private": "eyJlMmJmYjczMC1lY2FhLTExZTYtOGY4OC0zNDM2M2JjN2M0YzAiOnsiY3JlYXRlIjoxODAwMDAwMDAwMDAwLCJkZWxldGUiOjE4MDAwMDAwMDAwMDAsInJlYWQiOjMwMDAwMDAwMDAwMCwidXBkYXRlIjoxODAwMDAwMDAwMDAwfX0=",
          "dependencies": [
            "azurerm_network_interface.worker_nic",
            "azurerm_network_security_group.private_nsg",
            "azurerm_resource_group.resource_group",
            "azurerm_subnet.private_subnet",
            "azurerm_virtual_network.vnet"
          ]
        },
        {
          "index_key": 11,
          "schema_version": 0,
          "attributes": {
            "id": "/subscriptions/fa12187f-db35-4094-bbf5-2921bf099f65/resourceGroups/geth11-rg/providers/Microsoft.Network/networkInterfaces/geth1111-wrkr-nic|/subscriptions/fa12187f-db35-4094-bbf5-2921bf099f65/resourceGroups/geth11-rg/providers/Microsoft.Network/networkSecurityGroups/geth11-prvt-nsg",
            "network_interface_id": "/subscriptions/fa12187f-db35-4094-bbf5-2921bf099f65/resourceGroups/geth11-rg/providers/Microsoft.Network/networkInterfaces/geth1111-wrkr-nic",
            "network_security_group_id": "/subscriptions/fa12187f-db35-4094-bbf5-2921bf099f65/resourceGroups/geth11-rg/providers/Microsoft.Network/networkSecurityGroups/geth11-prvt-nsg",
            "timeouts": null
          },
          "private": "eyJlMmJmYjczMC1lY2FhLTExZTYtOGY4OC0zNDM2M2JjN2M0YzAiOnsiY3JlYXRlIjoxODAwMDAwMDAwMDAwLCJkZWxldGUiOjE4MDAwMDAwMDAwMDAsInJlYWQiOjMwMDAwMDAwMDAwMCwidXBkYXRlIjoxODAwMDAwMDAwMDAwfX0=",
          "dependencies": [
            "azurerm_network_interface.worker_nic",
            "azurerm_network_security_group.private_nsg",
            "azurerm_resource_group.resource_group",
            "azurerm_subnet.private_subnet",
            "azurerm_virtual_network.vnet"
          ]
        },
        {
          "index_key": 12,
          "schema_version": 0,
          "attributes": {
            "id": "/subscriptions/fa12187f-db35-4094-bbf5-2921bf099f65/resourceGroups/geth11-rg/providers/Microsoft.Network/networkInterfaces/geth1112-wrkr-nic|/subscriptions/fa12187f-db35-4094-bbf5-2921bf099f65/resourceGroups/geth11-rg/providers/Microsoft.Network/networkSecurityGroups/geth11-prvt-nsg",
            "network_interface_id": "/subscriptions/fa12187f-db35-4094-bbf5-2921bf099f65/resourceGroups/geth11-rg/providers/Microsoft.Network/networkInterfaces/geth1112-wrkr-nic",
            "network_security_group_id": "/subscriptions/fa12187f-db35-4094-bbf5-2921bf099f65/resourceGroups/geth11-rg/providers/Microsoft.Network/networkSecurityGroups/geth11-prvt-nsg",
            "timeouts": null
          },
          "private": "eyJlMmJmYjczMC1lY2FhLTExZTYtOGY4OC0zNDM2M2JjN2M0YzAiOnsiY3JlYXRlIjoxODAwMDAwMDAwMDAwLCJkZWxldGUiOjE4MDAwMDAwMDAwMDAsInJlYWQiOjMwMDAwMDAwMDAwMCwidXBkYXRlIjoxODAwMDAwMDAwMDAwfX0=",
          "dependencies": [
            "azurerm_network_interface.worker_nic",
            "azurerm_network_security_group.private_nsg",
            "azurerm_resource_group.resource_group",
            "azurerm_subnet.private_subnet",
            "azurerm_virtual_network.vnet"
          ]
        },
        {
          "index_key": 13,
          "schema_version": 0,
          "attributes": {
            "id": "/subscriptions/fa12187f-db35-4094-bbf5-2921bf099f65/resourceGroups/geth11-rg/providers/Microsoft.Network/networkInterfaces/geth1113-wrkr-nic|/subscriptions/fa12187f-db35-4094-bbf5-2921bf099f65/resourceGroups/geth11-rg/providers/Microsoft.Network/networkSecurityGroups/geth11-prvt-nsg",
            "network_interface_id": "/subscriptions/fa12187f-db35-4094-bbf5-2921bf099f65/resourceGroups/geth11-rg/providers/Microsoft.Network/networkInterfaces/geth1113-wrkr-nic",
            "network_security_group_id": "/subscriptions/fa12187f-db35-4094-bbf5-2921bf099f65/resourceGroups/geth11-rg/providers/Microsoft.Network/networkSecurityGroups/geth11-prvt-nsg",
            "timeouts": null
          },
          "private": "eyJlMmJmYjczMC1lY2FhLTExZTYtOGY4OC0zNDM2M2JjN2M0YzAiOnsiY3JlYXRlIjoxODAwMDAwMDAwMDAwLCJkZWxldGUiOjE4MDAwMDAwMDAwMDAsInJlYWQiOjMwMDAwMDAwMDAwMCwidXBkYXRlIjoxODAwMDAwMDAwMDAwfX0=",
          "dependencies": [
            "azurerm_network_interface.worker_nic",
            "azurerm_network_security_group.private_nsg",
            "azurerm_resource_group.resource_group",
            "azurerm_subnet.private_subnet",
            "azurerm_virtual_network.vnet"
          ]
        },
        {
          "index_key": 14,
          "schema_version": 0,
          "attributes": {
            "id": "/subscriptions/fa12187f-db35-4094-bbf5-2921bf099f65/resourceGroups/geth11-rg/providers/Microsoft.Network/networkInterfaces/geth1114-wrkr-nic|/subscriptions/fa12187f-db35-4094-bbf5-2921bf099f65/resourceGroups/geth11-rg/providers/Microsoft.Network/networkSecurityGroups/geth11-prvt-nsg",
            "network_interface_id": "/subscriptions/fa12187f-db35-4094-bbf5-2921bf099f65/resourceGroups/geth11-rg/providers/Microsoft.Network/networkInterfaces/geth1114-wrkr-nic",
            "network_security_group_id": "/subscriptions/fa12187f-db35-4094-bbf5-2921bf099f65/resourceGroups/geth11-rg/providers/Microsoft.Network/networkSecurityGroups/geth11-prvt-nsg",
            "timeouts": null
          },
          "private": "eyJlMmJmYjczMC1lY2FhLTExZTYtOGY4OC0zNDM2M2JjN2M0YzAiOnsiY3JlYXRlIjoxODAwMDAwMDAwMDAwLCJkZWxldGUiOjE4MDAwMDAwMDAwMDAsInJlYWQiOjMwMDAwMDAwMDAwMCwidXBkYXRlIjoxODAwMDAwMDAwMDAwfX0=",
          "dependencies": [
            "azurerm_network_interface.worker_nic",
            "azurerm_network_security_group.private_nsg",
            "azurerm_resource_group.resource_group",
            "azurerm_subnet.private_subnet",
            "azurerm_virtual_network.vnet"
          ]
        },
        {
          "index_key": 15,
          "schema_version": 0,
          "attributes": {
            "id": "/subscriptions/fa12187f-db35-4094-bbf5-2921bf099f65/resourceGroups/geth11-rg/providers/Microsoft.Network/networkInterfaces/geth1115-wrkr-nic|/subscriptions/fa12187f-db35-4094-bbf5-2921bf099f65/resourceGroups/geth11-rg/providers/Microsoft.Network/networkSecurityGroups/geth11-prvt-nsg",
            "network_interface_id": "/subscriptions/fa12187f-db35-4094-bbf5-2921bf099f65/resourceGroups/geth11-rg/providers/Microsoft.Network/networkInterfaces/geth1115-wrkr-nic",
            "network_security_group_id": "/subscriptions/fa12187f-db35-4094-bbf5-2921bf099f65/resourceGroups/geth11-rg/providers/Microsoft.Network/networkSecurityGroups/geth11-prvt-nsg",
            "timeouts": null
          },
          "private": "eyJlMmJmYjczMC1lY2FhLTExZTYtOGY4OC0zNDM2M2JjN2M0YzAiOnsiY3JlYXRlIjoxODAwMDAwMDAwMDAwLCJkZWxldGUiOjE4MDAwMDAwMDAwMDAsInJlYWQiOjMwMDAwMDAwMDAwMCwidXBkYXRlIjoxODAwMDAwMDAwMDAwfX0=",
          "dependencies": [
            "azurerm_network_interface.worker_nic",
            "azurerm_network_security_group.private_nsg",
            "azurerm_resource_group.resource_group",
            "azurerm_subnet.private_subnet",
            "azurerm_virtual_network.vnet"
          ]
        },
        {
          "index_key": 16,
          "schema_version": 0,
          "attributes": {
            "id": "/subscriptions/fa12187f-db35-4094-bbf5-2921bf099f65/resourceGroups/geth11-rg/providers/Microsoft.Network/networkInterfaces/geth1116-wrkr-nic|/subscriptions/fa12187f-db35-4094-bbf5-2921bf099f65/resourceGroups/geth11-rg/providers/Microsoft.Network/networkSecurityGroups/geth11-prvt-nsg",
            "network_interface_id": "/subscriptions/fa12187f-db35-4094-bbf5-2921bf099f65/resourceGroups/geth11-rg/providers/Microsoft.Network/networkInterfaces/geth1116-wrkr-nic",
            "network_security_group_id": "/subscriptions/fa12187f-db35-4094-bbf5-2921bf099f65/resourceGroups/geth11-rg/providers/Microsoft.Network/networkSecurityGroups/geth11-prvt-nsg",
            "timeouts": null
          },
          "private": "eyJlMmJmYjczMC1lY2FhLTExZTYtOGY4OC0zNDM2M2JjN2M0YzAiOnsiY3JlYXRlIjoxODAwMDAwMDAwMDAwLCJkZWxldGUiOjE4MDAwMDAwMDAwMDAsInJlYWQiOjMwMDAwMDAwMDAwMCwidXBkYXRlIjoxODAwMDAwMDAwMDAwfX0=",
          "dependencies": [
            "azurerm_network_interface.worker_nic",
            "azurerm_network_security_group.private_nsg",
            "azurerm_resource_group.resource_group",
            "azurerm_subnet.private_subnet",
            "azurerm_virtual_network.vnet"
          ]
        },
        {
          "index_key": 17,
          "schema_version": 0,
          "attributes": {
            "id": "/subscriptions/fa12187f-db35-4094-bbf5-2921bf099f65/resourceGroups/geth11-rg/providers/Microsoft.Network/networkInterfaces/geth1117-wrkr-nic|/subscriptions/fa12187f-db35-4094-bbf5-2921bf099f65/resourceGroups/geth11-rg/providers/Microsoft.Network/networkSecurityGroups/geth11-prvt-nsg",
            "network_interface_id": "/subscriptions/fa12187f-db35-4094-bbf5-2921bf099f65/resourceGroups/geth11-rg/providers/Microsoft.Network/networkInterfaces/geth1117-wrkr-nic",
            "network_security_group_id": "/subscriptions/fa12187f-db35-4094-bbf5-2921bf099f65/resourceGroups/geth11-rg/providers/Microsoft.Network/networkSecurityGroups/geth11-prvt-nsg",
            "timeouts": null
          },
          "private": "eyJlMmJmYjczMC1lY2FhLTExZTYtOGY4OC0zNDM2M2JjN2M0YzAiOnsiY3JlYXRlIjoxODAwMDAwMDAwMDAwLCJkZWxldGUiOjE4MDAwMDAwMDAwMDAsInJlYWQiOjMwMDAwMDAwMDAwMCwidXBkYXRlIjoxODAwMDAwMDAwMDAwfX0=",
          "dependencies": [
            "azurerm_network_interface.worker_nic",
            "azurerm_network_security_group.private_nsg",
            "azurerm_resource_group.resource_group",
            "azurerm_subnet.private_subnet",
            "azurerm_virtual_network.vnet"
          ]
        },
        {
          "index_key": 18,
          "schema_version": 0,
          "attributes": {
            "id": "/subscriptions/fa12187f-db35-4094-bbf5-2921bf099f65/resourceGroups/geth11-rg/providers/Microsoft.Network/networkInterfaces/geth1118-wrkr-nic|/subscriptions/fa12187f-db35-4094-bbf5-2921bf099f65/resourceGroups/geth11-rg/providers/Microsoft.Network/networkSecurityGroups/geth11-prvt-nsg",
            "network_interface_id": "/subscriptions/fa12187f-db35-4094-bbf5-2921bf099f65/resourceGroups/geth11-rg/providers/Microsoft.Network/networkInterfaces/geth1118-wrkr-nic",
            "network_security_group_id": "/subscriptions/fa12187f-db35-4094-bbf5-2921bf099f65/resourceGroups/geth11-rg/providers/Microsoft.Network/networkSecurityGroups/geth11-prvt-nsg",
            "timeouts": null
          },
          "private": "eyJlMmJmYjczMC1lY2FhLTExZTYtOGY4OC0zNDM2M2JjN2M0YzAiOnsiY3JlYXRlIjoxODAwMDAwMDAwMDAwLCJkZWxldGUiOjE4MDAwMDAwMDAwMDAsInJlYWQiOjMwMDAwMDAwMDAwMCwidXBkYXRlIjoxODAwMDAwMDAwMDAwfX0=",
          "dependencies": [
            "azurerm_network_interface.worker_nic",
            "azurerm_network_security_group.private_nsg",
            "azurerm_resource_group.resource_group",
            "azurerm_subnet.private_subnet",
            "azurerm_virtual_network.vnet"
          ]
        },
        {
          "index_key": 19,
          "schema_version": 0,
          "attributes": {
            "id": "/subscriptions/fa12187f-db35-4094-bbf5-2921bf099f65/resourceGroups/geth11-rg/providers/Microsoft.Network/networkInterfaces/geth1119-wrkr-nic|/subscriptions/fa12187f-db35-4094-bbf5-2921bf099f65/resourceGroups/geth11-rg/providers/Microsoft.Network/networkSecurityGroups/geth11-prvt-nsg",
            "network_interface_id": "/subscriptions/fa12187f-db35-4094-bbf5-2921bf099f65/resourceGroups/geth11-rg/providers/Microsoft.Network/networkInterfaces/geth1119-wrkr-nic",
            "network_security_group_id": "/subscriptions/fa12187f-db35-4094-bbf5-2921bf099f65/resourceGroups/geth11-rg/providers/Microsoft.Network/networkSecurityGroups/geth11-prvt-nsg",
            "timeouts": null
          },
          "private": "eyJlMmJmYjczMC1lY2FhLTExZTYtOGY4OC0zNDM2M2JjN2M0YzAiOnsiY3JlYXRlIjoxODAwMDAwMDAwMDAwLCJkZWxldGUiOjE4MDAwMDAwMDAwMDAsInJlYWQiOjMwMDAwMDAwMDAwMCwidXBkYXRlIjoxODAwMDAwMDAwMDAwfX0=",
          "dependencies": [
            "azurerm_network_interface.worker_nic",
            "azurerm_network_security_group.private_nsg",
            "azurerm_resource_group.resource_group",
            "azurerm_subnet.private_subnet",
            "azurerm_virtual_network.vnet"
          ]
        },
        {
          "index_key": 20,
          "schema_version": 0,
          "attributes": {
            "id": "/subscriptions/fa12187f-db35-4094-bbf5-2921bf099f65/resourceGroups/geth11-rg/providers/Microsoft.Network/networkInterfaces/geth1120-wrkr-nic|/subscriptions/fa12187f-db35-4094-bbf5-2921bf099f65/resourceGroups/geth11-rg/providers/Microsoft.Network/networkSecurityGroups/geth11-prvt-nsg",
            "network_interface_id": "/subscriptions/fa12187f-db35-4094-bbf5-2921bf099f65/resourceGroups/geth11-rg/providers/Microsoft.Network/networkInterfaces/geth1120-wrkr-nic",
            "network_security_group_id": "/subscriptions/fa12187f-db35-4094-bbf5-2921bf099f65/resourceGroups/geth11-rg/providers/Microsoft.Network/networkSecurityGroups/geth11-prvt-nsg",
            "timeouts": null
          },
          "private": "eyJlMmJmYjczMC1lY2FhLTExZTYtOGY4OC0zNDM2M2JjN2M0YzAiOnsiY3JlYXRlIjoxODAwMDAwMDAwMDAwLCJkZWxldGUiOjE4MDAwMDAwMDAwMDAsInJlYWQiOjMwMDAwMDAwMDAwMCwidXBkYXRlIjoxODAwMDAwMDAwMDAwfX0=",
          "dependencies": [
            "azurerm_network_interface.worker_nic",
            "azurerm_network_security_group.private_nsg",
            "azurerm_resource_group.resource_group",
            "azurerm_subnet.private_subnet",
            "azurerm_virtual_network.vnet"
          ]
        },
        {
          "index_key": 21,
          "schema_version": 0,
          "attributes": {
            "id": "/subscriptions/fa12187f-db35-4094-bbf5-2921bf099f65/resourceGroups/geth11-rg/providers/Microsoft.Network/networkInterfaces/geth1121-wrkr-nic|/subscriptions/fa12187f-db35-4094-bbf5-2921bf099f65/resourceGroups/geth11-rg/providers/Microsoft.Network/networkSecurityGroups/geth11-prvt-nsg",
            "network_interface_id": "/subscriptions/fa12187f-db35-4094-bbf5-2921bf099f65/resourceGroups/geth11-rg/providers/Microsoft.Network/networkInterfaces/geth1121-wrkr-nic",
            "network_security_group_id": "/subscriptions/fa12187f-db35-4094-bbf5-2921bf099f65/resourceGroups/geth11-rg/providers/Microsoft.Network/networkSecurityGroups/geth11-prvt-nsg",
            "timeouts": null
          },
          "private": "eyJlMmJmYjczMC1lY2FhLTExZTYtOGY4OC0zNDM2M2JjN2M0YzAiOnsiY3JlYXRlIjoxODAwMDAwMDAwMDAwLCJkZWxldGUiOjE4MDAwMDAwMDAwMDAsInJlYWQiOjMwMDAwMDAwMDAwMCwidXBkYXRlIjoxODAwMDAwMDAwMDAwfX0=",
          "dependencies": [
            "azurerm_network_interface.worker_nic",
            "azurerm_network_security_group.private_nsg",
            "azurerm_resource_group.resource_group",
            "azurerm_subnet.private_subnet",
            "azurerm_virtual_network.vnet"
          ]
        },
        {
          "index_key": 22,
          "schema_version": 0,
          "attributes": {
            "id": "/subscriptions/fa12187f-db35-4094-bbf5-2921bf099f65/resourceGroups/geth11-rg/providers/Microsoft.Network/networkInterfaces/geth1122-wrkr-nic|/subscriptions/fa12187f-db35-4094-bbf5-2921bf099f65/resourceGroups/geth11-rg/providers/Microsoft.Network/networkSecurityGroups/geth11-prvt-nsg",
            "network_interface_id": "/subscriptions/fa12187f-db35-4094-bbf5-2921bf099f65/resourceGroups/geth11-rg/providers/Microsoft.Network/networkInterfaces/geth1122-wrkr-nic",
            "network_security_group_id": "/subscriptions/fa12187f-db35-4094-bbf5-2921bf099f65/resourceGroups/geth11-rg/providers/Microsoft.Network/networkSecurityGroups/geth11-prvt-nsg",
            "timeouts": null
          },
          "private": "eyJlMmJmYjczMC1lY2FhLTExZTYtOGY4OC0zNDM2M2JjN2M0YzAiOnsiY3JlYXRlIjoxODAwMDAwMDAwMDAwLCJkZWxldGUiOjE4MDAwMDAwMDAwMDAsInJlYWQiOjMwMDAwMDAwMDAwMCwidXBkYXRlIjoxODAwMDAwMDAwMDAwfX0=",
          "dependencies": [
            "azurerm_network_interface.worker_nic",
            "azurerm_network_security_group.private_nsg",
            "azurerm_resource_group.resource_group",
            "azurerm_subnet.private_subnet",
            "azurerm_virtual_network.vnet"
          ]
        },
        {
          "index_key": 23,
          "schema_version": 0,
          "attributes": {
            "id": "/subscriptions/fa12187f-db35-4094-bbf5-2921bf099f65/resourceGroups/geth11-rg/providers/Microsoft.Network/networkInterfaces/geth1123-wrkr-nic|/subscriptions/fa12187f-db35-4094-bbf5-2921bf099f65/resourceGroups/geth11-rg/providers/Microsoft.Network/networkSecurityGroups/geth11-prvt-nsg",
            "network_interface_id": "/subscriptions/fa12187f-db35-4094-bbf5-2921bf099f65/resourceGroups/geth11-rg/providers/Microsoft.Network/networkInterfaces/geth1123-wrkr-nic",
            "network_security_group_id": "/subscriptions/fa12187f-db35-4094-bbf5-2921bf099f65/resourceGroups/geth11-rg/providers/Microsoft.Network/networkSecurityGroups/geth11-prvt-nsg",
            "timeouts": null
          },
          "private": "eyJlMmJmYjczMC1lY2FhLTExZTYtOGY4OC0zNDM2M2JjN2M0YzAiOnsiY3JlYXRlIjoxODAwMDAwMDAwMDAwLCJkZWxldGUiOjE4MDAwMDAwMDAwMDAsInJlYWQiOjMwMDAwMDAwMDAwMCwidXBkYXRlIjoxODAwMDAwMDAwMDAwfX0=",
          "dependencies": [
            "azurerm_network_interface.worker_nic",
            "azurerm_network_security_group.private_nsg",
            "azurerm_resource_group.resource_group",
            "azurerm_subnet.private_subnet",
            "azurerm_virtual_network.vnet"
          ]
        },
        {
          "index_key": 24,
          "schema_version": 0,
          "attributes": {
            "id": "/subscriptions/fa12187f-db35-4094-bbf5-2921bf099f65/resourceGroups/geth11-rg/providers/Microsoft.Network/networkInterfaces/geth1124-wrkr-nic|/subscriptions/fa12187f-db35-4094-bbf5-2921bf099f65/resourceGroups/geth11-rg/providers/Microsoft.Network/networkSecurityGroups/geth11-prvt-nsg",
            "network_interface_id": "/subscriptions/fa12187f-db35-4094-bbf5-2921bf099f65/resourceGroups/geth11-rg/providers/Microsoft.Network/networkInterfaces/geth1124-wrkr-nic",
            "network_security_group_id": "/subscriptions/fa12187f-db35-4094-bbf5-2921bf099f65/resourceGroups/geth11-rg/providers/Microsoft.Network/networkSecurityGroups/geth11-prvt-nsg",
            "timeouts": null
          },
          "private": "eyJlMmJmYjczMC1lY2FhLTExZTYtOGY4OC0zNDM2M2JjN2M0YzAiOnsiY3JlYXRlIjoxODAwMDAwMDAwMDAwLCJkZWxldGUiOjE4MDAwMDAwMDAwMDAsInJlYWQiOjMwMDAwMDAwMDAwMCwidXBkYXRlIjoxODAwMDAwMDAwMDAwfX0=",
          "dependencies": [
            "azurerm_network_interface.worker_nic",
            "azurerm_network_security_group.private_nsg",
            "azurerm_resource_group.resource_group",
            "azurerm_subnet.private_subnet",
            "azurerm_virtual_network.vnet"
          ]
        },
        {
          "index_key": 25,
          "schema_version": 0,
          "attributes": {
            "id": "/subscriptions/fa12187f-db35-4094-bbf5-2921bf099f65/resourceGroups/geth11-rg/providers/Microsoft.Network/networkInterfaces/geth1125-wrkr-nic|/subscriptions/fa12187f-db35-4094-bbf5-2921bf099f65/resourceGroups/geth11-rg/providers/Microsoft.Network/networkSecurityGroups/geth11-prvt-nsg",
            "network_interface_id": "/subscriptions/fa12187f-db35-4094-bbf5-2921bf099f65/resourceGroups/geth11-rg/providers/Microsoft.Network/networkInterfaces/geth1125-wrkr-nic",
            "network_security_group_id": "/subscriptions/fa12187f-db35-4094-bbf5-2921bf099f65/resourceGroups/geth11-rg/providers/Microsoft.Network/networkSecurityGroups/geth11-prvt-nsg",
            "timeouts": null
          },
          "private": "eyJlMmJmYjczMC1lY2FhLTExZTYtOGY4OC0zNDM2M2JjN2M0YzAiOnsiY3JlYXRlIjoxODAwMDAwMDAwMDAwLCJkZWxldGUiOjE4MDAwMDAwMDAwMDAsInJlYWQiOjMwMDAwMDAwMDAwMCwidXBkYXRlIjoxODAwMDAwMDAwMDAwfX0=",
          "dependencies": [
            "azurerm_network_interface.worker_nic",
            "azurerm_network_security_group.private_nsg",
            "azurerm_resource_group.resource_group",
            "azurerm_subnet.private_subnet",
            "azurerm_virtual_network.vnet"
          ]
        },
        {
          "index_key": 26,
          "schema_version": 0,
          "attributes": {
            "id": "/subscriptions/fa12187f-db35-4094-bbf5-2921bf099f65/resourceGroups/geth11-rg/providers/Microsoft.Network/networkInterfaces/geth1126-wrkr-nic|/subscriptions/fa12187f-db35-4094-bbf5-2921bf099f65/resourceGroups/geth11-rg/providers/Microsoft.Network/networkSecurityGroups/geth11-prvt-nsg",
            "network_interface_id": "/subscriptions/fa12187f-db35-4094-bbf5-2921bf099f65/resourceGroups/geth11-rg/providers/Microsoft.Network/networkInterfaces/geth1126-wrkr-nic",
            "network_security_group_id": "/subscriptions/fa12187f-db35-4094-bbf5-2921bf099f65/resourceGroups/geth11-rg/providers/Microsoft.Network/networkSecurityGroups/geth11-prvt-nsg",
            "timeouts": null
          },
          "private": "eyJlMmJmYjczMC1lY2FhLTExZTYtOGY4OC0zNDM2M2JjN2M0YzAiOnsiY3JlYXRlIjoxODAwMDAwMDAwMDAwLCJkZWxldGUiOjE4MDAwMDAwMDAwMDAsInJlYWQiOjMwMDAwMDAwMDAwMCwidXBkYXRlIjoxODAwMDAwMDAwMDAwfX0=",
          "dependencies": [
            "azurerm_network_interface.worker_nic",
            "azurerm_network_security_group.private_nsg",
            "azurerm_resource_group.resource_group",
            "azurerm_subnet.private_subnet",
            "azurerm_virtual_network.vnet"
          ]
        },
        {
          "index_key": 27,
          "schema_version": 0,
          "attributes": {
            "id": "/subscriptions/fa12187f-db35-4094-bbf5-2921bf099f65/resourceGroups/geth11-rg/providers/Microsoft.Network/networkInterfaces/geth1127-wrkr-nic|/subscriptions/fa12187f-db35-4094-bbf5-2921bf099f65/resourceGroups/geth11-rg/providers/Microsoft.Network/networkSecurityGroups/geth11-prvt-nsg",
            "network_interface_id": "/subscriptions/fa12187f-db35-4094-bbf5-2921bf099f65/resourceGroups/geth11-rg/providers/Microsoft.Network/networkInterfaces/geth1127-wrkr-nic",
            "network_security_group_id": "/subscriptions/fa12187f-db35-4094-bbf5-2921bf099f65/resourceGroups/geth11-rg/providers/Microsoft.Network/networkSecurityGroups/geth11-prvt-nsg",
            "timeouts": null
          },
          "private": "eyJlMmJmYjczMC1lY2FhLTExZTYtOGY4OC0zNDM2M2JjN2M0YzAiOnsiY3JlYXRlIjoxODAwMDAwMDAwMDAwLCJkZWxldGUiOjE4MDAwMDAwMDAwMDAsInJlYWQiOjMwMDAwMDAwMDAwMCwidXBkYXRlIjoxODAwMDAwMDAwMDAwfX0=",
          "dependencies": [
            "azurerm_network_interface.worker_nic",
            "azurerm_network_security_group.private_nsg",
            "azurerm_resource_group.resource_group",
            "azurerm_subnet.private_subnet",
            "azurerm_virtual_network.vnet"
          ]
        },
        {
          "index_key": 28,
          "schema_version": 0,
          "attributes": {
            "id": "/subscriptions/fa12187f-db35-4094-bbf5-2921bf099f65/resourceGroups/geth11-rg/providers/Microsoft.Network/networkInterfaces/geth1128-wrkr-nic|/subscriptions/fa12187f-db35-4094-bbf5-2921bf099f65/resourceGroups/geth11-rg/providers/Microsoft.Network/networkSecurityGroups/geth11-prvt-nsg",
            "network_interface_id": "/subscriptions/fa12187f-db35-4094-bbf5-2921bf099f65/resourceGroups/geth11-rg/providers/Microsoft.Network/networkInterfaces/geth1128-wrkr-nic",
            "network_security_group_id": "/subscriptions/fa12187f-db35-4094-bbf5-2921bf099f65/resourceGroups/geth11-rg/providers/Microsoft.Network/networkSecurityGroups/geth11-prvt-nsg",
            "timeouts": null
          },
          "private": "eyJlMmJmYjczMC1lY2FhLTExZTYtOGY4OC0zNDM2M2JjN2M0YzAiOnsiY3JlYXRlIjoxODAwMDAwMDAwMDAwLCJkZWxldGUiOjE4MDAwMDAwMDAwMDAsInJlYWQiOjMwMDAwMDAwMDAwMCwidXBkYXRlIjoxODAwMDAwMDAwMDAwfX0=",
          "dependencies": [
            "azurerm_network_interface.worker_nic",
            "azurerm_network_security_group.private_nsg",
            "azurerm_resource_group.resource_group",
            "azurerm_subnet.private_subnet",
            "azurerm_virtual_network.vnet"
          ]
        },
        {
          "index_key": 29,
          "schema_version": 0,
          "attributes": {
            "id": "/subscriptions/fa12187f-db35-4094-bbf5-2921bf099f65/resourceGroups/geth11-rg/providers/Microsoft.Network/networkInterfaces/geth1129-wrkr-nic|/subscriptions/fa12187f-db35-4094-bbf5-2921bf099f65/resourceGroups/geth11-rg/providers/Microsoft.Network/networkSecurityGroups/geth11-prvt-nsg",
            "network_interface_id": "/subscriptions/fa12187f-db35-4094-bbf5-2921bf099f65/resourceGroups/geth11-rg/providers/Microsoft.Network/networkInterfaces/geth1129-wrkr-nic",
            "network_security_group_id": "/subscriptions/fa12187f-db35-4094-bbf5-2921bf099f65/resourceGroups/geth11-rg/providers/Microsoft.Network/networkSecurityGroups/geth11-prvt-nsg",
            "timeouts": null
          },
          "private": "eyJlMmJmYjczMC1lY2FhLTExZTYtOGY4OC0zNDM2M2JjN2M0YzAiOnsiY3JlYXRlIjoxODAwMDAwMDAwMDAwLCJkZWxldGUiOjE4MDAwMDAwMDAwMDAsInJlYWQiOjMwMDAwMDAwMDAwMCwidXBkYXRlIjoxODAwMDAwMDAwMDAwfX0=",
          "dependencies": [
            "azurerm_network_interface.worker_nic",
            "azurerm_network_security_group.private_nsg",
            "azurerm_resource_group.resource_group",
            "azurerm_subnet.private_subnet",
            "azurerm_virtual_network.vnet"
          ]
        },
        {
          "index_key": 30,
          "schema_version": 0,
          "attributes": {
            "id": "/subscriptions/fa12187f-db35-4094-bbf5-2921bf099f65/resourceGroups/geth11-rg/providers/Microsoft.Network/networkInterfaces/geth1130-wrkr-nic|/subscriptions/fa12187f-db35-4094-bbf5-2921bf099f65/resourceGroups/geth11-rg/providers/Microsoft.Network/networkSecurityGroups/geth11-prvt-nsg",
            "network_interface_id": "/subscriptions/fa12187f-db35-4094-bbf5-2921bf099f65/resourceGroups/geth11-rg/providers/Microsoft.Network/networkInterfaces/geth1130-wrkr-nic",
            "network_security_group_id": "/subscriptions/fa12187f-db35-4094-bbf5-2921bf099f65/resourceGroups/geth11-rg/providers/Microsoft.Network/networkSecurityGroups/geth11-prvt-nsg",
            "timeouts": null
          },
          "private": "eyJlMmJmYjczMC1lY2FhLTExZTYtOGY4OC0zNDM2M2JjN2M0YzAiOnsiY3JlYXRlIjoxODAwMDAwMDAwMDAwLCJkZWxldGUiOjE4MDAwMDAwMDAwMDAsInJlYWQiOjMwMDAwMDAwMDAwMCwidXBkYXRlIjoxODAwMDAwMDAwMDAwfX0=",
          "dependencies": [
            "azurerm_network_interface.worker_nic",
            "azurerm_network_security_group.private_nsg",
            "azurerm_resource_group.resource_group",
            "azurerm_subnet.private_subnet",
            "azurerm_virtual_network.vnet"
          ]
        },
        {
          "index_key": 31,
          "schema_version": 0,
          "attributes": {
            "id": "/subscriptions/fa12187f-db35-4094-bbf5-2921bf099f65/resourceGroups/geth11-rg/providers/Microsoft.Network/networkInterfaces/geth1131-wrkr-nic|/subscriptions/fa12187f-db35-4094-bbf5-2921bf099f65/resourceGroups/geth11-rg/providers/Microsoft.Network/networkSecurityGroups/geth11-prvt-nsg",
            "network_interface_id": "/subscriptions/fa12187f-db35-4094-bbf5-2921bf099f65/resourceGroups/geth11-rg/providers/Microsoft.Network/networkInterfaces/geth1131-wrkr-nic",
            "network_security_group_id": "/subscriptions/fa12187f-db35-4094-bbf5-2921bf099f65/resourceGroups/geth11-rg/providers/Microsoft.Network/networkSecurityGroups/geth11-prvt-nsg",
            "timeouts": null
          },
          "private": "eyJlMmJmYjczMC1lY2FhLTExZTYtOGY4OC0zNDM2M2JjN2M0YzAiOnsiY3JlYXRlIjoxODAwMDAwMDAwMDAwLCJkZWxldGUiOjE4MDAwMDAwMDAwMDAsInJlYWQiOjMwMDAwMDAwMDAwMCwidXBkYXRlIjoxODAwMDAwMDAwMDAwfX0=",
          "dependencies": [
            "azurerm_network_interface.worker_nic",
            "azurerm_network_security_group.private_nsg",
            "azurerm_resource_group.resource_group",
            "azurerm_subnet.private_subnet",
            "azurerm_virtual_network.vnet"
          ]
        },
        {
          "index_key": 32,
          "schema_version": 0,
          "attributes": {
            "id": "/subscriptions/fa12187f-db35-4094-bbf5-2921bf099f65/resourceGroups/geth11-rg/providers/Microsoft.Network/networkInterfaces/geth1132-wrkr-nic|/subscriptions/fa12187f-db35-4094-bbf5-2921bf099f65/resourceGroups/geth11-rg/providers/Microsoft.Network/networkSecurityGroups/geth11-prvt-nsg",
            "network_interface_id": "/subscriptions/fa12187f-db35-4094-bbf5-2921bf099f65/resourceGroups/geth11-rg/providers/Microsoft.Network/networkInterfaces/geth1132-wrkr-nic",
            "network_security_group_id": "/subscriptions/fa12187f-db35-4094-bbf5-2921bf099f65/resourceGroups/geth11-rg/providers/Microsoft.Network/networkSecurityGroups/geth11-prvt-nsg",
            "timeouts": null
          },
          "private": "eyJlMmJmYjczMC1lY2FhLTExZTYtOGY4OC0zNDM2M2JjN2M0YzAiOnsiY3JlYXRlIjoxODAwMDAwMDAwMDAwLCJkZWxldGUiOjE4MDAwMDAwMDAwMDAsInJlYWQiOjMwMDAwMDAwMDAwMCwidXBkYXRlIjoxODAwMDAwMDAwMDAwfX0=",
          "dependencies": [
            "azurerm_network_interface.worker_nic",
            "azurerm_network_security_group.private_nsg",
            "azurerm_resource_group.resource_group",
            "azurerm_subnet.private_subnet",
            "azurerm_virtual_network.vnet"
          ]
        },
        {
          "index_key": 33,
          "schema_version": 0,
          "attributes": {
            "id": "/subscriptions/fa12187f-db35-4094-bbf5-2921bf099f65/resourceGroups/geth11-rg/providers/Microsoft.Network/networkInterfaces/geth1133-wrkr-nic|/subscriptions/fa12187f-db35-4094-bbf5-2921bf099f65/resourceGroups/geth11-rg/providers/Microsoft.Network/networkSecurityGroups/geth11-prvt-nsg",
            "network_interface_id": "/subscriptions/fa12187f-db35-4094-bbf5-2921bf099f65/resourceGroups/geth11-rg/providers/Microsoft.Network/networkInterfaces/geth1133-wrkr-nic",
            "network_security_group_id": "/subscriptions/fa12187f-db35-4094-bbf5-2921bf099f65/resourceGroups/geth11-rg/providers/Microsoft.Network/networkSecurityGroups/geth11-prvt-nsg",
            "timeouts": null
          },
          "private": "eyJlMmJmYjczMC1lY2FhLTExZTYtOGY4OC0zNDM2M2JjN2M0YzAiOnsiY3JlYXRlIjoxODAwMDAwMDAwMDAwLCJkZWxldGUiOjE4MDAwMDAwMDAwMDAsInJlYWQiOjMwMDAwMDAwMDAwMCwidXBkYXRlIjoxODAwMDAwMDAwMDAwfX0=",
          "dependencies": [
            "azurerm_network_interface.worker_nic",
            "azurerm_network_security_group.private_nsg",
            "azurerm_resource_group.resource_group",
            "azurerm_subnet.private_subnet",
            "azurerm_virtual_network.vnet"
          ]
        },
        {
          "index_key": 34,
          "schema_version": 0,
          "attributes": {
            "id": "/subscriptions/fa12187f-db35-4094-bbf5-2921bf099f65/resourceGroups/geth11-rg/providers/Microsoft.Network/networkInterfaces/geth1134-wrkr-nic|/subscriptions/fa12187f-db35-4094-bbf5-2921bf099f65/resourceGroups/geth11-rg/providers/Microsoft.Network/networkSecurityGroups/geth11-prvt-nsg",
            "network_interface_id": "/subscriptions/fa12187f-db35-4094-bbf5-2921bf099f65/resourceGroups/geth11-rg/providers/Microsoft.Network/networkInterfaces/geth1134-wrkr-nic",
            "network_security_group_id": "/subscriptions/fa12187f-db35-4094-bbf5-2921bf099f65/resourceGroups/geth11-rg/providers/Microsoft.Network/networkSecurityGroups/geth11-prvt-nsg",
            "timeouts": null
          },
          "private": "eyJlMmJmYjczMC1lY2FhLTExZTYtOGY4OC0zNDM2M2JjN2M0YzAiOnsiY3JlYXRlIjoxODAwMDAwMDAwMDAwLCJkZWxldGUiOjE4MDAwMDAwMDAwMDAsInJlYWQiOjMwMDAwMDAwMDAwMCwidXBkYXRlIjoxODAwMDAwMDAwMDAwfX0=",
          "dependencies": [
            "azurerm_network_interface.worker_nic",
            "azurerm_network_security_group.private_nsg",
            "azurerm_resource_group.resource_group",
            "azurerm_subnet.private_subnet",
            "azurerm_virtual_network.vnet"
          ]
        },
        {
          "index_key": 35,
          "schema_version": 0,
          "attributes": {
            "id": "/subscriptions/fa12187f-db35-4094-bbf5-2921bf099f65/resourceGroups/geth11-rg/providers/Microsoft.Network/networkInterfaces/geth1135-wrkr-nic|/subscriptions/fa12187f-db35-4094-bbf5-2921bf099f65/resourceGroups/geth11-rg/providers/Microsoft.Network/networkSecurityGroups/geth11-prvt-nsg",
            "network_interface_id": "/subscriptions/fa12187f-db35-4094-bbf5-2921bf099f65/resourceGroups/geth11-rg/providers/Microsoft.Network/networkInterfaces/geth1135-wrkr-nic",
            "network_security_group_id": "/subscriptions/fa12187f-db35-4094-bbf5-2921bf099f65/resourceGroups/geth11-rg/providers/Microsoft.Network/networkSecurityGroups/geth11-prvt-nsg",
            "timeouts": null
          },
          "private": "eyJlMmJmYjczMC1lY2FhLTExZTYtOGY4OC0zNDM2M2JjN2M0YzAiOnsiY3JlYXRlIjoxODAwMDAwMDAwMDAwLCJkZWxldGUiOjE4MDAwMDAwMDAwMDAsInJlYWQiOjMwMDAwMDAwMDAwMCwidXBkYXRlIjoxODAwMDAwMDAwMDAwfX0=",
          "dependencies": [
            "azurerm_network_interface.worker_nic",
            "azurerm_network_security_group.private_nsg",
            "azurerm_resource_group.resource_group",
            "azurerm_subnet.private_subnet",
            "azurerm_virtual_network.vnet"
          ]
        },
        {
          "index_key": 36,
          "schema_version": 0,
          "attributes": {
            "id": "/subscriptions/fa12187f-db35-4094-bbf5-2921bf099f65/resourceGroups/geth11-rg/providers/Microsoft.Network/networkInterfaces/geth1136-wrkr-nic|/subscriptions/fa12187f-db35-4094-bbf5-2921bf099f65/resourceGroups/geth11-rg/providers/Microsoft.Network/networkSecurityGroups/geth11-prvt-nsg",
            "network_interface_id": "/subscriptions/fa12187f-db35-4094-bbf5-2921bf099f65/resourceGroups/geth11-rg/providers/Microsoft.Network/networkInterfaces/geth1136-wrkr-nic",
            "network_security_group_id": "/subscriptions/fa12187f-db35-4094-bbf5-2921bf099f65/resourceGroups/geth11-rg/providers/Microsoft.Network/networkSecurityGroups/geth11-prvt-nsg",
            "timeouts": null
          },
          "private": "eyJlMmJmYjczMC1lY2FhLTExZTYtOGY4OC0zNDM2M2JjN2M0YzAiOnsiY3JlYXRlIjoxODAwMDAwMDAwMDAwLCJkZWxldGUiOjE4MDAwMDAwMDAwMDAsInJlYWQiOjMwMDAwMDAwMDAwMCwidXBkYXRlIjoxODAwMDAwMDAwMDAwfX0=",
          "dependencies": [
            "azurerm_network_interface.worker_nic",
            "azurerm_network_security_group.private_nsg",
            "azurerm_resource_group.resource_group",
            "azurerm_subnet.private_subnet",
            "azurerm_virtual_network.vnet"
          ]
        },
        {
          "index_key": 37,
          "schema_version": 0,
          "attributes": {
            "id": "/subscriptions/fa12187f-db35-4094-bbf5-2921bf099f65/resourceGroups/geth11-rg/providers/Microsoft.Network/networkInterfaces/geth1137-wrkr-nic|/subscriptions/fa12187f-db35-4094-bbf5-2921bf099f65/resourceGroups/geth11-rg/providers/Microsoft.Network/networkSecurityGroups/geth11-prvt-nsg",
            "network_interface_id": "/subscriptions/fa12187f-db35-4094-bbf5-2921bf099f65/resourceGroups/geth11-rg/providers/Microsoft.Network/networkInterfaces/geth1137-wrkr-nic",
            "network_security_group_id": "/subscriptions/fa12187f-db35-4094-bbf5-2921bf099f65/resourceGroups/geth11-rg/providers/Microsoft.Network/networkSecurityGroups/geth11-prvt-nsg",
            "timeouts": null
          },
          "private": "eyJlMmJmYjczMC1lY2FhLTExZTYtOGY4OC0zNDM2M2JjN2M0YzAiOnsiY3JlYXRlIjoxODAwMDAwMDAwMDAwLCJkZWxldGUiOjE4MDAwMDAwMDAwMDAsInJlYWQiOjMwMDAwMDAwMDAwMCwidXBkYXRlIjoxODAwMDAwMDAwMDAwfX0=",
          "dependencies": [
            "azurerm_network_interface.worker_nic",
            "azurerm_network_security_group.private_nsg",
            "azurerm_resource_group.resource_group",
            "azurerm_subnet.private_subnet",
            "azurerm_virtual_network.vnet"
          ]
        },
        {
          "index_key": 38,
          "schema_version": 0,
          "attributes": {
            "id": "/subscriptions/fa12187f-db35-4094-bbf5-2921bf099f65/resourceGroups/geth11-rg/providers/Microsoft.Network/networkInterfaces/geth1138-wrkr-nic|/subscriptions/fa12187f-db35-4094-bbf5-2921bf099f65/resourceGroups/geth11-rg/providers/Microsoft.Network/networkSecurityGroups/geth11-prvt-nsg",
            "network_interface_id": "/subscriptions/fa12187f-db35-4094-bbf5-2921bf099f65/resourceGroups/geth11-rg/providers/Microsoft.Network/networkInterfaces/geth1138-wrkr-nic",
            "network_security_group_id": "/subscriptions/fa12187f-db35-4094-bbf5-2921bf099f65/resourceGroups/geth11-rg/providers/Microsoft.Network/networkSecurityGroups/geth11-prvt-nsg",
            "timeouts": null
          },
          "private": "eyJlMmJmYjczMC1lY2FhLTExZTYtOGY4OC0zNDM2M2JjN2M0YzAiOnsiY3JlYXRlIjoxODAwMDAwMDAwMDAwLCJkZWxldGUiOjE4MDAwMDAwMDAwMDAsInJlYWQiOjMwMDAwMDAwMDAwMCwidXBkYXRlIjoxODAwMDAwMDAwMDAwfX0=",
          "dependencies": [
            "azurerm_network_interface.worker_nic",
            "azurerm_network_security_group.private_nsg",
            "azurerm_resource_group.resource_group",
            "azurerm_subnet.private_subnet",
            "azurerm_virtual_network.vnet"
          ]
        },
        {
          "index_key": 39,
          "schema_version": 0,
          "attributes": {
            "id": "/subscriptions/fa12187f-db35-4094-bbf5-2921bf099f65/resourceGroups/geth11-rg/providers/Microsoft.Network/networkInterfaces/geth1139-wrkr-nic|/subscriptions/fa12187f-db35-4094-bbf5-2921bf099f65/resourceGroups/geth11-rg/providers/Microsoft.Network/networkSecurityGroups/geth11-prvt-nsg",
            "network_interface_id": "/subscriptions/fa12187f-db35-4094-bbf5-2921bf099f65/resourceGroups/geth11-rg/providers/Microsoft.Network/networkInterfaces/geth1139-wrkr-nic",
            "network_security_group_id": "/subscriptions/fa12187f-db35-4094-bbf5-2921bf099f65/resourceGroups/geth11-rg/providers/Microsoft.Network/networkSecurityGroups/geth11-prvt-nsg",
            "timeouts": null
          },
          "private": "eyJlMmJmYjczMC1lY2FhLTExZTYtOGY4OC0zNDM2M2JjN2M0YzAiOnsiY3JlYXRlIjoxODAwMDAwMDAwMDAwLCJkZWxldGUiOjE4MDAwMDAwMDAwMDAsInJlYWQiOjMwMDAwMDAwMDAwMCwidXBkYXRlIjoxODAwMDAwMDAwMDAwfX0=",
          "dependencies": [
            "azurerm_network_interface.worker_nic",
            "azurerm_network_security_group.private_nsg",
            "azurerm_resource_group.resource_group",
            "azurerm_subnet.private_subnet",
            "azurerm_virtual_network.vnet"
          ]
        },
        {
          "index_key": 40,
          "schema_version": 0,
          "attributes": {
            "id": "/subscriptions/fa12187f-db35-4094-bbf5-2921bf099f65/resourceGroups/geth11-rg/providers/Microsoft.Network/networkInterfaces/geth1140-wrkr-nic|/subscriptions/fa12187f-db35-4094-bbf5-2921bf099f65/resourceGroups/geth11-rg/providers/Microsoft.Network/networkSecurityGroups/geth11-prvt-nsg",
            "network_interface_id": "/subscriptions/fa12187f-db35-4094-bbf5-2921bf099f65/resourceGroups/geth11-rg/providers/Microsoft.Network/networkInterfaces/geth1140-wrkr-nic",
            "network_security_group_id": "/subscriptions/fa12187f-db35-4094-bbf5-2921bf099f65/resourceGroups/geth11-rg/providers/Microsoft.Network/networkSecurityGroups/geth11-prvt-nsg",
            "timeouts": null
          },
          "private": "eyJlMmJmYjczMC1lY2FhLTExZTYtOGY4OC0zNDM2M2JjN2M0YzAiOnsiY3JlYXRlIjoxODAwMDAwMDAwMDAwLCJkZWxldGUiOjE4MDAwMDAwMDAwMDAsInJlYWQiOjMwMDAwMDAwMDAwMCwidXBkYXRlIjoxODAwMDAwMDAwMDAwfX0=",
          "dependencies": [
            "azurerm_network_interface.worker_nic",
            "azurerm_network_security_group.private_nsg",
            "azurerm_resource_group.resource_group",
            "azurerm_subnet.private_subnet",
            "azurerm_virtual_network.vnet"
          ]
        }
      ]
    },
    {
      "mode": "managed",
      "type": "azurerm_network_security_group",
      "name": "private_nsg",
      "provider": "provider.azurerm",
      "instances": [
        {
          "schema_version": 0,
          "attributes": {
            "id": "/subscriptions/fa12187f-db35-4094-bbf5-2921bf099f65/resourceGroups/geth11-rg/providers/Microsoft.Network/networkSecurityGroups/geth11-prvt-nsg",
            "location": "westeurope",
            "name": "geth11-prvt-nsg",
            "resource_group_name": "geth11-rg",
            "security_rule": [
              {
                "access": "Allow",
                "description": "",
                "destination_address_prefix": "*",
                "destination_address_prefixes": [],
                "destination_application_security_group_ids": [],
                "destination_port_range": "*",
                "destination_port_ranges": [],
                "direction": "Inbound",
                "name": "allow-ssh-public-subnet",
                "priority": 100,
                "protocol": "*",
                "source_address_prefix": "*",
                "source_address_prefixes": [],
                "source_application_security_group_ids": [],
                "source_port_range": "*",
                "source_port_ranges": []
              }
            ],
            "tags": {
              "application": "Block chain Performnace study",
              "applicationversion": "1.0.0",
              "environment": "Sandbox",
              "infrastructureversion": "1.0.0",
              "name": "Renaultgeth11",
              "tier": "Blockchain VMs"
            },
            "timeouts": null
          },
          "private": "eyJlMmJmYjczMC1lY2FhLTExZTYtOGY4OC0zNDM2M2JjN2M0YzAiOnsiY3JlYXRlIjoxODAwMDAwMDAwMDAwLCJkZWxldGUiOjE4MDAwMDAwMDAwMDAsInJlYWQiOjMwMDAwMDAwMDAwMCwidXBkYXRlIjoxODAwMDAwMDAwMDAwfX0=",
          "dependencies": [
            "azurerm_resource_group.resource_group"
          ]
        }
      ]
    },
    {
      "mode": "managed",
      "type": "azurerm_network_security_group",
      "name": "public_nsg",
      "provider": "provider.azurerm",
      "instances": [
        {
          "schema_version": 0,
          "attributes": {
            "id": "/subscriptions/fa12187f-db35-4094-bbf5-2921bf099f65/resourceGroups/geth11-rg/providers/Microsoft.Network/networkSecurityGroups/geth11-pblc-nsg",
            "location": "westeurope",
            "name": "geth11-pblc-nsg",
            "resource_group_name": "geth11-rg",
            "security_rule": [
              {
                "access": "Allow",
                "description": "",
                "destination_address_prefix": "*",
                "destination_address_prefixes": [],
                "destination_application_security_group_ids": [],
                "destination_port_range": "*",
                "destination_port_ranges": [],
                "direction": "Inbound",
                "name": "allow-ssh-all",
                "priority": 100,
                "protocol": "*",
                "source_address_prefix": "*",
                "source_address_prefixes": [],
                "source_application_security_group_ids": [],
                "source_port_range": "*",
                "source_port_ranges": []
              }
            ],
            "tags": {
              "application": "Block chain Performnace study",
              "applicationversion": "1.0.0",
              "environment": "Sandbox",
              "infrastructureversion": "1.0.0",
              "name": "Renaultgeth11",
              "tier": "Blockchain VMs"
            },
            "timeouts": null
          },
          "private": "eyJlMmJmYjczMC1lY2FhLTExZTYtOGY4OC0zNDM2M2JjN2M0YzAiOnsiY3JlYXRlIjoxODAwMDAwMDAwMDAwLCJkZWxldGUiOjE4MDAwMDAwMDAwMDAsInJlYWQiOjMwMDAwMDAwMDAwMCwidXBkYXRlIjoxODAwMDAwMDAwMDAwfX0=",
          "dependencies": [
            "azurerm_resource_group.resource_group"
          ]
        }
      ]
    },
    {
      "mode": "managed",
      "type": "azurerm_public_ip",
      "name": "public_ip",
      "each": "list",
      "provider": "provider.azurerm",
      "instances": [
        {
          "index_key": 0,
          "schema_version": 0,
          "attributes": {
            "allocation_method": "Dynamic",
            "domain_name_label": null,
            "fqdn": null,
            "id": "/subscriptions/fa12187f-db35-4094-bbf5-2921bf099f65/resourceGroups/geth11-rg/providers/Microsoft.Network/publicIPAddresses/geth110-ip",
            "idle_timeout_in_minutes": 4,
            "ip_address": "",
            "ip_version": "IPv4",
            "location": "westeurope",
            "name": "geth110-ip",
            "public_ip_prefix_id": null,
            "resource_group_name": "geth11-rg",
            "reverse_fqdn": null,
            "sku": "Basic",
            "tags": {
              "application": "Block chain Performnace study",
              "applicationversion": "1.0.0",
              "environment": "Sandbox",
              "infrastructureversion": "1.0.0",
              "name": "Renaultgeth11",
              "tier": "Blockchain VMs"
            },
            "timeouts": null,
            "zones": null
          },
          "private": "eyJlMmJmYjczMC1lY2FhLTExZTYtOGY4OC0zNDM2M2JjN2M0YzAiOnsiY3JlYXRlIjoxODAwMDAwMDAwMDAwLCJkZWxldGUiOjE4MDAwMDAwMDAwMDAsInJlYWQiOjMwMDAwMDAwMDAwMCwidXBkYXRlIjoxODAwMDAwMDAwMDAwfX0=",
          "dependencies": [
            "azurerm_resource_group.resource_group"
          ]
        }
      ]
    },
    {
      "mode": "managed",
      "type": "azurerm_resource_group",
      "name": "resource_group",
      "provider": "provider.azurerm",
      "instances": [
        {
          "schema_version": 0,
          "attributes": {
            "id": "/subscriptions/fa12187f-db35-4094-bbf5-2921bf099f65/resourceGroups/geth11-rg",
            "location": "westeurope",
            "name": "geth11-rg",
            "tags": {
              "application": "Block chain Performnace study",
              "applicationversion": "1.0.0",
              "environment": "Sandbox",
              "infrastructureversion": "1.0.0",
              "name": "Renaultgeth11",
              "tier": "Blockchain VMs"
            },
            "timeouts": null
          },
          "private": "eyJlMmJmYjczMC1lY2FhLTExZTYtOGY4OC0zNDM2M2JjN2M0YzAiOnsiY3JlYXRlIjo1NDAwMDAwMDAwMDAwLCJkZWxldGUiOjU0MDAwMDAwMDAwMDAsInJlYWQiOjMwMDAwMDAwMDAwMCwidXBkYXRlIjo1NDAwMDAwMDAwMDAwfX0="
        }
      ]
    },
    {
      "mode": "managed",
      "type": "azurerm_storage_account",
      "name": "storage_account",
      "provider": "provider.azurerm",
      "instances": [
        {
          "schema_version": 2,
          "attributes": {
            "access_tier": "Hot",
            "account_kind": "StorageV2",
            "account_replication_type": "LRS",
            "account_tier": "Standard",
            "allow_blob_public_access": false,
            "blob_properties": [],
            "custom_domain": [],
            "enable_https_traffic_only": true,
            "id": "/subscriptions/fa12187f-db35-4094-bbf5-2921bf099f65/resourceGroups/geth11-rg/providers/Microsoft.Storage/storageAccounts/diag44838f215604547e",
            "identity": [],
            "is_hns_enabled": false,
            "location": "westeurope",
            "name": "diag44838f215604547e",
            "network_rules": [
              {
                "bypass": [
                  "AzureServices"
                ],
                "default_action": "Allow",
                "ip_rules": [],
                "virtual_network_subnet_ids": []
              }
            ],
            "primary_access_key": "pIDj6vy+6ZcnCi1McQiCKfjjzwHsm8SQTpIDk/q7MIBTBVgSgRe4GdYJrwiwhMLlPSAqGuRG0ldWs0n2rodCow==",
            "primary_blob_connection_string": "DefaultEndpointsProtocol=https;BlobEndpoint=https://diag44838f215604547e.blob.core.windows.net/;AccountName=diag44838f215604547e;AccountKey=pIDj6vy+6ZcnCi1McQiCKfjjzwHsm8SQTpIDk/q7MIBTBVgSgRe4GdYJrwiwhMLlPSAqGuRG0ldWs0n2rodCow==",
            "primary_blob_endpoint": "https://diag44838f215604547e.blob.core.windows.net/",
            "primary_blob_host": "diag44838f215604547e.blob.core.windows.net",
            "primary_connection_string": "DefaultEndpointsProtocol=https;AccountName=diag44838f215604547e;AccountKey=pIDj6vy+6ZcnCi1McQiCKfjjzwHsm8SQTpIDk/q7MIBTBVgSgRe4GdYJrwiwhMLlPSAqGuRG0ldWs0n2rodCow==;EndpointSuffix=core.windows.net",
            "primary_dfs_endpoint": "https://diag44838f215604547e.dfs.core.windows.net/",
            "primary_dfs_host": "diag44838f215604547e.dfs.core.windows.net",
            "primary_file_endpoint": "https://diag44838f215604547e.file.core.windows.net/",
            "primary_file_host": "diag44838f215604547e.file.core.windows.net",
            "primary_location": "westeurope",
            "primary_queue_endpoint": "https://diag44838f215604547e.queue.core.windows.net/",
            "primary_queue_host": "diag44838f215604547e.queue.core.windows.net",
            "primary_table_endpoint": "https://diag44838f215604547e.table.core.windows.net/",
            "primary_table_host": "diag44838f215604547e.table.core.windows.net",
            "primary_web_endpoint": "https://diag44838f215604547e.z6.web.core.windows.net/",
            "primary_web_host": "diag44838f215604547e.z6.web.core.windows.net",
            "queue_properties": [
              {
                "cors_rule": [],
                "hour_metrics": [
                  {
                    "enabled": true,
                    "include_apis": true,
                    "retention_policy_days": 7,
                    "version": "1.0"
                  }
                ],
                "logging": [
                  {
                    "delete": false,
                    "read": false,
                    "retention_policy_days": 0,
                    "version": "1.0",
                    "write": false
                  }
                ],
                "minute_metrics": [
                  {
                    "enabled": false,
                    "include_apis": false,
                    "retention_policy_days": 0,
                    "version": "1.0"
                  }
                ]
              }
            ],
            "resource_group_name": "geth11-rg",
            "secondary_access_key": "iZU+dmUduzSCRh807IJlakSKgw/gGvXgW7pLm9quaqavG5yGUFH9lqt30PwaKcDy4n27yYmamOfI/nItZtjvGw==",
            "secondary_blob_connection_string": "",
            "secondary_blob_endpoint": null,
            "secondary_blob_host": null,
            "secondary_connection_string": "DefaultEndpointsProtocol=https;AccountName=diag44838f215604547e;AccountKey=iZU+dmUduzSCRh807IJlakSKgw/gGvXgW7pLm9quaqavG5yGUFH9lqt30PwaKcDy4n27yYmamOfI/nItZtjvGw==;EndpointSuffix=core.windows.net",
            "secondary_dfs_endpoint": null,
            "secondary_dfs_host": null,
            "secondary_file_endpoint": null,
            "secondary_file_host": null,
            "secondary_location": "",
            "secondary_queue_endpoint": null,
            "secondary_queue_host": null,
            "secondary_table_endpoint": null,
            "secondary_table_host": null,
            "secondary_web_endpoint": null,
            "secondary_web_host": null,
            "static_website": [],
            "tags": {
              "application": "Block chain Performnace study",
              "applicationversion": "1.0.0",
              "environment": "Sandbox",
              "infrastructureversion": "1.0.0",
              "name": "Renaultgeth11",
              "tier": "Blockchain VMs"
            },
            "timeouts": null
          },
          "private": "eyJlMmJmYjczMC1lY2FhLTExZTYtOGY4OC0zNDM2M2JjN2M0YzAiOnsiY3JlYXRlIjozNjAwMDAwMDAwMDAwLCJkZWxldGUiOjM2MDAwMDAwMDAwMDAsInJlYWQiOjMwMDAwMDAwMDAwMCwidXBkYXRlIjozNjAwMDAwMDAwMDAwfSwic2NoZW1hX3ZlcnNpb24iOiIyIn0=",
          "dependencies": [
            "azurerm_resource_group.resource_group",
            "random_id.random_id"
          ]
        }
      ]
    },
    {
      "mode": "managed",
      "type": "azurerm_subnet",
      "name": "private_subnet",
      "provider": "provider.azurerm",
      "instances": [
        {
          "schema_version": 0,
          "attributes": {
            "address_prefix": "10.0.2.0/24",
            "address_prefixes": [
              "10.0.2.0/24"
            ],
            "delegation": [],
            "enforce_private_link_endpoint_network_policies": false,
            "enforce_private_link_service_network_policies": false,
            "id": "/subscriptions/fa12187f-db35-4094-bbf5-2921bf099f65/resourceGroups/geth11-rg/providers/Microsoft.Network/virtualNetworks/geth11-vnet/subnets/geth11-prvt-sn001",
            "name": "geth11-prvt-sn001",
            "resource_group_name": "geth11-rg",
            "service_endpoints": [
              "Microsoft.Sql",
              "Microsoft.ServiceBus"
            ],
            "timeouts": null,
            "virtual_network_name": "geth11-vnet"
          },
          "private": "eyJlMmJmYjczMC1lY2FhLTExZTYtOGY4OC0zNDM2M2JjN2M0YzAiOnsiY3JlYXRlIjoxODAwMDAwMDAwMDAwLCJkZWxldGUiOjE4MDAwMDAwMDAwMDAsInJlYWQiOjMwMDAwMDAwMDAwMCwidXBkYXRlIjoxODAwMDAwMDAwMDAwfX0=",
          "dependencies": [
            "azurerm_resource_group.resource_group",
            "azurerm_virtual_network.vnet"
          ]
        }
      ]
    },
    {
      "mode": "managed",
      "type": "azurerm_subnet",
      "name": "public_subnet",
      "provider": "provider.azurerm",
      "instances": [
        {
          "schema_version": 0,
          "attributes": {
            "address_prefix": "10.0.1.0/24",
            "address_prefixes": [
              "10.0.1.0/24"
            ],
            "delegation": [],
            "enforce_private_link_endpoint_network_policies": false,
            "enforce_private_link_service_network_policies": false,
            "id": "/subscriptions/fa12187f-db35-4094-bbf5-2921bf099f65/resourceGroups/geth11-rg/providers/Microsoft.Network/virtualNetworks/geth11-vnet/subnets/geth11-pblc-sn001",
            "name": "geth11-pblc-sn001",
            "resource_group_name": "geth11-rg",
            "service_endpoints": [
              "Microsoft.ServiceBus",
              "Microsoft.ContainerRegistry"
            ],
            "timeouts": null,
            "virtual_network_name": "geth11-vnet"
          },
          "private": "eyJlMmJmYjczMC1lY2FhLTExZTYtOGY4OC0zNDM2M2JjN2M0YzAiOnsiY3JlYXRlIjoxODAwMDAwMDAwMDAwLCJkZWxldGUiOjE4MDAwMDAwMDAwMDAsInJlYWQiOjMwMDAwMDAwMDAwMCwidXBkYXRlIjoxODAwMDAwMDAwMDAwfX0=",
          "dependencies": [
            "azurerm_resource_group.resource_group",
            "azurerm_virtual_network.vnet"
          ]
        }
      ]
    },
    {
      "mode": "managed",
      "type": "azurerm_subnet_network_security_group_association",
      "name": "private_subnet_assoc",
      "provider": "provider.azurerm",
      "instances": [
        {
          "schema_version": 0,
          "attributes": {
            "id": "/subscriptions/fa12187f-db35-4094-bbf5-2921bf099f65/resourceGroups/geth11-rg/providers/Microsoft.Network/virtualNetworks/geth11-vnet/subnets/geth11-prvt-sn001",
            "network_security_group_id": "/subscriptions/fa12187f-db35-4094-bbf5-2921bf099f65/resourceGroups/geth11-rg/providers/Microsoft.Network/networkSecurityGroups/geth11-prvt-nsg",
            "subnet_id": "/subscriptions/fa12187f-db35-4094-bbf5-2921bf099f65/resourceGroups/geth11-rg/providers/Microsoft.Network/virtualNetworks/geth11-vnet/subnets/geth11-prvt-sn001",
            "timeouts": null
          },
          "private": "eyJlMmJmYjczMC1lY2FhLTExZTYtOGY4OC0zNDM2M2JjN2M0YzAiOnsiY3JlYXRlIjoxODAwMDAwMDAwMDAwLCJkZWxldGUiOjE4MDAwMDAwMDAwMDAsInJlYWQiOjMwMDAwMDAwMDAwMCwidXBkYXRlIjoxODAwMDAwMDAwMDAwfX0=",
          "dependencies": [
            "azurerm_network_security_group.private_nsg",
            "azurerm_resource_group.resource_group",
            "azurerm_subnet.private_subnet",
            "azurerm_virtual_network.vnet"
          ]
        }
      ]
    },
    {
      "mode": "managed",
      "type": "azurerm_subnet_network_security_group_association",
      "name": "public_subnet_assoc",
      "provider": "provider.azurerm",
      "instances": [
        {
          "schema_version": 0,
          "attributes": {
            "id": "/subscriptions/fa12187f-db35-4094-bbf5-2921bf099f65/resourceGroups/geth11-rg/providers/Microsoft.Network/virtualNetworks/geth11-vnet/subnets/geth11-pblc-sn001",
            "network_security_group_id": "/subscriptions/fa12187f-db35-4094-bbf5-2921bf099f65/resourceGroups/geth11-rg/providers/Microsoft.Network/networkSecurityGroups/geth11-pblc-nsg",
            "subnet_id": "/subscriptions/fa12187f-db35-4094-bbf5-2921bf099f65/resourceGroups/geth11-rg/providers/Microsoft.Network/virtualNetworks/geth11-vnet/subnets/geth11-pblc-sn001",
            "timeouts": null
          },
          "private": "eyJlMmJmYjczMC1lY2FhLTExZTYtOGY4OC0zNDM2M2JjN2M0YzAiOnsiY3JlYXRlIjoxODAwMDAwMDAwMDAwLCJkZWxldGUiOjE4MDAwMDAwMDAwMDAsInJlYWQiOjMwMDAwMDAwMDAwMCwidXBkYXRlIjoxODAwMDAwMDAwMDAwfX0=",
          "dependencies": [
            "azurerm_network_security_group.public_nsg",
            "azurerm_resource_group.resource_group",
            "azurerm_subnet.public_subnet",
            "azurerm_virtual_network.vnet"
          ]
        }
      ]
    },
    {
      "mode": "managed",
      "type": "azurerm_virtual_machine",
      "name": "bastion_vm",
      "each": "list",
      "provider": "provider.azurerm",
      "instances": [
        {
          "index_key": 0,
          "schema_version": 0,
          "attributes": {
            "additional_capabilities": [],
            "availability_set_id": null,
            "boot_diagnostics": [
              {
                "enabled": true,
                "storage_uri": "https://diag44838f215604547e.blob.core.windows.net/"
              }
            ],
            "delete_data_disks_on_termination": false,
            "delete_os_disk_on_termination": false,
            "id": "/subscriptions/fa12187f-db35-4094-bbf5-2921bf099f65/resourceGroups/geth11-rg/providers/Microsoft.Compute/virtualMachines/geth110-bstn-vm001",
            "identity": [],
            "license_type": null,
            "location": "westeurope",
            "name": "geth110-bstn-vm001",
            "network_interface_ids": [
              "/subscriptions/fa12187f-db35-4094-bbf5-2921bf099f65/resourceGroups/geth11-rg/providers/Microsoft.Network/networkInterfaces/geth110-bstn-nic"
            ],
            "os_profile": [
              {
                "admin_password": "",
                "admin_username": "renault",
                "computer_name": "geth110-bstn-vm001",
                "custom_data": ""
              }
            ],
            "os_profile_linux_config": [
              {
                "disable_password_authentication": false,
                "ssh_keys": []
              }
            ],
            "os_profile_secrets": [],
            "os_profile_windows_config": [],
            "plan": [],
            "primary_network_interface_id": null,
            "proximity_placement_group_id": null,
            "resource_group_name": "geth11-rg",
            "storage_data_disk": [],
            "storage_image_reference": [
              {
                "id": "",
                "offer": "UbuntuServer",
                "publisher": "Canonical",
                "sku": "18.04-LTS",
                "version": "latest"
              }
            ],
            "storage_os_disk": [
              {
                "caching": "ReadWrite",
                "create_option": "FromImage",
                "disk_size_gb": 30,
                "image_uri": "",
                "managed_disk_id": "/subscriptions/fa12187f-db35-4094-bbf5-2921bf099f65/resourceGroups/GETH11-RG/providers/Microsoft.Compute/disks/geth110-bstn-dsk001",
                "managed_disk_type": "Standard_LRS",
                "name": "geth110-bstn-dsk001",
                "os_type": "Linux",
                "vhd_uri": "",
                "write_accelerator_enabled": false
              }
            ],
            "tags": {
              "application": "Block chain Performnace study",
              "applicationversion": "1.0.0",
              "environment": "Sandbox",
              "infrastructureversion": "1.0.0",
              "name": "Renaultgeth11",
              "tier": "Blockchain VMs"
            },
            "timeouts": null,
            "vm_size": "Standard_B2ms",
            "zones": null
          },
          "private": "eyJlMmJmYjczMC1lY2FhLTExZTYtOGY4OC0zNDM2M2JjN2M0YzAiOnsiY3JlYXRlIjozNjAwMDAwMDAwMDAwLCJkZWxldGUiOjM2MDAwMDAwMDAwMDAsInJlYWQiOjMwMDAwMDAwMDAwMCwidXBkYXRlIjozNjAwMDAwMDAwMDAwfX0=",
          "dependencies": [
            "azurerm_network_interface.bastion_nic",
            "azurerm_network_interface_security_group_association.bastion_nic_assoc",
            "azurerm_network_security_group.public_nsg",
            "azurerm_public_ip.public_ip",
            "azurerm_resource_group.resource_group",
            "azurerm_storage_account.storage_account",
            "azurerm_subnet.public_subnet",
            "azurerm_virtual_network.vnet",
            "random_id.random_id"
          ]
        }
      ]
    },
    {
      "mode": "managed",
      "type": "azurerm_virtual_machine",
      "name": "worker_vm",
      "each": "list",
      "provider": "provider.azurerm",
      "instances": [
        {
          "index_key": 0,
          "schema_version": 0,
          "attributes": {
            "additional_capabilities": [],
            "availability_set_id": null,
            "boot_diagnostics": [
              {
                "enabled": true,
                "storage_uri": "https://diag44838f215604547e.blob.core.windows.net/"
              }
            ],
            "delete_data_disks_on_termination": false,
            "delete_os_disk_on_termination": false,
            "id": "/subscriptions/fa12187f-db35-4094-bbf5-2921bf099f65/resourceGroups/geth11-rg/providers/Microsoft.Compute/virtualMachines/geth110-wrkr-vm001",
            "identity": [],
            "license_type": null,
            "location": "westeurope",
            "name": "geth110-wrkr-vm001",
            "network_interface_ids": [
              "/subscriptions/fa12187f-db35-4094-bbf5-2921bf099f65/resourceGroups/geth11-rg/providers/Microsoft.Network/networkInterfaces/geth110-wrkr-nic"
            ],
            "os_profile": [
              {
                "admin_password": "",
                "admin_username": "renault",
                "computer_name": "geth110-wrkr-vm001",
                "custom_data": ""
              }
            ],
            "os_profile_linux_config": [
              {
                "disable_password_authentication": false,
                "ssh_keys": []
              }
            ],
            "os_profile_secrets": [],
            "os_profile_windows_config": [],
            "plan": [],
            "primary_network_interface_id": null,
            "proximity_placement_group_id": null,
            "resource_group_name": "geth11-rg",
            "storage_data_disk": [],
            "storage_image_reference": [
              {
                "id": "",
                "offer": "UbuntuServer",
                "publisher": "Canonical",
                "sku": "18.04-LTS",
                "version": "latest"
              }
            ],
            "storage_os_disk": [
              {
                "caching": "ReadWrite",
                "create_option": "FromImage",
                "disk_size_gb": 30,
                "image_uri": "",
                "managed_disk_id": "/subscriptions/fa12187f-db35-4094-bbf5-2921bf099f65/resourceGroups/GETH11-RG/providers/Microsoft.Compute/disks/geth110-wrkr-dsk001",
                "managed_disk_type": "Standard_LRS",
                "name": "geth110-wrkr-dsk001",
                "os_type": "Linux",
                "vhd_uri": "",
                "write_accelerator_enabled": false
              }
            ],
            "tags": {
              "application": "Block chain Performnace study",
              "applicationversion": "1.0.0",
              "environment": "Sandbox",
              "infrastructureversion": "1.0.0",
              "name": "Renaultgeth11",
              "tier": "Blockchain VMs"
            },
            "timeouts": null,
            "vm_size": "Standard_B2ms",
            "zones": null
          },
          "private": "eyJlMmJmYjczMC1lY2FhLTExZTYtOGY4OC0zNDM2M2JjN2M0YzAiOnsiY3JlYXRlIjozNjAwMDAwMDAwMDAwLCJkZWxldGUiOjM2MDAwMDAwMDAwMDAsInJlYWQiOjMwMDAwMDAwMDAwMCwidXBkYXRlIjozNjAwMDAwMDAwMDAwfX0=",
          "dependencies": [
            "azurerm_network_interface.worker_nic",
            "azurerm_network_interface_security_group_association.worker_nic_assoc",
            "azurerm_network_security_group.private_nsg",
            "azurerm_resource_group.resource_group",
            "azurerm_storage_account.storage_account",
            "azurerm_subnet.private_subnet",
            "azurerm_virtual_network.vnet",
            "random_id.random_id"
          ]
        },
        {
          "index_key": 1,
          "schema_version": 0,
          "attributes": {
            "additional_capabilities": [],
            "availability_set_id": null,
            "boot_diagnostics": [
              {
                "enabled": true,
                "storage_uri": "https://diag44838f215604547e.blob.core.windows.net/"
              }
            ],
            "delete_data_disks_on_termination": false,
            "delete_os_disk_on_termination": false,
            "id": "/subscriptions/fa12187f-db35-4094-bbf5-2921bf099f65/resourceGroups/geth11-rg/providers/Microsoft.Compute/virtualMachines/geth111-wrkr-vm001",
            "identity": [],
            "license_type": null,
            "location": "westeurope",
            "name": "geth111-wrkr-vm001",
            "network_interface_ids": [
              "/subscriptions/fa12187f-db35-4094-bbf5-2921bf099f65/resourceGroups/geth11-rg/providers/Microsoft.Network/networkInterfaces/geth111-wrkr-nic"
            ],
            "os_profile": [
              {
                "admin_password": "",
                "admin_username": "renault",
                "computer_name": "geth111-wrkr-vm001",
                "custom_data": ""
              }
            ],
            "os_profile_linux_config": [
              {
                "disable_password_authentication": false,
                "ssh_keys": []
              }
            ],
            "os_profile_secrets": [],
            "os_profile_windows_config": [],
            "plan": [],
            "primary_network_interface_id": null,
            "proximity_placement_group_id": null,
            "resource_group_name": "geth11-rg",
            "storage_data_disk": [],
            "storage_image_reference": [
              {
                "id": "",
                "offer": "UbuntuServer",
                "publisher": "Canonical",
                "sku": "18.04-LTS",
                "version": "latest"
              }
            ],
            "storage_os_disk": [
              {
                "caching": "ReadWrite",
                "create_option": "FromImage",
                "disk_size_gb": 30,
                "image_uri": "",
                "managed_disk_id": "/subscriptions/fa12187f-db35-4094-bbf5-2921bf099f65/resourceGroups/GETH11-RG/providers/Microsoft.Compute/disks/geth111-wrkr-dsk001",
                "managed_disk_type": "Standard_LRS",
                "name": "geth111-wrkr-dsk001",
                "os_type": "Linux",
                "vhd_uri": "",
                "write_accelerator_enabled": false
              }
            ],
            "tags": {
              "application": "Block chain Performnace study",
              "applicationversion": "1.0.0",
              "environment": "Sandbox",
              "infrastructureversion": "1.0.0",
              "name": "Renaultgeth11",
              "tier": "Blockchain VMs"
            },
            "timeouts": null,
            "vm_size": "Standard_B2ms",
            "zones": null
          },
          "private": "eyJlMmJmYjczMC1lY2FhLTExZTYtOGY4OC0zNDM2M2JjN2M0YzAiOnsiY3JlYXRlIjozNjAwMDAwMDAwMDAwLCJkZWxldGUiOjM2MDAwMDAwMDAwMDAsInJlYWQiOjMwMDAwMDAwMDAwMCwidXBkYXRlIjozNjAwMDAwMDAwMDAwfX0=",
          "dependencies": [
            "azurerm_network_interface.worker_nic",
            "azurerm_network_interface_security_group_association.worker_nic_assoc",
            "azurerm_network_security_group.private_nsg",
            "azurerm_resource_group.resource_group",
            "azurerm_storage_account.storage_account",
            "azurerm_subnet.private_subnet",
            "azurerm_virtual_network.vnet",
            "random_id.random_id"
          ]
        },
        {
          "index_key": 2,
          "schema_version": 0,
          "attributes": {
            "additional_capabilities": [],
            "availability_set_id": null,
            "boot_diagnostics": [
              {
                "enabled": true,
                "storage_uri": "https://diag44838f215604547e.blob.core.windows.net/"
              }
            ],
            "delete_data_disks_on_termination": false,
            "delete_os_disk_on_termination": false,
            "id": "/subscriptions/fa12187f-db35-4094-bbf5-2921bf099f65/resourceGroups/geth11-rg/providers/Microsoft.Compute/virtualMachines/geth112-wrkr-vm001",
            "identity": [],
            "license_type": null,
            "location": "westeurope",
            "name": "geth112-wrkr-vm001",
            "network_interface_ids": [
              "/subscriptions/fa12187f-db35-4094-bbf5-2921bf099f65/resourceGroups/geth11-rg/providers/Microsoft.Network/networkInterfaces/geth112-wrkr-nic"
            ],
            "os_profile": [
              {
                "admin_password": "",
                "admin_username": "renault",
                "computer_name": "geth112-wrkr-vm001",
                "custom_data": ""
              }
            ],
            "os_profile_linux_config": [
              {
                "disable_password_authentication": false,
                "ssh_keys": []
              }
            ],
            "os_profile_secrets": [],
            "os_profile_windows_config": [],
            "plan": [],
            "primary_network_interface_id": null,
            "proximity_placement_group_id": null,
            "resource_group_name": "geth11-rg",
            "storage_data_disk": [],
            "storage_image_reference": [
              {
                "id": "",
                "offer": "UbuntuServer",
                "publisher": "Canonical",
                "sku": "18.04-LTS",
                "version": "latest"
              }
            ],
            "storage_os_disk": [
              {
                "caching": "ReadWrite",
                "create_option": "FromImage",
                "disk_size_gb": 30,
                "image_uri": "",
                "managed_disk_id": "/subscriptions/fa12187f-db35-4094-bbf5-2921bf099f65/resourceGroups/GETH11-RG/providers/Microsoft.Compute/disks/geth112-wrkr-dsk001",
                "managed_disk_type": "Standard_LRS",
                "name": "geth112-wrkr-dsk001",
                "os_type": "Linux",
                "vhd_uri": "",
                "write_accelerator_enabled": false
              }
            ],
            "tags": {
              "application": "Block chain Performnace study",
              "applicationversion": "1.0.0",
              "environment": "Sandbox",
              "infrastructureversion": "1.0.0",
              "name": "Renaultgeth11",
              "tier": "Blockchain VMs"
            },
            "timeouts": null,
            "vm_size": "Standard_B2ms",
            "zones": null
          },
          "private": "eyJlMmJmYjczMC1lY2FhLTExZTYtOGY4OC0zNDM2M2JjN2M0YzAiOnsiY3JlYXRlIjozNjAwMDAwMDAwMDAwLCJkZWxldGUiOjM2MDAwMDAwMDAwMDAsInJlYWQiOjMwMDAwMDAwMDAwMCwidXBkYXRlIjozNjAwMDAwMDAwMDAwfX0=",
          "dependencies": [
            "azurerm_network_interface.worker_nic",
            "azurerm_network_interface_security_group_association.worker_nic_assoc",
            "azurerm_network_security_group.private_nsg",
            "azurerm_resource_group.resource_group",
            "azurerm_storage_account.storage_account",
            "azurerm_subnet.private_subnet",
            "azurerm_virtual_network.vnet",
            "random_id.random_id"
          ]
        },
        {
          "index_key": 3,
          "schema_version": 0,
          "attributes": {
            "additional_capabilities": [],
            "availability_set_id": null,
            "boot_diagnostics": [
              {
                "enabled": true,
                "storage_uri": "https://diag44838f215604547e.blob.core.windows.net/"
              }
            ],
            "delete_data_disks_on_termination": false,
            "delete_os_disk_on_termination": false,
            "id": "/subscriptions/fa12187f-db35-4094-bbf5-2921bf099f65/resourceGroups/geth11-rg/providers/Microsoft.Compute/virtualMachines/geth113-wrkr-vm001",
            "identity": [],
            "license_type": null,
            "location": "westeurope",
            "name": "geth113-wrkr-vm001",
            "network_interface_ids": [
              "/subscriptions/fa12187f-db35-4094-bbf5-2921bf099f65/resourceGroups/geth11-rg/providers/Microsoft.Network/networkInterfaces/geth113-wrkr-nic"
            ],
            "os_profile": [
              {
                "admin_password": "",
                "admin_username": "renault",
                "computer_name": "geth113-wrkr-vm001",
                "custom_data": ""
              }
            ],
            "os_profile_linux_config": [
              {
                "disable_password_authentication": false,
                "ssh_keys": []
              }
            ],
            "os_profile_secrets": [],
            "os_profile_windows_config": [],
            "plan": [],
            "primary_network_interface_id": null,
            "proximity_placement_group_id": null,
            "resource_group_name": "geth11-rg",
            "storage_data_disk": [],
            "storage_image_reference": [
              {
                "id": "",
                "offer": "UbuntuServer",
                "publisher": "Canonical",
                "sku": "18.04-LTS",
                "version": "latest"
              }
            ],
            "storage_os_disk": [
              {
                "caching": "ReadWrite",
                "create_option": "FromImage",
                "disk_size_gb": 30,
                "image_uri": "",
                "managed_disk_id": "/subscriptions/fa12187f-db35-4094-bbf5-2921bf099f65/resourceGroups/GETH11-RG/providers/Microsoft.Compute/disks/geth113-wrkr-dsk001",
                "managed_disk_type": "Standard_LRS",
                "name": "geth113-wrkr-dsk001",
                "os_type": "Linux",
                "vhd_uri": "",
                "write_accelerator_enabled": false
              }
            ],
            "tags": {
              "application": "Block chain Performnace study",
              "applicationversion": "1.0.0",
              "environment": "Sandbox",
              "infrastructureversion": "1.0.0",
              "name": "Renaultgeth11",
              "tier": "Blockchain VMs"
            },
            "timeouts": null,
            "vm_size": "Standard_B2ms",
            "zones": null
          },
          "private": "eyJlMmJmYjczMC1lY2FhLTExZTYtOGY4OC0zNDM2M2JjN2M0YzAiOnsiY3JlYXRlIjozNjAwMDAwMDAwMDAwLCJkZWxldGUiOjM2MDAwMDAwMDAwMDAsInJlYWQiOjMwMDAwMDAwMDAwMCwidXBkYXRlIjozNjAwMDAwMDAwMDAwfX0=",
          "dependencies": [
            "azurerm_network_interface.worker_nic",
            "azurerm_network_interface_security_group_association.worker_nic_assoc",
            "azurerm_network_security_group.private_nsg",
            "azurerm_resource_group.resource_group",
            "azurerm_storage_account.storage_account",
            "azurerm_subnet.private_subnet",
            "azurerm_virtual_network.vnet",
            "random_id.random_id"
          ]
        },
        {
          "index_key": 4,
          "schema_version": 0,
          "attributes": {
            "additional_capabilities": [],
            "availability_set_id": null,
            "boot_diagnostics": [
              {
                "enabled": true,
                "storage_uri": "https://diag44838f215604547e.blob.core.windows.net/"
              }
            ],
            "delete_data_disks_on_termination": false,
            "delete_os_disk_on_termination": false,
            "id": "/subscriptions/fa12187f-db35-4094-bbf5-2921bf099f65/resourceGroups/geth11-rg/providers/Microsoft.Compute/virtualMachines/geth114-wrkr-vm001",
            "identity": [],
            "license_type": null,
            "location": "westeurope",
            "name": "geth114-wrkr-vm001",
            "network_interface_ids": [
              "/subscriptions/fa12187f-db35-4094-bbf5-2921bf099f65/resourceGroups/geth11-rg/providers/Microsoft.Network/networkInterfaces/geth114-wrkr-nic"
            ],
            "os_profile": [
              {
                "admin_password": "",
                "admin_username": "renault",
                "computer_name": "geth114-wrkr-vm001",
                "custom_data": ""
              }
            ],
            "os_profile_linux_config": [
              {
                "disable_password_authentication": false,
                "ssh_keys": []
              }
            ],
            "os_profile_secrets": [],
            "os_profile_windows_config": [],
            "plan": [],
            "primary_network_interface_id": null,
            "proximity_placement_group_id": null,
            "resource_group_name": "geth11-rg",
            "storage_data_disk": [],
            "storage_image_reference": [
              {
                "id": "",
                "offer": "UbuntuServer",
                "publisher": "Canonical",
                "sku": "18.04-LTS",
                "version": "latest"
              }
            ],
            "storage_os_disk": [
              {
                "caching": "ReadWrite",
                "create_option": "FromImage",
                "disk_size_gb": 30,
                "image_uri": "",
                "managed_disk_id": "/subscriptions/fa12187f-db35-4094-bbf5-2921bf099f65/resourceGroups/GETH11-RG/providers/Microsoft.Compute/disks/geth114-wrkr-dsk001",
                "managed_disk_type": "Standard_LRS",
                "name": "geth114-wrkr-dsk001",
                "os_type": "Linux",
                "vhd_uri": "",
                "write_accelerator_enabled": false
              }
            ],
            "tags": {
              "application": "Block chain Performnace study",
              "applicationversion": "1.0.0",
              "environment": "Sandbox",
              "infrastructureversion": "1.0.0",
              "name": "Renaultgeth11",
              "tier": "Blockchain VMs"
            },
            "timeouts": null,
            "vm_size": "Standard_B2ms",
            "zones": null
          },
          "private": "eyJlMmJmYjczMC1lY2FhLTExZTYtOGY4OC0zNDM2M2JjN2M0YzAiOnsiY3JlYXRlIjozNjAwMDAwMDAwMDAwLCJkZWxldGUiOjM2MDAwMDAwMDAwMDAsInJlYWQiOjMwMDAwMDAwMDAwMCwidXBkYXRlIjozNjAwMDAwMDAwMDAwfX0=",
          "dependencies": [
            "azurerm_network_interface.worker_nic",
            "azurerm_network_interface_security_group_association.worker_nic_assoc",
            "azurerm_network_security_group.private_nsg",
            "azurerm_resource_group.resource_group",
            "azurerm_storage_account.storage_account",
            "azurerm_subnet.private_subnet",
            "azurerm_virtual_network.vnet",
            "random_id.random_id"
          ]
        },
        {
          "index_key": 5,
          "schema_version": 0,
          "attributes": {
            "additional_capabilities": [],
            "availability_set_id": null,
            "boot_diagnostics": [
              {
                "enabled": true,
                "storage_uri": "https://diag44838f215604547e.blob.core.windows.net/"
              }
            ],
            "delete_data_disks_on_termination": false,
            "delete_os_disk_on_termination": false,
            "id": "/subscriptions/fa12187f-db35-4094-bbf5-2921bf099f65/resourceGroups/geth11-rg/providers/Microsoft.Compute/virtualMachines/geth115-wrkr-vm001",
            "identity": [],
            "license_type": null,
            "location": "westeurope",
            "name": "geth115-wrkr-vm001",
            "network_interface_ids": [
              "/subscriptions/fa12187f-db35-4094-bbf5-2921bf099f65/resourceGroups/geth11-rg/providers/Microsoft.Network/networkInterfaces/geth115-wrkr-nic"
            ],
            "os_profile": [
              {
                "admin_password": "",
                "admin_username": "renault",
                "computer_name": "geth115-wrkr-vm001",
                "custom_data": ""
              }
            ],
            "os_profile_linux_config": [
              {
                "disable_password_authentication": false,
                "ssh_keys": []
              }
            ],
            "os_profile_secrets": [],
            "os_profile_windows_config": [],
            "plan": [],
            "primary_network_interface_id": null,
            "proximity_placement_group_id": null,
            "resource_group_name": "geth11-rg",
            "storage_data_disk": [],
            "storage_image_reference": [
              {
                "id": "",
                "offer": "UbuntuServer",
                "publisher": "Canonical",
                "sku": "18.04-LTS",
                "version": "latest"
              }
            ],
            "storage_os_disk": [
              {
                "caching": "ReadWrite",
                "create_option": "FromImage",
                "disk_size_gb": 30,
                "image_uri": "",
                "managed_disk_id": "/subscriptions/fa12187f-db35-4094-bbf5-2921bf099f65/resourceGroups/GETH11-RG/providers/Microsoft.Compute/disks/geth115-wrkr-dsk001",
                "managed_disk_type": "Standard_LRS",
                "name": "geth115-wrkr-dsk001",
                "os_type": "Linux",
                "vhd_uri": "",
                "write_accelerator_enabled": false
              }
            ],
            "tags": {
              "application": "Block chain Performnace study",
              "applicationversion": "1.0.0",
              "environment": "Sandbox",
              "infrastructureversion": "1.0.0",
              "name": "Renaultgeth11",
              "tier": "Blockchain VMs"
            },
            "timeouts": null,
            "vm_size": "Standard_B2ms",
            "zones": null
          },
          "private": "eyJlMmJmYjczMC1lY2FhLTExZTYtOGY4OC0zNDM2M2JjN2M0YzAiOnsiY3JlYXRlIjozNjAwMDAwMDAwMDAwLCJkZWxldGUiOjM2MDAwMDAwMDAwMDAsInJlYWQiOjMwMDAwMDAwMDAwMCwidXBkYXRlIjozNjAwMDAwMDAwMDAwfX0=",
          "dependencies": [
            "azurerm_network_interface.worker_nic",
            "azurerm_network_interface_security_group_association.worker_nic_assoc",
            "azurerm_network_security_group.private_nsg",
            "azurerm_resource_group.resource_group",
            "azurerm_storage_account.storage_account",
            "azurerm_subnet.private_subnet",
            "azurerm_virtual_network.vnet",
            "random_id.random_id"
          ]
        },
        {
          "index_key": 6,
          "schema_version": 0,
          "attributes": {
            "additional_capabilities": [],
            "availability_set_id": null,
            "boot_diagnostics": [
              {
                "enabled": true,
                "storage_uri": "https://diag44838f215604547e.blob.core.windows.net/"
              }
            ],
            "delete_data_disks_on_termination": false,
            "delete_os_disk_on_termination": false,
            "id": "/subscriptions/fa12187f-db35-4094-bbf5-2921bf099f65/resourceGroups/geth11-rg/providers/Microsoft.Compute/virtualMachines/geth116-wrkr-vm001",
            "identity": [],
            "license_type": null,
            "location": "westeurope",
            "name": "geth116-wrkr-vm001",
            "network_interface_ids": [
              "/subscriptions/fa12187f-db35-4094-bbf5-2921bf099f65/resourceGroups/geth11-rg/providers/Microsoft.Network/networkInterfaces/geth116-wrkr-nic"
            ],
            "os_profile": [
              {
                "admin_password": "",
                "admin_username": "renault",
                "computer_name": "geth116-wrkr-vm001",
                "custom_data": ""
              }
            ],
            "os_profile_linux_config": [
              {
                "disable_password_authentication": false,
                "ssh_keys": []
              }
            ],
            "os_profile_secrets": [],
            "os_profile_windows_config": [],
            "plan": [],
            "primary_network_interface_id": null,
            "proximity_placement_group_id": null,
            "resource_group_name": "geth11-rg",
            "storage_data_disk": [],
            "storage_image_reference": [
              {
                "id": "",
                "offer": "UbuntuServer",
                "publisher": "Canonical",
                "sku": "18.04-LTS",
                "version": "latest"
              }
            ],
            "storage_os_disk": [
              {
                "caching": "ReadWrite",
                "create_option": "FromImage",
                "disk_size_gb": 30,
                "image_uri": "",
                "managed_disk_id": "/subscriptions/fa12187f-db35-4094-bbf5-2921bf099f65/resourceGroups/GETH11-RG/providers/Microsoft.Compute/disks/geth116-wrkr-dsk001",
                "managed_disk_type": "Standard_LRS",
                "name": "geth116-wrkr-dsk001",
                "os_type": "Linux",
                "vhd_uri": "",
                "write_accelerator_enabled": false
              }
            ],
            "tags": {
              "application": "Block chain Performnace study",
              "applicationversion": "1.0.0",
              "environment": "Sandbox",
              "infrastructureversion": "1.0.0",
              "name": "Renaultgeth11",
              "tier": "Blockchain VMs"
            },
            "timeouts": null,
            "vm_size": "Standard_B2ms",
            "zones": null
          },
          "private": "eyJlMmJmYjczMC1lY2FhLTExZTYtOGY4OC0zNDM2M2JjN2M0YzAiOnsiY3JlYXRlIjozNjAwMDAwMDAwMDAwLCJkZWxldGUiOjM2MDAwMDAwMDAwMDAsInJlYWQiOjMwMDAwMDAwMDAwMCwidXBkYXRlIjozNjAwMDAwMDAwMDAwfX0=",
          "dependencies": [
            "azurerm_network_interface.worker_nic",
            "azurerm_network_interface_security_group_association.worker_nic_assoc",
            "azurerm_network_security_group.private_nsg",
            "azurerm_resource_group.resource_group",
            "azurerm_storage_account.storage_account",
            "azurerm_subnet.private_subnet",
            "azurerm_virtual_network.vnet",
            "random_id.random_id"
          ]
        },
        {
          "index_key": 7,
          "schema_version": 0,
          "attributes": {
            "additional_capabilities": [],
            "availability_set_id": null,
            "boot_diagnostics": [
              {
                "enabled": true,
                "storage_uri": "https://diag44838f215604547e.blob.core.windows.net/"
              }
            ],
            "delete_data_disks_on_termination": false,
            "delete_os_disk_on_termination": false,
            "id": "/subscriptions/fa12187f-db35-4094-bbf5-2921bf099f65/resourceGroups/geth11-rg/providers/Microsoft.Compute/virtualMachines/geth117-wrkr-vm001",
            "identity": [],
            "license_type": null,
            "location": "westeurope",
            "name": "geth117-wrkr-vm001",
            "network_interface_ids": [
              "/subscriptions/fa12187f-db35-4094-bbf5-2921bf099f65/resourceGroups/geth11-rg/providers/Microsoft.Network/networkInterfaces/geth117-wrkr-nic"
            ],
            "os_profile": [
              {
                "admin_password": "",
                "admin_username": "renault",
                "computer_name": "geth117-wrkr-vm001",
                "custom_data": ""
              }
            ],
            "os_profile_linux_config": [
              {
                "disable_password_authentication": false,
                "ssh_keys": []
              }
            ],
            "os_profile_secrets": [],
            "os_profile_windows_config": [],
            "plan": [],
            "primary_network_interface_id": null,
            "proximity_placement_group_id": null,
            "resource_group_name": "geth11-rg",
            "storage_data_disk": [],
            "storage_image_reference": [
              {
                "id": "",
                "offer": "UbuntuServer",
                "publisher": "Canonical",
                "sku": "18.04-LTS",
                "version": "latest"
              }
            ],
            "storage_os_disk": [
              {
                "caching": "ReadWrite",
                "create_option": "FromImage",
                "disk_size_gb": 30,
                "image_uri": "",
                "managed_disk_id": "/subscriptions/fa12187f-db35-4094-bbf5-2921bf099f65/resourceGroups/GETH11-RG/providers/Microsoft.Compute/disks/geth117-wrkr-dsk001",
                "managed_disk_type": "Standard_LRS",
                "name": "geth117-wrkr-dsk001",
                "os_type": "Linux",
                "vhd_uri": "",
                "write_accelerator_enabled": false
              }
            ],
            "tags": {
              "application": "Block chain Performnace study",
              "applicationversion": "1.0.0",
              "environment": "Sandbox",
              "infrastructureversion": "1.0.0",
              "name": "Renaultgeth11",
              "tier": "Blockchain VMs"
            },
            "timeouts": null,
            "vm_size": "Standard_B2ms",
            "zones": null
          },
          "private": "eyJlMmJmYjczMC1lY2FhLTExZTYtOGY4OC0zNDM2M2JjN2M0YzAiOnsiY3JlYXRlIjozNjAwMDAwMDAwMDAwLCJkZWxldGUiOjM2MDAwMDAwMDAwMDAsInJlYWQiOjMwMDAwMDAwMDAwMCwidXBkYXRlIjozNjAwMDAwMDAwMDAwfX0=",
          "dependencies": [
            "azurerm_network_interface.worker_nic",
            "azurerm_network_interface_security_group_association.worker_nic_assoc",
            "azurerm_network_security_group.private_nsg",
            "azurerm_resource_group.resource_group",
            "azurerm_storage_account.storage_account",
            "azurerm_subnet.private_subnet",
            "azurerm_virtual_network.vnet",
            "random_id.random_id"
          ]
        },
        {
          "index_key": 8,
          "schema_version": 0,
          "attributes": {
            "additional_capabilities": [],
            "availability_set_id": null,
            "boot_diagnostics": [
              {
                "enabled": true,
                "storage_uri": "https://diag44838f215604547e.blob.core.windows.net/"
              }
            ],
            "delete_data_disks_on_termination": false,
            "delete_os_disk_on_termination": false,
            "id": "/subscriptions/fa12187f-db35-4094-bbf5-2921bf099f65/resourceGroups/geth11-rg/providers/Microsoft.Compute/virtualMachines/geth118-wrkr-vm001",
            "identity": [],
            "license_type": null,
            "location": "westeurope",
            "name": "geth118-wrkr-vm001",
            "network_interface_ids": [
              "/subscriptions/fa12187f-db35-4094-bbf5-2921bf099f65/resourceGroups/geth11-rg/providers/Microsoft.Network/networkInterfaces/geth118-wrkr-nic"
            ],
            "os_profile": [
              {
                "admin_password": "",
                "admin_username": "renault",
                "computer_name": "geth118-wrkr-vm001",
                "custom_data": ""
              }
            ],
            "os_profile_linux_config": [
              {
                "disable_password_authentication": false,
                "ssh_keys": []
              }
            ],
            "os_profile_secrets": [],
            "os_profile_windows_config": [],
            "plan": [],
            "primary_network_interface_id": null,
            "proximity_placement_group_id": null,
            "resource_group_name": "geth11-rg",
            "storage_data_disk": [],
            "storage_image_reference": [
              {
                "id": "",
                "offer": "UbuntuServer",
                "publisher": "Canonical",
                "sku": "18.04-LTS",
                "version": "latest"
              }
            ],
            "storage_os_disk": [
              {
                "caching": "ReadWrite",
                "create_option": "FromImage",
                "disk_size_gb": 30,
                "image_uri": "",
                "managed_disk_id": "/subscriptions/fa12187f-db35-4094-bbf5-2921bf099f65/resourceGroups/GETH11-RG/providers/Microsoft.Compute/disks/geth118-wrkr-dsk001",
                "managed_disk_type": "Standard_LRS",
                "name": "geth118-wrkr-dsk001",
                "os_type": "Linux",
                "vhd_uri": "",
                "write_accelerator_enabled": false
              }
            ],
            "tags": {
              "application": "Block chain Performnace study",
              "applicationversion": "1.0.0",
              "environment": "Sandbox",
              "infrastructureversion": "1.0.0",
              "name": "Renaultgeth11",
              "tier": "Blockchain VMs"
            },
            "timeouts": null,
            "vm_size": "Standard_B2ms",
            "zones": null
          },
          "private": "eyJlMmJmYjczMC1lY2FhLTExZTYtOGY4OC0zNDM2M2JjN2M0YzAiOnsiY3JlYXRlIjozNjAwMDAwMDAwMDAwLCJkZWxldGUiOjM2MDAwMDAwMDAwMDAsInJlYWQiOjMwMDAwMDAwMDAwMCwidXBkYXRlIjozNjAwMDAwMDAwMDAwfX0=",
          "dependencies": [
            "azurerm_network_interface.worker_nic",
            "azurerm_network_interface_security_group_association.worker_nic_assoc",
            "azurerm_network_security_group.private_nsg",
            "azurerm_resource_group.resource_group",
            "azurerm_storage_account.storage_account",
            "azurerm_subnet.private_subnet",
            "azurerm_virtual_network.vnet",
            "random_id.random_id"
          ]
        },
        {
          "index_key": 9,
          "schema_version": 0,
          "attributes": {
            "additional_capabilities": [],
            "availability_set_id": null,
            "boot_diagnostics": [
              {
                "enabled": true,
                "storage_uri": "https://diag44838f215604547e.blob.core.windows.net/"
              }
            ],
            "delete_data_disks_on_termination": false,
            "delete_os_disk_on_termination": false,
            "id": "/subscriptions/fa12187f-db35-4094-bbf5-2921bf099f65/resourceGroups/geth11-rg/providers/Microsoft.Compute/virtualMachines/geth119-wrkr-vm001",
            "identity": [],
            "license_type": null,
            "location": "westeurope",
            "name": "geth119-wrkr-vm001",
            "network_interface_ids": [
              "/subscriptions/fa12187f-db35-4094-bbf5-2921bf099f65/resourceGroups/geth11-rg/providers/Microsoft.Network/networkInterfaces/geth119-wrkr-nic"
            ],
            "os_profile": [
              {
                "admin_password": "",
                "admin_username": "renault",
                "computer_name": "geth119-wrkr-vm001",
                "custom_data": ""
              }
            ],
            "os_profile_linux_config": [
              {
                "disable_password_authentication": false,
                "ssh_keys": []
              }
            ],
            "os_profile_secrets": [],
            "os_profile_windows_config": [],
            "plan": [],
            "primary_network_interface_id": null,
            "proximity_placement_group_id": null,
            "resource_group_name": "geth11-rg",
            "storage_data_disk": [],
            "storage_image_reference": [
              {
                "id": "",
                "offer": "UbuntuServer",
                "publisher": "Canonical",
                "sku": "18.04-LTS",
                "version": "latest"
              }
            ],
            "storage_os_disk": [
              {
                "caching": "ReadWrite",
                "create_option": "FromImage",
                "disk_size_gb": 30,
                "image_uri": "",
                "managed_disk_id": "/subscriptions/fa12187f-db35-4094-bbf5-2921bf099f65/resourceGroups/GETH11-RG/providers/Microsoft.Compute/disks/geth119-wrkr-dsk001",
                "managed_disk_type": "Standard_LRS",
                "name": "geth119-wrkr-dsk001",
                "os_type": "Linux",
                "vhd_uri": "",
                "write_accelerator_enabled": false
              }
            ],
            "tags": {
              "application": "Block chain Performnace study",
              "applicationversion": "1.0.0",
              "environment": "Sandbox",
              "infrastructureversion": "1.0.0",
              "name": "Renaultgeth11",
              "tier": "Blockchain VMs"
            },
            "timeouts": null,
            "vm_size": "Standard_B2ms",
            "zones": null
          },
          "private": "eyJlMmJmYjczMC1lY2FhLTExZTYtOGY4OC0zNDM2M2JjN2M0YzAiOnsiY3JlYXRlIjozNjAwMDAwMDAwMDAwLCJkZWxldGUiOjM2MDAwMDAwMDAwMDAsInJlYWQiOjMwMDAwMDAwMDAwMCwidXBkYXRlIjozNjAwMDAwMDAwMDAwfX0=",
          "dependencies": [
            "azurerm_network_interface.worker_nic",
            "azurerm_network_interface_security_group_association.worker_nic_assoc",
            "azurerm_network_security_group.private_nsg",
            "azurerm_resource_group.resource_group",
            "azurerm_storage_account.storage_account",
            "azurerm_subnet.private_subnet",
            "azurerm_virtual_network.vnet",
            "random_id.random_id"
          ]
        },
        {
          "index_key": 10,
          "schema_version": 0,
          "attributes": {
            "additional_capabilities": [],
            "availability_set_id": null,
            "boot_diagnostics": [
              {
                "enabled": true,
                "storage_uri": "https://diag44838f215604547e.blob.core.windows.net/"
              }
            ],
            "delete_data_disks_on_termination": false,
            "delete_os_disk_on_termination": false,
            "id": "/subscriptions/fa12187f-db35-4094-bbf5-2921bf099f65/resourceGroups/geth11-rg/providers/Microsoft.Compute/virtualMachines/geth1110-wrkr-vm001",
            "identity": [],
            "license_type": null,
            "location": "westeurope",
            "name": "geth1110-wrkr-vm001",
            "network_interface_ids": [
              "/subscriptions/fa12187f-db35-4094-bbf5-2921bf099f65/resourceGroups/geth11-rg/providers/Microsoft.Network/networkInterfaces/geth1110-wrkr-nic"
            ],
            "os_profile": [
              {
                "admin_password": "",
                "admin_username": "renault",
                "computer_name": "geth1110-wrkr-vm001",
                "custom_data": ""
              }
            ],
            "os_profile_linux_config": [
              {
                "disable_password_authentication": false,
                "ssh_keys": []
              }
            ],
            "os_profile_secrets": [],
            "os_profile_windows_config": [],
            "plan": [],
            "primary_network_interface_id": null,
            "proximity_placement_group_id": null,
            "resource_group_name": "geth11-rg",
            "storage_data_disk": [],
            "storage_image_reference": [
              {
                "id": "",
                "offer": "UbuntuServer",
                "publisher": "Canonical",
                "sku": "18.04-LTS",
                "version": "latest"
              }
            ],
            "storage_os_disk": [
              {
                "caching": "ReadWrite",
                "create_option": "FromImage",
                "disk_size_gb": 30,
                "image_uri": "",
                "managed_disk_id": "/subscriptions/fa12187f-db35-4094-bbf5-2921bf099f65/resourceGroups/GETH11-RG/providers/Microsoft.Compute/disks/geth1110-wrkr-dsk001",
                "managed_disk_type": "Standard_LRS",
                "name": "geth1110-wrkr-dsk001",
                "os_type": "Linux",
                "vhd_uri": "",
                "write_accelerator_enabled": false
              }
            ],
            "tags": {
              "application": "Block chain Performnace study",
              "applicationversion": "1.0.0",
              "environment": "Sandbox",
              "infrastructureversion": "1.0.0",
              "name": "Renaultgeth11",
              "tier": "Blockchain VMs"
            },
            "timeouts": null,
            "vm_size": "Standard_B2ms",
            "zones": null
          },
          "private": "eyJlMmJmYjczMC1lY2FhLTExZTYtOGY4OC0zNDM2M2JjN2M0YzAiOnsiY3JlYXRlIjozNjAwMDAwMDAwMDAwLCJkZWxldGUiOjM2MDAwMDAwMDAwMDAsInJlYWQiOjMwMDAwMDAwMDAwMCwidXBkYXRlIjozNjAwMDAwMDAwMDAwfX0=",
          "dependencies": [
            "azurerm_network_interface.worker_nic",
            "azurerm_network_interface_security_group_association.worker_nic_assoc",
            "azurerm_network_security_group.private_nsg",
            "azurerm_resource_group.resource_group",
            "azurerm_storage_account.storage_account",
            "azurerm_subnet.private_subnet",
            "azurerm_virtual_network.vnet",
            "random_id.random_id"
          ]
        },
        {
          "index_key": 11,
          "schema_version": 0,
          "attributes": {
            "additional_capabilities": [],
            "availability_set_id": null,
            "boot_diagnostics": [
              {
                "enabled": true,
                "storage_uri": "https://diag44838f215604547e.blob.core.windows.net/"
              }
            ],
            "delete_data_disks_on_termination": false,
            "delete_os_disk_on_termination": false,
            "id": "/subscriptions/fa12187f-db35-4094-bbf5-2921bf099f65/resourceGroups/geth11-rg/providers/Microsoft.Compute/virtualMachines/geth1111-wrkr-vm001",
            "identity": [],
            "license_type": null,
            "location": "westeurope",
            "name": "geth1111-wrkr-vm001",
            "network_interface_ids": [
              "/subscriptions/fa12187f-db35-4094-bbf5-2921bf099f65/resourceGroups/geth11-rg/providers/Microsoft.Network/networkInterfaces/geth1111-wrkr-nic"
            ],
            "os_profile": [
              {
                "admin_password": "",
                "admin_username": "renault",
                "computer_name": "geth1111-wrkr-vm001",
                "custom_data": ""
              }
            ],
            "os_profile_linux_config": [
              {
                "disable_password_authentication": false,
                "ssh_keys": []
              }
            ],
            "os_profile_secrets": [],
            "os_profile_windows_config": [],
            "plan": [],
            "primary_network_interface_id": null,
            "proximity_placement_group_id": null,
            "resource_group_name": "geth11-rg",
            "storage_data_disk": [],
            "storage_image_reference": [
              {
                "id": "",
                "offer": "UbuntuServer",
                "publisher": "Canonical",
                "sku": "18.04-LTS",
                "version": "latest"
              }
            ],
            "storage_os_disk": [
              {
                "caching": "ReadWrite",
                "create_option": "FromImage",
                "disk_size_gb": 30,
                "image_uri": "",
                "managed_disk_id": "/subscriptions/fa12187f-db35-4094-bbf5-2921bf099f65/resourceGroups/GETH11-RG/providers/Microsoft.Compute/disks/geth1111-wrkr-dsk001",
                "managed_disk_type": "Standard_LRS",
                "name": "geth1111-wrkr-dsk001",
                "os_type": "Linux",
                "vhd_uri": "",
                "write_accelerator_enabled": false
              }
            ],
            "tags": {
              "application": "Block chain Performnace study",
              "applicationversion": "1.0.0",
              "environment": "Sandbox",
              "infrastructureversion": "1.0.0",
              "name": "Renaultgeth11",
              "tier": "Blockchain VMs"
            },
            "timeouts": null,
            "vm_size": "Standard_B2ms",
            "zones": null
          },
          "private": "eyJlMmJmYjczMC1lY2FhLTExZTYtOGY4OC0zNDM2M2JjN2M0YzAiOnsiY3JlYXRlIjozNjAwMDAwMDAwMDAwLCJkZWxldGUiOjM2MDAwMDAwMDAwMDAsInJlYWQiOjMwMDAwMDAwMDAwMCwidXBkYXRlIjozNjAwMDAwMDAwMDAwfX0=",
          "dependencies": [
            "azurerm_network_interface.worker_nic",
            "azurerm_network_interface_security_group_association.worker_nic_assoc",
            "azurerm_network_security_group.private_nsg",
            "azurerm_resource_group.resource_group",
            "azurerm_storage_account.storage_account",
            "azurerm_subnet.private_subnet",
            "azurerm_virtual_network.vnet",
            "random_id.random_id"
          ]
        },
        {
          "index_key": 12,
          "schema_version": 0,
          "attributes": {
            "additional_capabilities": [],
            "availability_set_id": null,
            "boot_diagnostics": [
              {
                "enabled": true,
                "storage_uri": "https://diag44838f215604547e.blob.core.windows.net/"
              }
            ],
            "delete_data_disks_on_termination": false,
            "delete_os_disk_on_termination": false,
            "id": "/subscriptions/fa12187f-db35-4094-bbf5-2921bf099f65/resourceGroups/geth11-rg/providers/Microsoft.Compute/virtualMachines/geth1112-wrkr-vm001",
            "identity": [],
            "license_type": null,
            "location": "westeurope",
            "name": "geth1112-wrkr-vm001",
            "network_interface_ids": [
              "/subscriptions/fa12187f-db35-4094-bbf5-2921bf099f65/resourceGroups/geth11-rg/providers/Microsoft.Network/networkInterfaces/geth1112-wrkr-nic"
            ],
            "os_profile": [
              {
                "admin_password": "",
                "admin_username": "renault",
                "computer_name": "geth1112-wrkr-vm001",
                "custom_data": ""
              }
            ],
            "os_profile_linux_config": [
              {
                "disable_password_authentication": false,
                "ssh_keys": []
              }
            ],
            "os_profile_secrets": [],
            "os_profile_windows_config": [],
            "plan": [],
            "primary_network_interface_id": null,
            "proximity_placement_group_id": null,
            "resource_group_name": "geth11-rg",
            "storage_data_disk": [],
            "storage_image_reference": [
              {
                "id": "",
                "offer": "UbuntuServer",
                "publisher": "Canonical",
                "sku": "18.04-LTS",
                "version": "latest"
              }
            ],
            "storage_os_disk": [
              {
                "caching": "ReadWrite",
                "create_option": "FromImage",
                "disk_size_gb": 30,
                "image_uri": "",
                "managed_disk_id": "/subscriptions/fa12187f-db35-4094-bbf5-2921bf099f65/resourceGroups/GETH11-RG/providers/Microsoft.Compute/disks/geth1112-wrkr-dsk001",
                "managed_disk_type": "Standard_LRS",
                "name": "geth1112-wrkr-dsk001",
                "os_type": "Linux",
                "vhd_uri": "",
                "write_accelerator_enabled": false
              }
            ],
            "tags": {
              "application": "Block chain Performnace study",
              "applicationversion": "1.0.0",
              "environment": "Sandbox",
              "infrastructureversion": "1.0.0",
              "name": "Renaultgeth11",
              "tier": "Blockchain VMs"
            },
            "timeouts": null,
            "vm_size": "Standard_B2ms",
            "zones": null
          },
          "private": "eyJlMmJmYjczMC1lY2FhLTExZTYtOGY4OC0zNDM2M2JjN2M0YzAiOnsiY3JlYXRlIjozNjAwMDAwMDAwMDAwLCJkZWxldGUiOjM2MDAwMDAwMDAwMDAsInJlYWQiOjMwMDAwMDAwMDAwMCwidXBkYXRlIjozNjAwMDAwMDAwMDAwfX0=",
          "dependencies": [
            "azurerm_network_interface.worker_nic",
            "azurerm_network_interface_security_group_association.worker_nic_assoc",
            "azurerm_network_security_group.private_nsg",
            "azurerm_resource_group.resource_group",
            "azurerm_storage_account.storage_account",
            "azurerm_subnet.private_subnet",
            "azurerm_virtual_network.vnet",
            "random_id.random_id"
          ]
        },
        {
          "index_key": 13,
          "schema_version": 0,
          "attributes": {
            "additional_capabilities": [],
            "availability_set_id": null,
            "boot_diagnostics": [
              {
                "enabled": true,
                "storage_uri": "https://diag44838f215604547e.blob.core.windows.net/"
              }
            ],
            "delete_data_disks_on_termination": false,
            "delete_os_disk_on_termination": false,
            "id": "/subscriptions/fa12187f-db35-4094-bbf5-2921bf099f65/resourceGroups/geth11-rg/providers/Microsoft.Compute/virtualMachines/geth1113-wrkr-vm001",
            "identity": [],
            "license_type": null,
            "location": "westeurope",
            "name": "geth1113-wrkr-vm001",
            "network_interface_ids": [
              "/subscriptions/fa12187f-db35-4094-bbf5-2921bf099f65/resourceGroups/geth11-rg/providers/Microsoft.Network/networkInterfaces/geth1113-wrkr-nic"
            ],
            "os_profile": [
              {
                "admin_password": "",
                "admin_username": "renault",
                "computer_name": "geth1113-wrkr-vm001",
                "custom_data": ""
              }
            ],
            "os_profile_linux_config": [
              {
                "disable_password_authentication": false,
                "ssh_keys": []
              }
            ],
            "os_profile_secrets": [],
            "os_profile_windows_config": [],
            "plan": [],
            "primary_network_interface_id": null,
            "proximity_placement_group_id": null,
            "resource_group_name": "geth11-rg",
            "storage_data_disk": [],
            "storage_image_reference": [
              {
                "id": "",
                "offer": "UbuntuServer",
                "publisher": "Canonical",
                "sku": "18.04-LTS",
                "version": "latest"
              }
            ],
            "storage_os_disk": [
              {
                "caching": "ReadWrite",
                "create_option": "FromImage",
                "disk_size_gb": 30,
                "image_uri": "",
                "managed_disk_id": "/subscriptions/fa12187f-db35-4094-bbf5-2921bf099f65/resourceGroups/GETH11-RG/providers/Microsoft.Compute/disks/geth1113-wrkr-dsk001",
                "managed_disk_type": "Standard_LRS",
                "name": "geth1113-wrkr-dsk001",
                "os_type": "Linux",
                "vhd_uri": "",
                "write_accelerator_enabled": false
              }
            ],
            "tags": {
              "application": "Block chain Performnace study",
              "applicationversion": "1.0.0",
              "environment": "Sandbox",
              "infrastructureversion": "1.0.0",
              "name": "Renaultgeth11",
              "tier": "Blockchain VMs"
            },
            "timeouts": null,
            "vm_size": "Standard_B2ms",
            "zones": null
          },
          "private": "eyJlMmJmYjczMC1lY2FhLTExZTYtOGY4OC0zNDM2M2JjN2M0YzAiOnsiY3JlYXRlIjozNjAwMDAwMDAwMDAwLCJkZWxldGUiOjM2MDAwMDAwMDAwMDAsInJlYWQiOjMwMDAwMDAwMDAwMCwidXBkYXRlIjozNjAwMDAwMDAwMDAwfX0=",
          "dependencies": [
            "azurerm_network_interface.worker_nic",
            "azurerm_network_interface_security_group_association.worker_nic_assoc",
            "azurerm_network_security_group.private_nsg",
            "azurerm_resource_group.resource_group",
            "azurerm_storage_account.storage_account",
            "azurerm_subnet.private_subnet",
            "azurerm_virtual_network.vnet",
            "random_id.random_id"
          ]
        },
        {
          "index_key": 14,
          "schema_version": 0,
          "attributes": {
            "additional_capabilities": [],
            "availability_set_id": null,
            "boot_diagnostics": [
              {
                "enabled": true,
                "storage_uri": "https://diag44838f215604547e.blob.core.windows.net/"
              }
            ],
            "delete_data_disks_on_termination": false,
            "delete_os_disk_on_termination": false,
            "id": "/subscriptions/fa12187f-db35-4094-bbf5-2921bf099f65/resourceGroups/geth11-rg/providers/Microsoft.Compute/virtualMachines/geth1114-wrkr-vm001",
            "identity": [],
            "license_type": null,
            "location": "westeurope",
            "name": "geth1114-wrkr-vm001",
            "network_interface_ids": [
              "/subscriptions/fa12187f-db35-4094-bbf5-2921bf099f65/resourceGroups/geth11-rg/providers/Microsoft.Network/networkInterfaces/geth1114-wrkr-nic"
            ],
            "os_profile": [
              {
                "admin_password": "",
                "admin_username": "renault",
                "computer_name": "geth1114-wrkr-vm001",
                "custom_data": ""
              }
            ],
            "os_profile_linux_config": [
              {
                "disable_password_authentication": false,
                "ssh_keys": []
              }
            ],
            "os_profile_secrets": [],
            "os_profile_windows_config": [],
            "plan": [],
            "primary_network_interface_id": null,
            "proximity_placement_group_id": null,
            "resource_group_name": "geth11-rg",
            "storage_data_disk": [],
            "storage_image_reference": [
              {
                "id": "",
                "offer": "UbuntuServer",
                "publisher": "Canonical",
                "sku": "18.04-LTS",
                "version": "latest"
              }
            ],
            "storage_os_disk": [
              {
                "caching": "ReadWrite",
                "create_option": "FromImage",
                "disk_size_gb": 30,
                "image_uri": "",
                "managed_disk_id": "/subscriptions/fa12187f-db35-4094-bbf5-2921bf099f65/resourceGroups/GETH11-RG/providers/Microsoft.Compute/disks/geth1114-wrkr-dsk001",
                "managed_disk_type": "Standard_LRS",
                "name": "geth1114-wrkr-dsk001",
                "os_type": "Linux",
                "vhd_uri": "",
                "write_accelerator_enabled": false
              }
            ],
            "tags": {
              "application": "Block chain Performnace study",
              "applicationversion": "1.0.0",
              "environment": "Sandbox",
              "infrastructureversion": "1.0.0",
              "name": "Renaultgeth11",
              "tier": "Blockchain VMs"
            },
            "timeouts": null,
            "vm_size": "Standard_B2ms",
            "zones": null
          },
          "private": "eyJlMmJmYjczMC1lY2FhLTExZTYtOGY4OC0zNDM2M2JjN2M0YzAiOnsiY3JlYXRlIjozNjAwMDAwMDAwMDAwLCJkZWxldGUiOjM2MDAwMDAwMDAwMDAsInJlYWQiOjMwMDAwMDAwMDAwMCwidXBkYXRlIjozNjAwMDAwMDAwMDAwfX0=",
          "dependencies": [
            "azurerm_network_interface.worker_nic",
            "azurerm_network_interface_security_group_association.worker_nic_assoc",
            "azurerm_network_security_group.private_nsg",
            "azurerm_resource_group.resource_group",
            "azurerm_storage_account.storage_account",
            "azurerm_subnet.private_subnet",
            "azurerm_virtual_network.vnet",
            "random_id.random_id"
          ]
        },
        {
          "index_key": 15,
          "schema_version": 0,
          "attributes": {
            "additional_capabilities": [],
            "availability_set_id": null,
            "boot_diagnostics": [
              {
                "enabled": true,
                "storage_uri": "https://diag44838f215604547e.blob.core.windows.net/"
              }
            ],
            "delete_data_disks_on_termination": false,
            "delete_os_disk_on_termination": false,
            "id": "/subscriptions/fa12187f-db35-4094-bbf5-2921bf099f65/resourceGroups/geth11-rg/providers/Microsoft.Compute/virtualMachines/geth1115-wrkr-vm001",
            "identity": [],
            "license_type": null,
            "location": "westeurope",
            "name": "geth1115-wrkr-vm001",
            "network_interface_ids": [
              "/subscriptions/fa12187f-db35-4094-bbf5-2921bf099f65/resourceGroups/geth11-rg/providers/Microsoft.Network/networkInterfaces/geth1115-wrkr-nic"
            ],
            "os_profile": [
              {
                "admin_password": "",
                "admin_username": "renault",
                "computer_name": "geth1115-wrkr-vm001",
                "custom_data": ""
              }
            ],
            "os_profile_linux_config": [
              {
                "disable_password_authentication": false,
                "ssh_keys": []
              }
            ],
            "os_profile_secrets": [],
            "os_profile_windows_config": [],
            "plan": [],
            "primary_network_interface_id": null,
            "proximity_placement_group_id": null,
            "resource_group_name": "geth11-rg",
            "storage_data_disk": [],
            "storage_image_reference": [
              {
                "id": "",
                "offer": "UbuntuServer",
                "publisher": "Canonical",
                "sku": "18.04-LTS",
                "version": "latest"
              }
            ],
            "storage_os_disk": [
              {
                "caching": "ReadWrite",
                "create_option": "FromImage",
                "disk_size_gb": 30,
                "image_uri": "",
                "managed_disk_id": "/subscriptions/fa12187f-db35-4094-bbf5-2921bf099f65/resourceGroups/GETH11-RG/providers/Microsoft.Compute/disks/geth1115-wrkr-dsk001",
                "managed_disk_type": "Standard_LRS",
                "name": "geth1115-wrkr-dsk001",
                "os_type": "Linux",
                "vhd_uri": "",
                "write_accelerator_enabled": false
              }
            ],
            "tags": {
              "application": "Block chain Performnace study",
              "applicationversion": "1.0.0",
              "environment": "Sandbox",
              "infrastructureversion": "1.0.0",
              "name": "Renaultgeth11",
              "tier": "Blockchain VMs"
            },
            "timeouts": null,
            "vm_size": "Standard_B2ms",
            "zones": null
          },
          "private": "eyJlMmJmYjczMC1lY2FhLTExZTYtOGY4OC0zNDM2M2JjN2M0YzAiOnsiY3JlYXRlIjozNjAwMDAwMDAwMDAwLCJkZWxldGUiOjM2MDAwMDAwMDAwMDAsInJlYWQiOjMwMDAwMDAwMDAwMCwidXBkYXRlIjozNjAwMDAwMDAwMDAwfX0=",
          "dependencies": [
            "azurerm_network_interface.worker_nic",
            "azurerm_network_interface_security_group_association.worker_nic_assoc",
            "azurerm_network_security_group.private_nsg",
            "azurerm_resource_group.resource_group",
            "azurerm_storage_account.storage_account",
            "azurerm_subnet.private_subnet",
            "azurerm_virtual_network.vnet",
            "random_id.random_id"
          ]
        },
        {
          "index_key": 16,
          "schema_version": 0,
          "attributes": {
            "additional_capabilities": [],
            "availability_set_id": null,
            "boot_diagnostics": [
              {
                "enabled": true,
                "storage_uri": "https://diag44838f215604547e.blob.core.windows.net/"
              }
            ],
            "delete_data_disks_on_termination": false,
            "delete_os_disk_on_termination": false,
            "id": "/subscriptions/fa12187f-db35-4094-bbf5-2921bf099f65/resourceGroups/geth11-rg/providers/Microsoft.Compute/virtualMachines/geth1116-wrkr-vm001",
            "identity": [],
            "license_type": null,
            "location": "westeurope",
            "name": "geth1116-wrkr-vm001",
            "network_interface_ids": [
              "/subscriptions/fa12187f-db35-4094-bbf5-2921bf099f65/resourceGroups/geth11-rg/providers/Microsoft.Network/networkInterfaces/geth1116-wrkr-nic"
            ],
            "os_profile": [
              {
                "admin_password": "",
                "admin_username": "renault",
                "computer_name": "geth1116-wrkr-vm001",
                "custom_data": ""
              }
            ],
            "os_profile_linux_config": [
              {
                "disable_password_authentication": false,
                "ssh_keys": []
              }
            ],
            "os_profile_secrets": [],
            "os_profile_windows_config": [],
            "plan": [],
            "primary_network_interface_id": null,
            "proximity_placement_group_id": null,
            "resource_group_name": "geth11-rg",
            "storage_data_disk": [],
            "storage_image_reference": [
              {
                "id": "",
                "offer": "UbuntuServer",
                "publisher": "Canonical",
                "sku": "18.04-LTS",
                "version": "latest"
              }
            ],
            "storage_os_disk": [
              {
                "caching": "ReadWrite",
                "create_option": "FromImage",
                "disk_size_gb": 30,
                "image_uri": "",
                "managed_disk_id": "/subscriptions/fa12187f-db35-4094-bbf5-2921bf099f65/resourceGroups/GETH11-RG/providers/Microsoft.Compute/disks/geth1116-wrkr-dsk001",
                "managed_disk_type": "Standard_LRS",
                "name": "geth1116-wrkr-dsk001",
                "os_type": "Linux",
                "vhd_uri": "",
                "write_accelerator_enabled": false
              }
            ],
            "tags": {
              "application": "Block chain Performnace study",
              "applicationversion": "1.0.0",
              "environment": "Sandbox",
              "infrastructureversion": "1.0.0",
              "name": "Renaultgeth11",
              "tier": "Blockchain VMs"
            },
            "timeouts": null,
            "vm_size": "Standard_B2ms",
            "zones": null
          },
          "private": "eyJlMmJmYjczMC1lY2FhLTExZTYtOGY4OC0zNDM2M2JjN2M0YzAiOnsiY3JlYXRlIjozNjAwMDAwMDAwMDAwLCJkZWxldGUiOjM2MDAwMDAwMDAwMDAsInJlYWQiOjMwMDAwMDAwMDAwMCwidXBkYXRlIjozNjAwMDAwMDAwMDAwfX0=",
          "dependencies": [
            "azurerm_network_interface.worker_nic",
            "azurerm_network_interface_security_group_association.worker_nic_assoc",
            "azurerm_network_security_group.private_nsg",
            "azurerm_resource_group.resource_group",
            "azurerm_storage_account.storage_account",
            "azurerm_subnet.private_subnet",
            "azurerm_virtual_network.vnet",
            "random_id.random_id"
          ]
        },
        {
          "index_key": 17,
          "schema_version": 0,
          "attributes": {
            "additional_capabilities": [],
            "availability_set_id": null,
            "boot_diagnostics": [
              {
                "enabled": true,
                "storage_uri": "https://diag44838f215604547e.blob.core.windows.net/"
              }
            ],
            "delete_data_disks_on_termination": false,
            "delete_os_disk_on_termination": false,
            "id": "/subscriptions/fa12187f-db35-4094-bbf5-2921bf099f65/resourceGroups/geth11-rg/providers/Microsoft.Compute/virtualMachines/geth1117-wrkr-vm001",
            "identity": [],
            "license_type": null,
            "location": "westeurope",
            "name": "geth1117-wrkr-vm001",
            "network_interface_ids": [
              "/subscriptions/fa12187f-db35-4094-bbf5-2921bf099f65/resourceGroups/geth11-rg/providers/Microsoft.Network/networkInterfaces/geth1117-wrkr-nic"
            ],
            "os_profile": [
              {
                "admin_password": "",
                "admin_username": "renault",
                "computer_name": "geth1117-wrkr-vm001",
                "custom_data": ""
              }
            ],
            "os_profile_linux_config": [
              {
                "disable_password_authentication": false,
                "ssh_keys": []
              }
            ],
            "os_profile_secrets": [],
            "os_profile_windows_config": [],
            "plan": [],
            "primary_network_interface_id": null,
            "proximity_placement_group_id": null,
            "resource_group_name": "geth11-rg",
            "storage_data_disk": [],
            "storage_image_reference": [
              {
                "id": "",
                "offer": "UbuntuServer",
                "publisher": "Canonical",
                "sku": "18.04-LTS",
                "version": "latest"
              }
            ],
            "storage_os_disk": [
              {
                "caching": "ReadWrite",
                "create_option": "FromImage",
                "disk_size_gb": 30,
                "image_uri": "",
                "managed_disk_id": "/subscriptions/fa12187f-db35-4094-bbf5-2921bf099f65/resourceGroups/GETH11-RG/providers/Microsoft.Compute/disks/geth1117-wrkr-dsk001",
                "managed_disk_type": "Standard_LRS",
                "name": "geth1117-wrkr-dsk001",
                "os_type": "Linux",
                "vhd_uri": "",
                "write_accelerator_enabled": false
              }
            ],
            "tags": {
              "application": "Block chain Performnace study",
              "applicationversion": "1.0.0",
              "environment": "Sandbox",
              "infrastructureversion": "1.0.0",
              "name": "Renaultgeth11",
              "tier": "Blockchain VMs"
            },
            "timeouts": null,
            "vm_size": "Standard_B2ms",
            "zones": null
          },
          "private": "eyJlMmJmYjczMC1lY2FhLTExZTYtOGY4OC0zNDM2M2JjN2M0YzAiOnsiY3JlYXRlIjozNjAwMDAwMDAwMDAwLCJkZWxldGUiOjM2MDAwMDAwMDAwMDAsInJlYWQiOjMwMDAwMDAwMDAwMCwidXBkYXRlIjozNjAwMDAwMDAwMDAwfX0=",
          "dependencies": [
            "azurerm_network_interface.worker_nic",
            "azurerm_network_interface_security_group_association.worker_nic_assoc",
            "azurerm_network_security_group.private_nsg",
            "azurerm_resource_group.resource_group",
            "azurerm_storage_account.storage_account",
            "azurerm_subnet.private_subnet",
            "azurerm_virtual_network.vnet",
            "random_id.random_id"
          ]
        },
        {
          "index_key": 18,
          "schema_version": 0,
          "attributes": {
            "additional_capabilities": [],
            "availability_set_id": null,
            "boot_diagnostics": [
              {
                "enabled": true,
                "storage_uri": "https://diag44838f215604547e.blob.core.windows.net/"
              }
            ],
            "delete_data_disks_on_termination": false,
            "delete_os_disk_on_termination": false,
            "id": "/subscriptions/fa12187f-db35-4094-bbf5-2921bf099f65/resourceGroups/geth11-rg/providers/Microsoft.Compute/virtualMachines/geth1118-wrkr-vm001",
            "identity": [],
            "license_type": null,
            "location": "westeurope",
            "name": "geth1118-wrkr-vm001",
            "network_interface_ids": [
              "/subscriptions/fa12187f-db35-4094-bbf5-2921bf099f65/resourceGroups/geth11-rg/providers/Microsoft.Network/networkInterfaces/geth1118-wrkr-nic"
            ],
            "os_profile": [
              {
                "admin_password": "",
                "admin_username": "renault",
                "computer_name": "geth1118-wrkr-vm001",
                "custom_data": ""
              }
            ],
            "os_profile_linux_config": [
              {
                "disable_password_authentication": false,
                "ssh_keys": []
              }
            ],
            "os_profile_secrets": [],
            "os_profile_windows_config": [],
            "plan": [],
            "primary_network_interface_id": null,
            "proximity_placement_group_id": null,
            "resource_group_name": "geth11-rg",
            "storage_data_disk": [],
            "storage_image_reference": [
              {
                "id": "",
                "offer": "UbuntuServer",
                "publisher": "Canonical",
                "sku": "18.04-LTS",
                "version": "latest"
              }
            ],
            "storage_os_disk": [
              {
                "caching": "ReadWrite",
                "create_option": "FromImage",
                "disk_size_gb": 30,
                "image_uri": "",
                "managed_disk_id": "/subscriptions/fa12187f-db35-4094-bbf5-2921bf099f65/resourceGroups/GETH11-RG/providers/Microsoft.Compute/disks/geth1118-wrkr-dsk001",
                "managed_disk_type": "Standard_LRS",
                "name": "geth1118-wrkr-dsk001",
                "os_type": "Linux",
                "vhd_uri": "",
                "write_accelerator_enabled": false
              }
            ],
            "tags": {
              "application": "Block chain Performnace study",
              "applicationversion": "1.0.0",
              "environment": "Sandbox",
              "infrastructureversion": "1.0.0",
              "name": "Renaultgeth11",
              "tier": "Blockchain VMs"
            },
            "timeouts": null,
            "vm_size": "Standard_B2ms",
            "zones": null
          },
          "private": "eyJlMmJmYjczMC1lY2FhLTExZTYtOGY4OC0zNDM2M2JjN2M0YzAiOnsiY3JlYXRlIjozNjAwMDAwMDAwMDAwLCJkZWxldGUiOjM2MDAwMDAwMDAwMDAsInJlYWQiOjMwMDAwMDAwMDAwMCwidXBkYXRlIjozNjAwMDAwMDAwMDAwfX0=",
          "dependencies": [
            "azurerm_network_interface.worker_nic",
            "azurerm_network_interface_security_group_association.worker_nic_assoc",
            "azurerm_network_security_group.private_nsg",
            "azurerm_resource_group.resource_group",
            "azurerm_storage_account.storage_account",
            "azurerm_subnet.private_subnet",
            "azurerm_virtual_network.vnet",
            "random_id.random_id"
          ]
        },
        {
          "index_key": 19,
          "schema_version": 0,
          "attributes": {
            "additional_capabilities": [],
            "availability_set_id": null,
            "boot_diagnostics": [
              {
                "enabled": true,
                "storage_uri": "https://diag44838f215604547e.blob.core.windows.net/"
              }
            ],
            "delete_data_disks_on_termination": false,
            "delete_os_disk_on_termination": false,
            "id": "/subscriptions/fa12187f-db35-4094-bbf5-2921bf099f65/resourceGroups/geth11-rg/providers/Microsoft.Compute/virtualMachines/geth1119-wrkr-vm001",
            "identity": [],
            "license_type": null,
            "location": "westeurope",
            "name": "geth1119-wrkr-vm001",
            "network_interface_ids": [
              "/subscriptions/fa12187f-db35-4094-bbf5-2921bf099f65/resourceGroups/geth11-rg/providers/Microsoft.Network/networkInterfaces/geth1119-wrkr-nic"
            ],
            "os_profile": [
              {
                "admin_password": "",
                "admin_username": "renault",
                "computer_name": "geth1119-wrkr-vm001",
                "custom_data": ""
              }
            ],
            "os_profile_linux_config": [
              {
                "disable_password_authentication": false,
                "ssh_keys": []
              }
            ],
            "os_profile_secrets": [],
            "os_profile_windows_config": [],
            "plan": [],
            "primary_network_interface_id": null,
            "proximity_placement_group_id": null,
            "resource_group_name": "geth11-rg",
            "storage_data_disk": [],
            "storage_image_reference": [
              {
                "id": "",
                "offer": "UbuntuServer",
                "publisher": "Canonical",
                "sku": "18.04-LTS",
                "version": "latest"
              }
            ],
            "storage_os_disk": [
              {
                "caching": "ReadWrite",
                "create_option": "FromImage",
                "disk_size_gb": 30,
                "image_uri": "",
                "managed_disk_id": "/subscriptions/fa12187f-db35-4094-bbf5-2921bf099f65/resourceGroups/GETH11-RG/providers/Microsoft.Compute/disks/geth1119-wrkr-dsk001",
                "managed_disk_type": "Standard_LRS",
                "name": "geth1119-wrkr-dsk001",
                "os_type": "Linux",
                "vhd_uri": "",
                "write_accelerator_enabled": false
              }
            ],
            "tags": {
              "application": "Block chain Performnace study",
              "applicationversion": "1.0.0",
              "environment": "Sandbox",
              "infrastructureversion": "1.0.0",
              "name": "Renaultgeth11",
              "tier": "Blockchain VMs"
            },
            "timeouts": null,
            "vm_size": "Standard_B2ms",
            "zones": null
          },
          "private": "eyJlMmJmYjczMC1lY2FhLTExZTYtOGY4OC0zNDM2M2JjN2M0YzAiOnsiY3JlYXRlIjozNjAwMDAwMDAwMDAwLCJkZWxldGUiOjM2MDAwMDAwMDAwMDAsInJlYWQiOjMwMDAwMDAwMDAwMCwidXBkYXRlIjozNjAwMDAwMDAwMDAwfX0=",
          "dependencies": [
            "azurerm_network_interface.worker_nic",
            "azurerm_network_interface_security_group_association.worker_nic_assoc",
            "azurerm_network_security_group.private_nsg",
            "azurerm_resource_group.resource_group",
            "azurerm_storage_account.storage_account",
            "azurerm_subnet.private_subnet",
            "azurerm_virtual_network.vnet",
            "random_id.random_id"
          ]
        },
        {
          "index_key": 20,
          "schema_version": 0,
          "attributes": {
            "additional_capabilities": [],
            "availability_set_id": null,
            "boot_diagnostics": [
              {
                "enabled": true,
                "storage_uri": "https://diag44838f215604547e.blob.core.windows.net/"
              }
            ],
            "delete_data_disks_on_termination": false,
            "delete_os_disk_on_termination": false,
            "id": "/subscriptions/fa12187f-db35-4094-bbf5-2921bf099f65/resourceGroups/geth11-rg/providers/Microsoft.Compute/virtualMachines/geth1120-wrkr-vm001",
            "identity": [],
            "license_type": null,
            "location": "westeurope",
            "name": "geth1120-wrkr-vm001",
            "network_interface_ids": [
              "/subscriptions/fa12187f-db35-4094-bbf5-2921bf099f65/resourceGroups/geth11-rg/providers/Microsoft.Network/networkInterfaces/geth1120-wrkr-nic"
            ],
            "os_profile": [
              {
                "admin_password": "",
                "admin_username": "renault",
                "computer_name": "geth1120-wrkr-vm001",
                "custom_data": ""
              }
            ],
            "os_profile_linux_config": [
              {
                "disable_password_authentication": false,
                "ssh_keys": []
              }
            ],
            "os_profile_secrets": [],
            "os_profile_windows_config": [],
            "plan": [],
            "primary_network_interface_id": null,
            "proximity_placement_group_id": null,
            "resource_group_name": "geth11-rg",
            "storage_data_disk": [],
            "storage_image_reference": [
              {
                "id": "",
                "offer": "UbuntuServer",
                "publisher": "Canonical",
                "sku": "18.04-LTS",
                "version": "latest"
              }
            ],
            "storage_os_disk": [
              {
                "caching": "ReadWrite",
                "create_option": "FromImage",
                "disk_size_gb": 30,
                "image_uri": "",
                "managed_disk_id": "/subscriptions/fa12187f-db35-4094-bbf5-2921bf099f65/resourceGroups/GETH11-RG/providers/Microsoft.Compute/disks/geth1120-wrkr-dsk001",
                "managed_disk_type": "Standard_LRS",
                "name": "geth1120-wrkr-dsk001",
                "os_type": "Linux",
                "vhd_uri": "",
                "write_accelerator_enabled": false
              }
            ],
            "tags": {
              "application": "Block chain Performnace study",
              "applicationversion": "1.0.0",
              "environment": "Sandbox",
              "infrastructureversion": "1.0.0",
              "name": "Renaultgeth11",
              "tier": "Blockchain VMs"
            },
            "timeouts": null,
            "vm_size": "Standard_B2ms",
            "zones": null
          },
          "private": "eyJlMmJmYjczMC1lY2FhLTExZTYtOGY4OC0zNDM2M2JjN2M0YzAiOnsiY3JlYXRlIjozNjAwMDAwMDAwMDAwLCJkZWxldGUiOjM2MDAwMDAwMDAwMDAsInJlYWQiOjMwMDAwMDAwMDAwMCwidXBkYXRlIjozNjAwMDAwMDAwMDAwfX0=",
          "dependencies": [
            "azurerm_network_interface.worker_nic",
            "azurerm_network_interface_security_group_association.worker_nic_assoc",
            "azurerm_network_security_group.private_nsg",
            "azurerm_resource_group.resource_group",
            "azurerm_storage_account.storage_account",
            "azurerm_subnet.private_subnet",
            "azurerm_virtual_network.vnet",
            "random_id.random_id"
          ]
        },
        {
          "index_key": 21,
          "schema_version": 0,
          "attributes": {
            "additional_capabilities": [],
            "availability_set_id": null,
            "boot_diagnostics": [
              {
                "enabled": true,
                "storage_uri": "https://diag44838f215604547e.blob.core.windows.net/"
              }
            ],
            "delete_data_disks_on_termination": false,
            "delete_os_disk_on_termination": false,
            "id": "/subscriptions/fa12187f-db35-4094-bbf5-2921bf099f65/resourceGroups/geth11-rg/providers/Microsoft.Compute/virtualMachines/geth1121-wrkr-vm001",
            "identity": [],
            "license_type": null,
            "location": "westeurope",
            "name": "geth1121-wrkr-vm001",
            "network_interface_ids": [
              "/subscriptions/fa12187f-db35-4094-bbf5-2921bf099f65/resourceGroups/geth11-rg/providers/Microsoft.Network/networkInterfaces/geth1121-wrkr-nic"
            ],
            "os_profile": [
              {
                "admin_password": "",
                "admin_username": "renault",
                "computer_name": "geth1121-wrkr-vm001",
                "custom_data": ""
              }
            ],
            "os_profile_linux_config": [
              {
                "disable_password_authentication": false,
                "ssh_keys": []
              }
            ],
            "os_profile_secrets": [],
            "os_profile_windows_config": [],
            "plan": [],
            "primary_network_interface_id": null,
            "proximity_placement_group_id": null,
            "resource_group_name": "geth11-rg",
            "storage_data_disk": [],
            "storage_image_reference": [
              {
                "id": "",
                "offer": "UbuntuServer",
                "publisher": "Canonical",
                "sku": "18.04-LTS",
                "version": "latest"
              }
            ],
            "storage_os_disk": [
              {
                "caching": "ReadWrite",
                "create_option": "FromImage",
                "disk_size_gb": 30,
                "image_uri": "",
                "managed_disk_id": "/subscriptions/fa12187f-db35-4094-bbf5-2921bf099f65/resourceGroups/GETH11-RG/providers/Microsoft.Compute/disks/geth1121-wrkr-dsk001",
                "managed_disk_type": "Standard_LRS",
                "name": "geth1121-wrkr-dsk001",
                "os_type": "Linux",
                "vhd_uri": "",
                "write_accelerator_enabled": false
              }
            ],
            "tags": {
              "application": "Block chain Performnace study",
              "applicationversion": "1.0.0",
              "environment": "Sandbox",
              "infrastructureversion": "1.0.0",
              "name": "Renaultgeth11",
              "tier": "Blockchain VMs"
            },
            "timeouts": null,
            "vm_size": "Standard_B2ms",
            "zones": null
          },
          "private": "eyJlMmJmYjczMC1lY2FhLTExZTYtOGY4OC0zNDM2M2JjN2M0YzAiOnsiY3JlYXRlIjozNjAwMDAwMDAwMDAwLCJkZWxldGUiOjM2MDAwMDAwMDAwMDAsInJlYWQiOjMwMDAwMDAwMDAwMCwidXBkYXRlIjozNjAwMDAwMDAwMDAwfX0=",
          "dependencies": [
            "azurerm_network_interface.worker_nic",
            "azurerm_network_interface_security_group_association.worker_nic_assoc",
            "azurerm_network_security_group.private_nsg",
            "azurerm_resource_group.resource_group",
            "azurerm_storage_account.storage_account",
            "azurerm_subnet.private_subnet",
            "azurerm_virtual_network.vnet",
            "random_id.random_id"
          ]
        },
        {
          "index_key": 22,
          "schema_version": 0,
          "attributes": {
            "additional_capabilities": [],
            "availability_set_id": null,
            "boot_diagnostics": [
              {
                "enabled": true,
                "storage_uri": "https://diag44838f215604547e.blob.core.windows.net/"
              }
            ],
            "delete_data_disks_on_termination": false,
            "delete_os_disk_on_termination": false,
            "id": "/subscriptions/fa12187f-db35-4094-bbf5-2921bf099f65/resourceGroups/geth11-rg/providers/Microsoft.Compute/virtualMachines/geth1122-wrkr-vm001",
            "identity": [],
            "license_type": null,
            "location": "westeurope",
            "name": "geth1122-wrkr-vm001",
            "network_interface_ids": [
              "/subscriptions/fa12187f-db35-4094-bbf5-2921bf099f65/resourceGroups/geth11-rg/providers/Microsoft.Network/networkInterfaces/geth1122-wrkr-nic"
            ],
            "os_profile": [
              {
                "admin_password": "",
                "admin_username": "renault",
                "computer_name": "geth1122-wrkr-vm001",
                "custom_data": ""
              }
            ],
            "os_profile_linux_config": [
              {
                "disable_password_authentication": false,
                "ssh_keys": []
              }
            ],
            "os_profile_secrets": [],
            "os_profile_windows_config": [],
            "plan": [],
            "primary_network_interface_id": null,
            "proximity_placement_group_id": null,
            "resource_group_name": "geth11-rg",
            "storage_data_disk": [],
            "storage_image_reference": [
              {
                "id": "",
                "offer": "UbuntuServer",
                "publisher": "Canonical",
                "sku": "18.04-LTS",
                "version": "latest"
              }
            ],
            "storage_os_disk": [
              {
                "caching": "ReadWrite",
                "create_option": "FromImage",
                "disk_size_gb": 30,
                "image_uri": "",
                "managed_disk_id": "/subscriptions/fa12187f-db35-4094-bbf5-2921bf099f65/resourceGroups/GETH11-RG/providers/Microsoft.Compute/disks/geth1122-wrkr-dsk001",
                "managed_disk_type": "Standard_LRS",
                "name": "geth1122-wrkr-dsk001",
                "os_type": "Linux",
                "vhd_uri": "",
                "write_accelerator_enabled": false
              }
            ],
            "tags": {
              "application": "Block chain Performnace study",
              "applicationversion": "1.0.0",
              "environment": "Sandbox",
              "infrastructureversion": "1.0.0",
              "name": "Renaultgeth11",
              "tier": "Blockchain VMs"
            },
            "timeouts": null,
            "vm_size": "Standard_B2ms",
            "zones": null
          },
          "private": "eyJlMmJmYjczMC1lY2FhLTExZTYtOGY4OC0zNDM2M2JjN2M0YzAiOnsiY3JlYXRlIjozNjAwMDAwMDAwMDAwLCJkZWxldGUiOjM2MDAwMDAwMDAwMDAsInJlYWQiOjMwMDAwMDAwMDAwMCwidXBkYXRlIjozNjAwMDAwMDAwMDAwfX0=",
          "dependencies": [
            "azurerm_network_interface.worker_nic",
            "azurerm_network_interface_security_group_association.worker_nic_assoc",
            "azurerm_network_security_group.private_nsg",
            "azurerm_resource_group.resource_group",
            "azurerm_storage_account.storage_account",
            "azurerm_subnet.private_subnet",
            "azurerm_virtual_network.vnet",
            "random_id.random_id"
          ]
        },
        {
          "index_key": 23,
          "schema_version": 0,
          "attributes": {
            "additional_capabilities": [],
            "availability_set_id": null,
            "boot_diagnostics": [
              {
                "enabled": true,
                "storage_uri": "https://diag44838f215604547e.blob.core.windows.net/"
              }
            ],
            "delete_data_disks_on_termination": false,
            "delete_os_disk_on_termination": false,
            "id": "/subscriptions/fa12187f-db35-4094-bbf5-2921bf099f65/resourceGroups/geth11-rg/providers/Microsoft.Compute/virtualMachines/geth1123-wrkr-vm001",
            "identity": [],
            "license_type": null,
            "location": "westeurope",
            "name": "geth1123-wrkr-vm001",
            "network_interface_ids": [
              "/subscriptions/fa12187f-db35-4094-bbf5-2921bf099f65/resourceGroups/geth11-rg/providers/Microsoft.Network/networkInterfaces/geth1123-wrkr-nic"
            ],
            "os_profile": [
              {
                "admin_password": "",
                "admin_username": "renault",
                "computer_name": "geth1123-wrkr-vm001",
                "custom_data": ""
              }
            ],
            "os_profile_linux_config": [
              {
                "disable_password_authentication": false,
                "ssh_keys": []
              }
            ],
            "os_profile_secrets": [],
            "os_profile_windows_config": [],
            "plan": [],
            "primary_network_interface_id": null,
            "proximity_placement_group_id": null,
            "resource_group_name": "geth11-rg",
            "storage_data_disk": [],
            "storage_image_reference": [
              {
                "id": "",
                "offer": "UbuntuServer",
                "publisher": "Canonical",
                "sku": "18.04-LTS",
                "version": "latest"
              }
            ],
            "storage_os_disk": [
              {
                "caching": "ReadWrite",
                "create_option": "FromImage",
                "disk_size_gb": 30,
                "image_uri": "",
                "managed_disk_id": "/subscriptions/fa12187f-db35-4094-bbf5-2921bf099f65/resourceGroups/GETH11-RG/providers/Microsoft.Compute/disks/geth1123-wrkr-dsk001",
                "managed_disk_type": "Standard_LRS",
                "name": "geth1123-wrkr-dsk001",
                "os_type": "Linux",
                "vhd_uri": "",
                "write_accelerator_enabled": false
              }
            ],
            "tags": {
              "application": "Block chain Performnace study",
              "applicationversion": "1.0.0",
              "environment": "Sandbox",
              "infrastructureversion": "1.0.0",
              "name": "Renaultgeth11",
              "tier": "Blockchain VMs"
            },
            "timeouts": null,
            "vm_size": "Standard_B2ms",
            "zones": null
          },
          "private": "eyJlMmJmYjczMC1lY2FhLTExZTYtOGY4OC0zNDM2M2JjN2M0YzAiOnsiY3JlYXRlIjozNjAwMDAwMDAwMDAwLCJkZWxldGUiOjM2MDAwMDAwMDAwMDAsInJlYWQiOjMwMDAwMDAwMDAwMCwidXBkYXRlIjozNjAwMDAwMDAwMDAwfX0=",
          "dependencies": [
            "azurerm_network_interface.worker_nic",
            "azurerm_network_interface_security_group_association.worker_nic_assoc",
            "azurerm_network_security_group.private_nsg",
            "azurerm_resource_group.resource_group",
            "azurerm_storage_account.storage_account",
            "azurerm_subnet.private_subnet",
            "azurerm_virtual_network.vnet",
            "random_id.random_id"
          ]
        },
        {
          "index_key": 24,
          "schema_version": 0,
          "attributes": {
            "additional_capabilities": [],
            "availability_set_id": null,
            "boot_diagnostics": [
              {
                "enabled": true,
                "storage_uri": "https://diag44838f215604547e.blob.core.windows.net/"
              }
            ],
            "delete_data_disks_on_termination": false,
            "delete_os_disk_on_termination": false,
            "id": "/subscriptions/fa12187f-db35-4094-bbf5-2921bf099f65/resourceGroups/geth11-rg/providers/Microsoft.Compute/virtualMachines/geth1124-wrkr-vm001",
            "identity": [],
            "license_type": null,
            "location": "westeurope",
            "name": "geth1124-wrkr-vm001",
            "network_interface_ids": [
              "/subscriptions/fa12187f-db35-4094-bbf5-2921bf099f65/resourceGroups/geth11-rg/providers/Microsoft.Network/networkInterfaces/geth1124-wrkr-nic"
            ],
            "os_profile": [
              {
                "admin_password": "",
                "admin_username": "renault",
                "computer_name": "geth1124-wrkr-vm001",
                "custom_data": ""
              }
            ],
            "os_profile_linux_config": [
              {
                "disable_password_authentication": false,
                "ssh_keys": []
              }
            ],
            "os_profile_secrets": [],
            "os_profile_windows_config": [],
            "plan": [],
            "primary_network_interface_id": null,
            "proximity_placement_group_id": null,
            "resource_group_name": "geth11-rg",
            "storage_data_disk": [],
            "storage_image_reference": [
              {
                "id": "",
                "offer": "UbuntuServer",
                "publisher": "Canonical",
                "sku": "18.04-LTS",
                "version": "latest"
              }
            ],
            "storage_os_disk": [
              {
                "caching": "ReadWrite",
                "create_option": "FromImage",
                "disk_size_gb": 30,
                "image_uri": "",
                "managed_disk_id": "/subscriptions/fa12187f-db35-4094-bbf5-2921bf099f65/resourceGroups/GETH11-RG/providers/Microsoft.Compute/disks/geth1124-wrkr-dsk001",
                "managed_disk_type": "Standard_LRS",
                "name": "geth1124-wrkr-dsk001",
                "os_type": "Linux",
                "vhd_uri": "",
                "write_accelerator_enabled": false
              }
            ],
            "tags": {
              "application": "Block chain Performnace study",
              "applicationversion": "1.0.0",
              "environment": "Sandbox",
              "infrastructureversion": "1.0.0",
              "name": "Renaultgeth11",
              "tier": "Blockchain VMs"
            },
            "timeouts": null,
            "vm_size": "Standard_B2ms",
            "zones": null
          },
          "private": "eyJlMmJmYjczMC1lY2FhLTExZTYtOGY4OC0zNDM2M2JjN2M0YzAiOnsiY3JlYXRlIjozNjAwMDAwMDAwMDAwLCJkZWxldGUiOjM2MDAwMDAwMDAwMDAsInJlYWQiOjMwMDAwMDAwMDAwMCwidXBkYXRlIjozNjAwMDAwMDAwMDAwfX0=",
          "dependencies": [
            "azurerm_network_interface.worker_nic",
            "azurerm_network_interface_security_group_association.worker_nic_assoc",
            "azurerm_network_security_group.private_nsg",
            "azurerm_resource_group.resource_group",
            "azurerm_storage_account.storage_account",
            "azurerm_subnet.private_subnet",
            "azurerm_virtual_network.vnet",
            "random_id.random_id"
          ]
        },
        {
          "index_key": 25,
          "schema_version": 0,
          "attributes": {
            "additional_capabilities": [],
            "availability_set_id": null,
            "boot_diagnostics": [
              {
                "enabled": true,
                "storage_uri": "https://diag44838f215604547e.blob.core.windows.net/"
              }
            ],
            "delete_data_disks_on_termination": false,
            "delete_os_disk_on_termination": false,
            "id": "/subscriptions/fa12187f-db35-4094-bbf5-2921bf099f65/resourceGroups/geth11-rg/providers/Microsoft.Compute/virtualMachines/geth1125-wrkr-vm001",
            "identity": [],
            "license_type": null,
            "location": "westeurope",
            "name": "geth1125-wrkr-vm001",
            "network_interface_ids": [
              "/subscriptions/fa12187f-db35-4094-bbf5-2921bf099f65/resourceGroups/geth11-rg/providers/Microsoft.Network/networkInterfaces/geth1125-wrkr-nic"
            ],
            "os_profile": [
              {
                "admin_password": "",
                "admin_username": "renault",
                "computer_name": "geth1125-wrkr-vm001",
                "custom_data": ""
              }
            ],
            "os_profile_linux_config": [
              {
                "disable_password_authentication": false,
                "ssh_keys": []
              }
            ],
            "os_profile_secrets": [],
            "os_profile_windows_config": [],
            "plan": [],
            "primary_network_interface_id": null,
            "proximity_placement_group_id": null,
            "resource_group_name": "geth11-rg",
            "storage_data_disk": [],
            "storage_image_reference": [
              {
                "id": "",
                "offer": "UbuntuServer",
                "publisher": "Canonical",
                "sku": "18.04-LTS",
                "version": "latest"
              }
            ],
            "storage_os_disk": [
              {
                "caching": "ReadWrite",
                "create_option": "FromImage",
                "disk_size_gb": 30,
                "image_uri": "",
                "managed_disk_id": "/subscriptions/fa12187f-db35-4094-bbf5-2921bf099f65/resourceGroups/GETH11-RG/providers/Microsoft.Compute/disks/geth1125-wrkr-dsk001",
                "managed_disk_type": "Standard_LRS",
                "name": "geth1125-wrkr-dsk001",
                "os_type": "Linux",
                "vhd_uri": "",
                "write_accelerator_enabled": false
              }
            ],
            "tags": {
              "application": "Block chain Performnace study",
              "applicationversion": "1.0.0",
              "environment": "Sandbox",
              "infrastructureversion": "1.0.0",
              "name": "Renaultgeth11",
              "tier": "Blockchain VMs"
            },
            "timeouts": null,
            "vm_size": "Standard_B2ms",
            "zones": null
          },
          "private": "eyJlMmJmYjczMC1lY2FhLTExZTYtOGY4OC0zNDM2M2JjN2M0YzAiOnsiY3JlYXRlIjozNjAwMDAwMDAwMDAwLCJkZWxldGUiOjM2MDAwMDAwMDAwMDAsInJlYWQiOjMwMDAwMDAwMDAwMCwidXBkYXRlIjozNjAwMDAwMDAwMDAwfX0=",
          "dependencies": [
            "azurerm_network_interface.worker_nic",
            "azurerm_network_interface_security_group_association.worker_nic_assoc",
            "azurerm_network_security_group.private_nsg",
            "azurerm_resource_group.resource_group",
            "azurerm_storage_account.storage_account",
            "azurerm_subnet.private_subnet",
            "azurerm_virtual_network.vnet",
            "random_id.random_id"
          ]
        },
        {
          "index_key": 26,
          "schema_version": 0,
          "attributes": {
            "additional_capabilities": [],
            "availability_set_id": null,
            "boot_diagnostics": [
              {
                "enabled": true,
                "storage_uri": "https://diag44838f215604547e.blob.core.windows.net/"
              }
            ],
            "delete_data_disks_on_termination": false,
            "delete_os_disk_on_termination": false,
            "id": "/subscriptions/fa12187f-db35-4094-bbf5-2921bf099f65/resourceGroups/geth11-rg/providers/Microsoft.Compute/virtualMachines/geth1126-wrkr-vm001",
            "identity": [],
            "license_type": null,
            "location": "westeurope",
            "name": "geth1126-wrkr-vm001",
            "network_interface_ids": [
              "/subscriptions/fa12187f-db35-4094-bbf5-2921bf099f65/resourceGroups/geth11-rg/providers/Microsoft.Network/networkInterfaces/geth1126-wrkr-nic"
            ],
            "os_profile": [
              {
                "admin_password": "",
                "admin_username": "renault",
                "computer_name": "geth1126-wrkr-vm001",
                "custom_data": ""
              }
            ],
            "os_profile_linux_config": [
              {
                "disable_password_authentication": false,
                "ssh_keys": []
              }
            ],
            "os_profile_secrets": [],
            "os_profile_windows_config": [],
            "plan": [],
            "primary_network_interface_id": null,
            "proximity_placement_group_id": null,
            "resource_group_name": "geth11-rg",
            "storage_data_disk": [],
            "storage_image_reference": [
              {
                "id": "",
                "offer": "UbuntuServer",
                "publisher": "Canonical",
                "sku": "18.04-LTS",
                "version": "latest"
              }
            ],
            "storage_os_disk": [
              {
                "caching": "ReadWrite",
                "create_option": "FromImage",
                "disk_size_gb": 30,
                "image_uri": "",
                "managed_disk_id": "/subscriptions/fa12187f-db35-4094-bbf5-2921bf099f65/resourceGroups/GETH11-RG/providers/Microsoft.Compute/disks/geth1126-wrkr-dsk001",
                "managed_disk_type": "Standard_LRS",
                "name": "geth1126-wrkr-dsk001",
                "os_type": "Linux",
                "vhd_uri": "",
                "write_accelerator_enabled": false
              }
            ],
            "tags": {
              "application": "Block chain Performnace study",
              "applicationversion": "1.0.0",
              "environment": "Sandbox",
              "infrastructureversion": "1.0.0",
              "name": "Renaultgeth11",
              "tier": "Blockchain VMs"
            },
            "timeouts": null,
            "vm_size": "Standard_B2ms",
            "zones": null
          },
          "private": "eyJlMmJmYjczMC1lY2FhLTExZTYtOGY4OC0zNDM2M2JjN2M0YzAiOnsiY3JlYXRlIjozNjAwMDAwMDAwMDAwLCJkZWxldGUiOjM2MDAwMDAwMDAwMDAsInJlYWQiOjMwMDAwMDAwMDAwMCwidXBkYXRlIjozNjAwMDAwMDAwMDAwfX0=",
          "dependencies": [
            "azurerm_network_interface.worker_nic",
            "azurerm_network_interface_security_group_association.worker_nic_assoc",
            "azurerm_network_security_group.private_nsg",
            "azurerm_resource_group.resource_group",
            "azurerm_storage_account.storage_account",
            "azurerm_subnet.private_subnet",
            "azurerm_virtual_network.vnet",
            "random_id.random_id"
          ]
        },
        {
          "index_key": 27,
          "schema_version": 0,
          "attributes": {
            "additional_capabilities": [],
            "availability_set_id": null,
            "boot_diagnostics": [
              {
                "enabled": true,
                "storage_uri": "https://diag44838f215604547e.blob.core.windows.net/"
              }
            ],
            "delete_data_disks_on_termination": false,
            "delete_os_disk_on_termination": false,
            "id": "/subscriptions/fa12187f-db35-4094-bbf5-2921bf099f65/resourceGroups/geth11-rg/providers/Microsoft.Compute/virtualMachines/geth1127-wrkr-vm001",
            "identity": [],
            "license_type": null,
            "location": "westeurope",
            "name": "geth1127-wrkr-vm001",
            "network_interface_ids": [
              "/subscriptions/fa12187f-db35-4094-bbf5-2921bf099f65/resourceGroups/geth11-rg/providers/Microsoft.Network/networkInterfaces/geth1127-wrkr-nic"
            ],
            "os_profile": [
              {
                "admin_password": "",
                "admin_username": "renault",
                "computer_name": "geth1127-wrkr-vm001",
                "custom_data": ""
              }
            ],
            "os_profile_linux_config": [
              {
                "disable_password_authentication": false,
                "ssh_keys": []
              }
            ],
            "os_profile_secrets": [],
            "os_profile_windows_config": [],
            "plan": [],
            "primary_network_interface_id": null,
            "proximity_placement_group_id": null,
            "resource_group_name": "geth11-rg",
            "storage_data_disk": [],
            "storage_image_reference": [
              {
                "id": "",
                "offer": "UbuntuServer",
                "publisher": "Canonical",
                "sku": "18.04-LTS",
                "version": "latest"
              }
            ],
            "storage_os_disk": [
              {
                "caching": "ReadWrite",
                "create_option": "FromImage",
                "disk_size_gb": 30,
                "image_uri": "",
                "managed_disk_id": "/subscriptions/fa12187f-db35-4094-bbf5-2921bf099f65/resourceGroups/GETH11-RG/providers/Microsoft.Compute/disks/geth1127-wrkr-dsk001",
                "managed_disk_type": "Standard_LRS",
                "name": "geth1127-wrkr-dsk001",
                "os_type": "Linux",
                "vhd_uri": "",
                "write_accelerator_enabled": false
              }
            ],
            "tags": {
              "application": "Block chain Performnace study",
              "applicationversion": "1.0.0",
              "environment": "Sandbox",
              "infrastructureversion": "1.0.0",
              "name": "Renaultgeth11",
              "tier": "Blockchain VMs"
            },
            "timeouts": null,
            "vm_size": "Standard_B2ms",
            "zones": null
          },
          "private": "eyJlMmJmYjczMC1lY2FhLTExZTYtOGY4OC0zNDM2M2JjN2M0YzAiOnsiY3JlYXRlIjozNjAwMDAwMDAwMDAwLCJkZWxldGUiOjM2MDAwMDAwMDAwMDAsInJlYWQiOjMwMDAwMDAwMDAwMCwidXBkYXRlIjozNjAwMDAwMDAwMDAwfX0=",
          "dependencies": [
            "azurerm_network_interface.worker_nic",
            "azurerm_network_interface_security_group_association.worker_nic_assoc",
            "azurerm_network_security_group.private_nsg",
            "azurerm_resource_group.resource_group",
            "azurerm_storage_account.storage_account",
            "azurerm_subnet.private_subnet",
            "azurerm_virtual_network.vnet",
            "random_id.random_id"
          ]
        },
        {
          "index_key": 28,
          "schema_version": 0,
          "attributes": {
            "additional_capabilities": [],
            "availability_set_id": null,
            "boot_diagnostics": [
              {
                "enabled": true,
                "storage_uri": "https://diag44838f215604547e.blob.core.windows.net/"
              }
            ],
            "delete_data_disks_on_termination": false,
            "delete_os_disk_on_termination": false,
            "id": "/subscriptions/fa12187f-db35-4094-bbf5-2921bf099f65/resourceGroups/geth11-rg/providers/Microsoft.Compute/virtualMachines/geth1128-wrkr-vm001",
            "identity": [],
            "license_type": null,
            "location": "westeurope",
            "name": "geth1128-wrkr-vm001",
            "network_interface_ids": [
              "/subscriptions/fa12187f-db35-4094-bbf5-2921bf099f65/resourceGroups/geth11-rg/providers/Microsoft.Network/networkInterfaces/geth1128-wrkr-nic"
            ],
            "os_profile": [
              {
                "admin_password": "",
                "admin_username": "renault",
                "computer_name": "geth1128-wrkr-vm001",
                "custom_data": ""
              }
            ],
            "os_profile_linux_config": [
              {
                "disable_password_authentication": false,
                "ssh_keys": []
              }
            ],
            "os_profile_secrets": [],
            "os_profile_windows_config": [],
            "plan": [],
            "primary_network_interface_id": null,
            "proximity_placement_group_id": null,
            "resource_group_name": "geth11-rg",
            "storage_data_disk": [],
            "storage_image_reference": [
              {
                "id": "",
                "offer": "UbuntuServer",
                "publisher": "Canonical",
                "sku": "18.04-LTS",
                "version": "latest"
              }
            ],
            "storage_os_disk": [
              {
                "caching": "ReadWrite",
                "create_option": "FromImage",
                "disk_size_gb": 30,
                "image_uri": "",
                "managed_disk_id": "/subscriptions/fa12187f-db35-4094-bbf5-2921bf099f65/resourceGroups/GETH11-RG/providers/Microsoft.Compute/disks/geth1128-wrkr-dsk001",
                "managed_disk_type": "Standard_LRS",
                "name": "geth1128-wrkr-dsk001",
                "os_type": "Linux",
                "vhd_uri": "",
                "write_accelerator_enabled": false
              }
            ],
            "tags": {
              "application": "Block chain Performnace study",
              "applicationversion": "1.0.0",
              "environment": "Sandbox",
              "infrastructureversion": "1.0.0",
              "name": "Renaultgeth11",
              "tier": "Blockchain VMs"
            },
            "timeouts": null,
            "vm_size": "Standard_B2ms",
            "zones": null
          },
          "private": "eyJlMmJmYjczMC1lY2FhLTExZTYtOGY4OC0zNDM2M2JjN2M0YzAiOnsiY3JlYXRlIjozNjAwMDAwMDAwMDAwLCJkZWxldGUiOjM2MDAwMDAwMDAwMDAsInJlYWQiOjMwMDAwMDAwMDAwMCwidXBkYXRlIjozNjAwMDAwMDAwMDAwfX0=",
          "dependencies": [
            "azurerm_network_interface.worker_nic",
            "azurerm_network_interface_security_group_association.worker_nic_assoc",
            "azurerm_network_security_group.private_nsg",
            "azurerm_resource_group.resource_group",
            "azurerm_storage_account.storage_account",
            "azurerm_subnet.private_subnet",
            "azurerm_virtual_network.vnet",
            "random_id.random_id"
          ]
        },
        {
          "index_key": 29,
          "schema_version": 0,
          "attributes": {
            "additional_capabilities": [],
            "availability_set_id": null,
            "boot_diagnostics": [
              {
                "enabled": true,
                "storage_uri": "https://diag44838f215604547e.blob.core.windows.net/"
              }
            ],
            "delete_data_disks_on_termination": false,
            "delete_os_disk_on_termination": false,
            "id": "/subscriptions/fa12187f-db35-4094-bbf5-2921bf099f65/resourceGroups/geth11-rg/providers/Microsoft.Compute/virtualMachines/geth1129-wrkr-vm001",
            "identity": [],
            "license_type": null,
            "location": "westeurope",
            "name": "geth1129-wrkr-vm001",
            "network_interface_ids": [
              "/subscriptions/fa12187f-db35-4094-bbf5-2921bf099f65/resourceGroups/geth11-rg/providers/Microsoft.Network/networkInterfaces/geth1129-wrkr-nic"
            ],
            "os_profile": [
              {
                "admin_password": "",
                "admin_username": "renault",
                "computer_name": "geth1129-wrkr-vm001",
                "custom_data": ""
              }
            ],
            "os_profile_linux_config": [
              {
                "disable_password_authentication": false,
                "ssh_keys": []
              }
            ],
            "os_profile_secrets": [],
            "os_profile_windows_config": [],
            "plan": [],
            "primary_network_interface_id": null,
            "proximity_placement_group_id": null,
            "resource_group_name": "geth11-rg",
            "storage_data_disk": [],
            "storage_image_reference": [
              {
                "id": "",
                "offer": "UbuntuServer",
                "publisher": "Canonical",
                "sku": "18.04-LTS",
                "version": "latest"
              }
            ],
            "storage_os_disk": [
              {
                "caching": "ReadWrite",
                "create_option": "FromImage",
                "disk_size_gb": 30,
                "image_uri": "",
                "managed_disk_id": "/subscriptions/fa12187f-db35-4094-bbf5-2921bf099f65/resourceGroups/GETH11-RG/providers/Microsoft.Compute/disks/geth1129-wrkr-dsk001",
                "managed_disk_type": "Standard_LRS",
                "name": "geth1129-wrkr-dsk001",
                "os_type": "Linux",
                "vhd_uri": "",
                "write_accelerator_enabled": false
              }
            ],
            "tags": {
              "application": "Block chain Performnace study",
              "applicationversion": "1.0.0",
              "environment": "Sandbox",
              "infrastructureversion": "1.0.0",
              "name": "Renaultgeth11",
              "tier": "Blockchain VMs"
            },
            "timeouts": null,
            "vm_size": "Standard_B2ms",
            "zones": null
          },
          "private": "eyJlMmJmYjczMC1lY2FhLTExZTYtOGY4OC0zNDM2M2JjN2M0YzAiOnsiY3JlYXRlIjozNjAwMDAwMDAwMDAwLCJkZWxldGUiOjM2MDAwMDAwMDAwMDAsInJlYWQiOjMwMDAwMDAwMDAwMCwidXBkYXRlIjozNjAwMDAwMDAwMDAwfX0=",
          "dependencies": [
            "azurerm_network_interface.worker_nic",
            "azurerm_network_interface_security_group_association.worker_nic_assoc",
            "azurerm_network_security_group.private_nsg",
            "azurerm_resource_group.resource_group",
            "azurerm_storage_account.storage_account",
            "azurerm_subnet.private_subnet",
            "azurerm_virtual_network.vnet",
            "random_id.random_id"
          ]
        },
        {
          "index_key": 30,
          "schema_version": 0,
          "attributes": {
            "additional_capabilities": [],
            "availability_set_id": null,
            "boot_diagnostics": [
              {
                "enabled": true,
                "storage_uri": "https://diag44838f215604547e.blob.core.windows.net/"
              }
            ],
            "delete_data_disks_on_termination": false,
            "delete_os_disk_on_termination": false,
            "id": "/subscriptions/fa12187f-db35-4094-bbf5-2921bf099f65/resourceGroups/geth11-rg/providers/Microsoft.Compute/virtualMachines/geth1130-wrkr-vm001",
            "identity": [],
            "license_type": null,
            "location": "westeurope",
            "name": "geth1130-wrkr-vm001",
            "network_interface_ids": [
              "/subscriptions/fa12187f-db35-4094-bbf5-2921bf099f65/resourceGroups/geth11-rg/providers/Microsoft.Network/networkInterfaces/geth1130-wrkr-nic"
            ],
            "os_profile": [
              {
                "admin_password": "",
                "admin_username": "renault",
                "computer_name": "geth1130-wrkr-vm001",
                "custom_data": ""
              }
            ],
            "os_profile_linux_config": [
              {
                "disable_password_authentication": false,
                "ssh_keys": []
              }
            ],
            "os_profile_secrets": [],
            "os_profile_windows_config": [],
            "plan": [],
            "primary_network_interface_id": null,
            "proximity_placement_group_id": null,
            "resource_group_name": "geth11-rg",
            "storage_data_disk": [],
            "storage_image_reference": [
              {
                "id": "",
                "offer": "UbuntuServer",
                "publisher": "Canonical",
                "sku": "18.04-LTS",
                "version": "latest"
              }
            ],
            "storage_os_disk": [
              {
                "caching": "ReadWrite",
                "create_option": "FromImage",
                "disk_size_gb": 30,
                "image_uri": "",
                "managed_disk_id": "/subscriptions/fa12187f-db35-4094-bbf5-2921bf099f65/resourceGroups/GETH11-RG/providers/Microsoft.Compute/disks/geth1130-wrkr-dsk001",
                "managed_disk_type": "Standard_LRS",
                "name": "geth1130-wrkr-dsk001",
                "os_type": "Linux",
                "vhd_uri": "",
                "write_accelerator_enabled": false
              }
            ],
            "tags": {
              "application": "Block chain Performnace study",
              "applicationversion": "1.0.0",
              "environment": "Sandbox",
              "infrastructureversion": "1.0.0",
              "name": "Renaultgeth11",
              "tier": "Blockchain VMs"
            },
            "timeouts": null,
            "vm_size": "Standard_B2ms",
            "zones": null
          },
          "private": "eyJlMmJmYjczMC1lY2FhLTExZTYtOGY4OC0zNDM2M2JjN2M0YzAiOnsiY3JlYXRlIjozNjAwMDAwMDAwMDAwLCJkZWxldGUiOjM2MDAwMDAwMDAwMDAsInJlYWQiOjMwMDAwMDAwMDAwMCwidXBkYXRlIjozNjAwMDAwMDAwMDAwfX0=",
          "dependencies": [
            "azurerm_network_interface.worker_nic",
            "azurerm_network_interface_security_group_association.worker_nic_assoc",
            "azurerm_network_security_group.private_nsg",
            "azurerm_resource_group.resource_group",
            "azurerm_storage_account.storage_account",
            "azurerm_subnet.private_subnet",
            "azurerm_virtual_network.vnet",
            "random_id.random_id"
          ]
        },
        {
          "index_key": 31,
          "schema_version": 0,
          "attributes": {
            "additional_capabilities": [],
            "availability_set_id": null,
            "boot_diagnostics": [
              {
                "enabled": true,
                "storage_uri": "https://diag44838f215604547e.blob.core.windows.net/"
              }
            ],
            "delete_data_disks_on_termination": false,
            "delete_os_disk_on_termination": false,
            "id": "/subscriptions/fa12187f-db35-4094-bbf5-2921bf099f65/resourceGroups/geth11-rg/providers/Microsoft.Compute/virtualMachines/geth1131-wrkr-vm001",
            "identity": [],
            "license_type": null,
            "location": "westeurope",
            "name": "geth1131-wrkr-vm001",
            "network_interface_ids": [
              "/subscriptions/fa12187f-db35-4094-bbf5-2921bf099f65/resourceGroups/geth11-rg/providers/Microsoft.Network/networkInterfaces/geth1131-wrkr-nic"
            ],
            "os_profile": [
              {
                "admin_password": "",
                "admin_username": "renault",
                "computer_name": "geth1131-wrkr-vm001",
                "custom_data": ""
              }
            ],
            "os_profile_linux_config": [
              {
                "disable_password_authentication": false,
                "ssh_keys": []
              }
            ],
            "os_profile_secrets": [],
            "os_profile_windows_config": [],
            "plan": [],
            "primary_network_interface_id": null,
            "proximity_placement_group_id": null,
            "resource_group_name": "geth11-rg",
            "storage_data_disk": [],
            "storage_image_reference": [
              {
                "id": "",
                "offer": "UbuntuServer",
                "publisher": "Canonical",
                "sku": "18.04-LTS",
                "version": "latest"
              }
            ],
            "storage_os_disk": [
              {
                "caching": "ReadWrite",
                "create_option": "FromImage",
                "disk_size_gb": 30,
                "image_uri": "",
                "managed_disk_id": "/subscriptions/fa12187f-db35-4094-bbf5-2921bf099f65/resourceGroups/GETH11-RG/providers/Microsoft.Compute/disks/geth1131-wrkr-dsk001",
                "managed_disk_type": "Standard_LRS",
                "name": "geth1131-wrkr-dsk001",
                "os_type": "Linux",
                "vhd_uri": "",
                "write_accelerator_enabled": false
              }
            ],
            "tags": {
              "application": "Block chain Performnace study",
              "applicationversion": "1.0.0",
              "environment": "Sandbox",
              "infrastructureversion": "1.0.0",
              "name": "Renaultgeth11",
              "tier": "Blockchain VMs"
            },
            "timeouts": null,
            "vm_size": "Standard_B2ms",
            "zones": null
          },
          "private": "eyJlMmJmYjczMC1lY2FhLTExZTYtOGY4OC0zNDM2M2JjN2M0YzAiOnsiY3JlYXRlIjozNjAwMDAwMDAwMDAwLCJkZWxldGUiOjM2MDAwMDAwMDAwMDAsInJlYWQiOjMwMDAwMDAwMDAwMCwidXBkYXRlIjozNjAwMDAwMDAwMDAwfX0=",
          "dependencies": [
            "azurerm_network_interface.worker_nic",
            "azurerm_network_interface_security_group_association.worker_nic_assoc",
            "azurerm_network_security_group.private_nsg",
            "azurerm_resource_group.resource_group",
            "azurerm_storage_account.storage_account",
            "azurerm_subnet.private_subnet",
            "azurerm_virtual_network.vnet",
            "random_id.random_id"
          ]
        },
        {
          "index_key": 32,
          "schema_version": 0,
          "attributes": {
            "additional_capabilities": [],
            "availability_set_id": null,
            "boot_diagnostics": [
              {
                "enabled": true,
                "storage_uri": "https://diag44838f215604547e.blob.core.windows.net/"
              }
            ],
            "delete_data_disks_on_termination": false,
            "delete_os_disk_on_termination": false,
            "id": "/subscriptions/fa12187f-db35-4094-bbf5-2921bf099f65/resourceGroups/geth11-rg/providers/Microsoft.Compute/virtualMachines/geth1132-wrkr-vm001",
            "identity": [],
            "license_type": null,
            "location": "westeurope",
            "name": "geth1132-wrkr-vm001",
            "network_interface_ids": [
              "/subscriptions/fa12187f-db35-4094-bbf5-2921bf099f65/resourceGroups/geth11-rg/providers/Microsoft.Network/networkInterfaces/geth1132-wrkr-nic"
            ],
            "os_profile": [
              {
                "admin_password": "",
                "admin_username": "renault",
                "computer_name": "geth1132-wrkr-vm001",
                "custom_data": ""
              }
            ],
            "os_profile_linux_config": [
              {
                "disable_password_authentication": false,
                "ssh_keys": []
              }
            ],
            "os_profile_secrets": [],
            "os_profile_windows_config": [],
            "plan": [],
            "primary_network_interface_id": null,
            "proximity_placement_group_id": null,
            "resource_group_name": "geth11-rg",
            "storage_data_disk": [],
            "storage_image_reference": [
              {
                "id": "",
                "offer": "UbuntuServer",
                "publisher": "Canonical",
                "sku": "18.04-LTS",
                "version": "latest"
              }
            ],
            "storage_os_disk": [
              {
                "caching": "ReadWrite",
                "create_option": "FromImage",
                "disk_size_gb": 30,
                "image_uri": "",
                "managed_disk_id": "/subscriptions/fa12187f-db35-4094-bbf5-2921bf099f65/resourceGroups/GETH11-RG/providers/Microsoft.Compute/disks/geth1132-wrkr-dsk001",
                "managed_disk_type": "Standard_LRS",
                "name": "geth1132-wrkr-dsk001",
                "os_type": "Linux",
                "vhd_uri": "",
                "write_accelerator_enabled": false
              }
            ],
            "tags": {
              "application": "Block chain Performnace study",
              "applicationversion": "1.0.0",
              "environment": "Sandbox",
              "infrastructureversion": "1.0.0",
              "name": "Renaultgeth11",
              "tier": "Blockchain VMs"
            },
            "timeouts": null,
            "vm_size": "Standard_B2ms",
            "zones": null
          },
          "private": "eyJlMmJmYjczMC1lY2FhLTExZTYtOGY4OC0zNDM2M2JjN2M0YzAiOnsiY3JlYXRlIjozNjAwMDAwMDAwMDAwLCJkZWxldGUiOjM2MDAwMDAwMDAwMDAsInJlYWQiOjMwMDAwMDAwMDAwMCwidXBkYXRlIjozNjAwMDAwMDAwMDAwfX0=",
          "dependencies": [
            "azurerm_network_interface.worker_nic",
            "azurerm_network_interface_security_group_association.worker_nic_assoc",
            "azurerm_network_security_group.private_nsg",
            "azurerm_resource_group.resource_group",
            "azurerm_storage_account.storage_account",
            "azurerm_subnet.private_subnet",
            "azurerm_virtual_network.vnet",
            "random_id.random_id"
          ]
        },
        {
          "index_key": 33,
          "schema_version": 0,
          "attributes": {
            "additional_capabilities": [],
            "availability_set_id": null,
            "boot_diagnostics": [
              {
                "enabled": true,
                "storage_uri": "https://diag44838f215604547e.blob.core.windows.net/"
              }
            ],
            "delete_data_disks_on_termination": false,
            "delete_os_disk_on_termination": false,
            "id": "/subscriptions/fa12187f-db35-4094-bbf5-2921bf099f65/resourceGroups/geth11-rg/providers/Microsoft.Compute/virtualMachines/geth1133-wrkr-vm001",
            "identity": [],
            "license_type": null,
            "location": "westeurope",
            "name": "geth1133-wrkr-vm001",
            "network_interface_ids": [
              "/subscriptions/fa12187f-db35-4094-bbf5-2921bf099f65/resourceGroups/geth11-rg/providers/Microsoft.Network/networkInterfaces/geth1133-wrkr-nic"
            ],
            "os_profile": [
              {
                "admin_password": "",
                "admin_username": "renault",
                "computer_name": "geth1133-wrkr-vm001",
                "custom_data": ""
              }
            ],
            "os_profile_linux_config": [
              {
                "disable_password_authentication": false,
                "ssh_keys": []
              }
            ],
            "os_profile_secrets": [],
            "os_profile_windows_config": [],
            "plan": [],
            "primary_network_interface_id": null,
            "proximity_placement_group_id": null,
            "resource_group_name": "geth11-rg",
            "storage_data_disk": [],
            "storage_image_reference": [
              {
                "id": "",
                "offer": "UbuntuServer",
                "publisher": "Canonical",
                "sku": "18.04-LTS",
                "version": "latest"
              }
            ],
            "storage_os_disk": [
              {
                "caching": "ReadWrite",
                "create_option": "FromImage",
                "disk_size_gb": 30,
                "image_uri": "",
                "managed_disk_id": "/subscriptions/fa12187f-db35-4094-bbf5-2921bf099f65/resourceGroups/GETH11-RG/providers/Microsoft.Compute/disks/geth1133-wrkr-dsk001",
                "managed_disk_type": "Standard_LRS",
                "name": "geth1133-wrkr-dsk001",
                "os_type": "Linux",
                "vhd_uri": "",
                "write_accelerator_enabled": false
              }
            ],
            "tags": {
              "application": "Block chain Performnace study",
              "applicationversion": "1.0.0",
              "environment": "Sandbox",
              "infrastructureversion": "1.0.0",
              "name": "Renaultgeth11",
              "tier": "Blockchain VMs"
            },
            "timeouts": null,
            "vm_size": "Standard_B2ms",
            "zones": null
          },
          "private": "eyJlMmJmYjczMC1lY2FhLTExZTYtOGY4OC0zNDM2M2JjN2M0YzAiOnsiY3JlYXRlIjozNjAwMDAwMDAwMDAwLCJkZWxldGUiOjM2MDAwMDAwMDAwMDAsInJlYWQiOjMwMDAwMDAwMDAwMCwidXBkYXRlIjozNjAwMDAwMDAwMDAwfX0=",
          "dependencies": [
            "azurerm_network_interface.worker_nic",
            "azurerm_network_interface_security_group_association.worker_nic_assoc",
            "azurerm_network_security_group.private_nsg",
            "azurerm_resource_group.resource_group",
            "azurerm_storage_account.storage_account",
            "azurerm_subnet.private_subnet",
            "azurerm_virtual_network.vnet",
            "random_id.random_id"
          ]
        },
        {
          "index_key": 34,
          "schema_version": 0,
          "attributes": {
            "additional_capabilities": [],
            "availability_set_id": null,
            "boot_diagnostics": [
              {
                "enabled": true,
                "storage_uri": "https://diag44838f215604547e.blob.core.windows.net/"
              }
            ],
            "delete_data_disks_on_termination": false,
            "delete_os_disk_on_termination": false,
            "id": "/subscriptions/fa12187f-db35-4094-bbf5-2921bf099f65/resourceGroups/geth11-rg/providers/Microsoft.Compute/virtualMachines/geth1134-wrkr-vm001",
            "identity": [],
            "license_type": null,
            "location": "westeurope",
            "name": "geth1134-wrkr-vm001",
            "network_interface_ids": [
              "/subscriptions/fa12187f-db35-4094-bbf5-2921bf099f65/resourceGroups/geth11-rg/providers/Microsoft.Network/networkInterfaces/geth1134-wrkr-nic"
            ],
            "os_profile": [
              {
                "admin_password": "",
                "admin_username": "renault",
                "computer_name": "geth1134-wrkr-vm001",
                "custom_data": ""
              }
            ],
            "os_profile_linux_config": [
              {
                "disable_password_authentication": false,
                "ssh_keys": []
              }
            ],
            "os_profile_secrets": [],
            "os_profile_windows_config": [],
            "plan": [],
            "primary_network_interface_id": null,
            "proximity_placement_group_id": null,
            "resource_group_name": "geth11-rg",
            "storage_data_disk": [],
            "storage_image_reference": [
              {
                "id": "",
                "offer": "UbuntuServer",
                "publisher": "Canonical",
                "sku": "18.04-LTS",
                "version": "latest"
              }
            ],
            "storage_os_disk": [
              {
                "caching": "ReadWrite",
                "create_option": "FromImage",
                "disk_size_gb": 30,
                "image_uri": "",
                "managed_disk_id": "/subscriptions/fa12187f-db35-4094-bbf5-2921bf099f65/resourceGroups/GETH11-RG/providers/Microsoft.Compute/disks/geth1134-wrkr-dsk001",
                "managed_disk_type": "Standard_LRS",
                "name": "geth1134-wrkr-dsk001",
                "os_type": "Linux",
                "vhd_uri": "",
                "write_accelerator_enabled": false
              }
            ],
            "tags": {
              "application": "Block chain Performnace study",
              "applicationversion": "1.0.0",
              "environment": "Sandbox",
              "infrastructureversion": "1.0.0",
              "name": "Renaultgeth11",
              "tier": "Blockchain VMs"
            },
            "timeouts": null,
            "vm_size": "Standard_B2ms",
            "zones": null
          },
          "private": "eyJlMmJmYjczMC1lY2FhLTExZTYtOGY4OC0zNDM2M2JjN2M0YzAiOnsiY3JlYXRlIjozNjAwMDAwMDAwMDAwLCJkZWxldGUiOjM2MDAwMDAwMDAwMDAsInJlYWQiOjMwMDAwMDAwMDAwMCwidXBkYXRlIjozNjAwMDAwMDAwMDAwfX0=",
          "dependencies": [
            "azurerm_network_interface.worker_nic",
            "azurerm_network_interface_security_group_association.worker_nic_assoc",
            "azurerm_network_security_group.private_nsg",
            "azurerm_resource_group.resource_group",
            "azurerm_storage_account.storage_account",
            "azurerm_subnet.private_subnet",
            "azurerm_virtual_network.vnet",
            "random_id.random_id"
          ]
        },
        {
          "index_key": 35,
          "schema_version": 0,
          "attributes": {
            "additional_capabilities": [],
            "availability_set_id": null,
            "boot_diagnostics": [
              {
                "enabled": true,
                "storage_uri": "https://diag44838f215604547e.blob.core.windows.net/"
              }
            ],
            "delete_data_disks_on_termination": false,
            "delete_os_disk_on_termination": false,
            "id": "/subscriptions/fa12187f-db35-4094-bbf5-2921bf099f65/resourceGroups/geth11-rg/providers/Microsoft.Compute/virtualMachines/geth1135-wrkr-vm001",
            "identity": [],
            "license_type": null,
            "location": "westeurope",
            "name": "geth1135-wrkr-vm001",
            "network_interface_ids": [
              "/subscriptions/fa12187f-db35-4094-bbf5-2921bf099f65/resourceGroups/geth11-rg/providers/Microsoft.Network/networkInterfaces/geth1135-wrkr-nic"
            ],
            "os_profile": [
              {
                "admin_password": "",
                "admin_username": "renault",
                "computer_name": "geth1135-wrkr-vm001",
                "custom_data": ""
              }
            ],
            "os_profile_linux_config": [
              {
                "disable_password_authentication": false,
                "ssh_keys": []
              }
            ],
            "os_profile_secrets": [],
            "os_profile_windows_config": [],
            "plan": [],
            "primary_network_interface_id": null,
            "proximity_placement_group_id": null,
            "resource_group_name": "geth11-rg",
            "storage_data_disk": [],
            "storage_image_reference": [
              {
                "id": "",
                "offer": "UbuntuServer",
                "publisher": "Canonical",
                "sku": "18.04-LTS",
                "version": "latest"
              }
            ],
            "storage_os_disk": [
              {
                "caching": "ReadWrite",
                "create_option": "FromImage",
                "disk_size_gb": 30,
                "image_uri": "",
                "managed_disk_id": "/subscriptions/fa12187f-db35-4094-bbf5-2921bf099f65/resourceGroups/GETH11-RG/providers/Microsoft.Compute/disks/geth1135-wrkr-dsk001",
                "managed_disk_type": "Standard_LRS",
                "name": "geth1135-wrkr-dsk001",
                "os_type": "Linux",
                "vhd_uri": "",
                "write_accelerator_enabled": false
              }
            ],
            "tags": {
              "application": "Block chain Performnace study",
              "applicationversion": "1.0.0",
              "environment": "Sandbox",
              "infrastructureversion": "1.0.0",
              "name": "Renaultgeth11",
              "tier": "Blockchain VMs"
            },
            "timeouts": null,
            "vm_size": "Standard_B2ms",
            "zones": null
          },
          "private": "eyJlMmJmYjczMC1lY2FhLTExZTYtOGY4OC0zNDM2M2JjN2M0YzAiOnsiY3JlYXRlIjozNjAwMDAwMDAwMDAwLCJkZWxldGUiOjM2MDAwMDAwMDAwMDAsInJlYWQiOjMwMDAwMDAwMDAwMCwidXBkYXRlIjozNjAwMDAwMDAwMDAwfX0=",
          "dependencies": [
            "azurerm_network_interface.worker_nic",
            "azurerm_network_interface_security_group_association.worker_nic_assoc",
            "azurerm_network_security_group.private_nsg",
            "azurerm_resource_group.resource_group",
            "azurerm_storage_account.storage_account",
            "azurerm_subnet.private_subnet",
            "azurerm_virtual_network.vnet",
            "random_id.random_id"
          ]
        },
        {
          "index_key": 36,
          "schema_version": 0,
          "attributes": {
            "additional_capabilities": [],
            "availability_set_id": null,
            "boot_diagnostics": [
              {
                "enabled": true,
                "storage_uri": "https://diag44838f215604547e.blob.core.windows.net/"
              }
            ],
            "delete_data_disks_on_termination": false,
            "delete_os_disk_on_termination": false,
            "id": "/subscriptions/fa12187f-db35-4094-bbf5-2921bf099f65/resourceGroups/geth11-rg/providers/Microsoft.Compute/virtualMachines/geth1136-wrkr-vm001",
            "identity": [],
            "license_type": null,
            "location": "westeurope",
            "name": "geth1136-wrkr-vm001",
            "network_interface_ids": [
              "/subscriptions/fa12187f-db35-4094-bbf5-2921bf099f65/resourceGroups/geth11-rg/providers/Microsoft.Network/networkInterfaces/geth1136-wrkr-nic"
            ],
            "os_profile": [
              {
                "admin_password": "",
                "admin_username": "renault",
                "computer_name": "geth1136-wrkr-vm001",
                "custom_data": ""
              }
            ],
            "os_profile_linux_config": [
              {
                "disable_password_authentication": false,
                "ssh_keys": []
              }
            ],
            "os_profile_secrets": [],
            "os_profile_windows_config": [],
            "plan": [],
            "primary_network_interface_id": null,
            "proximity_placement_group_id": null,
            "resource_group_name": "geth11-rg",
            "storage_data_disk": [],
            "storage_image_reference": [
              {
                "id": "",
                "offer": "UbuntuServer",
                "publisher": "Canonical",
                "sku": "18.04-LTS",
                "version": "latest"
              }
            ],
            "storage_os_disk": [
              {
                "caching": "ReadWrite",
                "create_option": "FromImage",
                "disk_size_gb": 30,
                "image_uri": "",
                "managed_disk_id": "/subscriptions/fa12187f-db35-4094-bbf5-2921bf099f65/resourceGroups/GETH11-RG/providers/Microsoft.Compute/disks/geth1136-wrkr-dsk001",
                "managed_disk_type": "Standard_LRS",
                "name": "geth1136-wrkr-dsk001",
                "os_type": "Linux",
                "vhd_uri": "",
                "write_accelerator_enabled": false
              }
            ],
            "tags": {
              "application": "Block chain Performnace study",
              "applicationversion": "1.0.0",
              "environment": "Sandbox",
              "infrastructureversion": "1.0.0",
              "name": "Renaultgeth11",
              "tier": "Blockchain VMs"
            },
            "timeouts": null,
            "vm_size": "Standard_B2ms",
            "zones": null
          },
          "private": "eyJlMmJmYjczMC1lY2FhLTExZTYtOGY4OC0zNDM2M2JjN2M0YzAiOnsiY3JlYXRlIjozNjAwMDAwMDAwMDAwLCJkZWxldGUiOjM2MDAwMDAwMDAwMDAsInJlYWQiOjMwMDAwMDAwMDAwMCwidXBkYXRlIjozNjAwMDAwMDAwMDAwfX0=",
          "dependencies": [
            "azurerm_network_interface.worker_nic",
            "azurerm_network_interface_security_group_association.worker_nic_assoc",
            "azurerm_network_security_group.private_nsg",
            "azurerm_resource_group.resource_group",
            "azurerm_storage_account.storage_account",
            "azurerm_subnet.private_subnet",
            "azurerm_virtual_network.vnet",
            "random_id.random_id"
          ]
        },
        {
          "index_key": 37,
          "schema_version": 0,
          "attributes": {
            "additional_capabilities": [],
            "availability_set_id": null,
            "boot_diagnostics": [
              {
                "enabled": true,
                "storage_uri": "https://diag44838f215604547e.blob.core.windows.net/"
              }
            ],
            "delete_data_disks_on_termination": false,
            "delete_os_disk_on_termination": false,
            "id": "/subscriptions/fa12187f-db35-4094-bbf5-2921bf099f65/resourceGroups/geth11-rg/providers/Microsoft.Compute/virtualMachines/geth1137-wrkr-vm001",
            "identity": [],
            "license_type": null,
            "location": "westeurope",
            "name": "geth1137-wrkr-vm001",
            "network_interface_ids": [
              "/subscriptions/fa12187f-db35-4094-bbf5-2921bf099f65/resourceGroups/geth11-rg/providers/Microsoft.Network/networkInterfaces/geth1137-wrkr-nic"
            ],
            "os_profile": [
              {
                "admin_password": "",
                "admin_username": "renault",
                "computer_name": "geth1137-wrkr-vm001",
                "custom_data": ""
              }
            ],
            "os_profile_linux_config": [
              {
                "disable_password_authentication": false,
                "ssh_keys": []
              }
            ],
            "os_profile_secrets": [],
            "os_profile_windows_config": [],
            "plan": [],
            "primary_network_interface_id": null,
            "proximity_placement_group_id": null,
            "resource_group_name": "geth11-rg",
            "storage_data_disk": [],
            "storage_image_reference": [
              {
                "id": "",
                "offer": "UbuntuServer",
                "publisher": "Canonical",
                "sku": "18.04-LTS",
                "version": "latest"
              }
            ],
            "storage_os_disk": [
              {
                "caching": "ReadWrite",
                "create_option": "FromImage",
                "disk_size_gb": 30,
                "image_uri": "",
                "managed_disk_id": "/subscriptions/fa12187f-db35-4094-bbf5-2921bf099f65/resourceGroups/GETH11-RG/providers/Microsoft.Compute/disks/geth1137-wrkr-dsk001",
                "managed_disk_type": "Standard_LRS",
                "name": "geth1137-wrkr-dsk001",
                "os_type": "Linux",
                "vhd_uri": "",
                "write_accelerator_enabled": false
              }
            ],
            "tags": {
              "application": "Block chain Performnace study",
              "applicationversion": "1.0.0",
              "environment": "Sandbox",
              "infrastructureversion": "1.0.0",
              "name": "Renaultgeth11",
              "tier": "Blockchain VMs"
            },
            "timeouts": null,
            "vm_size": "Standard_B2ms",
            "zones": null
          },
          "private": "eyJlMmJmYjczMC1lY2FhLTExZTYtOGY4OC0zNDM2M2JjN2M0YzAiOnsiY3JlYXRlIjozNjAwMDAwMDAwMDAwLCJkZWxldGUiOjM2MDAwMDAwMDAwMDAsInJlYWQiOjMwMDAwMDAwMDAwMCwidXBkYXRlIjozNjAwMDAwMDAwMDAwfX0=",
          "dependencies": [
            "azurerm_network_interface.worker_nic",
            "azurerm_network_interface_security_group_association.worker_nic_assoc",
            "azurerm_network_security_group.private_nsg",
            "azurerm_resource_group.resource_group",
            "azurerm_storage_account.storage_account",
            "azurerm_subnet.private_subnet",
            "azurerm_virtual_network.vnet",
            "random_id.random_id"
          ]
        },
        {
          "index_key": 38,
          "schema_version": 0,
          "attributes": {
            "additional_capabilities": [],
            "availability_set_id": null,
            "boot_diagnostics": [
              {
                "enabled": true,
                "storage_uri": "https://diag44838f215604547e.blob.core.windows.net/"
              }
            ],
            "delete_data_disks_on_termination": false,
            "delete_os_disk_on_termination": false,
            "id": "/subscriptions/fa12187f-db35-4094-bbf5-2921bf099f65/resourceGroups/geth11-rg/providers/Microsoft.Compute/virtualMachines/geth1138-wrkr-vm001",
            "identity": [],
            "license_type": null,
            "location": "westeurope",
            "name": "geth1138-wrkr-vm001",
            "network_interface_ids": [
              "/subscriptions/fa12187f-db35-4094-bbf5-2921bf099f65/resourceGroups/geth11-rg/providers/Microsoft.Network/networkInterfaces/geth1138-wrkr-nic"
            ],
            "os_profile": [
              {
                "admin_password": "",
                "admin_username": "renault",
                "computer_name": "geth1138-wrkr-vm001",
                "custom_data": ""
              }
            ],
            "os_profile_linux_config": [
              {
                "disable_password_authentication": false,
                "ssh_keys": []
              }
            ],
            "os_profile_secrets": [],
            "os_profile_windows_config": [],
            "plan": [],
            "primary_network_interface_id": null,
            "proximity_placement_group_id": null,
            "resource_group_name": "geth11-rg",
            "storage_data_disk": [],
            "storage_image_reference": [
              {
                "id": "",
                "offer": "UbuntuServer",
                "publisher": "Canonical",
                "sku": "18.04-LTS",
                "version": "latest"
              }
            ],
            "storage_os_disk": [
              {
                "caching": "ReadWrite",
                "create_option": "FromImage",
                "disk_size_gb": 30,
                "image_uri": "",
                "managed_disk_id": "/subscriptions/fa12187f-db35-4094-bbf5-2921bf099f65/resourceGroups/GETH11-RG/providers/Microsoft.Compute/disks/geth1138-wrkr-dsk001",
                "managed_disk_type": "Standard_LRS",
                "name": "geth1138-wrkr-dsk001",
                "os_type": "Linux",
                "vhd_uri": "",
                "write_accelerator_enabled": false
              }
            ],
            "tags": {
              "application": "Block chain Performnace study",
              "applicationversion": "1.0.0",
              "environment": "Sandbox",
              "infrastructureversion": "1.0.0",
              "name": "Renaultgeth11",
              "tier": "Blockchain VMs"
            },
            "timeouts": null,
            "vm_size": "Standard_B2ms",
            "zones": null
          },
          "private": "eyJlMmJmYjczMC1lY2FhLTExZTYtOGY4OC0zNDM2M2JjN2M0YzAiOnsiY3JlYXRlIjozNjAwMDAwMDAwMDAwLCJkZWxldGUiOjM2MDAwMDAwMDAwMDAsInJlYWQiOjMwMDAwMDAwMDAwMCwidXBkYXRlIjozNjAwMDAwMDAwMDAwfX0=",
          "dependencies": [
            "azurerm_network_interface.worker_nic",
            "azurerm_network_interface_security_group_association.worker_nic_assoc",
            "azurerm_network_security_group.private_nsg",
            "azurerm_resource_group.resource_group",
            "azurerm_storage_account.storage_account",
            "azurerm_subnet.private_subnet",
            "azurerm_virtual_network.vnet",
            "random_id.random_id"
          ]
        },
        {
          "index_key": 39,
          "schema_version": 0,
          "attributes": {
            "additional_capabilities": [],
            "availability_set_id": null,
            "boot_diagnostics": [
              {
                "enabled": true,
                "storage_uri": "https://diag44838f215604547e.blob.core.windows.net/"
              }
            ],
            "delete_data_disks_on_termination": false,
            "delete_os_disk_on_termination": false,
            "id": "/subscriptions/fa12187f-db35-4094-bbf5-2921bf099f65/resourceGroups/geth11-rg/providers/Microsoft.Compute/virtualMachines/geth1139-wrkr-vm001",
            "identity": [],
            "license_type": null,
            "location": "westeurope",
            "name": "geth1139-wrkr-vm001",
            "network_interface_ids": [
              "/subscriptions/fa12187f-db35-4094-bbf5-2921bf099f65/resourceGroups/geth11-rg/providers/Microsoft.Network/networkInterfaces/geth1139-wrkr-nic"
            ],
            "os_profile": [
              {
                "admin_password": "",
                "admin_username": "renault",
                "computer_name": "geth1139-wrkr-vm001",
                "custom_data": ""
              }
            ],
            "os_profile_linux_config": [
              {
                "disable_password_authentication": false,
                "ssh_keys": []
              }
            ],
            "os_profile_secrets": [],
            "os_profile_windows_config": [],
            "plan": [],
            "primary_network_interface_id": null,
            "proximity_placement_group_id": null,
            "resource_group_name": "geth11-rg",
            "storage_data_disk": [],
            "storage_image_reference": [
              {
                "id": "",
                "offer": "UbuntuServer",
                "publisher": "Canonical",
                "sku": "18.04-LTS",
                "version": "latest"
              }
            ],
            "storage_os_disk": [
              {
                "caching": "ReadWrite",
                "create_option": "FromImage",
                "disk_size_gb": 30,
                "image_uri": "",
                "managed_disk_id": "/subscriptions/fa12187f-db35-4094-bbf5-2921bf099f65/resourceGroups/GETH11-RG/providers/Microsoft.Compute/disks/geth1139-wrkr-dsk001",
                "managed_disk_type": "Standard_LRS",
                "name": "geth1139-wrkr-dsk001",
                "os_type": "Linux",
                "vhd_uri": "",
                "write_accelerator_enabled": false
              }
            ],
            "tags": {
              "application": "Block chain Performnace study",
              "applicationversion": "1.0.0",
              "environment": "Sandbox",
              "infrastructureversion": "1.0.0",
              "name": "Renaultgeth11",
              "tier": "Blockchain VMs"
            },
            "timeouts": null,
            "vm_size": "Standard_B2ms",
            "zones": null
          },
          "private": "eyJlMmJmYjczMC1lY2FhLTExZTYtOGY4OC0zNDM2M2JjN2M0YzAiOnsiY3JlYXRlIjozNjAwMDAwMDAwMDAwLCJkZWxldGUiOjM2MDAwMDAwMDAwMDAsInJlYWQiOjMwMDAwMDAwMDAwMCwidXBkYXRlIjozNjAwMDAwMDAwMDAwfX0=",
          "dependencies": [
            "azurerm_network_interface.worker_nic",
            "azurerm_network_interface_security_group_association.worker_nic_assoc",
            "azurerm_network_security_group.private_nsg",
            "azurerm_resource_group.resource_group",
            "azurerm_storage_account.storage_account",
            "azurerm_subnet.private_subnet",
            "azurerm_virtual_network.vnet",
            "random_id.random_id"
          ]
        },
        {
          "index_key": 40,
          "schema_version": 0,
          "attributes": {
            "additional_capabilities": [],
            "availability_set_id": null,
            "boot_diagnostics": [
              {
                "enabled": true,
                "storage_uri": "https://diag44838f215604547e.blob.core.windows.net/"
              }
            ],
            "delete_data_disks_on_termination": false,
            "delete_os_disk_on_termination": false,
            "id": "/subscriptions/fa12187f-db35-4094-bbf5-2921bf099f65/resourceGroups/geth11-rg/providers/Microsoft.Compute/virtualMachines/geth1140-wrkr-vm001",
            "identity": [],
            "license_type": null,
            "location": "westeurope",
            "name": "geth1140-wrkr-vm001",
            "network_interface_ids": [
              "/subscriptions/fa12187f-db35-4094-bbf5-2921bf099f65/resourceGroups/geth11-rg/providers/Microsoft.Network/networkInterfaces/geth1140-wrkr-nic"
            ],
            "os_profile": [
              {
                "admin_password": "",
                "admin_username": "renault",
                "computer_name": "geth1140-wrkr-vm001",
                "custom_data": ""
              }
            ],
            "os_profile_linux_config": [
              {
                "disable_password_authentication": false,
                "ssh_keys": []
              }
            ],
            "os_profile_secrets": [],
            "os_profile_windows_config": [],
            "plan": [],
            "primary_network_interface_id": null,
            "proximity_placement_group_id": null,
            "resource_group_name": "geth11-rg",
            "storage_data_disk": [],
            "storage_image_reference": [
              {
                "id": "",
                "offer": "UbuntuServer",
                "publisher": "Canonical",
                "sku": "18.04-LTS",
                "version": "latest"
              }
            ],
            "storage_os_disk": [
              {
                "caching": "ReadWrite",
                "create_option": "FromImage",
                "disk_size_gb": 30,
                "image_uri": "",
                "managed_disk_id": "/subscriptions/fa12187f-db35-4094-bbf5-2921bf099f65/resourceGroups/GETH11-RG/providers/Microsoft.Compute/disks/geth1140-wrkr-dsk001",
                "managed_disk_type": "Standard_LRS",
                "name": "geth1140-wrkr-dsk001",
                "os_type": "Linux",
                "vhd_uri": "",
                "write_accelerator_enabled": false
              }
            ],
            "tags": {
              "application": "Block chain Performnace study",
              "applicationversion": "1.0.0",
              "environment": "Sandbox",
              "infrastructureversion": "1.0.0",
              "name": "Renaultgeth11",
              "tier": "Blockchain VMs"
            },
            "timeouts": null,
            "vm_size": "Standard_B2ms",
            "zones": null
          },
          "private": "eyJlMmJmYjczMC1lY2FhLTExZTYtOGY4OC0zNDM2M2JjN2M0YzAiOnsiY3JlYXRlIjozNjAwMDAwMDAwMDAwLCJkZWxldGUiOjM2MDAwMDAwMDAwMDAsInJlYWQiOjMwMDAwMDAwMDAwMCwidXBkYXRlIjozNjAwMDAwMDAwMDAwfX0=",
          "dependencies": [
            "azurerm_network_interface.worker_nic",
            "azurerm_network_interface_security_group_association.worker_nic_assoc",
            "azurerm_network_security_group.private_nsg",
            "azurerm_resource_group.resource_group",
            "azurerm_storage_account.storage_account",
            "azurerm_subnet.private_subnet",
            "azurerm_virtual_network.vnet",
            "random_id.random_id"
          ]
        }
      ]
    },
    {
      "mode": "managed",
      "type": "azurerm_virtual_network",
      "name": "vnet",
      "provider": "provider.azurerm",
      "instances": [
        {
          "schema_version": 0,
          "attributes": {
            "address_space": [
              "10.0.0.0/16"
            ],
            "ddos_protection_plan": [],
            "dns_servers": null,
            "guid": "621adbff-422d-4e36-88b8-0dc1fe333f4f",
            "id": "/subscriptions/fa12187f-db35-4094-bbf5-2921bf099f65/resourceGroups/geth11-rg/providers/Microsoft.Network/virtualNetworks/geth11-vnet",
            "location": "westeurope",
            "name": "geth11-vnet",
            "resource_group_name": "geth11-rg",
            "subnet": [],
            "tags": {
              "application": "Block chain Performnace study",
              "applicationversion": "1.0.0",
              "environment": "Sandbox",
              "infrastructureversion": "1.0.0",
              "name": "Renaultgeth11",
              "tier": "Blockchain VMs"
            },
            "timeouts": null
          },
          "private": "eyJlMmJmYjczMC1lY2FhLTExZTYtOGY4OC0zNDM2M2JjN2M0YzAiOnsiY3JlYXRlIjoxODAwMDAwMDAwMDAwLCJkZWxldGUiOjE4MDAwMDAwMDAwMDAsInJlYWQiOjMwMDAwMDAwMDAwMCwidXBkYXRlIjoxODAwMDAwMDAwMDAwfX0=",
          "dependencies": [
            "azurerm_resource_group.resource_group"
          ]
        }
      ]
    },
    {
      "mode": "managed",
      "type": "random_id",
      "name": "random_id",
      "provider": "provider.random",
      "instances": [
        {
          "schema_version": 0,
          "attributes": {
            "b64": "RIOPIVYEVH4",
            "b64_std": "RIOPIVYEVH4=",
            "b64_url": "RIOPIVYEVH4",
            "byte_length": 8,
            "dec": "4936946989868012670",
            "hex": "44838f215604547e",
            "id": "RIOPIVYEVH4",
            "keepers": {
              "resource_group": "geth11-rg"
            },
            "prefix": null
          },
          "private": "bnVsbA==",
          "dependencies": [
            "azurerm_resource_group.resource_group"
          ]
        }
      ]
    }
  ]
}
